{
  "format_version": "1.2",
  "terraform_version": "1.5.7",
  "variables": {
    "akp_org_name": {
      "value": "Everything as Code"
    },
    "app_of_apps": {
      "value": {
        "path": "argo-cd/apps",
        "repo_url": "https://github.com/back-stack/everything-as-code",
        "target_revision": "HEAD"
      }
    },
    "argocd_admin_password": {
      "value": "nopass"
    },
    "region": {
      "value": "us-west-2"
    },
    "vpc_cidr": {
      "value": "10.0.0.0/16"
    }
  },
  "planned_values": {
    "root_module": {
      "child_modules": [
        {
          "resources": [
            {
              "address": "module.eks.aws_cloudwatch_log_group.this[0]",
              "mode": "managed",
              "type": "aws_cloudwatch_log_group",
              "name": "this",
              "index": 0,
              "provider_name": "registry.terraform.io/hashicorp/aws",
              "schema_version": 0,
              "values": {
                "kms_key_id": null,
                "name": "/aws/eks/everything-as-code/cluster",
                "retention_in_days": 90,
                "skip_destroy": false,
                "tags": {
                  "Name": "/aws/eks/everything-as-code/cluster",
                  "Owner": "nicholas-morey"
                },
                "tags_all": {
                  "Name": "/aws/eks/everything-as-code/cluster",
                  "Owner": "nicholas-morey"
                }
              },
              "sensitive_values": {
                "tags": {},
                "tags_all": {}
              }
            },
            {
              "address": "module.eks.aws_ec2_tag.cluster_primary_security_group[\"Owner\"]",
              "mode": "managed",
              "type": "aws_ec2_tag",
              "name": "cluster_primary_security_group",
              "index": "Owner",
              "provider_name": "registry.terraform.io/hashicorp/aws",
              "schema_version": 0,
              "values": {
                "key": "Owner",
                "value": "nicholas-morey"
              },
              "sensitive_values": {}
            },
            {
              "address": "module.eks.aws_eks_addon.before_compute[\"vpc-cni\"]",
              "mode": "managed",
              "type": "aws_eks_addon",
              "name": "before_compute",
              "index": "vpc-cni",
              "provider_name": "registry.terraform.io/hashicorp/aws",
              "schema_version": 0,
              "values": {
                "addon_name": "vpc-cni",
                "cluster_name": "everything-as-code",
                "configuration_values": "{\"env\":{\"ENABLE_PREFIX_DELEGATION\":\"true\",\"WARM_PREFIX_TARGET\":\"1\"}}",
                "preserve": null,
                "resolve_conflicts": "OVERWRITE",
                "resolve_conflicts_on_create": null,
                "resolve_conflicts_on_update": null,
                "service_account_role_arn": null,
                "tags": {
                  "Owner": "nicholas-morey"
                },
                "tags_all": {
                  "Owner": "nicholas-morey"
                },
                "timeouts": {
                  "create": null,
                  "delete": null,
                  "update": null
                }
              },
              "sensitive_values": {
                "tags": {},
                "tags_all": {},
                "timeouts": {}
              }
            },
            {
              "address": "module.eks.aws_eks_addon.this[\"coredns\"]",
              "mode": "managed",
              "type": "aws_eks_addon",
              "name": "this",
              "index": "coredns",
              "provider_name": "registry.terraform.io/hashicorp/aws",
              "schema_version": 0,
              "values": {
                "addon_name": "coredns",
                "cluster_name": "everything-as-code",
                "preserve": null,
                "resolve_conflicts": "OVERWRITE",
                "resolve_conflicts_on_create": null,
                "resolve_conflicts_on_update": null,
                "service_account_role_arn": null,
                "tags": {
                  "Owner": "nicholas-morey"
                },
                "tags_all": {
                  "Owner": "nicholas-morey"
                },
                "timeouts": {
                  "create": null,
                  "delete": null,
                  "update": null
                }
              },
              "sensitive_values": {
                "tags": {},
                "tags_all": {},
                "timeouts": {}
              }
            },
            {
              "address": "module.eks.aws_eks_addon.this[\"kube-proxy\"]",
              "mode": "managed",
              "type": "aws_eks_addon",
              "name": "this",
              "index": "kube-proxy",
              "provider_name": "registry.terraform.io/hashicorp/aws",
              "schema_version": 0,
              "values": {
                "addon_name": "kube-proxy",
                "cluster_name": "everything-as-code",
                "preserve": null,
                "resolve_conflicts": "OVERWRITE",
                "resolve_conflicts_on_create": null,
                "resolve_conflicts_on_update": null,
                "service_account_role_arn": null,
                "tags": {
                  "Owner": "nicholas-morey"
                },
                "tags_all": {
                  "Owner": "nicholas-morey"
                },
                "timeouts": {
                  "create": null,
                  "delete": null,
                  "update": null
                }
              },
              "sensitive_values": {
                "tags": {},
                "tags_all": {},
                "timeouts": {}
              }
            },
            {
              "address": "module.eks.aws_eks_cluster.this[0]",
              "mode": "managed",
              "type": "aws_eks_cluster",
              "name": "this",
              "index": 0,
              "provider_name": "registry.terraform.io/hashicorp/aws",
              "schema_version": 0,
              "values": {
                "enabled_cluster_log_types": [
                  "api",
                  "audit",
                  "authenticator"
                ],
                "encryption_config": [
                  {
                    "provider": [
                      {}
                    ],
                    "resources": [
                      "secrets"
                    ]
                  }
                ],
                "kubernetes_network_config": [
                  {}
                ],
                "name": "everything-as-code",
                "outpost_config": [],
                "tags": {
                  "Owner": "nicholas-morey"
                },
                "tags_all": {
                  "Owner": "nicholas-morey"
                },
                "timeouts": {
                  "create": null,
                  "delete": null,
                  "update": null
                },
                "version": "1.29",
                "vpc_config": [
                  {
                    "endpoint_private_access": true,
                    "endpoint_public_access": true,
                    "public_access_cidrs": [
                      "0.0.0.0/0"
                    ]
                  }
                ]
              },
              "sensitive_values": {
                "access_config": [],
                "certificate_authority": [],
                "enabled_cluster_log_types": [
                  false,
                  false,
                  false
                ],
                "encryption_config": [
                  {
                    "provider": [
                      {}
                    ],
                    "resources": [
                      false
                    ]
                  }
                ],
                "identity": [],
                "kubernetes_network_config": [
                  {}
                ],
                "outpost_config": [],
                "tags": {},
                "tags_all": {},
                "timeouts": {},
                "vpc_config": [
                  {
                    "public_access_cidrs": [
                      false
                    ],
                    "security_group_ids": [],
                    "subnet_ids": []
                  }
                ]
              }
            },
            {
              "address": "module.eks.aws_iam_openid_connect_provider.oidc_provider[0]",
              "mode": "managed",
              "type": "aws_iam_openid_connect_provider",
              "name": "oidc_provider",
              "index": 0,
              "provider_name": "registry.terraform.io/hashicorp/aws",
              "schema_version": 0,
              "values": {
                "client_id_list": [
                  "sts.amazonaws.com"
                ],
                "tags": {
                  "Name": "everything-as-code-eks-irsa",
                  "Owner": "nicholas-morey"
                },
                "tags_all": {
                  "Name": "everything-as-code-eks-irsa",
                  "Owner": "nicholas-morey"
                }
              },
              "sensitive_values": {
                "client_id_list": [
                  false
                ],
                "tags": {},
                "tags_all": {},
                "thumbprint_list": []
              }
            },
            {
              "address": "module.eks.aws_iam_policy.cluster_encryption[0]",
              "mode": "managed",
              "type": "aws_iam_policy",
              "name": "cluster_encryption",
              "index": 0,
              "provider_name": "registry.terraform.io/hashicorp/aws",
              "schema_version": 0,
              "values": {
                "description": "Cluster encryption policy to allow cluster role to utilize CMK provided",
                "name_prefix": "everything-as-code-cluster-ClusterEncryption",
                "path": "/",
                "tags": {
                  "Owner": "nicholas-morey"
                },
                "tags_all": {
                  "Owner": "nicholas-morey"
                }
              },
              "sensitive_values": {
                "tags": {},
                "tags_all": {}
              }
            },
            {
              "address": "module.eks.aws_iam_role.this[0]",
              "mode": "managed",
              "type": "aws_iam_role",
              "name": "this",
              "index": 0,
              "provider_name": "registry.terraform.io/hashicorp/aws",
              "schema_version": 0,
              "values": {
                "assume_role_policy": "{\"Statement\":[{\"Action\":\"sts:AssumeRole\",\"Effect\":\"Allow\",\"Principal\":{\"Service\":\"eks.amazonaws.com\"},\"Sid\":\"EKSClusterAssumeRole\"}],\"Version\":\"2012-10-17\"}",
                "description": null,
                "force_detach_policies": true,
                "inline_policy": [
                  {
                    "name": "everything-as-code-cluster",
                    "policy": "{\"Version\":\"2012-10-17\",\"Statement\":[{\"Action\":[\"logs:CreateLogGroup\"],\"Effect\":\"Deny\",\"Resource\":\"*\"}]}"
                  }
                ],
                "max_session_duration": 3600,
                "name_prefix": "everything-as-code-cluster-",
                "path": "/",
                "permissions_boundary": null,
                "tags": {
                  "Owner": "nicholas-morey"
                },
                "tags_all": {
                  "Owner": "nicholas-morey"
                }
              },
              "sensitive_values": {
                "inline_policy": [
                  {}
                ],
                "managed_policy_arns": [],
                "tags": {},
                "tags_all": {}
              }
            },
            {
              "address": "module.eks.aws_iam_role_policy_attachment.cluster_encryption[0]",
              "mode": "managed",
              "type": "aws_iam_role_policy_attachment",
              "name": "cluster_encryption",
              "index": 0,
              "provider_name": "registry.terraform.io/hashicorp/aws",
              "schema_version": 0,
              "sensitive_values": {}
            },
            {
              "address": "module.eks.aws_iam_role_policy_attachment.this[\"AmazonEKSClusterPolicy\"]",
              "mode": "managed",
              "type": "aws_iam_role_policy_attachment",
              "name": "this",
              "index": "AmazonEKSClusterPolicy",
              "provider_name": "registry.terraform.io/hashicorp/aws",
              "schema_version": 0,
              "values": {
                "policy_arn": "arn:aws:iam::aws:policy/AmazonEKSClusterPolicy"
              },
              "sensitive_values": {}
            },
            {
              "address": "module.eks.aws_iam_role_policy_attachment.this[\"AmazonEKSVPCResourceController\"]",
              "mode": "managed",
              "type": "aws_iam_role_policy_attachment",
              "name": "this",
              "index": "AmazonEKSVPCResourceController",
              "provider_name": "registry.terraform.io/hashicorp/aws",
              "schema_version": 0,
              "values": {
                "policy_arn": "arn:aws:iam::aws:policy/AmazonEKSVPCResourceController"
              },
              "sensitive_values": {}
            },
            {
              "address": "module.eks.aws_security_group.cluster[0]",
              "mode": "managed",
              "type": "aws_security_group",
              "name": "cluster",
              "index": 0,
              "provider_name": "registry.terraform.io/hashicorp/aws",
              "schema_version": 1,
              "values": {
                "description": "EKS cluster security group",
                "name_prefix": "everything-as-code-cluster-",
                "revoke_rules_on_delete": false,
                "tags": {
                  "Name": "everything-as-code-cluster",
                  "Owner": "nicholas-morey"
                },
                "tags_all": {
                  "Name": "everything-as-code-cluster",
                  "Owner": "nicholas-morey"
                },
                "timeouts": null
              },
              "sensitive_values": {
                "egress": [],
                "ingress": [],
                "tags": {},
                "tags_all": {}
              }
            },
            {
              "address": "module.eks.aws_security_group.node[0]",
              "mode": "managed",
              "type": "aws_security_group",
              "name": "node",
              "index": 0,
              "provider_name": "registry.terraform.io/hashicorp/aws",
              "schema_version": 1,
              "values": {
                "description": "EKS node shared security group",
                "name_prefix": "everything-as-code-node-",
                "revoke_rules_on_delete": false,
                "tags": {
                  "Name": "everything-as-code-node",
                  "Owner": "nicholas-morey",
                  "kubernetes.io/cluster/everything-as-code": "owned"
                },
                "tags_all": {
                  "Name": "everything-as-code-node",
                  "Owner": "nicholas-morey",
                  "kubernetes.io/cluster/everything-as-code": "owned"
                },
                "timeouts": null
              },
              "sensitive_values": {
                "egress": [],
                "ingress": [],
                "tags": {},
                "tags_all": {}
              }
            },
            {
              "address": "module.eks.aws_security_group_rule.cluster[\"ingress_nodes_443\"]",
              "mode": "managed",
              "type": "aws_security_group_rule",
              "name": "cluster",
              "index": "ingress_nodes_443",
              "provider_name": "registry.terraform.io/hashicorp/aws",
              "schema_version": 2,
              "values": {
                "cidr_blocks": null,
                "description": "Node groups to cluster API",
                "from_port": 443,
                "ipv6_cidr_blocks": null,
                "prefix_list_ids": null,
                "protocol": "tcp",
                "self": false,
                "timeouts": null,
                "to_port": 443,
                "type": "ingress"
              },
              "sensitive_values": {}
            },
            {
              "address": "module.eks.aws_security_group_rule.node[\"egress_all\"]",
              "mode": "managed",
              "type": "aws_security_group_rule",
              "name": "node",
              "index": "egress_all",
              "provider_name": "registry.terraform.io/hashicorp/aws",
              "schema_version": 2,
              "values": {
                "cidr_blocks": [
                  "0.0.0.0/0"
                ],
                "description": "Allow all egress",
                "from_port": 0,
                "ipv6_cidr_blocks": null,
                "prefix_list_ids": [],
                "protocol": "-1",
                "self": false,
                "timeouts": null,
                "to_port": 0,
                "type": "egress"
              },
              "sensitive_values": {
                "cidr_blocks": [
                  false
                ],
                "prefix_list_ids": []
              }
            },
            {
              "address": "module.eks.aws_security_group_rule.node[\"ingress_cluster_443\"]",
              "mode": "managed",
              "type": "aws_security_group_rule",
              "name": "node",
              "index": "ingress_cluster_443",
              "provider_name": "registry.terraform.io/hashicorp/aws",
              "schema_version": 2,
              "values": {
                "cidr_blocks": null,
                "description": "Cluster API to node groups",
                "from_port": 443,
                "ipv6_cidr_blocks": null,
                "prefix_list_ids": [],
                "protocol": "tcp",
                "self": false,
                "timeouts": null,
                "to_port": 443,
                "type": "ingress"
              },
              "sensitive_values": {
                "prefix_list_ids": []
              }
            },
            {
              "address": "module.eks.aws_security_group_rule.node[\"ingress_cluster_4443_webhook\"]",
              "mode": "managed",
              "type": "aws_security_group_rule",
              "name": "node",
              "index": "ingress_cluster_4443_webhook",
              "provider_name": "registry.terraform.io/hashicorp/aws",
              "schema_version": 2,
              "values": {
                "cidr_blocks": null,
                "description": "Cluster API to node 4443/tcp webhook",
                "from_port": 4443,
                "ipv6_cidr_blocks": null,
                "prefix_list_ids": [],
                "protocol": "tcp",
                "self": false,
                "timeouts": null,
                "to_port": 4443,
                "type": "ingress"
              },
              "sensitive_values": {
                "prefix_list_ids": []
              }
            },
            {
              "address": "module.eks.aws_security_group_rule.node[\"ingress_cluster_6443_webhook\"]",
              "mode": "managed",
              "type": "aws_security_group_rule",
              "name": "node",
              "index": "ingress_cluster_6443_webhook",
              "provider_name": "registry.terraform.io/hashicorp/aws",
              "schema_version": 2,
              "values": {
                "cidr_blocks": null,
                "description": "Cluster API to node 6443/tcp webhook",
                "from_port": 6443,
                "ipv6_cidr_blocks": null,
                "prefix_list_ids": [],
                "protocol": "tcp",
                "self": false,
                "timeouts": null,
                "to_port": 6443,
                "type": "ingress"
              },
              "sensitive_values": {
                "prefix_list_ids": []
              }
            },
            {
              "address": "module.eks.aws_security_group_rule.node[\"ingress_cluster_8443_webhook\"]",
              "mode": "managed",
              "type": "aws_security_group_rule",
              "name": "node",
              "index": "ingress_cluster_8443_webhook",
              "provider_name": "registry.terraform.io/hashicorp/aws",
              "schema_version": 2,
              "values": {
                "cidr_blocks": null,
                "description": "Cluster API to node 8443/tcp webhook",
                "from_port": 8443,
                "ipv6_cidr_blocks": null,
                "prefix_list_ids": [],
                "protocol": "tcp",
                "self": false,
                "timeouts": null,
                "to_port": 8443,
                "type": "ingress"
              },
              "sensitive_values": {
                "prefix_list_ids": []
              }
            },
            {
              "address": "module.eks.aws_security_group_rule.node[\"ingress_cluster_9443_webhook\"]",
              "mode": "managed",
              "type": "aws_security_group_rule",
              "name": "node",
              "index": "ingress_cluster_9443_webhook",
              "provider_name": "registry.terraform.io/hashicorp/aws",
              "schema_version": 2,
              "values": {
                "cidr_blocks": null,
                "description": "Cluster API to node 9443/tcp webhook",
                "from_port": 9443,
                "ipv6_cidr_blocks": null,
                "prefix_list_ids": [],
                "protocol": "tcp",
                "self": false,
                "timeouts": null,
                "to_port": 9443,
                "type": "ingress"
              },
              "sensitive_values": {
                "prefix_list_ids": []
              }
            },
            {
              "address": "module.eks.aws_security_group_rule.node[\"ingress_cluster_kubelet\"]",
              "mode": "managed",
              "type": "aws_security_group_rule",
              "name": "node",
              "index": "ingress_cluster_kubelet",
              "provider_name": "registry.terraform.io/hashicorp/aws",
              "schema_version": 2,
              "values": {
                "cidr_blocks": null,
                "description": "Cluster API to node kubelets",
                "from_port": 10250,
                "ipv6_cidr_blocks": null,
                "prefix_list_ids": [],
                "protocol": "tcp",
                "self": false,
                "timeouts": null,
                "to_port": 10250,
                "type": "ingress"
              },
              "sensitive_values": {
                "prefix_list_ids": []
              }
            },
            {
              "address": "module.eks.aws_security_group_rule.node[\"ingress_nginx\"]",
              "mode": "managed",
              "type": "aws_security_group_rule",
              "name": "node",
              "index": "ingress_nginx",
              "provider_name": "registry.terraform.io/hashicorp/aws",
              "schema_version": 2,
              "values": {
                "cidr_blocks": null,
                "description": "Allow nginx ingress port 80 node to node",
                "from_port": 80,
                "ipv6_cidr_blocks": null,
                "prefix_list_ids": [],
                "protocol": "tcp",
                "self": true,
                "timeouts": null,
                "to_port": 80,
                "type": "ingress"
              },
              "sensitive_values": {
                "prefix_list_ids": []
              }
            },
            {
              "address": "module.eks.aws_security_group_rule.node[\"ingress_nodes_ephemeral\"]",
              "mode": "managed",
              "type": "aws_security_group_rule",
              "name": "node",
              "index": "ingress_nodes_ephemeral",
              "provider_name": "registry.terraform.io/hashicorp/aws",
              "schema_version": 2,
              "values": {
                "cidr_blocks": null,
                "description": "Node to node ingress on ephemeral ports",
                "from_port": 1025,
                "ipv6_cidr_blocks": null,
                "prefix_list_ids": [],
                "protocol": "tcp",
                "self": true,
                "timeouts": null,
                "to_port": 65535,
                "type": "ingress"
              },
              "sensitive_values": {
                "prefix_list_ids": []
              }
            },
            {
              "address": "module.eks.aws_security_group_rule.node[\"ingress_self_coredns_tcp\"]",
              "mode": "managed",
              "type": "aws_security_group_rule",
              "name": "node",
              "index": "ingress_self_coredns_tcp",
              "provider_name": "registry.terraform.io/hashicorp/aws",
              "schema_version": 2,
              "values": {
                "cidr_blocks": null,
                "description": "Node to node CoreDNS",
                "from_port": 53,
                "ipv6_cidr_blocks": null,
                "prefix_list_ids": [],
                "protocol": "tcp",
                "self": true,
                "timeouts": null,
                "to_port": 53,
                "type": "ingress"
              },
              "sensitive_values": {
                "prefix_list_ids": []
              }
            },
            {
              "address": "module.eks.aws_security_group_rule.node[\"ingress_self_coredns_udp\"]",
              "mode": "managed",
              "type": "aws_security_group_rule",
              "name": "node",
              "index": "ingress_self_coredns_udp",
              "provider_name": "registry.terraform.io/hashicorp/aws",
              "schema_version": 2,
              "values": {
                "cidr_blocks": null,
                "description": "Node to node CoreDNS UDP",
                "from_port": 53,
                "ipv6_cidr_blocks": null,
                "prefix_list_ids": [],
                "protocol": "udp",
                "self": true,
                "timeouts": null,
                "to_port": 53,
                "type": "ingress"
              },
              "sensitive_values": {
                "prefix_list_ids": []
              }
            },
            {
              "address": "module.eks.data.aws_eks_addon_version.this[\"coredns\"]",
              "mode": "data",
              "type": "aws_eks_addon_version",
              "name": "this",
              "index": "coredns",
              "provider_name": "registry.terraform.io/hashicorp/aws",
              "schema_version": 0,
              "values": {
                "addon_name": "coredns",
                "kubernetes_version": "1.29",
                "most_recent": null
              },
              "sensitive_values": {}
            },
            {
              "address": "module.eks.data.aws_eks_addon_version.this[\"kube-proxy\"]",
              "mode": "data",
              "type": "aws_eks_addon_version",
              "name": "this",
              "index": "kube-proxy",
              "provider_name": "registry.terraform.io/hashicorp/aws",
              "schema_version": 0,
              "values": {
                "addon_name": "kube-proxy",
                "kubernetes_version": "1.29",
                "most_recent": null
              },
              "sensitive_values": {}
            },
            {
              "address": "module.eks.data.aws_eks_addon_version.this[\"vpc-cni\"]",
              "mode": "data",
              "type": "aws_eks_addon_version",
              "name": "this",
              "index": "vpc-cni",
              "provider_name": "registry.terraform.io/hashicorp/aws",
              "schema_version": 0,
              "values": {
                "addon_name": "vpc-cni",
                "kubernetes_version": "1.29",
                "most_recent": true
              },
              "sensitive_values": {}
            },
            {
              "address": "module.eks.data.tls_certificate.this[0]",
              "mode": "data",
              "type": "tls_certificate",
              "name": "this",
              "index": 0,
              "provider_name": "registry.terraform.io/hashicorp/tls",
              "schema_version": 0,
              "values": {
                "content": null,
                "verify_chain": null
              },
              "sensitive_values": {
                "certificates": []
              }
            },
            {
              "address": "module.eks.time_sleep.this[0]",
              "mode": "managed",
              "type": "time_sleep",
              "name": "this",
              "index": 0,
              "provider_name": "registry.terraform.io/hashicorp/time",
              "schema_version": 0,
              "values": {
                "create_duration": "30s",
                "destroy_duration": null,
                "triggers": {
                  "cluster_name": "everything-as-code",
                  "cluster_version": "1.29"
                }
              },
              "sensitive_values": {
                "triggers": {}
              }
            }
          ],
          "address": "module.eks",
          "child_modules": [
            {
              "resources": [
                {
                  "address": "module.eks.module.eks_managed_node_group[\"initial\"].aws_eks_node_group.this[0]",
                  "mode": "managed",
                  "type": "aws_eks_node_group",
                  "name": "this",
                  "index": 0,
                  "provider_name": "registry.terraform.io/hashicorp/aws",
                  "schema_version": 0,
                  "values": {
                    "cluster_name": "everything-as-code",
                    "force_update_version": null,
                    "instance_types": [
                      "t3.medium"
                    ],
                    "labels": null,
                    "launch_template": [
                      {}
                    ],
                    "node_group_name_prefix": "initial-",
                    "remote_access": [],
                    "scaling_config": [
                      {
                        "desired_size": 2,
                        "max_size": 4,
                        "min_size": 1
                      }
                    ],
                    "tags": {
                      "Name": "initial",
                      "Owner": "nicholas-morey"
                    },
                    "tags_all": {
                      "Name": "initial",
                      "Owner": "nicholas-morey"
                    },
                    "taint": [],
                    "timeouts": {
                      "create": null,
                      "delete": null,
                      "update": null
                    },
                    "update_config": [
                      {
                        "max_unavailable": null,
                        "max_unavailable_percentage": 33
                      }
                    ],
                    "version": "1.29"
                  },
                  "sensitive_values": {
                    "instance_types": [
                      false
                    ],
                    "launch_template": [
                      {}
                    ],
                    "remote_access": [],
                    "resources": [],
                    "scaling_config": [
                      {}
                    ],
                    "subnet_ids": [],
                    "tags": {},
                    "tags_all": {},
                    "taint": [],
                    "timeouts": {},
                    "update_config": [
                      {}
                    ]
                  }
                },
                {
                  "address": "module.eks.module.eks_managed_node_group[\"initial\"].aws_iam_role.this[0]",
                  "mode": "managed",
                  "type": "aws_iam_role",
                  "name": "this",
                  "index": 0,
                  "provider_name": "registry.terraform.io/hashicorp/aws",
                  "schema_version": 0,
                  "values": {
                    "assume_role_policy": "{\"Statement\":[{\"Action\":\"sts:AssumeRole\",\"Effect\":\"Allow\",\"Principal\":{\"Service\":\"ec2.amazonaws.com\"},\"Sid\":\"EKSNodeAssumeRole\"}],\"Version\":\"2012-10-17\"}",
                    "description": "EKS managed node group IAM role",
                    "force_detach_policies": true,
                    "max_session_duration": 3600,
                    "name_prefix": "initial-eks-node-group-",
                    "path": "/",
                    "permissions_boundary": null,
                    "tags": {
                      "Owner": "nicholas-morey"
                    },
                    "tags_all": {
                      "Owner": "nicholas-morey"
                    }
                  },
                  "sensitive_values": {
                    "inline_policy": [],
                    "managed_policy_arns": [],
                    "tags": {},
                    "tags_all": {}
                  }
                },
                {
                  "address": "module.eks.module.eks_managed_node_group[\"initial\"].aws_iam_role_policy_attachment.this[\"arn:aws:iam::aws:policy/AmazonEC2ContainerRegistryReadOnly\"]",
                  "mode": "managed",
                  "type": "aws_iam_role_policy_attachment",
                  "name": "this",
                  "index": "arn:aws:iam::aws:policy/AmazonEC2ContainerRegistryReadOnly",
                  "provider_name": "registry.terraform.io/hashicorp/aws",
                  "schema_version": 0,
                  "values": {
                    "policy_arn": "arn:aws:iam::aws:policy/AmazonEC2ContainerRegistryReadOnly"
                  },
                  "sensitive_values": {}
                },
                {
                  "address": "module.eks.module.eks_managed_node_group[\"initial\"].aws_iam_role_policy_attachment.this[\"arn:aws:iam::aws:policy/AmazonEKSWorkerNodePolicy\"]",
                  "mode": "managed",
                  "type": "aws_iam_role_policy_attachment",
                  "name": "this",
                  "index": "arn:aws:iam::aws:policy/AmazonEKSWorkerNodePolicy",
                  "provider_name": "registry.terraform.io/hashicorp/aws",
                  "schema_version": 0,
                  "values": {
                    "policy_arn": "arn:aws:iam::aws:policy/AmazonEKSWorkerNodePolicy"
                  },
                  "sensitive_values": {}
                },
                {
                  "address": "module.eks.module.eks_managed_node_group[\"initial\"].aws_iam_role_policy_attachment.this[\"arn:aws:iam::aws:policy/AmazonEKS_CNI_Policy\"]",
                  "mode": "managed",
                  "type": "aws_iam_role_policy_attachment",
                  "name": "this",
                  "index": "arn:aws:iam::aws:policy/AmazonEKS_CNI_Policy",
                  "provider_name": "registry.terraform.io/hashicorp/aws",
                  "schema_version": 0,
                  "values": {
                    "policy_arn": "arn:aws:iam::aws:policy/AmazonEKS_CNI_Policy"
                  },
                  "sensitive_values": {}
                },
                {
                  "address": "module.eks.module.eks_managed_node_group[\"initial\"].aws_launch_template.this[0]",
                  "mode": "managed",
                  "type": "aws_launch_template",
                  "name": "this",
                  "index": 0,
                  "provider_name": "registry.terraform.io/hashicorp/aws",
                  "schema_version": 0,
                  "values": {
                    "block_device_mappings": [],
                    "capacity_reservation_specification": [],
                    "cpu_options": [],
                    "credit_specification": [],
                    "description": "Custom launch template for initial EKS managed node group",
                    "disable_api_stop": null,
                    "disable_api_termination": null,
                    "ebs_optimized": null,
                    "elastic_gpu_specifications": [],
                    "elastic_inference_accelerator": [],
                    "enclave_options": [],
                    "hibernation_options": [],
                    "iam_instance_profile": [],
                    "image_id": "",
                    "instance_initiated_shutdown_behavior": null,
                    "instance_market_options": [],
                    "instance_requirements": [],
                    "instance_type": null,
                    "kernel_id": null,
                    "key_name": null,
                    "license_specification": [],
                    "maintenance_options": [],
                    "metadata_options": [
                      {
                        "http_endpoint": "enabled",
                        "http_put_response_hop_limit": 2,
                        "http_tokens": "required"
                      }
                    ],
                    "monitoring": [
                      {
                        "enabled": true
                      }
                    ],
                    "name_prefix": "initial-",
                    "network_interfaces": [],
                    "placement": [],
                    "private_dns_name_options": [],
                    "ram_disk_id": null,
                    "security_group_names": null,
                    "tag_specifications": [
                      {
                        "resource_type": "instance",
                        "tags": {
                          "Name": "initial",
                          "Owner": "nicholas-morey"
                        }
                      },
                      {
                        "resource_type": "network-interface",
                        "tags": {
                          "Name": "initial",
                          "Owner": "nicholas-morey"
                        }
                      },
                      {
                        "resource_type": "volume",
                        "tags": {
                          "Name": "initial",
                          "Owner": "nicholas-morey"
                        }
                      }
                    ],
                    "tags": {
                      "Owner": "nicholas-morey"
                    },
                    "tags_all": {
                      "Owner": "nicholas-morey"
                    },
                    "update_default_version": true,
                    "user_data": ""
                  },
                  "sensitive_values": {
                    "block_device_mappings": [],
                    "capacity_reservation_specification": [],
                    "cpu_options": [],
                    "credit_specification": [],
                    "elastic_gpu_specifications": [],
                    "elastic_inference_accelerator": [],
                    "enclave_options": [],
                    "hibernation_options": [],
                    "iam_instance_profile": [],
                    "instance_market_options": [],
                    "instance_requirements": [],
                    "license_specification": [],
                    "maintenance_options": [],
                    "metadata_options": [
                      {}
                    ],
                    "monitoring": [
                      {}
                    ],
                    "network_interfaces": [],
                    "placement": [],
                    "private_dns_name_options": [],
                    "tag_specifications": [
                      {
                        "tags": {}
                      },
                      {
                        "tags": {}
                      },
                      {
                        "tags": {}
                      }
                    ],
                    "tags": {},
                    "tags_all": {},
                    "vpc_security_group_ids": []
                  }
                }
              ],
              "address": "module.eks.module.eks_managed_node_group[\"initial\"]"
            },
            {
              "resources": [
                {
                  "address": "module.eks.module.kms.aws_kms_alias.this[\"cluster\"]",
                  "mode": "managed",
                  "type": "aws_kms_alias",
                  "name": "this",
                  "index": "cluster",
                  "provider_name": "registry.terraform.io/hashicorp/aws",
                  "schema_version": 0,
                  "values": {
                    "name": "alias/eks/everything-as-code"
                  },
                  "sensitive_values": {}
                },
                {
                  "address": "module.eks.module.kms.aws_kms_key.this[0]",
                  "mode": "managed",
                  "type": "aws_kms_key",
                  "name": "this",
                  "index": 0,
                  "provider_name": "registry.terraform.io/hashicorp/aws",
                  "schema_version": 0,
                  "values": {
                    "bypass_policy_lockout_safety_check": false,
                    "custom_key_store_id": null,
                    "customer_master_key_spec": "SYMMETRIC_DEFAULT",
                    "deletion_window_in_days": null,
                    "description": "everything-as-code cluster encryption key",
                    "enable_key_rotation": true,
                    "is_enabled": true,
                    "key_usage": "ENCRYPT_DECRYPT",
                    "multi_region": false,
                    "tags": {
                      "Owner": "nicholas-morey"
                    },
                    "tags_all": {
                      "Owner": "nicholas-morey"
                    },
                    "timeouts": null,
                    "xks_key_id": null
                  },
                  "sensitive_values": {
                    "tags": {},
                    "tags_all": {}
                  }
                },
                {
                  "address": "module.eks.module.kms.data.aws_iam_policy_document.this[0]",
                  "mode": "data",
                  "type": "aws_iam_policy_document",
                  "name": "this",
                  "index": 0,
                  "provider_name": "registry.terraform.io/hashicorp/aws",
                  "schema_version": 0,
                  "values": {
                    "override_policy_documents": [],
                    "policy_id": null,
                    "source_policy_documents": [],
                    "statement": [
                      {
                        "actions": [
                          "kms:CancelKeyDeletion",
                          "kms:Create*",
                          "kms:Delete*",
                          "kms:Describe*",
                          "kms:Disable*",
                          "kms:Enable*",
                          "kms:Get*",
                          "kms:ImportKeyMaterial",
                          "kms:List*",
                          "kms:Put*",
                          "kms:ReplicateKey",
                          "kms:Revoke*",
                          "kms:ScheduleKeyDeletion",
                          "kms:TagResource",
                          "kms:UntagResource",
                          "kms:Update*"
                        ],
                        "condition": [],
                        "effect": null,
                        "not_actions": null,
                        "not_principals": [],
                        "not_resources": null,
                        "principals": [
                          {
                            "identifiers": [
                              "arn:aws:iam::844333597536:user/boris"
                            ],
                            "type": "AWS"
                          }
                        ],
                        "resources": [
                          "*"
                        ],
                        "sid": "KeyAdministration"
                      },
                      {
                        "actions": [
                          "kms:Decrypt",
                          "kms:DescribeKey",
                          "kms:Encrypt",
                          "kms:GenerateDataKey*",
                          "kms:ReEncrypt*"
                        ],
                        "condition": [],
                        "effect": null,
                        "not_actions": null,
                        "not_principals": [],
                        "not_resources": null,
                        "principals": [
                          {
                            "identifiers": [
                              null
                            ],
                            "type": "AWS"
                          }
                        ],
                        "resources": [
                          "*"
                        ],
                        "sid": "KeyUsage"
                      }
                    ],
                    "version": null
                  },
                  "sensitive_values": {
                    "override_policy_documents": [],
                    "source_policy_documents": [],
                    "statement": [
                      {
                        "actions": [
                          false,
                          false,
                          false,
                          false,
                          false,
                          false,
                          false,
                          false,
                          false,
                          false,
                          false,
                          false,
                          false,
                          false,
                          false,
                          false
                        ],
                        "condition": [],
                        "not_principals": [],
                        "principals": [
                          {
                            "identifiers": [
                              false
                            ]
                          }
                        ],
                        "resources": [
                          false
                        ]
                      },
                      {
                        "actions": [
                          false,
                          false,
                          false,
                          false,
                          false
                        ],
                        "condition": [],
                        "not_principals": [],
                        "principals": [
                          {
                            "identifiers": [
                              false
                            ]
                          }
                        ],
                        "resources": [
                          false
                        ]
                      }
                    ]
                  }
                }
              ],
              "address": "module.eks.module.kms"
            }
          ]
        },
        {
          "resources": [
            {
              "address": "module.vpc.aws_default_network_acl.this[0]",
              "mode": "managed",
              "type": "aws_default_network_acl",
              "name": "this",
              "index": 0,
              "provider_name": "registry.terraform.io/hashicorp/aws",
              "schema_version": 0,
              "values": {
                "egress": [
                  {
                    "action": "allow",
                    "cidr_block": "",
                    "from_port": 0,
                    "icmp_code": null,
                    "icmp_type": null,
                    "ipv6_cidr_block": "::/0",
                    "protocol": "-1",
                    "rule_no": 101,
                    "to_port": 0
                  },
                  {
                    "action": "allow",
                    "cidr_block": "0.0.0.0/0",
                    "from_port": 0,
                    "icmp_code": null,
                    "icmp_type": null,
                    "ipv6_cidr_block": "",
                    "protocol": "-1",
                    "rule_no": 100,
                    "to_port": 0
                  }
                ],
                "ingress": [
                  {
                    "action": "allow",
                    "cidr_block": "",
                    "from_port": 0,
                    "icmp_code": null,
                    "icmp_type": null,
                    "ipv6_cidr_block": "::/0",
                    "protocol": "-1",
                    "rule_no": 101,
                    "to_port": 0
                  },
                  {
                    "action": "allow",
                    "cidr_block": "0.0.0.0/0",
                    "from_port": 0,
                    "icmp_code": null,
                    "icmp_type": null,
                    "ipv6_cidr_block": "",
                    "protocol": "-1",
                    "rule_no": 100,
                    "to_port": 0
                  }
                ],
                "subnet_ids": null,
                "tags": {
                  "Name": "everything-as-code-default",
                  "Owner": "nicholas-morey"
                },
                "tags_all": {
                  "Name": "everything-as-code-default",
                  "Owner": "nicholas-morey"
                }
              },
              "sensitive_values": {
                "egress": [
                  {},
                  {}
                ],
                "ingress": [
                  {},
                  {}
                ],
                "tags": {},
                "tags_all": {}
              }
            },
            {
              "address": "module.vpc.aws_default_route_table.default[0]",
              "mode": "managed",
              "type": "aws_default_route_table",
              "name": "default",
              "index": 0,
              "provider_name": "registry.terraform.io/hashicorp/aws",
              "schema_version": 0,
              "values": {
                "propagating_vgws": null,
                "tags": {
                  "Name": "everything-as-code-default",
                  "Owner": "nicholas-morey"
                },
                "tags_all": {
                  "Name": "everything-as-code-default",
                  "Owner": "nicholas-morey"
                },
                "timeouts": {
                  "create": "5m",
                  "update": "5m"
                }
              },
              "sensitive_values": {
                "route": [],
                "tags": {},
                "tags_all": {},
                "timeouts": {}
              }
            },
            {
              "address": "module.vpc.aws_default_security_group.this[0]",
              "mode": "managed",
              "type": "aws_default_security_group",
              "name": "this",
              "index": 0,
              "provider_name": "registry.terraform.io/hashicorp/aws",
              "schema_version": 1,
              "values": {
                "revoke_rules_on_delete": false,
                "tags": {
                  "Name": "everything-as-code-default",
                  "Owner": "nicholas-morey"
                },
                "tags_all": {
                  "Name": "everything-as-code-default",
                  "Owner": "nicholas-morey"
                }
              },
              "sensitive_values": {
                "egress": [],
                "ingress": [],
                "tags": {},
                "tags_all": {}
              }
            },
            {
              "address": "module.vpc.aws_eip.nat[0]",
              "mode": "managed",
              "type": "aws_eip",
              "name": "nat",
              "index": 0,
              "provider_name": "registry.terraform.io/hashicorp/aws",
              "schema_version": 0,
              "values": {
                "address": null,
                "associate_with_private_ip": null,
                "customer_owned_ipv4_pool": null,
                "domain": "vpc",
                "tags": {
                  "Name": "everything-as-code-us-west-2a",
                  "Owner": "nicholas-morey"
                },
                "tags_all": {
                  "Name": "everything-as-code-us-west-2a",
                  "Owner": "nicholas-morey"
                },
                "timeouts": null
              },
              "sensitive_values": {
                "tags": {},
                "tags_all": {}
              }
            },
            {
              "address": "module.vpc.aws_internet_gateway.this[0]",
              "mode": "managed",
              "type": "aws_internet_gateway",
              "name": "this",
              "index": 0,
              "provider_name": "registry.terraform.io/hashicorp/aws",
              "schema_version": 0,
              "values": {
                "tags": {
                  "Name": "everything-as-code",
                  "Owner": "nicholas-morey"
                },
                "tags_all": {
                  "Name": "everything-as-code",
                  "Owner": "nicholas-morey"
                },
                "timeouts": null
              },
              "sensitive_values": {
                "tags": {},
                "tags_all": {}
              }
            },
            {
              "address": "module.vpc.aws_nat_gateway.this[0]",
              "mode": "managed",
              "type": "aws_nat_gateway",
              "name": "this",
              "index": 0,
              "provider_name": "registry.terraform.io/hashicorp/aws",
              "schema_version": 0,
              "values": {
                "connectivity_type": "public",
                "secondary_allocation_ids": null,
                "tags": {
                  "Name": "everything-as-code-us-west-2a",
                  "Owner": "nicholas-morey"
                },
                "tags_all": {
                  "Name": "everything-as-code-us-west-2a",
                  "Owner": "nicholas-morey"
                },
                "timeouts": null
              },
              "sensitive_values": {
                "secondary_private_ip_addresses": [],
                "tags": {},
                "tags_all": {}
              }
            },
            {
              "address": "module.vpc.aws_route.private_nat_gateway[0]",
              "mode": "managed",
              "type": "aws_route",
              "name": "private_nat_gateway",
              "index": 0,
              "provider_name": "registry.terraform.io/hashicorp/aws",
              "schema_version": 0,
              "values": {
                "carrier_gateway_id": null,
                "core_network_arn": null,
                "destination_cidr_block": "0.0.0.0/0",
                "destination_ipv6_cidr_block": null,
                "destination_prefix_list_id": null,
                "egress_only_gateway_id": null,
                "gateway_id": null,
                "local_gateway_id": null,
                "timeouts": {
                  "create": "5m",
                  "delete": null,
                  "update": null
                },
                "transit_gateway_id": null,
                "vpc_endpoint_id": null,
                "vpc_peering_connection_id": null
              },
              "sensitive_values": {
                "timeouts": {}
              }
            },
            {
              "address": "module.vpc.aws_route.public_internet_gateway[0]",
              "mode": "managed",
              "type": "aws_route",
              "name": "public_internet_gateway",
              "index": 0,
              "provider_name": "registry.terraform.io/hashicorp/aws",
              "schema_version": 0,
              "values": {
                "carrier_gateway_id": null,
                "core_network_arn": null,
                "destination_cidr_block": "0.0.0.0/0",
                "destination_ipv6_cidr_block": null,
                "destination_prefix_list_id": null,
                "egress_only_gateway_id": null,
                "local_gateway_id": null,
                "nat_gateway_id": null,
                "timeouts": {
                  "create": "5m",
                  "delete": null,
                  "update": null
                },
                "transit_gateway_id": null,
                "vpc_endpoint_id": null,
                "vpc_peering_connection_id": null
              },
              "sensitive_values": {
                "timeouts": {}
              }
            },
            {
              "address": "module.vpc.aws_route_table.private[0]",
              "mode": "managed",
              "type": "aws_route_table",
              "name": "private",
              "index": 0,
              "provider_name": "registry.terraform.io/hashicorp/aws",
              "schema_version": 0,
              "values": {
                "tags": {
                  "Name": "everything-as-code-private",
                  "Owner": "nicholas-morey"
                },
                "tags_all": {
                  "Name": "everything-as-code-private",
                  "Owner": "nicholas-morey"
                },
                "timeouts": null
              },
              "sensitive_values": {
                "propagating_vgws": [],
                "route": [],
                "tags": {},
                "tags_all": {}
              }
            },
            {
              "address": "module.vpc.aws_route_table.public[0]",
              "mode": "managed",
              "type": "aws_route_table",
              "name": "public",
              "index": 0,
              "provider_name": "registry.terraform.io/hashicorp/aws",
              "schema_version": 0,
              "values": {
                "tags": {
                  "Name": "everything-as-code-public",
                  "Owner": "nicholas-morey"
                },
                "tags_all": {
                  "Name": "everything-as-code-public",
                  "Owner": "nicholas-morey"
                },
                "timeouts": null
              },
              "sensitive_values": {
                "propagating_vgws": [],
                "route": [],
                "tags": {},
                "tags_all": {}
              }
            },
            {
              "address": "module.vpc.aws_route_table_association.private[0]",
              "mode": "managed",
              "type": "aws_route_table_association",
              "name": "private",
              "index": 0,
              "provider_name": "registry.terraform.io/hashicorp/aws",
              "schema_version": 0,
              "values": {
                "gateway_id": null,
                "timeouts": null
              },
              "sensitive_values": {}
            },
            {
              "address": "module.vpc.aws_route_table_association.private[1]",
              "mode": "managed",
              "type": "aws_route_table_association",
              "name": "private",
              "index": 1,
              "provider_name": "registry.terraform.io/hashicorp/aws",
              "schema_version": 0,
              "values": {
                "gateway_id": null,
                "timeouts": null
              },
              "sensitive_values": {}
            },
            {
              "address": "module.vpc.aws_route_table_association.private[2]",
              "mode": "managed",
              "type": "aws_route_table_association",
              "name": "private",
              "index": 2,
              "provider_name": "registry.terraform.io/hashicorp/aws",
              "schema_version": 0,
              "values": {
                "gateway_id": null,
                "timeouts": null
              },
              "sensitive_values": {}
            },
            {
              "address": "module.vpc.aws_route_table_association.public[0]",
              "mode": "managed",
              "type": "aws_route_table_association",
              "name": "public",
              "index": 0,
              "provider_name": "registry.terraform.io/hashicorp/aws",
              "schema_version": 0,
              "values": {
                "gateway_id": null,
                "timeouts": null
              },
              "sensitive_values": {}
            },
            {
              "address": "module.vpc.aws_route_table_association.public[1]",
              "mode": "managed",
              "type": "aws_route_table_association",
              "name": "public",
              "index": 1,
              "provider_name": "registry.terraform.io/hashicorp/aws",
              "schema_version": 0,
              "values": {
                "gateway_id": null,
                "timeouts": null
              },
              "sensitive_values": {}
            },
            {
              "address": "module.vpc.aws_route_table_association.public[2]",
              "mode": "managed",
              "type": "aws_route_table_association",
              "name": "public",
              "index": 2,
              "provider_name": "registry.terraform.io/hashicorp/aws",
              "schema_version": 0,
              "values": {
                "gateway_id": null,
                "timeouts": null
              },
              "sensitive_values": {}
            },
            {
              "address": "module.vpc.aws_subnet.private[0]",
              "mode": "managed",
              "type": "aws_subnet",
              "name": "private",
              "index": 0,
              "provider_name": "registry.terraform.io/hashicorp/aws",
              "schema_version": 1,
              "values": {
                "assign_ipv6_address_on_creation": false,
                "availability_zone": "us-west-2a",
                "cidr_block": "10.0.0.0/20",
                "customer_owned_ipv4_pool": null,
                "enable_dns64": false,
                "enable_lni_at_device_index": null,
                "enable_resource_name_dns_a_record_on_launch": false,
                "enable_resource_name_dns_aaaa_record_on_launch": false,
                "ipv6_cidr_block": null,
                "ipv6_native": false,
                "map_customer_owned_ip_on_launch": null,
                "map_public_ip_on_launch": false,
                "outpost_arn": null,
                "tags": {
                  "Name": "everything-as-code-private-us-west-2a",
                  "Owner": "nicholas-morey",
                  "kubernetes.io/role/internal-elb": "1"
                },
                "tags_all": {
                  "Name": "everything-as-code-private-us-west-2a",
                  "Owner": "nicholas-morey",
                  "kubernetes.io/role/internal-elb": "1"
                },
                "timeouts": null
              },
              "sensitive_values": {
                "tags": {},
                "tags_all": {}
              }
            },
            {
              "address": "module.vpc.aws_subnet.private[1]",
              "mode": "managed",
              "type": "aws_subnet",
              "name": "private",
              "index": 1,
              "provider_name": "registry.terraform.io/hashicorp/aws",
              "schema_version": 1,
              "values": {
                "assign_ipv6_address_on_creation": false,
                "availability_zone": "us-west-2b",
                "cidr_block": "10.0.16.0/20",
                "customer_owned_ipv4_pool": null,
                "enable_dns64": false,
                "enable_lni_at_device_index": null,
                "enable_resource_name_dns_a_record_on_launch": false,
                "enable_resource_name_dns_aaaa_record_on_launch": false,
                "ipv6_cidr_block": null,
                "ipv6_native": false,
                "map_customer_owned_ip_on_launch": null,
                "map_public_ip_on_launch": false,
                "outpost_arn": null,
                "tags": {
                  "Name": "everything-as-code-private-us-west-2b",
                  "Owner": "nicholas-morey",
                  "kubernetes.io/role/internal-elb": "1"
                },
                "tags_all": {
                  "Name": "everything-as-code-private-us-west-2b",
                  "Owner": "nicholas-morey",
                  "kubernetes.io/role/internal-elb": "1"
                },
                "timeouts": null
              },
              "sensitive_values": {
                "tags": {},
                "tags_all": {}
              }
            },
            {
              "address": "module.vpc.aws_subnet.private[2]",
              "mode": "managed",
              "type": "aws_subnet",
              "name": "private",
              "index": 2,
              "provider_name": "registry.terraform.io/hashicorp/aws",
              "schema_version": 1,
              "values": {
                "assign_ipv6_address_on_creation": false,
                "availability_zone": "us-west-2c",
                "cidr_block": "10.0.32.0/20",
                "customer_owned_ipv4_pool": null,
                "enable_dns64": false,
                "enable_lni_at_device_index": null,
                "enable_resource_name_dns_a_record_on_launch": false,
                "enable_resource_name_dns_aaaa_record_on_launch": false,
                "ipv6_cidr_block": null,
                "ipv6_native": false,
                "map_customer_owned_ip_on_launch": null,
                "map_public_ip_on_launch": false,
                "outpost_arn": null,
                "tags": {
                  "Name": "everything-as-code-private-us-west-2c",
                  "Owner": "nicholas-morey",
                  "kubernetes.io/role/internal-elb": "1"
                },
                "tags_all": {
                  "Name": "everything-as-code-private-us-west-2c",
                  "Owner": "nicholas-morey",
                  "kubernetes.io/role/internal-elb": "1"
                },
                "timeouts": null
              },
              "sensitive_values": {
                "tags": {},
                "tags_all": {}
              }
            },
            {
              "address": "module.vpc.aws_subnet.public[0]",
              "mode": "managed",
              "type": "aws_subnet",
              "name": "public",
              "index": 0,
              "provider_name": "registry.terraform.io/hashicorp/aws",
              "schema_version": 1,
              "values": {
                "assign_ipv6_address_on_creation": false,
                "availability_zone": "us-west-2a",
                "cidr_block": "10.0.48.0/24",
                "customer_owned_ipv4_pool": null,
                "enable_dns64": false,
                "enable_lni_at_device_index": null,
                "enable_resource_name_dns_a_record_on_launch": false,
                "enable_resource_name_dns_aaaa_record_on_launch": false,
                "ipv6_cidr_block": null,
                "ipv6_native": false,
                "map_customer_owned_ip_on_launch": null,
                "map_public_ip_on_launch": false,
                "outpost_arn": null,
                "tags": {
                  "Name": "everything-as-code-public-us-west-2a",
                  "Owner": "nicholas-morey",
                  "kubernetes.io/role/elb": "1"
                },
                "tags_all": {
                  "Name": "everything-as-code-public-us-west-2a",
                  "Owner": "nicholas-morey",
                  "kubernetes.io/role/elb": "1"
                },
                "timeouts": null
              },
              "sensitive_values": {
                "tags": {},
                "tags_all": {}
              }
            },
            {
              "address": "module.vpc.aws_subnet.public[1]",
              "mode": "managed",
              "type": "aws_subnet",
              "name": "public",
              "index": 1,
              "provider_name": "registry.terraform.io/hashicorp/aws",
              "schema_version": 1,
              "values": {
                "assign_ipv6_address_on_creation": false,
                "availability_zone": "us-west-2b",
                "cidr_block": "10.0.49.0/24",
                "customer_owned_ipv4_pool": null,
                "enable_dns64": false,
                "enable_lni_at_device_index": null,
                "enable_resource_name_dns_a_record_on_launch": false,
                "enable_resource_name_dns_aaaa_record_on_launch": false,
                "ipv6_cidr_block": null,
                "ipv6_native": false,
                "map_customer_owned_ip_on_launch": null,
                "map_public_ip_on_launch": false,
                "outpost_arn": null,
                "tags": {
                  "Name": "everything-as-code-public-us-west-2b",
                  "Owner": "nicholas-morey",
                  "kubernetes.io/role/elb": "1"
                },
                "tags_all": {
                  "Name": "everything-as-code-public-us-west-2b",
                  "Owner": "nicholas-morey",
                  "kubernetes.io/role/elb": "1"
                },
                "timeouts": null
              },
              "sensitive_values": {
                "tags": {},
                "tags_all": {}
              }
            },
            {
              "address": "module.vpc.aws_subnet.public[2]",
              "mode": "managed",
              "type": "aws_subnet",
              "name": "public",
              "index": 2,
              "provider_name": "registry.terraform.io/hashicorp/aws",
              "schema_version": 1,
              "values": {
                "assign_ipv6_address_on_creation": false,
                "availability_zone": "us-west-2c",
                "cidr_block": "10.0.50.0/24",
                "customer_owned_ipv4_pool": null,
                "enable_dns64": false,
                "enable_lni_at_device_index": null,
                "enable_resource_name_dns_a_record_on_launch": false,
                "enable_resource_name_dns_aaaa_record_on_launch": false,
                "ipv6_cidr_block": null,
                "ipv6_native": false,
                "map_customer_owned_ip_on_launch": null,
                "map_public_ip_on_launch": false,
                "outpost_arn": null,
                "tags": {
                  "Name": "everything-as-code-public-us-west-2c",
                  "Owner": "nicholas-morey",
                  "kubernetes.io/role/elb": "1"
                },
                "tags_all": {
                  "Name": "everything-as-code-public-us-west-2c",
                  "Owner": "nicholas-morey",
                  "kubernetes.io/role/elb": "1"
                },
                "timeouts": null
              },
              "sensitive_values": {
                "tags": {},
                "tags_all": {}
              }
            },
            {
              "address": "module.vpc.aws_vpc.this[0]",
              "mode": "managed",
              "type": "aws_vpc",
              "name": "this",
              "index": 0,
              "provider_name": "registry.terraform.io/hashicorp/aws",
              "schema_version": 1,
              "values": {
                "assign_generated_ipv6_cidr_block": null,
                "cidr_block": "10.0.0.0/16",
                "enable_dns_hostnames": true,
                "enable_dns_support": true,
                "instance_tenancy": "default",
                "ipv4_ipam_pool_id": null,
                "ipv4_netmask_length": null,
                "ipv6_ipam_pool_id": null,
                "ipv6_netmask_length": null,
                "tags": {
                  "Name": "everything-as-code",
                  "Owner": "nicholas-morey"
                },
                "tags_all": {
                  "Name": "everything-as-code",
                  "Owner": "nicholas-morey"
                }
              },
              "sensitive_values": {
                "tags": {},
                "tags_all": {}
              }
            }
          ],
          "address": "module.vpc"
        }
      ]
    }
  },
  "resource_changes": [
    {
      "address": "module.eks.data.aws_eks_addon_version.this[\"coredns\"]",
      "module_address": "module.eks",
      "mode": "data",
      "type": "aws_eks_addon_version",
      "name": "this",
      "index": "coredns",
      "provider_name": "registry.terraform.io/hashicorp/aws",
      "change": {
        "actions": [
          "read"
        ],
        "before": null,
        "after": {
          "addon_name": "coredns",
          "kubernetes_version": "1.29",
          "most_recent": null
        },
        "after_unknown": {
          "id": true,
          "version": true
        },
        "before_sensitive": false,
        "after_sensitive": {}
      },
      "action_reason": "read_because_dependency_pending"
    },
    {
      "address": "module.eks.data.aws_eks_addon_version.this[\"kube-proxy\"]",
      "module_address": "module.eks",
      "mode": "data",
      "type": "aws_eks_addon_version",
      "name": "this",
      "index": "kube-proxy",
      "provider_name": "registry.terraform.io/hashicorp/aws",
      "change": {
        "actions": [
          "read"
        ],
        "before": null,
        "after": {
          "addon_name": "kube-proxy",
          "kubernetes_version": "1.29",
          "most_recent": null
        },
        "after_unknown": {
          "id": true,
          "version": true
        },
        "before_sensitive": false,
        "after_sensitive": {}
      },
      "action_reason": "read_because_dependency_pending"
    },
    {
      "address": "module.eks.data.aws_eks_addon_version.this[\"vpc-cni\"]",
      "module_address": "module.eks",
      "mode": "data",
      "type": "aws_eks_addon_version",
      "name": "this",
      "index": "vpc-cni",
      "provider_name": "registry.terraform.io/hashicorp/aws",
      "change": {
        "actions": [
          "read"
        ],
        "before": null,
        "after": {
          "addon_name": "vpc-cni",
          "kubernetes_version": "1.29",
          "most_recent": true
        },
        "after_unknown": {
          "id": true,
          "version": true
        },
        "before_sensitive": false,
        "after_sensitive": {}
      },
      "action_reason": "read_because_dependency_pending"
    },
    {
      "address": "module.eks.data.tls_certificate.this[0]",
      "module_address": "module.eks",
      "mode": "data",
      "type": "tls_certificate",
      "name": "this",
      "index": 0,
      "provider_name": "registry.terraform.io/hashicorp/tls",
      "change": {
        "actions": [
          "read"
        ],
        "before": null,
        "after": {
          "content": null,
          "verify_chain": null
        },
        "after_unknown": {
          "certificates": true,
          "id": true,
          "url": true
        },
        "before_sensitive": false,
        "after_sensitive": {
          "certificates": []
        }
      },
      "action_reason": "read_because_config_unknown"
    },
    {
      "address": "module.eks.aws_cloudwatch_log_group.this[0]",
      "module_address": "module.eks",
      "mode": "managed",
      "type": "aws_cloudwatch_log_group",
      "name": "this",
      "index": 0,
      "provider_name": "registry.terraform.io/hashicorp/aws",
      "change": {
        "actions": [
          "create"
        ],
        "before": null,
        "after": {
          "kms_key_id": null,
          "name": "/aws/eks/everything-as-code/cluster",
          "retention_in_days": 90,
          "skip_destroy": false,
          "tags": {
            "Name": "/aws/eks/everything-as-code/cluster",
            "Owner": "nicholas-morey"
          },
          "tags_all": {
            "Name": "/aws/eks/everything-as-code/cluster",
            "Owner": "nicholas-morey"
          }
        },
        "after_unknown": {
          "arn": true,
          "id": true,
          "log_group_class": true,
          "name_prefix": true,
          "tags": {},
          "tags_all": {}
        },
        "before_sensitive": false,
        "after_sensitive": {
          "tags": {},
          "tags_all": {}
        }
      }
    },
    {
      "address": "module.eks.aws_ec2_tag.cluster_primary_security_group[\"Owner\"]",
      "module_address": "module.eks",
      "mode": "managed",
      "type": "aws_ec2_tag",
      "name": "cluster_primary_security_group",
      "index": "Owner",
      "provider_name": "registry.terraform.io/hashicorp/aws",
      "change": {
        "actions": [
          "create"
        ],
        "before": null,
        "after": {
          "key": "Owner",
          "value": "nicholas-morey"
        },
        "after_unknown": {
          "id": true,
          "resource_id": true
        },
        "before_sensitive": false,
        "after_sensitive": {}
      }
    },
    {
      "address": "module.eks.aws_eks_addon.before_compute[\"vpc-cni\"]",
      "module_address": "module.eks",
      "mode": "managed",
      "type": "aws_eks_addon",
      "name": "before_compute",
      "index": "vpc-cni",
      "provider_name": "registry.terraform.io/hashicorp/aws",
      "change": {
        "actions": [
          "create"
        ],
        "before": null,
        "after": {
          "addon_name": "vpc-cni",
          "cluster_name": "everything-as-code",
          "configuration_values": "{\"env\":{\"ENABLE_PREFIX_DELEGATION\":\"true\",\"WARM_PREFIX_TARGET\":\"1\"}}",
          "preserve": null,
          "resolve_conflicts": "OVERWRITE",
          "resolve_conflicts_on_create": null,
          "resolve_conflicts_on_update": null,
          "service_account_role_arn": null,
          "tags": {
            "Owner": "nicholas-morey"
          },
          "tags_all": {
            "Owner": "nicholas-morey"
          },
          "timeouts": {
            "create": null,
            "delete": null,
            "update": null
          }
        },
        "after_unknown": {
          "addon_version": true,
          "arn": true,
          "created_at": true,
          "id": true,
          "modified_at": true,
          "tags": {},
          "tags_all": {},
          "timeouts": {}
        },
        "before_sensitive": false,
        "after_sensitive": {
          "tags": {},
          "tags_all": {},
          "timeouts": {}
        }
      }
    },
    {
      "address": "module.eks.aws_eks_addon.this[\"coredns\"]",
      "module_address": "module.eks",
      "mode": "managed",
      "type": "aws_eks_addon",
      "name": "this",
      "index": "coredns",
      "provider_name": "registry.terraform.io/hashicorp/aws",
      "change": {
        "actions": [
          "create"
        ],
        "before": null,
        "after": {
          "addon_name": "coredns",
          "cluster_name": "everything-as-code",
          "preserve": null,
          "resolve_conflicts": "OVERWRITE",
          "resolve_conflicts_on_create": null,
          "resolve_conflicts_on_update": null,
          "service_account_role_arn": null,
          "tags": {
            "Owner": "nicholas-morey"
          },
          "tags_all": {
            "Owner": "nicholas-morey"
          },
          "timeouts": {
            "create": null,
            "delete": null,
            "update": null
          }
        },
        "after_unknown": {
          "addon_version": true,
          "arn": true,
          "configuration_values": true,
          "created_at": true,
          "id": true,
          "modified_at": true,
          "tags": {},
          "tags_all": {},
          "timeouts": {}
        },
        "before_sensitive": false,
        "after_sensitive": {
          "tags": {},
          "tags_all": {},
          "timeouts": {}
        }
      }
    },
    {
      "address": "module.eks.aws_eks_addon.this[\"kube-proxy\"]",
      "module_address": "module.eks",
      "mode": "managed",
      "type": "aws_eks_addon",
      "name": "this",
      "index": "kube-proxy",
      "provider_name": "registry.terraform.io/hashicorp/aws",
      "change": {
        "actions": [
          "create"
        ],
        "before": null,
        "after": {
          "addon_name": "kube-proxy",
          "cluster_name": "everything-as-code",
          "preserve": null,
          "resolve_conflicts": "OVERWRITE",
          "resolve_conflicts_on_create": null,
          "resolve_conflicts_on_update": null,
          "service_account_role_arn": null,
          "tags": {
            "Owner": "nicholas-morey"
          },
          "tags_all": {
            "Owner": "nicholas-morey"
          },
          "timeouts": {
            "create": null,
            "delete": null,
            "update": null
          }
        },
        "after_unknown": {
          "addon_version": true,
          "arn": true,
          "configuration_values": true,
          "created_at": true,
          "id": true,
          "modified_at": true,
          "tags": {},
          "tags_all": {},
          "timeouts": {}
        },
        "before_sensitive": false,
        "after_sensitive": {
          "tags": {},
          "tags_all": {},
          "timeouts": {}
        }
      }
    },
    {
      "address": "module.eks.aws_eks_cluster.this[0]",
      "module_address": "module.eks",
      "mode": "managed",
      "type": "aws_eks_cluster",
      "name": "this",
      "index": 0,
      "provider_name": "registry.terraform.io/hashicorp/aws",
      "change": {
        "actions": [
          "create"
        ],
        "before": null,
        "after": {
          "enabled_cluster_log_types": [
            "api",
            "audit",
            "authenticator"
          ],
          "encryption_config": [
            {
              "provider": [
                {}
              ],
              "resources": [
                "secrets"
              ]
            }
          ],
          "kubernetes_network_config": [
            {}
          ],
          "name": "everything-as-code",
          "outpost_config": [],
          "tags": {
            "Owner": "nicholas-morey"
          },
          "tags_all": {
            "Owner": "nicholas-morey"
          },
          "timeouts": {
            "create": null,
            "delete": null,
            "update": null
          },
          "version": "1.29",
          "vpc_config": [
            {
              "endpoint_private_access": true,
              "endpoint_public_access": true,
              "public_access_cidrs": [
                "0.0.0.0/0"
              ]
            }
          ]
        },
        "after_unknown": {
          "access_config": true,
          "arn": true,
          "certificate_authority": true,
          "cluster_id": true,
          "created_at": true,
          "enabled_cluster_log_types": [
            false,
            false,
            false
          ],
          "encryption_config": [
            {
              "provider": [
                {
                  "key_arn": true
                }
              ],
              "resources": [
                false
              ]
            }
          ],
          "endpoint": true,
          "id": true,
          "identity": true,
          "kubernetes_network_config": [
            {
              "ip_family": true,
              "service_ipv4_cidr": true,
              "service_ipv6_cidr": true
            }
          ],
          "outpost_config": [],
          "platform_version": true,
          "role_arn": true,
          "status": true,
          "tags": {},
          "tags_all": {},
          "timeouts": {},
          "vpc_config": [
            {
              "cluster_security_group_id": true,
              "public_access_cidrs": [
                false
              ],
              "security_group_ids": true,
              "subnet_ids": true,
              "vpc_id": true
            }
          ]
        },
        "before_sensitive": false,
        "after_sensitive": {
          "access_config": [],
          "certificate_authority": [],
          "enabled_cluster_log_types": [
            false,
            false,
            false
          ],
          "encryption_config": [
            {
              "provider": [
                {}
              ],
              "resources": [
                false
              ]
            }
          ],
          "identity": [],
          "kubernetes_network_config": [
            {}
          ],
          "outpost_config": [],
          "tags": {},
          "tags_all": {},
          "timeouts": {},
          "vpc_config": [
            {
              "public_access_cidrs": [
                false
              ],
              "security_group_ids": [],
              "subnet_ids": []
            }
          ]
        }
      }
    },
    {
      "address": "module.eks.aws_iam_openid_connect_provider.oidc_provider[0]",
      "module_address": "module.eks",
      "mode": "managed",
      "type": "aws_iam_openid_connect_provider",
      "name": "oidc_provider",
      "index": 0,
      "provider_name": "registry.terraform.io/hashicorp/aws",
      "change": {
        "actions": [
          "create"
        ],
        "before": null,
        "after": {
          "client_id_list": [
            "sts.amazonaws.com"
          ],
          "tags": {
            "Name": "everything-as-code-eks-irsa",
            "Owner": "nicholas-morey"
          },
          "tags_all": {
            "Name": "everything-as-code-eks-irsa",
            "Owner": "nicholas-morey"
          }
        },
        "after_unknown": {
          "arn": true,
          "client_id_list": [
            false
          ],
          "id": true,
          "tags": {},
          "tags_all": {},
          "thumbprint_list": true,
          "url": true
        },
        "before_sensitive": false,
        "after_sensitive": {
          "client_id_list": [
            false
          ],
          "tags": {},
          "tags_all": {},
          "thumbprint_list": []
        }
      }
    },
    {
      "address": "module.eks.aws_iam_policy.cluster_encryption[0]",
      "module_address": "module.eks",
      "mode": "managed",
      "type": "aws_iam_policy",
      "name": "cluster_encryption",
      "index": 0,
      "provider_name": "registry.terraform.io/hashicorp/aws",
      "change": {
        "actions": [
          "create"
        ],
        "before": null,
        "after": {
          "description": "Cluster encryption policy to allow cluster role to utilize CMK provided",
          "name_prefix": "everything-as-code-cluster-ClusterEncryption",
          "path": "/",
          "tags": {
            "Owner": "nicholas-morey"
          },
          "tags_all": {
            "Owner": "nicholas-morey"
          }
        },
        "after_unknown": {
          "arn": true,
          "id": true,
          "name": true,
          "policy": true,
          "policy_id": true,
          "tags": {},
          "tags_all": {}
        },
        "before_sensitive": false,
        "after_sensitive": {
          "tags": {},
          "tags_all": {}
        }
      }
    },
    {
      "address": "module.eks.aws_iam_role.this[0]",
      "module_address": "module.eks",
      "mode": "managed",
      "type": "aws_iam_role",
      "name": "this",
      "index": 0,
      "provider_name": "registry.terraform.io/hashicorp/aws",
      "change": {
        "actions": [
          "create"
        ],
        "before": null,
        "after": {
          "assume_role_policy": "{\"Statement\":[{\"Action\":\"sts:AssumeRole\",\"Effect\":\"Allow\",\"Principal\":{\"Service\":\"eks.amazonaws.com\"},\"Sid\":\"EKSClusterAssumeRole\"}],\"Version\":\"2012-10-17\"}",
          "description": null,
          "force_detach_policies": true,
          "inline_policy": [
            {
              "name": "everything-as-code-cluster",
              "policy": "{\"Version\":\"2012-10-17\",\"Statement\":[{\"Action\":[\"logs:CreateLogGroup\"],\"Effect\":\"Deny\",\"Resource\":\"*\"}]}"
            }
          ],
          "max_session_duration": 3600,
          "name_prefix": "everything-as-code-cluster-",
          "path": "/",
          "permissions_boundary": null,
          "tags": {
            "Owner": "nicholas-morey"
          },
          "tags_all": {
            "Owner": "nicholas-morey"
          }
        },
        "after_unknown": {
          "arn": true,
          "create_date": true,
          "id": true,
          "inline_policy": [
            {}
          ],
          "managed_policy_arns": true,
          "name": true,
          "tags": {},
          "tags_all": {},
          "unique_id": true
        },
        "before_sensitive": false,
        "after_sensitive": {
          "inline_policy": [
            {}
          ],
          "managed_policy_arns": [],
          "tags": {},
          "tags_all": {}
        }
      }
    },
    {
      "address": "module.eks.aws_iam_role_policy_attachment.cluster_encryption[0]",
      "module_address": "module.eks",
      "mode": "managed",
      "type": "aws_iam_role_policy_attachment",
      "name": "cluster_encryption",
      "index": 0,
      "provider_name": "registry.terraform.io/hashicorp/aws",
      "change": {
        "actions": [
          "create"
        ],
        "before": null,
        "after": {},
        "after_unknown": {
          "id": true,
          "policy_arn": true,
          "role": true
        },
        "before_sensitive": false,
        "after_sensitive": {}
      }
    },
    {
      "address": "module.eks.aws_iam_role_policy_attachment.this[\"AmazonEKSClusterPolicy\"]",
      "module_address": "module.eks",
      "mode": "managed",
      "type": "aws_iam_role_policy_attachment",
      "name": "this",
      "index": "AmazonEKSClusterPolicy",
      "provider_name": "registry.terraform.io/hashicorp/aws",
      "change": {
        "actions": [
          "create"
        ],
        "before": null,
        "after": {
          "policy_arn": "arn:aws:iam::aws:policy/AmazonEKSClusterPolicy"
        },
        "after_unknown": {
          "id": true,
          "role": true
        },
        "before_sensitive": false,
        "after_sensitive": {}
      }
    },
    {
      "address": "module.eks.aws_iam_role_policy_attachment.this[\"AmazonEKSVPCResourceController\"]",
      "module_address": "module.eks",
      "mode": "managed",
      "type": "aws_iam_role_policy_attachment",
      "name": "this",
      "index": "AmazonEKSVPCResourceController",
      "provider_name": "registry.terraform.io/hashicorp/aws",
      "change": {
        "actions": [
          "create"
        ],
        "before": null,
        "after": {
          "policy_arn": "arn:aws:iam::aws:policy/AmazonEKSVPCResourceController"
        },
        "after_unknown": {
          "id": true,
          "role": true
        },
        "before_sensitive": false,
        "after_sensitive": {}
      }
    },
    {
      "address": "module.eks.aws_security_group.cluster[0]",
      "module_address": "module.eks",
      "mode": "managed",
      "type": "aws_security_group",
      "name": "cluster",
      "index": 0,
      "provider_name": "registry.terraform.io/hashicorp/aws",
      "change": {
        "actions": [
          "create"
        ],
        "before": null,
        "after": {
          "description": "EKS cluster security group",
          "name_prefix": "everything-as-code-cluster-",
          "revoke_rules_on_delete": false,
          "tags": {
            "Name": "everything-as-code-cluster",
            "Owner": "nicholas-morey"
          },
          "tags_all": {
            "Name": "everything-as-code-cluster",
            "Owner": "nicholas-morey"
          },
          "timeouts": null
        },
        "after_unknown": {
          "arn": true,
          "egress": true,
          "id": true,
          "ingress": true,
          "name": true,
          "owner_id": true,
          "tags": {},
          "tags_all": {},
          "vpc_id": true
        },
        "before_sensitive": false,
        "after_sensitive": {
          "egress": [],
          "ingress": [],
          "tags": {},
          "tags_all": {}
        }
      }
    },
    {
      "address": "module.eks.aws_security_group.node[0]",
      "module_address": "module.eks",
      "mode": "managed",
      "type": "aws_security_group",
      "name": "node",
      "index": 0,
      "provider_name": "registry.terraform.io/hashicorp/aws",
      "change": {
        "actions": [
          "create"
        ],
        "before": null,
        "after": {
          "description": "EKS node shared security group",
          "name_prefix": "everything-as-code-node-",
          "revoke_rules_on_delete": false,
          "tags": {
            "Name": "everything-as-code-node",
            "Owner": "nicholas-morey",
            "kubernetes.io/cluster/everything-as-code": "owned"
          },
          "tags_all": {
            "Name": "everything-as-code-node",
            "Owner": "nicholas-morey",
            "kubernetes.io/cluster/everything-as-code": "owned"
          },
          "timeouts": null
        },
        "after_unknown": {
          "arn": true,
          "egress": true,
          "id": true,
          "ingress": true,
          "name": true,
          "owner_id": true,
          "tags": {},
          "tags_all": {},
          "vpc_id": true
        },
        "before_sensitive": false,
        "after_sensitive": {
          "egress": [],
          "ingress": [],
          "tags": {},
          "tags_all": {}
        }
      }
    },
    {
      "address": "module.eks.aws_security_group_rule.cluster[\"ingress_nodes_443\"]",
      "module_address": "module.eks",
      "mode": "managed",
      "type": "aws_security_group_rule",
      "name": "cluster",
      "index": "ingress_nodes_443",
      "provider_name": "registry.terraform.io/hashicorp/aws",
      "change": {
        "actions": [
          "create"
        ],
        "before": null,
        "after": {
          "cidr_blocks": null,
          "description": "Node groups to cluster API",
          "from_port": 443,
          "ipv6_cidr_blocks": null,
          "prefix_list_ids": null,
          "protocol": "tcp",
          "self": false,
          "timeouts": null,
          "to_port": 443,
          "type": "ingress"
        },
        "after_unknown": {
          "id": true,
          "security_group_id": true,
          "security_group_rule_id": true,
          "source_security_group_id": true
        },
        "before_sensitive": false,
        "after_sensitive": {}
      }
    },
    {
      "address": "module.eks.aws_security_group_rule.node[\"egress_all\"]",
      "module_address": "module.eks",
      "mode": "managed",
      "type": "aws_security_group_rule",
      "name": "node",
      "index": "egress_all",
      "provider_name": "registry.terraform.io/hashicorp/aws",
      "change": {
        "actions": [
          "create"
        ],
        "before": null,
        "after": {
          "cidr_blocks": [
            "0.0.0.0/0"
          ],
          "description": "Allow all egress",
          "from_port": 0,
          "ipv6_cidr_blocks": null,
          "prefix_list_ids": [],
          "protocol": "-1",
          "self": false,
          "timeouts": null,
          "to_port": 0,
          "type": "egress"
        },
        "after_unknown": {
          "cidr_blocks": [
            false
          ],
          "id": true,
          "prefix_list_ids": [],
          "security_group_id": true,
          "security_group_rule_id": true,
          "source_security_group_id": true
        },
        "before_sensitive": false,
        "after_sensitive": {
          "cidr_blocks": [
            false
          ],
          "prefix_list_ids": []
        }
      }
    },
    {
      "address": "module.eks.aws_security_group_rule.node[\"ingress_cluster_443\"]",
      "module_address": "module.eks",
      "mode": "managed",
      "type": "aws_security_group_rule",
      "name": "node",
      "index": "ingress_cluster_443",
      "provider_name": "registry.terraform.io/hashicorp/aws",
      "change": {
        "actions": [
          "create"
        ],
        "before": null,
        "after": {
          "cidr_blocks": null,
          "description": "Cluster API to node groups",
          "from_port": 443,
          "ipv6_cidr_blocks": null,
          "prefix_list_ids": [],
          "protocol": "tcp",
          "self": false,
          "timeouts": null,
          "to_port": 443,
          "type": "ingress"
        },
        "after_unknown": {
          "id": true,
          "prefix_list_ids": [],
          "security_group_id": true,
          "security_group_rule_id": true,
          "source_security_group_id": true
        },
        "before_sensitive": false,
        "after_sensitive": {
          "prefix_list_ids": []
        }
      }
    },
    {
      "address": "module.eks.aws_security_group_rule.node[\"ingress_cluster_4443_webhook\"]",
      "module_address": "module.eks",
      "mode": "managed",
      "type": "aws_security_group_rule",
      "name": "node",
      "index": "ingress_cluster_4443_webhook",
      "provider_name": "registry.terraform.io/hashicorp/aws",
      "change": {
        "actions": [
          "create"
        ],
        "before": null,
        "after": {
          "cidr_blocks": null,
          "description": "Cluster API to node 4443/tcp webhook",
          "from_port": 4443,
          "ipv6_cidr_blocks": null,
          "prefix_list_ids": [],
          "protocol": "tcp",
          "self": false,
          "timeouts": null,
          "to_port": 4443,
          "type": "ingress"
        },
        "after_unknown": {
          "id": true,
          "prefix_list_ids": [],
          "security_group_id": true,
          "security_group_rule_id": true,
          "source_security_group_id": true
        },
        "before_sensitive": false,
        "after_sensitive": {
          "prefix_list_ids": []
        }
      }
    },
    {
      "address": "module.eks.aws_security_group_rule.node[\"ingress_cluster_6443_webhook\"]",
      "module_address": "module.eks",
      "mode": "managed",
      "type": "aws_security_group_rule",
      "name": "node",
      "index": "ingress_cluster_6443_webhook",
      "provider_name": "registry.terraform.io/hashicorp/aws",
      "change": {
        "actions": [
          "create"
        ],
        "before": null,
        "after": {
          "cidr_blocks": null,
          "description": "Cluster API to node 6443/tcp webhook",
          "from_port": 6443,
          "ipv6_cidr_blocks": null,
          "prefix_list_ids": [],
          "protocol": "tcp",
          "self": false,
          "timeouts": null,
          "to_port": 6443,
          "type": "ingress"
        },
        "after_unknown": {
          "id": true,
          "prefix_list_ids": [],
          "security_group_id": true,
          "security_group_rule_id": true,
          "source_security_group_id": true
        },
        "before_sensitive": false,
        "after_sensitive": {
          "prefix_list_ids": []
        }
      }
    },
    {
      "address": "module.eks.aws_security_group_rule.node[\"ingress_cluster_8443_webhook\"]",
      "module_address": "module.eks",
      "mode": "managed",
      "type": "aws_security_group_rule",
      "name": "node",
      "index": "ingress_cluster_8443_webhook",
      "provider_name": "registry.terraform.io/hashicorp/aws",
      "change": {
        "actions": [
          "create"
        ],
        "before": null,
        "after": {
          "cidr_blocks": null,
          "description": "Cluster API to node 8443/tcp webhook",
          "from_port": 8443,
          "ipv6_cidr_blocks": null,
          "prefix_list_ids": [],
          "protocol": "tcp",
          "self": false,
          "timeouts": null,
          "to_port": 8443,
          "type": "ingress"
        },
        "after_unknown": {
          "id": true,
          "prefix_list_ids": [],
          "security_group_id": true,
          "security_group_rule_id": true,
          "source_security_group_id": true
        },
        "before_sensitive": false,
        "after_sensitive": {
          "prefix_list_ids": []
        }
      }
    },
    {
      "address": "module.eks.aws_security_group_rule.node[\"ingress_cluster_9443_webhook\"]",
      "module_address": "module.eks",
      "mode": "managed",
      "type": "aws_security_group_rule",
      "name": "node",
      "index": "ingress_cluster_9443_webhook",
      "provider_name": "registry.terraform.io/hashicorp/aws",
      "change": {
        "actions": [
          "create"
        ],
        "before": null,
        "after": {
          "cidr_blocks": null,
          "description": "Cluster API to node 9443/tcp webhook",
          "from_port": 9443,
          "ipv6_cidr_blocks": null,
          "prefix_list_ids": [],
          "protocol": "tcp",
          "self": false,
          "timeouts": null,
          "to_port": 9443,
          "type": "ingress"
        },
        "after_unknown": {
          "id": true,
          "prefix_list_ids": [],
          "security_group_id": true,
          "security_group_rule_id": true,
          "source_security_group_id": true
        },
        "before_sensitive": false,
        "after_sensitive": {
          "prefix_list_ids": []
        }
      }
    },
    {
      "address": "module.eks.aws_security_group_rule.node[\"ingress_cluster_kubelet\"]",
      "module_address": "module.eks",
      "mode": "managed",
      "type": "aws_security_group_rule",
      "name": "node",
      "index": "ingress_cluster_kubelet",
      "provider_name": "registry.terraform.io/hashicorp/aws",
      "change": {
        "actions": [
          "create"
        ],
        "before": null,
        "after": {
          "cidr_blocks": null,
          "description": "Cluster API to node kubelets",
          "from_port": 10250,
          "ipv6_cidr_blocks": null,
          "prefix_list_ids": [],
          "protocol": "tcp",
          "self": false,
          "timeouts": null,
          "to_port": 10250,
          "type": "ingress"
        },
        "after_unknown": {
          "id": true,
          "prefix_list_ids": [],
          "security_group_id": true,
          "security_group_rule_id": true,
          "source_security_group_id": true
        },
        "before_sensitive": false,
        "after_sensitive": {
          "prefix_list_ids": []
        }
      }
    },
    {
      "address": "module.eks.aws_security_group_rule.node[\"ingress_nginx\"]",
      "module_address": "module.eks",
      "mode": "managed",
      "type": "aws_security_group_rule",
      "name": "node",
      "index": "ingress_nginx",
      "provider_name": "registry.terraform.io/hashicorp/aws",
      "change": {
        "actions": [
          "create"
        ],
        "before": null,
        "after": {
          "cidr_blocks": null,
          "description": "Allow nginx ingress port 80 node to node",
          "from_port": 80,
          "ipv6_cidr_blocks": null,
          "prefix_list_ids": [],
          "protocol": "tcp",
          "self": true,
          "timeouts": null,
          "to_port": 80,
          "type": "ingress"
        },
        "after_unknown": {
          "id": true,
          "prefix_list_ids": [],
          "security_group_id": true,
          "security_group_rule_id": true,
          "source_security_group_id": true
        },
        "before_sensitive": false,
        "after_sensitive": {
          "prefix_list_ids": []
        }
      }
    },
    {
      "address": "module.eks.aws_security_group_rule.node[\"ingress_nodes_ephemeral\"]",
      "module_address": "module.eks",
      "mode": "managed",
      "type": "aws_security_group_rule",
      "name": "node",
      "index": "ingress_nodes_ephemeral",
      "provider_name": "registry.terraform.io/hashicorp/aws",
      "change": {
        "actions": [
          "create"
        ],
        "before": null,
        "after": {
          "cidr_blocks": null,
          "description": "Node to node ingress on ephemeral ports",
          "from_port": 1025,
          "ipv6_cidr_blocks": null,
          "prefix_list_ids": [],
          "protocol": "tcp",
          "self": true,
          "timeouts": null,
          "to_port": 65535,
          "type": "ingress"
        },
        "after_unknown": {
          "id": true,
          "prefix_list_ids": [],
          "security_group_id": true,
          "security_group_rule_id": true,
          "source_security_group_id": true
        },
        "before_sensitive": false,
        "after_sensitive": {
          "prefix_list_ids": []
        }
      }
    },
    {
      "address": "module.eks.aws_security_group_rule.node[\"ingress_self_coredns_tcp\"]",
      "module_address": "module.eks",
      "mode": "managed",
      "type": "aws_security_group_rule",
      "name": "node",
      "index": "ingress_self_coredns_tcp",
      "provider_name": "registry.terraform.io/hashicorp/aws",
      "change": {
        "actions": [
          "create"
        ],
        "before": null,
        "after": {
          "cidr_blocks": null,
          "description": "Node to node CoreDNS",
          "from_port": 53,
          "ipv6_cidr_blocks": null,
          "prefix_list_ids": [],
          "protocol": "tcp",
          "self": true,
          "timeouts": null,
          "to_port": 53,
          "type": "ingress"
        },
        "after_unknown": {
          "id": true,
          "prefix_list_ids": [],
          "security_group_id": true,
          "security_group_rule_id": true,
          "source_security_group_id": true
        },
        "before_sensitive": false,
        "after_sensitive": {
          "prefix_list_ids": []
        }
      }
    },
    {
      "address": "module.eks.aws_security_group_rule.node[\"ingress_self_coredns_udp\"]",
      "module_address": "module.eks",
      "mode": "managed",
      "type": "aws_security_group_rule",
      "name": "node",
      "index": "ingress_self_coredns_udp",
      "provider_name": "registry.terraform.io/hashicorp/aws",
      "change": {
        "actions": [
          "create"
        ],
        "before": null,
        "after": {
          "cidr_blocks": null,
          "description": "Node to node CoreDNS UDP",
          "from_port": 53,
          "ipv6_cidr_blocks": null,
          "prefix_list_ids": [],
          "protocol": "udp",
          "self": true,
          "timeouts": null,
          "to_port": 53,
          "type": "ingress"
        },
        "after_unknown": {
          "id": true,
          "prefix_list_ids": [],
          "security_group_id": true,
          "security_group_rule_id": true,
          "source_security_group_id": true
        },
        "before_sensitive": false,
        "after_sensitive": {
          "prefix_list_ids": []
        }
      }
    },
    {
      "address": "module.eks.time_sleep.this[0]",
      "module_address": "module.eks",
      "mode": "managed",
      "type": "time_sleep",
      "name": "this",
      "index": 0,
      "provider_name": "registry.terraform.io/hashicorp/time",
      "change": {
        "actions": [
          "create"
        ],
        "before": null,
        "after": {
          "create_duration": "30s",
          "destroy_duration": null,
          "triggers": {
            "cluster_name": "everything-as-code",
            "cluster_version": "1.29"
          }
        },
        "after_unknown": {
          "id": true,
          "triggers": {
            "cluster_certificate_authority_data": true,
            "cluster_endpoint": true
          }
        },
        "before_sensitive": false,
        "after_sensitive": {
          "triggers": {}
        }
      }
    },
    {
      "address": "module.vpc.aws_default_network_acl.this[0]",
      "module_address": "module.vpc",
      "mode": "managed",
      "type": "aws_default_network_acl",
      "name": "this",
      "index": 0,
      "provider_name": "registry.terraform.io/hashicorp/aws",
      "change": {
        "actions": [
          "create"
        ],
        "before": null,
        "after": {
          "egress": [
            {
              "action": "allow",
              "cidr_block": "",
              "from_port": 0,
              "icmp_code": null,
              "icmp_type": null,
              "ipv6_cidr_block": "::/0",
              "protocol": "-1",
              "rule_no": 101,
              "to_port": 0
            },
            {
              "action": "allow",
              "cidr_block": "0.0.0.0/0",
              "from_port": 0,
              "icmp_code": null,
              "icmp_type": null,
              "ipv6_cidr_block": "",
              "protocol": "-1",
              "rule_no": 100,
              "to_port": 0
            }
          ],
          "ingress": [
            {
              "action": "allow",
              "cidr_block": "",
              "from_port": 0,
              "icmp_code": null,
              "icmp_type": null,
              "ipv6_cidr_block": "::/0",
              "protocol": "-1",
              "rule_no": 101,
              "to_port": 0
            },
            {
              "action": "allow",
              "cidr_block": "0.0.0.0/0",
              "from_port": 0,
              "icmp_code": null,
              "icmp_type": null,
              "ipv6_cidr_block": "",
              "protocol": "-1",
              "rule_no": 100,
              "to_port": 0
            }
          ],
          "subnet_ids": null,
          "tags": {
            "Name": "everything-as-code-default",
            "Owner": "nicholas-morey"
          },
          "tags_all": {
            "Name": "everything-as-code-default",
            "Owner": "nicholas-morey"
          }
        },
        "after_unknown": {
          "arn": true,
          "default_network_acl_id": true,
          "egress": [
            {},
            {}
          ],
          "id": true,
          "ingress": [
            {},
            {}
          ],
          "owner_id": true,
          "tags": {},
          "tags_all": {},
          "vpc_id": true
        },
        "before_sensitive": false,
        "after_sensitive": {
          "egress": [
            {},
            {}
          ],
          "ingress": [
            {},
            {}
          ],
          "tags": {},
          "tags_all": {}
        }
      }
    },
    {
      "address": "module.vpc.aws_default_route_table.default[0]",
      "module_address": "module.vpc",
      "mode": "managed",
      "type": "aws_default_route_table",
      "name": "default",
      "index": 0,
      "provider_name": "registry.terraform.io/hashicorp/aws",
      "change": {
        "actions": [
          "create"
        ],
        "before": null,
        "after": {
          "propagating_vgws": null,
          "tags": {
            "Name": "everything-as-code-default",
            "Owner": "nicholas-morey"
          },
          "tags_all": {
            "Name": "everything-as-code-default",
            "Owner": "nicholas-morey"
          },
          "timeouts": {
            "create": "5m",
            "update": "5m"
          }
        },
        "after_unknown": {
          "arn": true,
          "default_route_table_id": true,
          "id": true,
          "owner_id": true,
          "route": true,
          "tags": {},
          "tags_all": {},
          "timeouts": {},
          "vpc_id": true
        },
        "before_sensitive": false,
        "after_sensitive": {
          "route": [],
          "tags": {},
          "tags_all": {},
          "timeouts": {}
        }
      }
    },
    {
      "address": "module.vpc.aws_default_security_group.this[0]",
      "module_address": "module.vpc",
      "mode": "managed",
      "type": "aws_default_security_group",
      "name": "this",
      "index": 0,
      "provider_name": "registry.terraform.io/hashicorp/aws",
      "change": {
        "actions": [
          "create"
        ],
        "before": null,
        "after": {
          "revoke_rules_on_delete": false,
          "tags": {
            "Name": "everything-as-code-default",
            "Owner": "nicholas-morey"
          },
          "tags_all": {
            "Name": "everything-as-code-default",
            "Owner": "nicholas-morey"
          }
        },
        "after_unknown": {
          "arn": true,
          "description": true,
          "egress": true,
          "id": true,
          "ingress": true,
          "name": true,
          "name_prefix": true,
          "owner_id": true,
          "tags": {},
          "tags_all": {},
          "vpc_id": true
        },
        "before_sensitive": false,
        "after_sensitive": {
          "egress": [],
          "ingress": [],
          "tags": {},
          "tags_all": {}
        }
      }
    },
    {
      "address": "module.vpc.aws_eip.nat[0]",
      "module_address": "module.vpc",
      "mode": "managed",
      "type": "aws_eip",
      "name": "nat",
      "index": 0,
      "provider_name": "registry.terraform.io/hashicorp/aws",
      "change": {
        "actions": [
          "create"
        ],
        "before": null,
        "after": {
          "address": null,
          "associate_with_private_ip": null,
          "customer_owned_ipv4_pool": null,
          "domain": "vpc",
          "tags": {
            "Name": "everything-as-code-us-west-2a",
            "Owner": "nicholas-morey"
          },
          "tags_all": {
            "Name": "everything-as-code-us-west-2a",
            "Owner": "nicholas-morey"
          },
          "timeouts": null
        },
        "after_unknown": {
          "allocation_id": true,
          "association_id": true,
          "carrier_ip": true,
          "customer_owned_ip": true,
          "id": true,
          "instance": true,
          "network_border_group": true,
          "network_interface": true,
          "private_dns": true,
          "private_ip": true,
          "public_dns": true,
          "public_ip": true,
          "public_ipv4_pool": true,
          "tags": {},
          "tags_all": {},
          "vpc": true
        },
        "before_sensitive": false,
        "after_sensitive": {
          "tags": {},
          "tags_all": {}
        }
      }
    },
    {
      "address": "module.vpc.aws_internet_gateway.this[0]",
      "module_address": "module.vpc",
      "mode": "managed",
      "type": "aws_internet_gateway",
      "name": "this",
      "index": 0,
      "provider_name": "registry.terraform.io/hashicorp/aws",
      "change": {
        "actions": [
          "create"
        ],
        "before": null,
        "after": {
          "tags": {
            "Name": "everything-as-code",
            "Owner": "nicholas-morey"
          },
          "tags_all": {
            "Name": "everything-as-code",
            "Owner": "nicholas-morey"
          },
          "timeouts": null
        },
        "after_unknown": {
          "arn": true,
          "id": true,
          "owner_id": true,
          "tags": {},
          "tags_all": {},
          "vpc_id": true
        },
        "before_sensitive": false,
        "after_sensitive": {
          "tags": {},
          "tags_all": {}
        }
      }
    },
    {
      "address": "module.vpc.aws_nat_gateway.this[0]",
      "module_address": "module.vpc",
      "mode": "managed",
      "type": "aws_nat_gateway",
      "name": "this",
      "index": 0,
      "provider_name": "registry.terraform.io/hashicorp/aws",
      "change": {
        "actions": [
          "create"
        ],
        "before": null,
        "after": {
          "connectivity_type": "public",
          "secondary_allocation_ids": null,
          "tags": {
            "Name": "everything-as-code-us-west-2a",
            "Owner": "nicholas-morey"
          },
          "tags_all": {
            "Name": "everything-as-code-us-west-2a",
            "Owner": "nicholas-morey"
          },
          "timeouts": null
        },
        "after_unknown": {
          "allocation_id": true,
          "association_id": true,
          "id": true,
          "network_interface_id": true,
          "private_ip": true,
          "public_ip": true,
          "secondary_private_ip_address_count": true,
          "secondary_private_ip_addresses": true,
          "subnet_id": true,
          "tags": {},
          "tags_all": {}
        },
        "before_sensitive": false,
        "after_sensitive": {
          "secondary_private_ip_addresses": [],
          "tags": {},
          "tags_all": {}
        }
      }
    },
    {
      "address": "module.vpc.aws_route.private_nat_gateway[0]",
      "module_address": "module.vpc",
      "mode": "managed",
      "type": "aws_route",
      "name": "private_nat_gateway",
      "index": 0,
      "provider_name": "registry.terraform.io/hashicorp/aws",
      "change": {
        "actions": [
          "create"
        ],
        "before": null,
        "after": {
          "carrier_gateway_id": null,
          "core_network_arn": null,
          "destination_cidr_block": "0.0.0.0/0",
          "destination_ipv6_cidr_block": null,
          "destination_prefix_list_id": null,
          "egress_only_gateway_id": null,
          "gateway_id": null,
          "local_gateway_id": null,
          "timeouts": {
            "create": "5m",
            "delete": null,
            "update": null
          },
          "transit_gateway_id": null,
          "vpc_endpoint_id": null,
          "vpc_peering_connection_id": null
        },
        "after_unknown": {
          "id": true,
          "instance_id": true,
          "instance_owner_id": true,
          "nat_gateway_id": true,
          "network_interface_id": true,
          "origin": true,
          "route_table_id": true,
          "state": true,
          "timeouts": {}
        },
        "before_sensitive": false,
        "after_sensitive": {
          "timeouts": {}
        }
      }
    },
    {
      "address": "module.vpc.aws_route.public_internet_gateway[0]",
      "module_address": "module.vpc",
      "mode": "managed",
      "type": "aws_route",
      "name": "public_internet_gateway",
      "index": 0,
      "provider_name": "registry.terraform.io/hashicorp/aws",
      "change": {
        "actions": [
          "create"
        ],
        "before": null,
        "after": {
          "carrier_gateway_id": null,
          "core_network_arn": null,
          "destination_cidr_block": "0.0.0.0/0",
          "destination_ipv6_cidr_block": null,
          "destination_prefix_list_id": null,
          "egress_only_gateway_id": null,
          "local_gateway_id": null,
          "nat_gateway_id": null,
          "timeouts": {
            "create": "5m",
            "delete": null,
            "update": null
          },
          "transit_gateway_id": null,
          "vpc_endpoint_id": null,
          "vpc_peering_connection_id": null
        },
        "after_unknown": {
          "gateway_id": true,
          "id": true,
          "instance_id": true,
          "instance_owner_id": true,
          "network_interface_id": true,
          "origin": true,
          "route_table_id": true,
          "state": true,
          "timeouts": {}
        },
        "before_sensitive": false,
        "after_sensitive": {
          "timeouts": {}
        }
      }
    },
    {
      "address": "module.vpc.aws_route_table.private[0]",
      "module_address": "module.vpc",
      "mode": "managed",
      "type": "aws_route_table",
      "name": "private",
      "index": 0,
      "provider_name": "registry.terraform.io/hashicorp/aws",
      "change": {
        "actions": [
          "create"
        ],
        "before": null,
        "after": {
          "tags": {
            "Name": "everything-as-code-private",
            "Owner": "nicholas-morey"
          },
          "tags_all": {
            "Name": "everything-as-code-private",
            "Owner": "nicholas-morey"
          },
          "timeouts": null
        },
        "after_unknown": {
          "arn": true,
          "id": true,
          "owner_id": true,
          "propagating_vgws": true,
          "route": true,
          "tags": {},
          "tags_all": {},
          "vpc_id": true
        },
        "before_sensitive": false,
        "after_sensitive": {
          "propagating_vgws": [],
          "route": [],
          "tags": {},
          "tags_all": {}
        }
      }
    },
    {
      "address": "module.vpc.aws_route_table.public[0]",
      "module_address": "module.vpc",
      "mode": "managed",
      "type": "aws_route_table",
      "name": "public",
      "index": 0,
      "provider_name": "registry.terraform.io/hashicorp/aws",
      "change": {
        "actions": [
          "create"
        ],
        "before": null,
        "after": {
          "tags": {
            "Name": "everything-as-code-public",
            "Owner": "nicholas-morey"
          },
          "tags_all": {
            "Name": "everything-as-code-public",
            "Owner": "nicholas-morey"
          },
          "timeouts": null
        },
        "after_unknown": {
          "arn": true,
          "id": true,
          "owner_id": true,
          "propagating_vgws": true,
          "route": true,
          "tags": {},
          "tags_all": {},
          "vpc_id": true
        },
        "before_sensitive": false,
        "after_sensitive": {
          "propagating_vgws": [],
          "route": [],
          "tags": {},
          "tags_all": {}
        }
      }
    },
    {
      "address": "module.vpc.aws_route_table_association.private[0]",
      "module_address": "module.vpc",
      "mode": "managed",
      "type": "aws_route_table_association",
      "name": "private",
      "index": 0,
      "provider_name": "registry.terraform.io/hashicorp/aws",
      "change": {
        "actions": [
          "create"
        ],
        "before": null,
        "after": {
          "gateway_id": null,
          "timeouts": null
        },
        "after_unknown": {
          "id": true,
          "route_table_id": true,
          "subnet_id": true
        },
        "before_sensitive": false,
        "after_sensitive": {}
      }
    },
    {
      "address": "module.vpc.aws_route_table_association.private[1]",
      "module_address": "module.vpc",
      "mode": "managed",
      "type": "aws_route_table_association",
      "name": "private",
      "index": 1,
      "provider_name": "registry.terraform.io/hashicorp/aws",
      "change": {
        "actions": [
          "create"
        ],
        "before": null,
        "after": {
          "gateway_id": null,
          "timeouts": null
        },
        "after_unknown": {
          "id": true,
          "route_table_id": true,
          "subnet_id": true
        },
        "before_sensitive": false,
        "after_sensitive": {}
      }
    },
    {
      "address": "module.vpc.aws_route_table_association.private[2]",
      "module_address": "module.vpc",
      "mode": "managed",
      "type": "aws_route_table_association",
      "name": "private",
      "index": 2,
      "provider_name": "registry.terraform.io/hashicorp/aws",
      "change": {
        "actions": [
          "create"
        ],
        "before": null,
        "after": {
          "gateway_id": null,
          "timeouts": null
        },
        "after_unknown": {
          "id": true,
          "route_table_id": true,
          "subnet_id": true
        },
        "before_sensitive": false,
        "after_sensitive": {}
      }
    },
    {
      "address": "module.vpc.aws_route_table_association.public[0]",
      "module_address": "module.vpc",
      "mode": "managed",
      "type": "aws_route_table_association",
      "name": "public",
      "index": 0,
      "provider_name": "registry.terraform.io/hashicorp/aws",
      "change": {
        "actions": [
          "create"
        ],
        "before": null,
        "after": {
          "gateway_id": null,
          "timeouts": null
        },
        "after_unknown": {
          "id": true,
          "route_table_id": true,
          "subnet_id": true
        },
        "before_sensitive": false,
        "after_sensitive": {}
      }
    },
    {
      "address": "module.vpc.aws_route_table_association.public[1]",
      "module_address": "module.vpc",
      "mode": "managed",
      "type": "aws_route_table_association",
      "name": "public",
      "index": 1,
      "provider_name": "registry.terraform.io/hashicorp/aws",
      "change": {
        "actions": [
          "create"
        ],
        "before": null,
        "after": {
          "gateway_id": null,
          "timeouts": null
        },
        "after_unknown": {
          "id": true,
          "route_table_id": true,
          "subnet_id": true
        },
        "before_sensitive": false,
        "after_sensitive": {}
      }
    },
    {
      "address": "module.vpc.aws_route_table_association.public[2]",
      "module_address": "module.vpc",
      "mode": "managed",
      "type": "aws_route_table_association",
      "name": "public",
      "index": 2,
      "provider_name": "registry.terraform.io/hashicorp/aws",
      "change": {
        "actions": [
          "create"
        ],
        "before": null,
        "after": {
          "gateway_id": null,
          "timeouts": null
        },
        "after_unknown": {
          "id": true,
          "route_table_id": true,
          "subnet_id": true
        },
        "before_sensitive": false,
        "after_sensitive": {}
      }
    },
    {
      "address": "module.vpc.aws_subnet.private[0]",
      "module_address": "module.vpc",
      "mode": "managed",
      "type": "aws_subnet",
      "name": "private",
      "index": 0,
      "provider_name": "registry.terraform.io/hashicorp/aws",
      "change": {
        "actions": [
          "create"
        ],
        "before": null,
        "after": {
          "assign_ipv6_address_on_creation": false,
          "availability_zone": "us-west-2a",
          "cidr_block": "10.0.0.0/20",
          "customer_owned_ipv4_pool": null,
          "enable_dns64": false,
          "enable_lni_at_device_index": null,
          "enable_resource_name_dns_a_record_on_launch": false,
          "enable_resource_name_dns_aaaa_record_on_launch": false,
          "ipv6_cidr_block": null,
          "ipv6_native": false,
          "map_customer_owned_ip_on_launch": null,
          "map_public_ip_on_launch": false,
          "outpost_arn": null,
          "tags": {
            "Name": "everything-as-code-private-us-west-2a",
            "Owner": "nicholas-morey",
            "kubernetes.io/role/internal-elb": "1"
          },
          "tags_all": {
            "Name": "everything-as-code-private-us-west-2a",
            "Owner": "nicholas-morey",
            "kubernetes.io/role/internal-elb": "1"
          },
          "timeouts": null
        },
        "after_unknown": {
          "arn": true,
          "availability_zone_id": true,
          "id": true,
          "ipv6_cidr_block_association_id": true,
          "owner_id": true,
          "private_dns_hostname_type_on_launch": true,
          "tags": {},
          "tags_all": {},
          "vpc_id": true
        },
        "before_sensitive": false,
        "after_sensitive": {
          "tags": {},
          "tags_all": {}
        }
      }
    },
    {
      "address": "module.vpc.aws_subnet.private[1]",
      "module_address": "module.vpc",
      "mode": "managed",
      "type": "aws_subnet",
      "name": "private",
      "index": 1,
      "provider_name": "registry.terraform.io/hashicorp/aws",
      "change": {
        "actions": [
          "create"
        ],
        "before": null,
        "after": {
          "assign_ipv6_address_on_creation": false,
          "availability_zone": "us-west-2b",
          "cidr_block": "10.0.16.0/20",
          "customer_owned_ipv4_pool": null,
          "enable_dns64": false,
          "enable_lni_at_device_index": null,
          "enable_resource_name_dns_a_record_on_launch": false,
          "enable_resource_name_dns_aaaa_record_on_launch": false,
          "ipv6_cidr_block": null,
          "ipv6_native": false,
          "map_customer_owned_ip_on_launch": null,
          "map_public_ip_on_launch": false,
          "outpost_arn": null,
          "tags": {
            "Name": "everything-as-code-private-us-west-2b",
            "Owner": "nicholas-morey",
            "kubernetes.io/role/internal-elb": "1"
          },
          "tags_all": {
            "Name": "everything-as-code-private-us-west-2b",
            "Owner": "nicholas-morey",
            "kubernetes.io/role/internal-elb": "1"
          },
          "timeouts": null
        },
        "after_unknown": {
          "arn": true,
          "availability_zone_id": true,
          "id": true,
          "ipv6_cidr_block_association_id": true,
          "owner_id": true,
          "private_dns_hostname_type_on_launch": true,
          "tags": {},
          "tags_all": {},
          "vpc_id": true
        },
        "before_sensitive": false,
        "after_sensitive": {
          "tags": {},
          "tags_all": {}
        }
      }
    },
    {
      "address": "module.vpc.aws_subnet.private[2]",
      "module_address": "module.vpc",
      "mode": "managed",
      "type": "aws_subnet",
      "name": "private",
      "index": 2,
      "provider_name": "registry.terraform.io/hashicorp/aws",
      "change": {
        "actions": [
          "create"
        ],
        "before": null,
        "after": {
          "assign_ipv6_address_on_creation": false,
          "availability_zone": "us-west-2c",
          "cidr_block": "10.0.32.0/20",
          "customer_owned_ipv4_pool": null,
          "enable_dns64": false,
          "enable_lni_at_device_index": null,
          "enable_resource_name_dns_a_record_on_launch": false,
          "enable_resource_name_dns_aaaa_record_on_launch": false,
          "ipv6_cidr_block": null,
          "ipv6_native": false,
          "map_customer_owned_ip_on_launch": null,
          "map_public_ip_on_launch": false,
          "outpost_arn": null,
          "tags": {
            "Name": "everything-as-code-private-us-west-2c",
            "Owner": "nicholas-morey",
            "kubernetes.io/role/internal-elb": "1"
          },
          "tags_all": {
            "Name": "everything-as-code-private-us-west-2c",
            "Owner": "nicholas-morey",
            "kubernetes.io/role/internal-elb": "1"
          },
          "timeouts": null
        },
        "after_unknown": {
          "arn": true,
          "availability_zone_id": true,
          "id": true,
          "ipv6_cidr_block_association_id": true,
          "owner_id": true,
          "private_dns_hostname_type_on_launch": true,
          "tags": {},
          "tags_all": {},
          "vpc_id": true
        },
        "before_sensitive": false,
        "after_sensitive": {
          "tags": {},
          "tags_all": {}
        }
      }
    },
    {
      "address": "module.vpc.aws_subnet.public[0]",
      "module_address": "module.vpc",
      "mode": "managed",
      "type": "aws_subnet",
      "name": "public",
      "index": 0,
      "provider_name": "registry.terraform.io/hashicorp/aws",
      "change": {
        "actions": [
          "create"
        ],
        "before": null,
        "after": {
          "assign_ipv6_address_on_creation": false,
          "availability_zone": "us-west-2a",
          "cidr_block": "10.0.48.0/24",
          "customer_owned_ipv4_pool": null,
          "enable_dns64": false,
          "enable_lni_at_device_index": null,
          "enable_resource_name_dns_a_record_on_launch": false,
          "enable_resource_name_dns_aaaa_record_on_launch": false,
          "ipv6_cidr_block": null,
          "ipv6_native": false,
          "map_customer_owned_ip_on_launch": null,
          "map_public_ip_on_launch": false,
          "outpost_arn": null,
          "tags": {
            "Name": "everything-as-code-public-us-west-2a",
            "Owner": "nicholas-morey",
            "kubernetes.io/role/elb": "1"
          },
          "tags_all": {
            "Name": "everything-as-code-public-us-west-2a",
            "Owner": "nicholas-morey",
            "kubernetes.io/role/elb": "1"
          },
          "timeouts": null
        },
        "after_unknown": {
          "arn": true,
          "availability_zone_id": true,
          "id": true,
          "ipv6_cidr_block_association_id": true,
          "owner_id": true,
          "private_dns_hostname_type_on_launch": true,
          "tags": {},
          "tags_all": {},
          "vpc_id": true
        },
        "before_sensitive": false,
        "after_sensitive": {
          "tags": {},
          "tags_all": {}
        }
      }
    },
    {
      "address": "module.vpc.aws_subnet.public[1]",
      "module_address": "module.vpc",
      "mode": "managed",
      "type": "aws_subnet",
      "name": "public",
      "index": 1,
      "provider_name": "registry.terraform.io/hashicorp/aws",
      "change": {
        "actions": [
          "create"
        ],
        "before": null,
        "after": {
          "assign_ipv6_address_on_creation": false,
          "availability_zone": "us-west-2b",
          "cidr_block": "10.0.49.0/24",
          "customer_owned_ipv4_pool": null,
          "enable_dns64": false,
          "enable_lni_at_device_index": null,
          "enable_resource_name_dns_a_record_on_launch": false,
          "enable_resource_name_dns_aaaa_record_on_launch": false,
          "ipv6_cidr_block": null,
          "ipv6_native": false,
          "map_customer_owned_ip_on_launch": null,
          "map_public_ip_on_launch": false,
          "outpost_arn": null,
          "tags": {
            "Name": "everything-as-code-public-us-west-2b",
            "Owner": "nicholas-morey",
            "kubernetes.io/role/elb": "1"
          },
          "tags_all": {
            "Name": "everything-as-code-public-us-west-2b",
            "Owner": "nicholas-morey",
            "kubernetes.io/role/elb": "1"
          },
          "timeouts": null
        },
        "after_unknown": {
          "arn": true,
          "availability_zone_id": true,
          "id": true,
          "ipv6_cidr_block_association_id": true,
          "owner_id": true,
          "private_dns_hostname_type_on_launch": true,
          "tags": {},
          "tags_all": {},
          "vpc_id": true
        },
        "before_sensitive": false,
        "after_sensitive": {
          "tags": {},
          "tags_all": {}
        }
      }
    },
    {
      "address": "module.vpc.aws_subnet.public[2]",
      "module_address": "module.vpc",
      "mode": "managed",
      "type": "aws_subnet",
      "name": "public",
      "index": 2,
      "provider_name": "registry.terraform.io/hashicorp/aws",
      "change": {
        "actions": [
          "create"
        ],
        "before": null,
        "after": {
          "assign_ipv6_address_on_creation": false,
          "availability_zone": "us-west-2c",
          "cidr_block": "10.0.50.0/24",
          "customer_owned_ipv4_pool": null,
          "enable_dns64": false,
          "enable_lni_at_device_index": null,
          "enable_resource_name_dns_a_record_on_launch": false,
          "enable_resource_name_dns_aaaa_record_on_launch": false,
          "ipv6_cidr_block": null,
          "ipv6_native": false,
          "map_customer_owned_ip_on_launch": null,
          "map_public_ip_on_launch": false,
          "outpost_arn": null,
          "tags": {
            "Name": "everything-as-code-public-us-west-2c",
            "Owner": "nicholas-morey",
            "kubernetes.io/role/elb": "1"
          },
          "tags_all": {
            "Name": "everything-as-code-public-us-west-2c",
            "Owner": "nicholas-morey",
            "kubernetes.io/role/elb": "1"
          },
          "timeouts": null
        },
        "after_unknown": {
          "arn": true,
          "availability_zone_id": true,
          "id": true,
          "ipv6_cidr_block_association_id": true,
          "owner_id": true,
          "private_dns_hostname_type_on_launch": true,
          "tags": {},
          "tags_all": {},
          "vpc_id": true
        },
        "before_sensitive": false,
        "after_sensitive": {
          "tags": {},
          "tags_all": {}
        }
      }
    },
    {
      "address": "module.vpc.aws_vpc.this[0]",
      "module_address": "module.vpc",
      "mode": "managed",
      "type": "aws_vpc",
      "name": "this",
      "index": 0,
      "provider_name": "registry.terraform.io/hashicorp/aws",
      "change": {
        "actions": [
          "create"
        ],
        "before": null,
        "after": {
          "assign_generated_ipv6_cidr_block": null,
          "cidr_block": "10.0.0.0/16",
          "enable_dns_hostnames": true,
          "enable_dns_support": true,
          "instance_tenancy": "default",
          "ipv4_ipam_pool_id": null,
          "ipv4_netmask_length": null,
          "ipv6_ipam_pool_id": null,
          "ipv6_netmask_length": null,
          "tags": {
            "Name": "everything-as-code",
            "Owner": "nicholas-morey"
          },
          "tags_all": {
            "Name": "everything-as-code",
            "Owner": "nicholas-morey"
          }
        },
        "after_unknown": {
          "arn": true,
          "default_network_acl_id": true,
          "default_route_table_id": true,
          "default_security_group_id": true,
          "dhcp_options_id": true,
          "enable_network_address_usage_metrics": true,
          "id": true,
          "ipv6_association_id": true,
          "ipv6_cidr_block": true,
          "ipv6_cidr_block_network_border_group": true,
          "main_route_table_id": true,
          "owner_id": true,
          "tags": {},
          "tags_all": {}
        },
        "before_sensitive": false,
        "after_sensitive": {
          "tags": {},
          "tags_all": {}
        }
      }
    },
    {
      "address": "module.eks.module.eks_managed_node_group[\"initial\"].aws_eks_node_group.this[0]",
      "module_address": "module.eks.module.eks_managed_node_group[\"initial\"]",
      "mode": "managed",
      "type": "aws_eks_node_group",
      "name": "this",
      "index": 0,
      "provider_name": "registry.terraform.io/hashicorp/aws",
      "change": {
        "actions": [
          "create"
        ],
        "before": null,
        "after": {
          "cluster_name": "everything-as-code",
          "force_update_version": null,
          "instance_types": [
            "t3.medium"
          ],
          "labels": null,
          "launch_template": [
            {}
          ],
          "node_group_name_prefix": "initial-",
          "remote_access": [],
          "scaling_config": [
            {
              "desired_size": 2,
              "max_size": 4,
              "min_size": 1
            }
          ],
          "tags": {
            "Name": "initial",
            "Owner": "nicholas-morey"
          },
          "tags_all": {
            "Name": "initial",
            "Owner": "nicholas-morey"
          },
          "taint": [],
          "timeouts": {
            "create": null,
            "delete": null,
            "update": null
          },
          "update_config": [
            {
              "max_unavailable": null,
              "max_unavailable_percentage": 33
            }
          ],
          "version": "1.29"
        },
        "after_unknown": {
          "ami_type": true,
          "arn": true,
          "capacity_type": true,
          "disk_size": true,
          "id": true,
          "instance_types": [
            false
          ],
          "launch_template": [
            {
              "id": true,
              "name": true,
              "version": true
            }
          ],
          "node_group_name": true,
          "node_role_arn": true,
          "release_version": true,
          "remote_access": [],
          "resources": true,
          "scaling_config": [
            {}
          ],
          "status": true,
          "subnet_ids": true,
          "tags": {},
          "tags_all": {},
          "taint": [],
          "timeouts": {},
          "update_config": [
            {}
          ]
        },
        "before_sensitive": false,
        "after_sensitive": {
          "instance_types": [
            false
          ],
          "launch_template": [
            {}
          ],
          "remote_access": [],
          "resources": [],
          "scaling_config": [
            {}
          ],
          "subnet_ids": [],
          "tags": {},
          "tags_all": {},
          "taint": [],
          "timeouts": {},
          "update_config": [
            {}
          ]
        }
      }
    },
    {
      "address": "module.eks.module.eks_managed_node_group[\"initial\"].aws_iam_role.this[0]",
      "module_address": "module.eks.module.eks_managed_node_group[\"initial\"]",
      "mode": "managed",
      "type": "aws_iam_role",
      "name": "this",
      "index": 0,
      "provider_name": "registry.terraform.io/hashicorp/aws",
      "change": {
        "actions": [
          "create"
        ],
        "before": null,
        "after": {
          "assume_role_policy": "{\"Statement\":[{\"Action\":\"sts:AssumeRole\",\"Effect\":\"Allow\",\"Principal\":{\"Service\":\"ec2.amazonaws.com\"},\"Sid\":\"EKSNodeAssumeRole\"}],\"Version\":\"2012-10-17\"}",
          "description": "EKS managed node group IAM role",
          "force_detach_policies": true,
          "max_session_duration": 3600,
          "name_prefix": "initial-eks-node-group-",
          "path": "/",
          "permissions_boundary": null,
          "tags": {
            "Owner": "nicholas-morey"
          },
          "tags_all": {
            "Owner": "nicholas-morey"
          }
        },
        "after_unknown": {
          "arn": true,
          "create_date": true,
          "id": true,
          "inline_policy": true,
          "managed_policy_arns": true,
          "name": true,
          "tags": {},
          "tags_all": {},
          "unique_id": true
        },
        "before_sensitive": false,
        "after_sensitive": {
          "inline_policy": [],
          "managed_policy_arns": [],
          "tags": {},
          "tags_all": {}
        }
      }
    },
    {
      "address": "module.eks.module.eks_managed_node_group[\"initial\"].aws_iam_role_policy_attachment.this[\"arn:aws:iam::aws:policy/AmazonEC2ContainerRegistryReadOnly\"]",
      "module_address": "module.eks.module.eks_managed_node_group[\"initial\"]",
      "mode": "managed",
      "type": "aws_iam_role_policy_attachment",
      "name": "this",
      "index": "arn:aws:iam::aws:policy/AmazonEC2ContainerRegistryReadOnly",
      "provider_name": "registry.terraform.io/hashicorp/aws",
      "change": {
        "actions": [
          "create"
        ],
        "before": null,
        "after": {
          "policy_arn": "arn:aws:iam::aws:policy/AmazonEC2ContainerRegistryReadOnly"
        },
        "after_unknown": {
          "id": true,
          "role": true
        },
        "before_sensitive": false,
        "after_sensitive": {}
      }
    },
    {
      "address": "module.eks.module.eks_managed_node_group[\"initial\"].aws_iam_role_policy_attachment.this[\"arn:aws:iam::aws:policy/AmazonEKSWorkerNodePolicy\"]",
      "module_address": "module.eks.module.eks_managed_node_group[\"initial\"]",
      "mode": "managed",
      "type": "aws_iam_role_policy_attachment",
      "name": "this",
      "index": "arn:aws:iam::aws:policy/AmazonEKSWorkerNodePolicy",
      "provider_name": "registry.terraform.io/hashicorp/aws",
      "change": {
        "actions": [
          "create"
        ],
        "before": null,
        "after": {
          "policy_arn": "arn:aws:iam::aws:policy/AmazonEKSWorkerNodePolicy"
        },
        "after_unknown": {
          "id": true,
          "role": true
        },
        "before_sensitive": false,
        "after_sensitive": {}
      }
    },
    {
      "address": "module.eks.module.eks_managed_node_group[\"initial\"].aws_iam_role_policy_attachment.this[\"arn:aws:iam::aws:policy/AmazonEKS_CNI_Policy\"]",
      "module_address": "module.eks.module.eks_managed_node_group[\"initial\"]",
      "mode": "managed",
      "type": "aws_iam_role_policy_attachment",
      "name": "this",
      "index": "arn:aws:iam::aws:policy/AmazonEKS_CNI_Policy",
      "provider_name": "registry.terraform.io/hashicorp/aws",
      "change": {
        "actions": [
          "create"
        ],
        "before": null,
        "after": {
          "policy_arn": "arn:aws:iam::aws:policy/AmazonEKS_CNI_Policy"
        },
        "after_unknown": {
          "id": true,
          "role": true
        },
        "before_sensitive": false,
        "after_sensitive": {}
      }
    },
    {
      "address": "module.eks.module.eks_managed_node_group[\"initial\"].aws_launch_template.this[0]",
      "module_address": "module.eks.module.eks_managed_node_group[\"initial\"]",
      "mode": "managed",
      "type": "aws_launch_template",
      "name": "this",
      "index": 0,
      "provider_name": "registry.terraform.io/hashicorp/aws",
      "change": {
        "actions": [
          "create"
        ],
        "before": null,
        "after": {
          "block_device_mappings": [],
          "capacity_reservation_specification": [],
          "cpu_options": [],
          "credit_specification": [],
          "description": "Custom launch template for initial EKS managed node group",
          "disable_api_stop": null,
          "disable_api_termination": null,
          "ebs_optimized": null,
          "elastic_gpu_specifications": [],
          "elastic_inference_accelerator": [],
          "enclave_options": [],
          "hibernation_options": [],
          "iam_instance_profile": [],
          "image_id": "",
          "instance_initiated_shutdown_behavior": null,
          "instance_market_options": [],
          "instance_requirements": [],
          "instance_type": null,
          "kernel_id": null,
          "key_name": null,
          "license_specification": [],
          "maintenance_options": [],
          "metadata_options": [
            {
              "http_endpoint": "enabled",
              "http_put_response_hop_limit": 2,
              "http_tokens": "required"
            }
          ],
          "monitoring": [
            {
              "enabled": true
            }
          ],
          "name_prefix": "initial-",
          "network_interfaces": [],
          "placement": [],
          "private_dns_name_options": [],
          "ram_disk_id": null,
          "security_group_names": null,
          "tag_specifications": [
            {
              "resource_type": "instance",
              "tags": {
                "Name": "initial",
                "Owner": "nicholas-morey"
              }
            },
            {
              "resource_type": "network-interface",
              "tags": {
                "Name": "initial",
                "Owner": "nicholas-morey"
              }
            },
            {
              "resource_type": "volume",
              "tags": {
                "Name": "initial",
                "Owner": "nicholas-morey"
              }
            }
          ],
          "tags": {
            "Owner": "nicholas-morey"
          },
          "tags_all": {
            "Owner": "nicholas-morey"
          },
          "update_default_version": true,
          "user_data": ""
        },
        "after_unknown": {
          "arn": true,
          "block_device_mappings": [],
          "capacity_reservation_specification": [],
          "cpu_options": [],
          "credit_specification": [],
          "default_version": true,
          "elastic_gpu_specifications": [],
          "elastic_inference_accelerator": [],
          "enclave_options": [],
          "hibernation_options": [],
          "iam_instance_profile": [],
          "id": true,
          "instance_market_options": [],
          "instance_requirements": [],
          "latest_version": true,
          "license_specification": [],
          "maintenance_options": [],
          "metadata_options": [
            {
              "http_protocol_ipv6": true,
              "instance_metadata_tags": true
            }
          ],
          "monitoring": [
            {}
          ],
          "name": true,
          "network_interfaces": [],
          "placement": [],
          "private_dns_name_options": [],
          "tag_specifications": [
            {
              "tags": {}
            },
            {
              "tags": {}
            },
            {
              "tags": {}
            }
          ],
          "tags": {},
          "tags_all": {},
          "vpc_security_group_ids": true
        },
        "before_sensitive": false,
        "after_sensitive": {
          "block_device_mappings": [],
          "capacity_reservation_specification": [],
          "cpu_options": [],
          "credit_specification": [],
          "elastic_gpu_specifications": [],
          "elastic_inference_accelerator": [],
          "enclave_options": [],
          "hibernation_options": [],
          "iam_instance_profile": [],
          "instance_market_options": [],
          "instance_requirements": [],
          "license_specification": [],
          "maintenance_options": [],
          "metadata_options": [
            {}
          ],
          "monitoring": [
            {}
          ],
          "network_interfaces": [],
          "placement": [],
          "private_dns_name_options": [],
          "tag_specifications": [
            {
              "tags": {}
            },
            {
              "tags": {}
            },
            {
              "tags": {}
            }
          ],
          "tags": {},
          "tags_all": {},
          "vpc_security_group_ids": []
        }
      }
    },
    {
      "address": "module.eks.module.kms.data.aws_iam_policy_document.this[0]",
      "module_address": "module.eks.module.kms",
      "mode": "data",
      "type": "aws_iam_policy_document",
      "name": "this",
      "index": 0,
      "provider_name": "registry.terraform.io/hashicorp/aws",
      "change": {
        "actions": [
          "read"
        ],
        "before": null,
        "after": {
          "override_policy_documents": [],
          "policy_id": null,
          "source_policy_documents": [],
          "statement": [
            {
              "actions": [
                "kms:CancelKeyDeletion",
                "kms:Create*",
                "kms:Delete*",
                "kms:Describe*",
                "kms:Disable*",
                "kms:Enable*",
                "kms:Get*",
                "kms:ImportKeyMaterial",
                "kms:List*",
                "kms:Put*",
                "kms:ReplicateKey",
                "kms:Revoke*",
                "kms:ScheduleKeyDeletion",
                "kms:TagResource",
                "kms:UntagResource",
                "kms:Update*"
              ],
              "condition": [],
              "effect": null,
              "not_actions": null,
              "not_principals": [],
              "not_resources": null,
              "principals": [
                {
                  "identifiers": [
                    "arn:aws:iam::844333597536:user/boris"
                  ],
                  "type": "AWS"
                }
              ],
              "resources": [
                "*"
              ],
              "sid": "KeyAdministration"
            },
            {
              "actions": [
                "kms:Decrypt",
                "kms:DescribeKey",
                "kms:Encrypt",
                "kms:GenerateDataKey*",
                "kms:ReEncrypt*"
              ],
              "condition": [],
              "effect": null,
              "not_actions": null,
              "not_principals": [],
              "not_resources": null,
              "principals": [
                {
                  "identifiers": [
                    null
                  ],
                  "type": "AWS"
                }
              ],
              "resources": [
                "*"
              ],
              "sid": "KeyUsage"
            }
          ],
          "version": null
        },
        "after_unknown": {
          "id": true,
          "json": true,
          "override_policy_documents": [],
          "source_policy_documents": [],
          "statement": [
            {
              "actions": [
                false,
                false,
                false,
                false,
                false,
                false,
                false,
                false,
                false,
                false,
                false,
                false,
                false,
                false,
                false,
                false
              ],
              "condition": [],
              "not_principals": [],
              "principals": [
                {
                  "identifiers": [
                    false
                  ]
                }
              ],
              "resources": [
                false
              ]
            },
            {
              "actions": [
                false,
                false,
                false,
                false,
                false
              ],
              "condition": [],
              "not_principals": [],
              "principals": [
                {
                  "identifiers": [
                    true
                  ]
                }
              ],
              "resources": [
                false
              ]
            }
          ]
        },
        "before_sensitive": false,
        "after_sensitive": {
          "override_policy_documents": [],
          "source_policy_documents": [],
          "statement": [
            {
              "actions": [
                false,
                false,
                false,
                false,
                false,
                false,
                false,
                false,
                false,
                false,
                false,
                false,
                false,
                false,
                false,
                false
              ],
              "condition": [],
              "not_principals": [],
              "principals": [
                {
                  "identifiers": [
                    false
                  ]
                }
              ],
              "resources": [
                false
              ]
            },
            {
              "actions": [
                false,
                false,
                false,
                false,
                false
              ],
              "condition": [],
              "not_principals": [],
              "principals": [
                {
                  "identifiers": [
                    false
                  ]
                }
              ],
              "resources": [
                false
              ]
            }
          ]
        }
      },
      "action_reason": "read_because_config_unknown"
    },
    {
      "address": "module.eks.module.kms.aws_kms_alias.this[\"cluster\"]",
      "module_address": "module.eks.module.kms",
      "mode": "managed",
      "type": "aws_kms_alias",
      "name": "this",
      "index": "cluster",
      "provider_name": "registry.terraform.io/hashicorp/aws",
      "change": {
        "actions": [
          "create"
        ],
        "before": null,
        "after": {
          "name": "alias/eks/everything-as-code"
        },
        "after_unknown": {
          "arn": true,
          "id": true,
          "name_prefix": true,
          "target_key_arn": true,
          "target_key_id": true
        },
        "before_sensitive": false,
        "after_sensitive": {}
      }
    },
    {
      "address": "module.eks.module.kms.aws_kms_key.this[0]",
      "module_address": "module.eks.module.kms",
      "mode": "managed",
      "type": "aws_kms_key",
      "name": "this",
      "index": 0,
      "provider_name": "registry.terraform.io/hashicorp/aws",
      "change": {
        "actions": [
          "create"
        ],
        "before": null,
        "after": {
          "bypass_policy_lockout_safety_check": false,
          "custom_key_store_id": null,
          "customer_master_key_spec": "SYMMETRIC_DEFAULT",
          "deletion_window_in_days": null,
          "description": "everything-as-code cluster encryption key",
          "enable_key_rotation": true,
          "is_enabled": true,
          "key_usage": "ENCRYPT_DECRYPT",
          "multi_region": false,
          "tags": {
            "Owner": "nicholas-morey"
          },
          "tags_all": {
            "Owner": "nicholas-morey"
          },
          "timeouts": null,
          "xks_key_id": null
        },
        "after_unknown": {
          "arn": true,
          "id": true,
          "key_id": true,
          "policy": true,
          "tags": {},
          "tags_all": {}
        },
        "before_sensitive": false,
        "after_sensitive": {
          "tags": {},
          "tags_all": {}
        }
      }
    }
  ],
  "prior_state": {
    "format_version": "1.0",
    "terraform_version": "1.5.7",
    "values": {
      "root_module": {
        "resources": [
          {
            "address": "data.aws_availability_zones.available",
            "mode": "data",
            "type": "aws_availability_zones",
            "name": "available",
            "provider_name": "registry.terraform.io/hashicorp/aws",
            "schema_version": 0,
            "values": {
              "all_availability_zones": null,
              "exclude_names": null,
              "exclude_zone_ids": null,
              "filter": null,
              "group_names": [
                "us-west-2"
              ],
              "id": "us-west-2",
              "names": [
                "us-west-2a",
                "us-west-2b",
                "us-west-2c",
                "us-west-2d"
              ],
              "state": null,
              "timeouts": null,
              "zone_ids": [
                "usw2-az2",
                "usw2-az1",
                "usw2-az3",
                "usw2-az4"
              ]
            },
            "sensitive_values": {
              "group_names": [
                false
              ],
              "names": [
                false,
                false,
                false,
                false
              ],
              "zone_ids": [
                false,
                false,
                false,
                false
              ]
            }
          },
          {
            "address": "data.aws_eks_cluster_auth.this",
            "mode": "data",
            "type": "aws_eks_cluster_auth",
            "name": "this",
            "provider_name": "registry.terraform.io/hashicorp/aws",
            "schema_version": 0,
            "values": {
              "id": "everything-as-code",
              "name": "everything-as-code",
              "token": "k8s-aws-v1.aHR0cHM6Ly9zdHMudXMtd2VzdC0yLmFtYXpvbmF3cy5jb20vP0FjdGlvbj1HZXRDYWxsZXJJZGVudGl0eSZWZXJzaW9uPTIwMTEtMDYtMTUmWC1BbXotQWxnb3JpdGhtPUFXUzQtSE1BQy1TSEEyNTYmWC1BbXotQ3JlZGVudGlhbD1BS0lBNEpGUlVJTlFFQlMzQkI0MiUyRjIwMjQwMzA0JTJGdXMtd2VzdC0yJTJGc3RzJTJGYXdzNF9yZXF1ZXN0JlgtQW16LURhdGU9MjAyNDAzMDRUMTQ1NzUxWiZYLUFtei1FeHBpcmVzPTAmWC1BbXotU2lnbmVkSGVhZGVycz1ob3N0JTNCeC1rOHMtYXdzLWlkJlgtQW16LVNpZ25hdHVyZT03NmE4OTUwNWYyZTFlYmFkMjdmYTYxN2M1NWI3NTczZjUwNmZjOTZjYzI5NTM3YWI3MDBiNTNlNWMzYjZlMDRm"
            },
            "sensitive_values": {
              "token": true
            }
          }
        ],
        "child_modules": [
          {
            "resources": [
              {
                "address": "module.eks.data.aws_caller_identity.current",
                "mode": "data",
                "type": "aws_caller_identity",
                "name": "current",
                "provider_name": "registry.terraform.io/hashicorp/aws",
                "schema_version": 0,
                "values": {
                  "account_id": "844333597536",
                  "arn": "arn:aws:iam::844333597536:user/boris",
                  "id": "844333597536",
                  "user_id": "AIDA4JFRUINQNH6NZGGIC"
                },
                "sensitive_values": {}
              },
              {
                "address": "module.eks.data.aws_iam_policy_document.assume_role_policy[0]",
                "mode": "data",
                "type": "aws_iam_policy_document",
                "name": "assume_role_policy",
                "index": 0,
                "provider_name": "registry.terraform.io/hashicorp/aws",
                "schema_version": 0,
                "values": {
                  "id": "2764486067",
                  "json": "{\n  \"Version\": \"2012-10-17\",\n  \"Statement\": [\n    {\n      \"Sid\": \"EKSClusterAssumeRole\",\n      \"Effect\": \"Allow\",\n      \"Action\": \"sts:AssumeRole\",\n      \"Principal\": {\n        \"Service\": \"eks.amazonaws.com\"\n      }\n    }\n  ]\n}",
                  "override_policy_documents": null,
                  "policy_id": null,
                  "source_policy_documents": null,
                  "statement": [
                    {
                      "actions": [
                        "sts:AssumeRole"
                      ],
                      "condition": [],
                      "effect": "Allow",
                      "not_actions": [],
                      "not_principals": [],
                      "not_resources": [],
                      "principals": [
                        {
                          "identifiers": [
                            "eks.amazonaws.com"
                          ],
                          "type": "Service"
                        }
                      ],
                      "resources": [],
                      "sid": "EKSClusterAssumeRole"
                    }
                  ],
                  "version": "2012-10-17"
                },
                "sensitive_values": {
                  "statement": [
                    {
                      "actions": [
                        false
                      ],
                      "condition": [],
                      "not_actions": [],
                      "not_principals": [],
                      "not_resources": [],
                      "principals": [
                        {
                          "identifiers": [
                            false
                          ]
                        }
                      ],
                      "resources": []
                    }
                  ]
                }
              },
              {
                "address": "module.eks.data.aws_iam_session_context.current",
                "mode": "data",
                "type": "aws_iam_session_context",
                "name": "current",
                "provider_name": "registry.terraform.io/hashicorp/aws",
                "schema_version": 0,
                "values": {
                  "arn": "arn:aws:iam::844333597536:user/boris",
                  "id": "arn:aws:iam::844333597536:user/boris",
                  "issuer_arn": "arn:aws:iam::844333597536:user/boris",
                  "issuer_id": "",
                  "issuer_name": "",
                  "session_name": ""
                },
                "sensitive_values": {}
              },
              {
                "address": "module.eks.data.aws_partition.current",
                "mode": "data",
                "type": "aws_partition",
                "name": "current",
                "provider_name": "registry.terraform.io/hashicorp/aws",
                "schema_version": 0,
                "values": {
                  "dns_suffix": "amazonaws.com",
                  "id": "aws",
                  "partition": "aws",
                  "reverse_dns_prefix": "com.amazonaws"
                },
                "sensitive_values": {}
              }
            ],
            "address": "module.eks",
            "child_modules": [
              {
                "resources": [
                  {
                    "address": "module.eks.module.eks_managed_node_group[\"initial\"].data.aws_caller_identity.current",
                    "mode": "data",
                    "type": "aws_caller_identity",
                    "name": "current",
                    "provider_name": "registry.terraform.io/hashicorp/aws",
                    "schema_version": 0,
                    "values": {
                      "account_id": "844333597536",
                      "arn": "arn:aws:iam::844333597536:user/boris",
                      "id": "844333597536",
                      "user_id": "AIDA4JFRUINQNH6NZGGIC"
                    },
                    "sensitive_values": {}
                  },
                  {
                    "address": "module.eks.module.eks_managed_node_group[\"initial\"].data.aws_iam_policy_document.assume_role_policy[0]",
                    "mode": "data",
                    "type": "aws_iam_policy_document",
                    "name": "assume_role_policy",
                    "index": 0,
                    "provider_name": "registry.terraform.io/hashicorp/aws",
                    "schema_version": 0,
                    "values": {
                      "id": "2560088296",
                      "json": "{\n  \"Version\": \"2012-10-17\",\n  \"Statement\": [\n    {\n      \"Sid\": \"EKSNodeAssumeRole\",\n      \"Effect\": \"Allow\",\n      \"Action\": \"sts:AssumeRole\",\n      \"Principal\": {\n        \"Service\": \"ec2.amazonaws.com\"\n      }\n    }\n  ]\n}",
                      "override_policy_documents": null,
                      "policy_id": null,
                      "source_policy_documents": null,
                      "statement": [
                        {
                          "actions": [
                            "sts:AssumeRole"
                          ],
                          "condition": [],
                          "effect": "Allow",
                          "not_actions": [],
                          "not_principals": [],
                          "not_resources": [],
                          "principals": [
                            {
                              "identifiers": [
                                "ec2.amazonaws.com"
                              ],
                              "type": "Service"
                            }
                          ],
                          "resources": [],
                          "sid": "EKSNodeAssumeRole"
                        }
                      ],
                      "version": "2012-10-17"
                    },
                    "sensitive_values": {
                      "statement": [
                        {
                          "actions": [
                            false
                          ],
                          "condition": [],
                          "not_actions": [],
                          "not_principals": [],
                          "not_resources": [],
                          "principals": [
                            {
                              "identifiers": [
                                false
                              ]
                            }
                          ],
                          "resources": []
                        }
                      ]
                    }
                  },
                  {
                    "address": "module.eks.module.eks_managed_node_group[\"initial\"].data.aws_partition.current",
                    "mode": "data",
                    "type": "aws_partition",
                    "name": "current",
                    "provider_name": "registry.terraform.io/hashicorp/aws",
                    "schema_version": 0,
                    "values": {
                      "dns_suffix": "amazonaws.com",
                      "id": "aws",
                      "partition": "aws",
                      "reverse_dns_prefix": "com.amazonaws"
                    },
                    "sensitive_values": {}
                  }
                ],
                "address": "module.eks.module.eks_managed_node_group[\"initial\"]"
              },
              {
                "resources": [
                  {
                    "address": "module.eks.module.kms.data.aws_caller_identity.current[0]",
                    "mode": "data",
                    "type": "aws_caller_identity",
                    "name": "current",
                    "index": 0,
                    "provider_name": "registry.terraform.io/hashicorp/aws",
                    "schema_version": 0,
                    "values": {
                      "account_id": "844333597536",
                      "arn": "arn:aws:iam::844333597536:user/boris",
                      "id": "844333597536",
                      "user_id": "AIDA4JFRUINQNH6NZGGIC"
                    },
                    "sensitive_values": {}
                  },
                  {
                    "address": "module.eks.module.kms.data.aws_partition.current[0]",
                    "mode": "data",
                    "type": "aws_partition",
                    "name": "current",
                    "index": 0,
                    "provider_name": "registry.terraform.io/hashicorp/aws",
                    "schema_version": 0,
                    "values": {
                      "dns_suffix": "amazonaws.com",
                      "id": "aws",
                      "partition": "aws",
                      "reverse_dns_prefix": "com.amazonaws"
                    },
                    "sensitive_values": {}
                  }
                ],
                "address": "module.eks.module.kms"
              }
            ]
          }
        ]
      }
    }
  },
  "configuration": {
    "provider_config": {
      "akp": {
        "name": "akp",
        "full_name": "registry.terraform.io/akuity/akp",
        "version_constraint": "~> 0.6.2",
        "expressions": {
          "org_name": {
            "references": [
              "var.akp_org_name"
            ]
          }
        }
      },
      "argocd": {
        "name": "argocd",
        "full_name": "registry.terraform.io/oboukili/argocd",
        "version_constraint": "6.0.3",
        "expressions": {
          "password": {
            "references": [
              "var.argocd_admin_password"
            ]
          },
          "server_addr": {
            "references": [
              "akp_instance.argocd.argocd.spec.instance_spec.subdomain",
              "akp_instance.argocd.argocd.spec.instance_spec",
              "akp_instance.argocd.argocd.spec",
              "akp_instance.argocd.argocd",
              "akp_instance.argocd"
            ]
          },
          "username": {
            "constant_value": "admin"
          }
        }
      },
      "aws": {
        "name": "aws",
        "full_name": "registry.terraform.io/hashicorp/aws",
        "version_constraint": ">= 4.67.0",
        "expressions": {
          "region": {
            "references": [
              "local.region"
            ]
          }
        }
      },
      "module.eks.module.eks_managed_node_group.module.user_data:cloudinit": {
        "name": "cloudinit",
        "full_name": "registry.terraform.io/hashicorp/cloudinit",
        "version_constraint": ">= 2.0.0",
        "module_address": "module.eks.module.eks_managed_node_group.module.user_data"
      },
      "module.eks.module.self_managed_node_group.module.user_data:cloudinit": {
        "name": "cloudinit",
        "full_name": "registry.terraform.io/hashicorp/cloudinit",
        "version_constraint": ">= 2.0.0",
        "module_address": "module.eks.module.self_managed_node_group.module.user_data"
      },
      "module.eks:kubernetes": {
        "name": "kubernetes",
        "full_name": "registry.terraform.io/hashicorp/kubernetes",
        "version_constraint": ">= 2.10.0",
        "module_address": "module.eks"
      },
      "module.eks:time": {
        "name": "time",
        "full_name": "registry.terraform.io/hashicorp/time",
        "version_constraint": ">= 0.9.0",
        "module_address": "module.eks"
      },
      "module.eks:tls": {
        "name": "tls",
        "full_name": "registry.terraform.io/hashicorp/tls",
        "version_constraint": ">= 3.0.0",
        "module_address": "module.eks"
      }
    },
    "root_module": {
      "resources": [
        {
          "address": "akp_cluster.eks-cluster",
          "mode": "managed",
          "type": "akp_cluster",
          "name": "eks-cluster",
          "provider_config_key": "akp",
          "expressions": {
            "instance_id": {
              "references": [
                "akp_instance.argocd.id",
                "akp_instance.argocd"
              ]
            },
            "kube_config": {
              "references": [
                "module.eks.cluster_endpoint",
                "module.eks",
                "data.aws_eks_cluster_auth.this.token",
                "data.aws_eks_cluster_auth.this",
                "module.eks.cluster_certificate_authority_data",
                "module.eks"
              ]
            },
            "name": {
              "references": [
                "module.eks.cluster_name",
                "module.eks"
              ]
            },
            "namespace": {
              "constant_value": "akuity"
            },
            "remove_agent_resources_on_destroy": {
              "constant_value": false
            },
            "spec": {
              "constant_value": {
                "data": {
                  "size": "small"
                }
              }
            }
          },
          "schema_version": 0
        },
        {
          "address": "akp_instance.argocd",
          "mode": "managed",
          "type": "akp_instance",
          "name": "argocd",
          "provider_config_key": "akp",
          "expressions": {
            "argocd": {
              "constant_value": {
                "spec": {
                  "instance_spec": {
                    "declarative_management_enabled": true
                  },
                  "version": "v2.10.1"
                }
              }
            },
            "argocd_cm": {
              "constant_value": {
                "accounts.admin": "login",
                "exec.enabled": false,
                "ga.anonymizeusers": false,
                "helm.enabled": true,
                "kustomize.enabled": true,
                "server.rbac.log.enforce.enable": false,
                "statusbadge.enabled": false,
                "ui.bannerpermanent": false,
                "users.anonymous.enabled": false
              }
            },
            "argocd_secret": {
              "references": [
                "var.argocd_admin_password"
              ]
            },
            "name": {
              "references": [
                "local.name"
              ]
            }
          },
          "schema_version": 0
        },
        {
          "address": "argocd_application.app-of-apps",
          "mode": "managed",
          "type": "argocd_application",
          "name": "app-of-apps",
          "provider_config_key": "argocd",
          "expressions": {
            "cascade": {
              "constant_value": true
            },
            "metadata": [
              {
                "labels": {
                  "constant_value": {
                    "cluster": "in-cluster"
                  }
                },
                "name": {
                  "constant_value": "app-of-apps"
                },
                "namespace": {
                  "constant_value": "argocd"
                }
              }
            ],
            "spec": [
              {
                "destination": [
                  {
                    "name": {
                      "constant_value": "in-cluster"
                    },
                    "namespace": {
                      "constant_value": "argocd"
                    }
                  }
                ],
                "project": {
                  "constant_value": "default"
                },
                "source": [
                  {
                    "path": {
                      "references": [
                        "var.app_of_apps.path",
                        "var.app_of_apps"
                      ]
                    },
                    "repo_url": {
                      "references": [
                        "var.app_of_apps.repo_url",
                        "var.app_of_apps"
                      ]
                    },
                    "target_revision": {
                      "references": [
                        "var.app_of_apps.target_revision",
                        "var.app_of_apps"
                      ]
                    }
                  }
                ],
                "sync_policy": [
                  {
                    "automated": [
                      {
                        "prune": {
                          "constant_value": true
                        },
                        "self_heal": {
                          "constant_value": true
                        }
                      }
                    ]
                  }
                ]
              }
            ],
            "wait": {
              "constant_value": true
            }
          },
          "schema_version": 4
        },
        {
          "address": "data.aws_availability_zones.available",
          "mode": "data",
          "type": "aws_availability_zones",
          "name": "available",
          "provider_config_key": "aws",
          "schema_version": 0
        },
        {
          "address": "data.aws_eks_cluster_auth.this",
          "mode": "data",
          "type": "aws_eks_cluster_auth",
          "name": "this",
          "provider_config_key": "aws",
          "expressions": {
            "name": {
              "references": [
                "module.eks.cluster_name",
                "module.eks"
              ]
            }
          },
          "schema_version": 0
        }
      ],
      "module_calls": {
        "eks": {
          "source": "terraform-aws-modules/eks/aws",
          "expressions": {
            "cluster_addons": {},
            "cluster_endpoint_public_access": {
              "constant_value": true
            },
            "cluster_name": {
              "references": [
                "local.name"
              ]
            },
            "cluster_version": {
              "references": [
                "local.cluster_version"
              ]
            },
            "eks_managed_node_groups": {
              "constant_value": {
                "initial": {
                  "desired_size": 2,
                  "instance_types": [
                    "t3.medium"
                  ],
                  "max_size": 4,
                  "min_size": 1
                }
              }
            },
            "node_security_group_additional_rules": {
              "constant_value": {
                "ingress_nginx": {
                  "description": "Allow nginx ingress port 80 node to node",
                  "from_port": 80,
                  "protocol": "tcp",
                  "self": true,
                  "to_port": 80,
                  "type": "ingress"
                }
              }
            },
            "subnet_ids": {
              "references": [
                "module.vpc.private_subnets",
                "module.vpc"
              ]
            },
            "tags": {
              "references": [
                "local.tags"
              ]
            },
            "vpc_id": {
              "references": [
                "module.vpc.vpc_id",
                "module.vpc"
              ]
            }
          },
          "module": {
            "outputs": {
              "aws_auth_configmap_yaml": {
                "expression": {
                  "references": [
                    "path.module",
                    "module.eks_managed_node_group",
                    "module.self_managed_node_group",
                    "module.self_managed_node_group",
                    "module.fargate_profile"
                  ]
                },
                "description": "[DEPRECATED - use `var.manage_aws_auth_configmap`] Formatted yaml output for base aws-auth configmap containing roles used in cluster node groups/fargate profiles"
              },
              "cloudwatch_log_group_arn": {
                "expression": {
                  "references": [
                    "aws_cloudwatch_log_group.this[0].arn",
                    "aws_cloudwatch_log_group.this[0]",
                    "aws_cloudwatch_log_group.this"
                  ]
                },
                "description": "Arn of cloudwatch log group created"
              },
              "cloudwatch_log_group_name": {
                "expression": {
                  "references": [
                    "aws_cloudwatch_log_group.this[0].name",
                    "aws_cloudwatch_log_group.this[0]",
                    "aws_cloudwatch_log_group.this"
                  ]
                },
                "description": "Name of cloudwatch log group created"
              },
              "cluster_addons": {
                "expression": {
                  "references": [
                    "aws_eks_addon.this",
                    "aws_eks_addon.before_compute"
                  ]
                },
                "description": "Map of attribute maps for all EKS cluster addons enabled"
              },
              "cluster_arn": {
                "expression": {
                  "references": [
                    "aws_eks_cluster.this[0].arn",
                    "aws_eks_cluster.this[0]",
                    "aws_eks_cluster.this"
                  ]
                },
                "description": "The Amazon Resource Name (ARN) of the cluster"
              },
              "cluster_certificate_authority_data": {
                "expression": {
                  "references": [
                    "aws_eks_cluster.this[0].certificate_authority[0].data",
                    "aws_eks_cluster.this[0].certificate_authority[0]",
                    "aws_eks_cluster.this[0].certificate_authority",
                    "aws_eks_cluster.this[0]",
                    "aws_eks_cluster.this"
                  ]
                },
                "description": "Base64 encoded certificate data required to communicate with the cluster"
              },
              "cluster_endpoint": {
                "expression": {
                  "references": [
                    "aws_eks_cluster.this[0].endpoint",
                    "aws_eks_cluster.this[0]",
                    "aws_eks_cluster.this"
                  ]
                },
                "description": "Endpoint for your Kubernetes API server"
              },
              "cluster_iam_role_arn": {
                "expression": {
                  "references": [
                    "aws_iam_role.this[0].arn",
                    "aws_iam_role.this[0]",
                    "aws_iam_role.this"
                  ]
                },
                "description": "IAM role ARN of the EKS cluster"
              },
              "cluster_iam_role_name": {
                "expression": {
                  "references": [
                    "aws_iam_role.this[0].name",
                    "aws_iam_role.this[0]",
                    "aws_iam_role.this"
                  ]
                },
                "description": "IAM role name of the EKS cluster"
              },
              "cluster_iam_role_unique_id": {
                "expression": {
                  "references": [
                    "aws_iam_role.this[0].unique_id",
                    "aws_iam_role.this[0]",
                    "aws_iam_role.this"
                  ]
                },
                "description": "Stable and unique string identifying the IAM role"
              },
              "cluster_id": {
                "expression": {
                  "references": [
                    "aws_eks_cluster.this[0].cluster_id",
                    "aws_eks_cluster.this[0]",
                    "aws_eks_cluster.this"
                  ]
                },
                "description": "The ID of the EKS cluster. Note: currently a value is returned only for local EKS clusters created on Outposts"
              },
              "cluster_identity_providers": {
                "expression": {
                  "references": [
                    "aws_eks_identity_provider_config.this"
                  ]
                },
                "description": "Map of attribute maps for all EKS identity providers enabled"
              },
              "cluster_name": {
                "expression": {
                  "references": [
                    "aws_eks_cluster.this[0].name",
                    "aws_eks_cluster.this[0]",
                    "aws_eks_cluster.this"
                  ]
                },
                "description": "The name of the EKS cluster"
              },
              "cluster_oidc_issuer_url": {
                "expression": {
                  "references": [
                    "aws_eks_cluster.this[0].identity[0].oidc[0].issuer",
                    "aws_eks_cluster.this[0].identity[0].oidc[0]",
                    "aws_eks_cluster.this[0].identity[0].oidc",
                    "aws_eks_cluster.this[0].identity[0]",
                    "aws_eks_cluster.this[0].identity",
                    "aws_eks_cluster.this[0]",
                    "aws_eks_cluster.this"
                  ]
                },
                "description": "The URL on the EKS cluster for the OpenID Connect identity provider"
              },
              "cluster_platform_version": {
                "expression": {
                  "references": [
                    "aws_eks_cluster.this[0].platform_version",
                    "aws_eks_cluster.this[0]",
                    "aws_eks_cluster.this"
                  ]
                },
                "description": "Platform version for the cluster"
              },
              "cluster_primary_security_group_id": {
                "expression": {
                  "references": [
                    "aws_eks_cluster.this[0].vpc_config[0].cluster_security_group_id",
                    "aws_eks_cluster.this[0].vpc_config[0]",
                    "aws_eks_cluster.this[0].vpc_config",
                    "aws_eks_cluster.this[0]",
                    "aws_eks_cluster.this"
                  ]
                },
                "description": "Cluster security group that was created by Amazon EKS for the cluster. Managed node groups use this security group for control-plane-to-data-plane communication. Referred to as 'Cluster security group' in the EKS console"
              },
              "cluster_security_group_arn": {
                "expression": {
                  "references": [
                    "aws_security_group.cluster[0].arn",
                    "aws_security_group.cluster[0]",
                    "aws_security_group.cluster"
                  ]
                },
                "description": "Amazon Resource Name (ARN) of the cluster security group"
              },
              "cluster_security_group_id": {
                "expression": {
                  "references": [
                    "aws_security_group.cluster[0].id",
                    "aws_security_group.cluster[0]",
                    "aws_security_group.cluster"
                  ]
                },
                "description": "ID of the cluster security group"
              },
              "cluster_status": {
                "expression": {
                  "references": [
                    "aws_eks_cluster.this[0].status",
                    "aws_eks_cluster.this[0]",
                    "aws_eks_cluster.this"
                  ]
                },
                "description": "Status of the EKS cluster. One of `CREATING`, `ACTIVE`, `DELETING`, `FAILED`"
              },
              "cluster_tls_certificate_sha1_fingerprint": {
                "expression": {
                  "references": [
                    "data.tls_certificate.this[0].certificates[0].sha1_fingerprint",
                    "data.tls_certificate.this[0].certificates[0]",
                    "data.tls_certificate.this[0].certificates",
                    "data.tls_certificate.this[0]",
                    "data.tls_certificate.this"
                  ]
                },
                "description": "The SHA1 fingerprint of the public key of the cluster's certificate"
              },
              "cluster_version": {
                "expression": {
                  "references": [
                    "aws_eks_cluster.this[0].version",
                    "aws_eks_cluster.this[0]",
                    "aws_eks_cluster.this"
                  ]
                },
                "description": "The Kubernetes version for the cluster"
              },
              "eks_managed_node_groups": {
                "expression": {
                  "references": [
                    "module.eks_managed_node_group"
                  ]
                },
                "description": "Map of attribute maps for all EKS managed node groups created"
              },
              "eks_managed_node_groups_autoscaling_group_names": {
                "expression": {
                  "references": [
                    "module.eks_managed_node_group"
                  ]
                },
                "description": "List of the autoscaling group names created by EKS managed node groups"
              },
              "fargate_profiles": {
                "expression": {
                  "references": [
                    "module.fargate_profile"
                  ]
                },
                "description": "Map of attribute maps for all EKS Fargate Profiles created"
              },
              "kms_key_arn": {
                "expression": {
                  "references": [
                    "module.kms.key_arn",
                    "module.kms"
                  ]
                },
                "description": "The Amazon Resource Name (ARN) of the key"
              },
              "kms_key_id": {
                "expression": {
                  "references": [
                    "module.kms.key_id",
                    "module.kms"
                  ]
                },
                "description": "The globally unique identifier for the key"
              },
              "kms_key_policy": {
                "expression": {
                  "references": [
                    "module.kms.key_policy",
                    "module.kms"
                  ]
                },
                "description": "The IAM resource policy set on the key"
              },
              "node_security_group_arn": {
                "expression": {
                  "references": [
                    "aws_security_group.node[0].arn",
                    "aws_security_group.node[0]",
                    "aws_security_group.node"
                  ]
                },
                "description": "Amazon Resource Name (ARN) of the node shared security group"
              },
              "node_security_group_id": {
                "expression": {
                  "references": [
                    "aws_security_group.node[0].id",
                    "aws_security_group.node[0]",
                    "aws_security_group.node"
                  ]
                },
                "description": "ID of the node shared security group"
              },
              "oidc_provider": {
                "expression": {
                  "references": [
                    "aws_eks_cluster.this[0].identity[0].oidc[0].issuer",
                    "aws_eks_cluster.this[0].identity[0].oidc[0]",
                    "aws_eks_cluster.this[0].identity[0].oidc",
                    "aws_eks_cluster.this[0].identity[0]",
                    "aws_eks_cluster.this[0].identity",
                    "aws_eks_cluster.this[0]",
                    "aws_eks_cluster.this"
                  ]
                },
                "description": "The OpenID Connect identity provider (issuer URL without leading `https://`)"
              },
              "oidc_provider_arn": {
                "expression": {
                  "references": [
                    "aws_iam_openid_connect_provider.oidc_provider[0].arn",
                    "aws_iam_openid_connect_provider.oidc_provider[0]",
                    "aws_iam_openid_connect_provider.oidc_provider"
                  ]
                },
                "description": "The ARN of the OIDC Provider if `enable_irsa = true`"
              },
              "self_managed_node_groups": {
                "expression": {
                  "references": [
                    "module.self_managed_node_group"
                  ]
                },
                "description": "Map of attribute maps for all self managed node groups created"
              },
              "self_managed_node_groups_autoscaling_group_names": {
                "expression": {
                  "references": [
                    "module.self_managed_node_group"
                  ]
                },
                "description": "List of the autoscaling group names created by self-managed node groups"
              }
            },
            "resources": [
              {
                "address": "aws_cloudwatch_log_group.this",
                "mode": "managed",
                "type": "aws_cloudwatch_log_group",
                "name": "this",
                "provider_config_key": "aws",
                "expressions": {
                  "kms_key_id": {
                    "references": [
                      "var.cloudwatch_log_group_kms_key_id"
                    ]
                  },
                  "name": {
                    "references": [
                      "var.cluster_name"
                    ]
                  },
                  "retention_in_days": {
                    "references": [
                      "var.cloudwatch_log_group_retention_in_days"
                    ]
                  },
                  "tags": {
                    "references": [
                      "var.tags",
                      "var.cloudwatch_log_group_tags",
                      "var.cluster_name"
                    ]
                  }
                },
                "schema_version": 0,
                "count_expression": {
                  "references": [
                    "local.create",
                    "var.create_cloudwatch_log_group"
                  ]
                }
              },
              {
                "address": "aws_ec2_tag.cluster_primary_security_group",
                "mode": "managed",
                "type": "aws_ec2_tag",
                "name": "cluster_primary_security_group",
                "provider_config_key": "aws",
                "expressions": {
                  "key": {
                    "references": [
                      "each.key"
                    ]
                  },
                  "resource_id": {
                    "references": [
                      "aws_eks_cluster.this[0].vpc_config[0].cluster_security_group_id",
                      "aws_eks_cluster.this[0].vpc_config[0]",
                      "aws_eks_cluster.this[0].vpc_config",
                      "aws_eks_cluster.this[0]",
                      "aws_eks_cluster.this"
                    ]
                  },
                  "value": {
                    "references": [
                      "each.value"
                    ]
                  }
                },
                "schema_version": 0,
                "for_each_expression": {
                  "references": [
                    "var.tags",
                    "var.cluster_tags",
                    "local.create",
                    "var.create_cluster_primary_security_group_tags"
                  ]
                }
              },
              {
                "address": "aws_eks_addon.before_compute",
                "mode": "managed",
                "type": "aws_eks_addon",
                "name": "before_compute",
                "provider_config_key": "aws",
                "expressions": {
                  "addon_name": {
                    "references": [
                      "each.value.name",
                      "each.value",
                      "each.key"
                    ]
                  },
                  "addon_version": {
                    "references": [
                      "each.value.addon_version",
                      "each.value",
                      "data.aws_eks_addon_version.this",
                      "each.key"
                    ]
                  },
                  "cluster_name": {
                    "references": [
                      "aws_eks_cluster.this[0].name",
                      "aws_eks_cluster.this[0]",
                      "aws_eks_cluster.this"
                    ]
                  },
                  "configuration_values": {
                    "references": [
                      "each.value.configuration_values",
                      "each.value"
                    ]
                  },
                  "preserve": {
                    "references": [
                      "each.value.preserve",
                      "each.value"
                    ]
                  },
                  "resolve_conflicts": {
                    "references": [
                      "each.value.resolve_conflicts",
                      "each.value"
                    ]
                  },
                  "service_account_role_arn": {
                    "references": [
                      "each.value.service_account_role_arn",
                      "each.value"
                    ]
                  },
                  "tags": {
                    "references": [
                      "var.tags"
                    ]
                  },
                  "timeouts": {
                    "create": {
                      "references": [
                        "each.value.timeouts.create",
                        "each.value.timeouts",
                        "each.value",
                        "var.cluster_addons_timeouts.create",
                        "var.cluster_addons_timeouts"
                      ]
                    },
                    "delete": {
                      "references": [
                        "each.value.timeouts.delete",
                        "each.value.timeouts",
                        "each.value",
                        "var.cluster_addons_timeouts.delete",
                        "var.cluster_addons_timeouts"
                      ]
                    },
                    "update": {
                      "references": [
                        "each.value.timeouts.update",
                        "each.value.timeouts",
                        "each.value",
                        "var.cluster_addons_timeouts.update",
                        "var.cluster_addons_timeouts"
                      ]
                    }
                  }
                },
                "schema_version": 0,
                "for_each_expression": {
                  "references": [
                    "var.cluster_addons",
                    "local.create",
                    "local.create_outposts_local_cluster"
                  ]
                }
              },
              {
                "address": "aws_eks_addon.this",
                "mode": "managed",
                "type": "aws_eks_addon",
                "name": "this",
                "provider_config_key": "aws",
                "expressions": {
                  "addon_name": {
                    "references": [
                      "each.value.name",
                      "each.value",
                      "each.key"
                    ]
                  },
                  "addon_version": {
                    "references": [
                      "each.value.addon_version",
                      "each.value",
                      "data.aws_eks_addon_version.this",
                      "each.key"
                    ]
                  },
                  "cluster_name": {
                    "references": [
                      "aws_eks_cluster.this[0].name",
                      "aws_eks_cluster.this[0]",
                      "aws_eks_cluster.this"
                    ]
                  },
                  "configuration_values": {
                    "references": [
                      "each.value.configuration_values",
                      "each.value"
                    ]
                  },
                  "preserve": {
                    "references": [
                      "each.value.preserve",
                      "each.value"
                    ]
                  },
                  "resolve_conflicts": {
                    "references": [
                      "each.value.resolve_conflicts",
                      "each.value"
                    ]
                  },
                  "service_account_role_arn": {
                    "references": [
                      "each.value.service_account_role_arn",
                      "each.value"
                    ]
                  },
                  "tags": {
                    "references": [
                      "var.tags"
                    ]
                  },
                  "timeouts": {
                    "create": {
                      "references": [
                        "each.value.timeouts.create",
                        "each.value.timeouts",
                        "each.value",
                        "var.cluster_addons_timeouts.create",
                        "var.cluster_addons_timeouts"
                      ]
                    },
                    "delete": {
                      "references": [
                        "each.value.timeouts.delete",
                        "each.value.timeouts",
                        "each.value",
                        "var.cluster_addons_timeouts.delete",
                        "var.cluster_addons_timeouts"
                      ]
                    },
                    "update": {
                      "references": [
                        "each.value.timeouts.update",
                        "each.value.timeouts",
                        "each.value",
                        "var.cluster_addons_timeouts.update",
                        "var.cluster_addons_timeouts"
                      ]
                    }
                  }
                },
                "schema_version": 0,
                "for_each_expression": {
                  "references": [
                    "var.cluster_addons",
                    "local.create",
                    "local.create_outposts_local_cluster"
                  ]
                },
                "depends_on": [
                  "module.fargate_profile",
                  "module.eks_managed_node_group",
                  "module.self_managed_node_group"
                ]
              },
              {
                "address": "aws_eks_cluster.this",
                "mode": "managed",
                "type": "aws_eks_cluster",
                "name": "this",
                "provider_config_key": "aws",
                "expressions": {
                  "enabled_cluster_log_types": {
                    "references": [
                      "var.cluster_enabled_log_types"
                    ]
                  },
                  "name": {
                    "references": [
                      "var.cluster_name"
                    ]
                  },
                  "role_arn": {
                    "references": [
                      "local.cluster_role"
                    ]
                  },
                  "tags": {
                    "references": [
                      "var.tags",
                      "var.cluster_tags"
                    ]
                  },
                  "timeouts": {
                    "create": {
                      "references": [
                        "var.cluster_timeouts"
                      ]
                    },
                    "delete": {
                      "references": [
                        "var.cluster_timeouts"
                      ]
                    },
                    "update": {
                      "references": [
                        "var.cluster_timeouts"
                      ]
                    }
                  },
                  "version": {
                    "references": [
                      "var.cluster_version"
                    ]
                  },
                  "vpc_config": [
                    {
                      "endpoint_private_access": {
                        "references": [
                          "var.cluster_endpoint_private_access"
                        ]
                      },
                      "endpoint_public_access": {
                        "references": [
                          "var.cluster_endpoint_public_access"
                        ]
                      },
                      "public_access_cidrs": {
                        "references": [
                          "var.cluster_endpoint_public_access_cidrs"
                        ]
                      },
                      "security_group_ids": {
                        "references": [
                          "var.cluster_additional_security_group_ids",
                          "local.cluster_security_group_id"
                        ]
                      },
                      "subnet_ids": {
                        "references": [
                          "var.control_plane_subnet_ids",
                          "var.subnet_ids"
                        ]
                      }
                    }
                  ]
                },
                "schema_version": 0,
                "count_expression": {
                  "references": [
                    "local.create"
                  ]
                },
                "depends_on": [
                  "aws_iam_role_policy_attachment.this",
                  "aws_security_group_rule.cluster",
                  "aws_security_group_rule.node",
                  "aws_cloudwatch_log_group.this",
                  "aws_iam_policy.cni_ipv6_policy"
                ]
              },
              {
                "address": "aws_eks_identity_provider_config.this",
                "mode": "managed",
                "type": "aws_eks_identity_provider_config",
                "name": "this",
                "provider_config_key": "aws",
                "expressions": {
                  "cluster_name": {
                    "references": [
                      "aws_eks_cluster.this[0].name",
                      "aws_eks_cluster.this[0]",
                      "aws_eks_cluster.this"
                    ]
                  },
                  "oidc": [
                    {
                      "client_id": {
                        "references": [
                          "each.value.client_id",
                          "each.value"
                        ]
                      },
                      "groups_claim": {
                        "references": [
                          "each.value"
                        ]
                      },
                      "groups_prefix": {
                        "references": [
                          "each.value"
                        ]
                      },
                      "identity_provider_config_name": {
                        "references": [
                          "each.value.identity_provider_config_name",
                          "each.value",
                          "each.key"
                        ]
                      },
                      "issuer_url": {
                        "references": [
                          "each.value.issuer_url",
                          "each.value",
                          "aws_eks_cluster.this[0].identity[0].oidc[0].issuer",
                          "aws_eks_cluster.this[0].identity[0].oidc[0]",
                          "aws_eks_cluster.this[0].identity[0].oidc",
                          "aws_eks_cluster.this[0].identity[0]",
                          "aws_eks_cluster.this[0].identity",
                          "aws_eks_cluster.this[0]",
                          "aws_eks_cluster.this"
                        ]
                      },
                      "required_claims": {
                        "references": [
                          "each.value"
                        ]
                      },
                      "username_claim": {
                        "references": [
                          "each.value"
                        ]
                      },
                      "username_prefix": {
                        "references": [
                          "each.value"
                        ]
                      }
                    }
                  ],
                  "tags": {
                    "references": [
                      "var.tags"
                    ]
                  }
                },
                "schema_version": 0,
                "for_each_expression": {
                  "references": [
                    "var.cluster_identity_providers",
                    "local.create",
                    "local.create_outposts_local_cluster"
                  ]
                }
              },
              {
                "address": "aws_iam_openid_connect_provider.oidc_provider",
                "mode": "managed",
                "type": "aws_iam_openid_connect_provider",
                "name": "oidc_provider",
                "provider_config_key": "aws",
                "expressions": {
                  "client_id_list": {
                    "references": [
                      "local.dns_suffix",
                      "var.openid_connect_audiences"
                    ]
                  },
                  "tags": {
                    "references": [
                      "var.cluster_name",
                      "var.tags"
                    ]
                  },
                  "thumbprint_list": {
                    "references": [
                      "local.oidc_root_ca_thumbprint",
                      "var.custom_oidc_thumbprints"
                    ]
                  },
                  "url": {
                    "references": [
                      "aws_eks_cluster.this[0].identity[0].oidc[0].issuer",
                      "aws_eks_cluster.this[0].identity[0].oidc[0]",
                      "aws_eks_cluster.this[0].identity[0].oidc",
                      "aws_eks_cluster.this[0].identity[0]",
                      "aws_eks_cluster.this[0].identity",
                      "aws_eks_cluster.this[0]",
                      "aws_eks_cluster.this"
                    ]
                  }
                },
                "schema_version": 0,
                "count_expression": {
                  "references": [
                    "local.create_oidc_provider"
                  ]
                }
              },
              {
                "address": "aws_iam_policy.cluster_encryption",
                "mode": "managed",
                "type": "aws_iam_policy",
                "name": "cluster_encryption",
                "provider_config_key": "aws",
                "expressions": {
                  "description": {
                    "references": [
                      "var.cluster_encryption_policy_description"
                    ]
                  },
                  "name": {
                    "references": [
                      "var.cluster_encryption_policy_use_name_prefix",
                      "local.cluster_encryption_policy_name"
                    ]
                  },
                  "name_prefix": {
                    "references": [
                      "var.cluster_encryption_policy_use_name_prefix",
                      "local.cluster_encryption_policy_name"
                    ]
                  },
                  "path": {
                    "references": [
                      "var.cluster_encryption_policy_path"
                    ]
                  },
                  "policy": {
                    "references": [
                      "var.create_kms_key",
                      "module.kms.key_arn",
                      "module.kms",
                      "var.cluster_encryption_config.provider_key_arn",
                      "var.cluster_encryption_config"
                    ]
                  },
                  "tags": {
                    "references": [
                      "var.tags",
                      "var.cluster_encryption_policy_tags"
                    ]
                  }
                },
                "schema_version": 0,
                "count_expression": {
                  "references": [
                    "local.create_iam_role",
                    "var.attach_cluster_encryption_policy",
                    "local.enable_cluster_encryption_config"
                  ]
                }
              },
              {
                "address": "aws_iam_policy.cni_ipv6_policy",
                "mode": "managed",
                "type": "aws_iam_policy",
                "name": "cni_ipv6_policy",
                "provider_config_key": "aws",
                "expressions": {
                  "description": {
                    "constant_value": "IAM policy for EKS CNI to assign IPV6 addresses"
                  },
                  "name": {
                    "constant_value": "AmazonEKS_CNI_IPv6_Policy"
                  },
                  "policy": {
                    "references": [
                      "data.aws_iam_policy_document.cni_ipv6_policy[0].json",
                      "data.aws_iam_policy_document.cni_ipv6_policy[0]",
                      "data.aws_iam_policy_document.cni_ipv6_policy"
                    ]
                  },
                  "tags": {
                    "references": [
                      "var.tags"
                    ]
                  }
                },
                "schema_version": 0,
                "count_expression": {
                  "references": [
                    "var.create",
                    "var.create_cni_ipv6_iam_policy"
                  ]
                }
              },
              {
                "address": "aws_iam_role.this",
                "mode": "managed",
                "type": "aws_iam_role",
                "name": "this",
                "provider_config_key": "aws",
                "expressions": {
                  "assume_role_policy": {
                    "references": [
                      "data.aws_iam_policy_document.assume_role_policy[0].json",
                      "data.aws_iam_policy_document.assume_role_policy[0]",
                      "data.aws_iam_policy_document.assume_role_policy"
                    ]
                  },
                  "description": {
                    "references": [
                      "var.iam_role_description"
                    ]
                  },
                  "force_detach_policies": {
                    "constant_value": true
                  },
                  "name": {
                    "references": [
                      "var.iam_role_use_name_prefix",
                      "local.iam_role_name"
                    ]
                  },
                  "name_prefix": {
                    "references": [
                      "var.iam_role_use_name_prefix",
                      "local.iam_role_name",
                      "var.prefix_separator"
                    ]
                  },
                  "path": {
                    "references": [
                      "var.iam_role_path"
                    ]
                  },
                  "permissions_boundary": {
                    "references": [
                      "var.iam_role_permissions_boundary"
                    ]
                  },
                  "tags": {
                    "references": [
                      "var.tags",
                      "var.iam_role_tags"
                    ]
                  }
                },
                "schema_version": 0,
                "count_expression": {
                  "references": [
                    "local.create_iam_role"
                  ]
                }
              },
              {
                "address": "aws_iam_role_policy_attachment.additional",
                "mode": "managed",
                "type": "aws_iam_role_policy_attachment",
                "name": "additional",
                "provider_config_key": "aws",
                "expressions": {
                  "policy_arn": {
                    "references": [
                      "each.value"
                    ]
                  },
                  "role": {
                    "references": [
                      "aws_iam_role.this[0].name",
                      "aws_iam_role.this[0]",
                      "aws_iam_role.this"
                    ]
                  }
                },
                "schema_version": 0,
                "for_each_expression": {
                  "references": [
                    "var.iam_role_additional_policies",
                    "local.create_iam_role"
                  ]
                }
              },
              {
                "address": "aws_iam_role_policy_attachment.cluster_encryption",
                "mode": "managed",
                "type": "aws_iam_role_policy_attachment",
                "name": "cluster_encryption",
                "provider_config_key": "aws",
                "expressions": {
                  "policy_arn": {
                    "references": [
                      "aws_iam_policy.cluster_encryption[0].arn",
                      "aws_iam_policy.cluster_encryption[0]",
                      "aws_iam_policy.cluster_encryption"
                    ]
                  },
                  "role": {
                    "references": [
                      "aws_iam_role.this[0].name",
                      "aws_iam_role.this[0]",
                      "aws_iam_role.this"
                    ]
                  }
                },
                "schema_version": 0,
                "count_expression": {
                  "references": [
                    "local.create_iam_role",
                    "var.attach_cluster_encryption_policy",
                    "local.enable_cluster_encryption_config"
                  ]
                }
              },
              {
                "address": "aws_iam_role_policy_attachment.this",
                "mode": "managed",
                "type": "aws_iam_role_policy_attachment",
                "name": "this",
                "provider_config_key": "aws",
                "expressions": {
                  "policy_arn": {
                    "references": [
                      "each.value"
                    ]
                  },
                  "role": {
                    "references": [
                      "aws_iam_role.this[0].name",
                      "aws_iam_role.this[0]",
                      "aws_iam_role.this"
                    ]
                  }
                },
                "schema_version": 0,
                "for_each_expression": {
                  "references": [
                    "local.create_outposts_local_cluster",
                    "local.iam_role_policy_prefix",
                    "local.iam_role_policy_prefix",
                    "local.iam_role_policy_prefix",
                    "local.create_iam_role"
                  ]
                }
              },
              {
                "address": "aws_security_group.cluster",
                "mode": "managed",
                "type": "aws_security_group",
                "name": "cluster",
                "provider_config_key": "aws",
                "expressions": {
                  "description": {
                    "references": [
                      "var.cluster_security_group_description"
                    ]
                  },
                  "name": {
                    "references": [
                      "var.cluster_security_group_use_name_prefix",
                      "local.cluster_sg_name"
                    ]
                  },
                  "name_prefix": {
                    "references": [
                      "var.cluster_security_group_use_name_prefix",
                      "local.cluster_sg_name",
                      "var.prefix_separator"
                    ]
                  },
                  "tags": {
                    "references": [
                      "var.tags",
                      "local.cluster_sg_name",
                      "var.cluster_security_group_tags"
                    ]
                  },
                  "vpc_id": {
                    "references": [
                      "var.vpc_id"
                    ]
                  }
                },
                "schema_version": 1,
                "count_expression": {
                  "references": [
                    "local.create_cluster_sg"
                  ]
                }
              },
              {
                "address": "aws_security_group.node",
                "mode": "managed",
                "type": "aws_security_group",
                "name": "node",
                "provider_config_key": "aws",
                "expressions": {
                  "description": {
                    "references": [
                      "var.node_security_group_description"
                    ]
                  },
                  "name": {
                    "references": [
                      "var.node_security_group_use_name_prefix",
                      "local.node_sg_name"
                    ]
                  },
                  "name_prefix": {
                    "references": [
                      "var.node_security_group_use_name_prefix",
                      "local.node_sg_name",
                      "var.prefix_separator"
                    ]
                  },
                  "tags": {
                    "references": [
                      "var.tags",
                      "local.node_sg_name",
                      "var.cluster_name",
                      "var.node_security_group_tags"
                    ]
                  },
                  "vpc_id": {
                    "references": [
                      "var.vpc_id"
                    ]
                  }
                },
                "schema_version": 1,
                "count_expression": {
                  "references": [
                    "local.create_node_sg"
                  ]
                }
              },
              {
                "address": "aws_security_group_rule.cluster",
                "mode": "managed",
                "type": "aws_security_group_rule",
                "name": "cluster",
                "provider_config_key": "aws",
                "expressions": {
                  "cidr_blocks": {
                    "references": [
                      "each.value"
                    ]
                  },
                  "description": {
                    "references": [
                      "each.value"
                    ]
                  },
                  "from_port": {
                    "references": [
                      "each.value.from_port",
                      "each.value"
                    ]
                  },
                  "ipv6_cidr_blocks": {
                    "references": [
                      "each.value"
                    ]
                  },
                  "prefix_list_ids": {
                    "references": [
                      "each.value"
                    ]
                  },
                  "protocol": {
                    "references": [
                      "each.value.protocol",
                      "each.value"
                    ]
                  },
                  "security_group_id": {
                    "references": [
                      "aws_security_group.cluster[0].id",
                      "aws_security_group.cluster[0]",
                      "aws_security_group.cluster"
                    ]
                  },
                  "self": {
                    "references": [
                      "each.value"
                    ]
                  },
                  "source_security_group_id": {
                    "references": [
                      "each.value.source_node_security_group",
                      "each.value",
                      "local.node_security_group_id",
                      "each.value"
                    ]
                  },
                  "to_port": {
                    "references": [
                      "each.value.to_port",
                      "each.value"
                    ]
                  },
                  "type": {
                    "references": [
                      "each.value.type",
                      "each.value"
                    ]
                  }
                },
                "schema_version": 2,
                "for_each_expression": {
                  "references": [
                    "local.cluster_security_group_rules",
                    "var.cluster_security_group_additional_rules",
                    "local.create_cluster_sg"
                  ]
                }
              },
              {
                "address": "aws_security_group_rule.node",
                "mode": "managed",
                "type": "aws_security_group_rule",
                "name": "node",
                "provider_config_key": "aws",
                "expressions": {
                  "cidr_blocks": {
                    "references": [
                      "each.value"
                    ]
                  },
                  "description": {
                    "references": [
                      "each.value"
                    ]
                  },
                  "from_port": {
                    "references": [
                      "each.value.from_port",
                      "each.value"
                    ]
                  },
                  "ipv6_cidr_blocks": {
                    "references": [
                      "each.value"
                    ]
                  },
                  "prefix_list_ids": {
                    "references": [
                      "each.value"
                    ]
                  },
                  "protocol": {
                    "references": [
                      "each.value.protocol",
                      "each.value"
                    ]
                  },
                  "security_group_id": {
                    "references": [
                      "aws_security_group.node[0].id",
                      "aws_security_group.node[0]",
                      "aws_security_group.node"
                    ]
                  },
                  "self": {
                    "references": [
                      "each.value"
                    ]
                  },
                  "source_security_group_id": {
                    "references": [
                      "each.value.source_cluster_security_group",
                      "each.value",
                      "local.cluster_security_group_id",
                      "each.value"
                    ]
                  },
                  "to_port": {
                    "references": [
                      "each.value.to_port",
                      "each.value"
                    ]
                  },
                  "type": {
                    "references": [
                      "each.value.type",
                      "each.value"
                    ]
                  }
                },
                "schema_version": 2,
                "for_each_expression": {
                  "references": [
                    "local.node_security_group_rules",
                    "local.node_security_group_recommended_rules",
                    "var.node_security_group_additional_rules",
                    "local.create_node_sg"
                  ]
                }
              },
              {
                "address": "kubernetes_config_map.aws_auth",
                "mode": "managed",
                "type": "kubernetes_config_map",
                "name": "aws_auth",
                "provider_config_key": "module.eks:kubernetes",
                "expressions": {
                  "data": {
                    "references": [
                      "local.aws_auth_configmap_data"
                    ]
                  },
                  "metadata": [
                    {
                      "name": {
                        "constant_value": "aws-auth"
                      },
                      "namespace": {
                        "constant_value": "kube-system"
                      }
                    }
                  ]
                },
                "schema_version": 0,
                "count_expression": {
                  "references": [
                    "var.create",
                    "var.create_aws_auth_configmap"
                  ]
                }
              },
              {
                "address": "kubernetes_config_map_v1_data.aws_auth",
                "mode": "managed",
                "type": "kubernetes_config_map_v1_data",
                "name": "aws_auth",
                "provider_config_key": "module.eks:kubernetes",
                "expressions": {
                  "data": {
                    "references": [
                      "local.aws_auth_configmap_data"
                    ]
                  },
                  "force": {
                    "constant_value": true
                  },
                  "metadata": [
                    {
                      "name": {
                        "constant_value": "aws-auth"
                      },
                      "namespace": {
                        "constant_value": "kube-system"
                      }
                    }
                  ]
                },
                "schema_version": 0,
                "count_expression": {
                  "references": [
                    "var.create",
                    "var.manage_aws_auth_configmap"
                  ]
                },
                "depends_on": [
                  "kubernetes_config_map.aws_auth"
                ]
              },
              {
                "address": "time_sleep.this",
                "mode": "managed",
                "type": "time_sleep",
                "name": "this",
                "provider_config_key": "module.eks:time",
                "expressions": {
                  "create_duration": {
                    "references": [
                      "var.dataplane_wait_duration"
                    ]
                  },
                  "triggers": {
                    "references": [
                      "aws_eks_cluster.this[0].name",
                      "aws_eks_cluster.this[0]",
                      "aws_eks_cluster.this",
                      "aws_eks_cluster.this[0].endpoint",
                      "aws_eks_cluster.this[0]",
                      "aws_eks_cluster.this",
                      "aws_eks_cluster.this[0].version",
                      "aws_eks_cluster.this[0]",
                      "aws_eks_cluster.this",
                      "aws_eks_cluster.this[0].certificate_authority[0].data",
                      "aws_eks_cluster.this[0].certificate_authority[0]",
                      "aws_eks_cluster.this[0].certificate_authority",
                      "aws_eks_cluster.this[0]",
                      "aws_eks_cluster.this"
                    ]
                  }
                },
                "schema_version": 0,
                "count_expression": {
                  "references": [
                    "var.create"
                  ]
                }
              },
              {
                "address": "data.aws_caller_identity.current",
                "mode": "data",
                "type": "aws_caller_identity",
                "name": "current",
                "provider_config_key": "aws",
                "schema_version": 0
              },
              {
                "address": "data.aws_eks_addon_version.this",
                "mode": "data",
                "type": "aws_eks_addon_version",
                "name": "this",
                "provider_config_key": "aws",
                "expressions": {
                  "addon_name": {
                    "references": [
                      "each.value.name",
                      "each.value",
                      "each.key"
                    ]
                  },
                  "kubernetes_version": {
                    "references": [
                      "var.cluster_version",
                      "aws_eks_cluster.this[0].version",
                      "aws_eks_cluster.this[0]",
                      "aws_eks_cluster.this"
                    ]
                  },
                  "most_recent": {
                    "references": [
                      "each.value.most_recent",
                      "each.value"
                    ]
                  }
                },
                "schema_version": 0,
                "for_each_expression": {
                  "references": [
                    "var.cluster_addons",
                    "local.create",
                    "local.create_outposts_local_cluster"
                  ]
                }
              },
              {
                "address": "data.aws_iam_policy_document.assume_role_policy",
                "mode": "data",
                "type": "aws_iam_policy_document",
                "name": "assume_role_policy",
                "provider_config_key": "aws",
                "expressions": {
                  "statement": [
                    {
                      "actions": {
                        "constant_value": [
                          "sts:AssumeRole"
                        ]
                      },
                      "principals": [
                        {
                          "identifiers": {
                            "references": [
                              "local.dns_suffix"
                            ]
                          },
                          "type": {
                            "constant_value": "Service"
                          }
                        }
                      ],
                      "sid": {
                        "constant_value": "EKSClusterAssumeRole"
                      }
                    }
                  ]
                },
                "schema_version": 0,
                "count_expression": {
                  "references": [
                    "local.create",
                    "var.create_iam_role"
                  ]
                }
              },
              {
                "address": "data.aws_iam_policy_document.cni_ipv6_policy",
                "mode": "data",
                "type": "aws_iam_policy_document",
                "name": "cni_ipv6_policy",
                "provider_config_key": "aws",
                "expressions": {
                  "statement": [
                    {
                      "actions": {
                        "constant_value": [
                          "ec2:AssignIpv6Addresses",
                          "ec2:DescribeInstances",
                          "ec2:DescribeTags",
                          "ec2:DescribeNetworkInterfaces",
                          "ec2:DescribeInstanceTypes"
                        ]
                      },
                      "resources": {
                        "constant_value": [
                          "*"
                        ]
                      },
                      "sid": {
                        "constant_value": "AssignDescribe"
                      }
                    },
                    {
                      "actions": {
                        "constant_value": [
                          "ec2:CreateTags"
                        ]
                      },
                      "resources": {
                        "references": [
                          "data.aws_partition.current.partition",
                          "data.aws_partition.current"
                        ]
                      },
                      "sid": {
                        "constant_value": "CreateTags"
                      }
                    }
                  ]
                },
                "schema_version": 0,
                "count_expression": {
                  "references": [
                    "var.create",
                    "var.create_cni_ipv6_iam_policy"
                  ]
                }
              },
              {
                "address": "data.aws_iam_session_context.current",
                "mode": "data",
                "type": "aws_iam_session_context",
                "name": "current",
                "provider_config_key": "aws",
                "expressions": {
                  "arn": {
                    "references": [
                      "data.aws_caller_identity.current.arn",
                      "data.aws_caller_identity.current"
                    ]
                  }
                },
                "schema_version": 0
              },
              {
                "address": "data.aws_partition.current",
                "mode": "data",
                "type": "aws_partition",
                "name": "current",
                "provider_config_key": "aws",
                "schema_version": 0
              },
              {
                "address": "data.tls_certificate.this",
                "mode": "data",
                "type": "tls_certificate",
                "name": "this",
                "provider_config_key": "module.eks:tls",
                "expressions": {
                  "url": {
                    "references": [
                      "aws_eks_cluster.this[0].identity[0].oidc[0].issuer",
                      "aws_eks_cluster.this[0].identity[0].oidc[0]",
                      "aws_eks_cluster.this[0].identity[0].oidc",
                      "aws_eks_cluster.this[0].identity[0]",
                      "aws_eks_cluster.this[0].identity",
                      "aws_eks_cluster.this[0]",
                      "aws_eks_cluster.this"
                    ]
                  }
                },
                "schema_version": 0,
                "count_expression": {
                  "references": [
                    "local.create_oidc_provider",
                    "var.include_oidc_root_ca_thumbprint"
                  ]
                }
              }
            ],
            "module_calls": {
              "eks_managed_node_group": {
                "source": "./modules/eks-managed-node-group",
                "expressions": {
                  "ami_id": {
                    "references": [
                      "each.value.ami_id",
                      "each.value",
                      "var.eks_managed_node_group_defaults.ami_id",
                      "var.eks_managed_node_group_defaults"
                    ]
                  },
                  "ami_release_version": {
                    "references": [
                      "each.value.ami_release_version",
                      "each.value",
                      "var.eks_managed_node_group_defaults.ami_release_version",
                      "var.eks_managed_node_group_defaults"
                    ]
                  },
                  "ami_type": {
                    "references": [
                      "each.value.ami_type",
                      "each.value",
                      "var.eks_managed_node_group_defaults.ami_type",
                      "var.eks_managed_node_group_defaults"
                    ]
                  },
                  "block_device_mappings": {
                    "references": [
                      "each.value.block_device_mappings",
                      "each.value",
                      "var.eks_managed_node_group_defaults.block_device_mappings",
                      "var.eks_managed_node_group_defaults"
                    ]
                  },
                  "bootstrap_extra_args": {
                    "references": [
                      "each.value.bootstrap_extra_args",
                      "each.value",
                      "var.eks_managed_node_group_defaults.bootstrap_extra_args",
                      "var.eks_managed_node_group_defaults"
                    ]
                  },
                  "capacity_reservation_specification": {
                    "references": [
                      "each.value.capacity_reservation_specification",
                      "each.value",
                      "var.eks_managed_node_group_defaults.capacity_reservation_specification",
                      "var.eks_managed_node_group_defaults"
                    ]
                  },
                  "capacity_type": {
                    "references": [
                      "each.value.capacity_type",
                      "each.value",
                      "var.eks_managed_node_group_defaults.capacity_type",
                      "var.eks_managed_node_group_defaults"
                    ]
                  },
                  "cluster_auth_base64": {
                    "references": [
                      "time_sleep.this[0].triggers[\"cluster_certificate_authority_data\"]",
                      "time_sleep.this[0].triggers",
                      "time_sleep.this[0]",
                      "time_sleep.this"
                    ]
                  },
                  "cluster_endpoint": {
                    "references": [
                      "time_sleep.this[0].triggers[\"cluster_endpoint\"]",
                      "time_sleep.this[0].triggers",
                      "time_sleep.this[0]",
                      "time_sleep.this"
                    ]
                  },
                  "cluster_ip_family": {
                    "references": [
                      "var.cluster_ip_family"
                    ]
                  },
                  "cluster_name": {
                    "references": [
                      "time_sleep.this[0].triggers[\"cluster_name\"]",
                      "time_sleep.this[0].triggers",
                      "time_sleep.this[0]",
                      "time_sleep.this"
                    ]
                  },
                  "cluster_primary_security_group_id": {
                    "references": [
                      "each.value.attach_cluster_primary_security_group",
                      "each.value",
                      "var.eks_managed_node_group_defaults.attach_cluster_primary_security_group",
                      "var.eks_managed_node_group_defaults",
                      "aws_eks_cluster.this[0].vpc_config[0].cluster_security_group_id",
                      "aws_eks_cluster.this[0].vpc_config[0]",
                      "aws_eks_cluster.this[0].vpc_config",
                      "aws_eks_cluster.this[0]",
                      "aws_eks_cluster.this"
                    ]
                  },
                  "cluster_service_ipv4_cidr": {
                    "references": [
                      "var.cluster_service_ipv4_cidr"
                    ]
                  },
                  "cluster_version": {
                    "references": [
                      "each.value.cluster_version",
                      "each.value",
                      "var.eks_managed_node_group_defaults.cluster_version",
                      "var.eks_managed_node_group_defaults",
                      "time_sleep.this[0].triggers[\"cluster_version\"]",
                      "time_sleep.this[0].triggers",
                      "time_sleep.this[0]",
                      "time_sleep.this"
                    ]
                  },
                  "cpu_options": {
                    "references": [
                      "each.value.cpu_options",
                      "each.value",
                      "var.eks_managed_node_group_defaults.cpu_options",
                      "var.eks_managed_node_group_defaults"
                    ]
                  },
                  "create": {
                    "references": [
                      "each.value.create",
                      "each.value"
                    ]
                  },
                  "create_iam_role": {
                    "references": [
                      "each.value.create_iam_role",
                      "each.value",
                      "var.eks_managed_node_group_defaults.create_iam_role",
                      "var.eks_managed_node_group_defaults"
                    ]
                  },
                  "create_launch_template": {
                    "references": [
                      "each.value.create_launch_template",
                      "each.value",
                      "var.eks_managed_node_group_defaults.create_launch_template",
                      "var.eks_managed_node_group_defaults"
                    ]
                  },
                  "create_schedule": {
                    "references": [
                      "each.value.create_schedule",
                      "each.value",
                      "var.eks_managed_node_group_defaults.create_schedule",
                      "var.eks_managed_node_group_defaults"
                    ]
                  },
                  "credit_specification": {
                    "references": [
                      "each.value.credit_specification",
                      "each.value",
                      "var.eks_managed_node_group_defaults.credit_specification",
                      "var.eks_managed_node_group_defaults"
                    ]
                  },
                  "desired_size": {
                    "references": [
                      "each.value.desired_size",
                      "each.value",
                      "var.eks_managed_node_group_defaults.desired_size",
                      "var.eks_managed_node_group_defaults"
                    ]
                  },
                  "disable_api_termination": {
                    "references": [
                      "each.value.disable_api_termination",
                      "each.value",
                      "var.eks_managed_node_group_defaults.disable_api_termination",
                      "var.eks_managed_node_group_defaults"
                    ]
                  },
                  "disk_size": {
                    "references": [
                      "each.value.disk_size",
                      "each.value",
                      "var.eks_managed_node_group_defaults.disk_size",
                      "var.eks_managed_node_group_defaults"
                    ]
                  },
                  "ebs_optimized": {
                    "references": [
                      "each.value.ebs_optimized",
                      "each.value",
                      "var.eks_managed_node_group_defaults.ebs_optimized",
                      "var.eks_managed_node_group_defaults"
                    ]
                  },
                  "elastic_gpu_specifications": {
                    "references": [
                      "each.value.elastic_gpu_specifications",
                      "each.value",
                      "var.eks_managed_node_group_defaults.elastic_gpu_specifications",
                      "var.eks_managed_node_group_defaults"
                    ]
                  },
                  "elastic_inference_accelerator": {
                    "references": [
                      "each.value.elastic_inference_accelerator",
                      "each.value",
                      "var.eks_managed_node_group_defaults.elastic_inference_accelerator",
                      "var.eks_managed_node_group_defaults"
                    ]
                  },
                  "enable_bootstrap_user_data": {
                    "references": [
                      "each.value.enable_bootstrap_user_data",
                      "each.value",
                      "var.eks_managed_node_group_defaults.enable_bootstrap_user_data",
                      "var.eks_managed_node_group_defaults"
                    ]
                  },
                  "enable_monitoring": {
                    "references": [
                      "each.value.enable_monitoring",
                      "each.value",
                      "var.eks_managed_node_group_defaults.enable_monitoring",
                      "var.eks_managed_node_group_defaults"
                    ]
                  },
                  "enclave_options": {
                    "references": [
                      "each.value.enclave_options",
                      "each.value",
                      "var.eks_managed_node_group_defaults.enclave_options",
                      "var.eks_managed_node_group_defaults"
                    ]
                  },
                  "force_update_version": {
                    "references": [
                      "each.value.force_update_version",
                      "each.value",
                      "var.eks_managed_node_group_defaults.force_update_version",
                      "var.eks_managed_node_group_defaults"
                    ]
                  },
                  "iam_role_additional_policies": {
                    "references": [
                      "each.value",
                      "var.eks_managed_node_group_defaults"
                    ]
                  },
                  "iam_role_arn": {
                    "references": [
                      "each.value.iam_role_arn",
                      "each.value",
                      "var.eks_managed_node_group_defaults.iam_role_arn",
                      "var.eks_managed_node_group_defaults"
                    ]
                  },
                  "iam_role_attach_cni_policy": {
                    "references": [
                      "each.value.iam_role_attach_cni_policy",
                      "each.value",
                      "var.eks_managed_node_group_defaults.iam_role_attach_cni_policy",
                      "var.eks_managed_node_group_defaults"
                    ]
                  },
                  "iam_role_description": {
                    "references": [
                      "each.value.iam_role_description",
                      "each.value",
                      "var.eks_managed_node_group_defaults.iam_role_description",
                      "var.eks_managed_node_group_defaults"
                    ]
                  },
                  "iam_role_name": {
                    "references": [
                      "each.value.iam_role_name",
                      "each.value",
                      "var.eks_managed_node_group_defaults.iam_role_name",
                      "var.eks_managed_node_group_defaults"
                    ]
                  },
                  "iam_role_path": {
                    "references": [
                      "each.value.iam_role_path",
                      "each.value",
                      "var.eks_managed_node_group_defaults.iam_role_path",
                      "var.eks_managed_node_group_defaults"
                    ]
                  },
                  "iam_role_permissions_boundary": {
                    "references": [
                      "each.value.iam_role_permissions_boundary",
                      "each.value",
                      "var.eks_managed_node_group_defaults.iam_role_permissions_boundary",
                      "var.eks_managed_node_group_defaults"
                    ]
                  },
                  "iam_role_tags": {
                    "references": [
                      "each.value.iam_role_tags",
                      "each.value",
                      "var.eks_managed_node_group_defaults.iam_role_tags",
                      "var.eks_managed_node_group_defaults"
                    ]
                  },
                  "iam_role_use_name_prefix": {
                    "references": [
                      "each.value.iam_role_use_name_prefix",
                      "each.value",
                      "var.eks_managed_node_group_defaults.iam_role_use_name_prefix",
                      "var.eks_managed_node_group_defaults"
                    ]
                  },
                  "instance_market_options": {
                    "references": [
                      "each.value.instance_market_options",
                      "each.value",
                      "var.eks_managed_node_group_defaults.instance_market_options",
                      "var.eks_managed_node_group_defaults"
                    ]
                  },
                  "instance_types": {
                    "references": [
                      "each.value.instance_types",
                      "each.value",
                      "var.eks_managed_node_group_defaults.instance_types",
                      "var.eks_managed_node_group_defaults"
                    ]
                  },
                  "kernel_id": {
                    "references": [
                      "each.value.kernel_id",
                      "each.value",
                      "var.eks_managed_node_group_defaults.kernel_id",
                      "var.eks_managed_node_group_defaults"
                    ]
                  },
                  "key_name": {
                    "references": [
                      "each.value.key_name",
                      "each.value",
                      "var.eks_managed_node_group_defaults.key_name",
                      "var.eks_managed_node_group_defaults"
                    ]
                  },
                  "labels": {
                    "references": [
                      "each.value.labels",
                      "each.value",
                      "var.eks_managed_node_group_defaults.labels",
                      "var.eks_managed_node_group_defaults"
                    ]
                  },
                  "launch_template_default_version": {
                    "references": [
                      "each.value.launch_template_default_version",
                      "each.value",
                      "var.eks_managed_node_group_defaults.launch_template_default_version",
                      "var.eks_managed_node_group_defaults"
                    ]
                  },
                  "launch_template_description": {
                    "references": [
                      "each.value.launch_template_description",
                      "each.value",
                      "var.eks_managed_node_group_defaults.launch_template_description",
                      "var.eks_managed_node_group_defaults",
                      "each.value.name",
                      "each.value",
                      "each.key"
                    ]
                  },
                  "launch_template_id": {
                    "references": [
                      "each.value.launch_template_id",
                      "each.value",
                      "var.eks_managed_node_group_defaults.launch_template_id",
                      "var.eks_managed_node_group_defaults"
                    ]
                  },
                  "launch_template_name": {
                    "references": [
                      "each.value.launch_template_name",
                      "each.value",
                      "var.eks_managed_node_group_defaults.launch_template_name",
                      "var.eks_managed_node_group_defaults",
                      "each.key"
                    ]
                  },
                  "launch_template_tags": {
                    "references": [
                      "each.value.launch_template_tags",
                      "each.value",
                      "var.eks_managed_node_group_defaults.launch_template_tags",
                      "var.eks_managed_node_group_defaults"
                    ]
                  },
                  "launch_template_use_name_prefix": {
                    "references": [
                      "each.value.launch_template_use_name_prefix",
                      "each.value",
                      "var.eks_managed_node_group_defaults.launch_template_use_name_prefix",
                      "var.eks_managed_node_group_defaults"
                    ]
                  },
                  "launch_template_version": {
                    "references": [
                      "each.value.launch_template_version",
                      "each.value",
                      "var.eks_managed_node_group_defaults.launch_template_version",
                      "var.eks_managed_node_group_defaults"
                    ]
                  },
                  "license_specifications": {
                    "references": [
                      "each.value.license_specifications",
                      "each.value",
                      "var.eks_managed_node_group_defaults.license_specifications",
                      "var.eks_managed_node_group_defaults"
                    ]
                  },
                  "maintenance_options": {
                    "references": [
                      "each.value.maintenance_options",
                      "each.value",
                      "var.eks_managed_node_group_defaults.maintenance_options",
                      "var.eks_managed_node_group_defaults"
                    ]
                  },
                  "max_size": {
                    "references": [
                      "each.value.max_size",
                      "each.value",
                      "var.eks_managed_node_group_defaults.max_size",
                      "var.eks_managed_node_group_defaults"
                    ]
                  },
                  "metadata_options": {
                    "references": [
                      "each.value.metadata_options",
                      "each.value",
                      "var.eks_managed_node_group_defaults.metadata_options",
                      "var.eks_managed_node_group_defaults",
                      "local.metadata_options"
                    ]
                  },
                  "min_size": {
                    "references": [
                      "each.value.min_size",
                      "each.value",
                      "var.eks_managed_node_group_defaults.min_size",
                      "var.eks_managed_node_group_defaults"
                    ]
                  },
                  "name": {
                    "references": [
                      "each.value.name",
                      "each.value",
                      "each.key"
                    ]
                  },
                  "network_interfaces": {
                    "references": [
                      "each.value.network_interfaces",
                      "each.value",
                      "var.eks_managed_node_group_defaults.network_interfaces",
                      "var.eks_managed_node_group_defaults"
                    ]
                  },
                  "placement": {
                    "references": [
                      "each.value.placement",
                      "each.value",
                      "var.eks_managed_node_group_defaults.placement",
                      "var.eks_managed_node_group_defaults"
                    ]
                  },
                  "platform": {
                    "references": [
                      "each.value.platform",
                      "each.value",
                      "var.eks_managed_node_group_defaults.platform",
                      "var.eks_managed_node_group_defaults"
                    ]
                  },
                  "post_bootstrap_user_data": {
                    "references": [
                      "each.value.post_bootstrap_user_data",
                      "each.value",
                      "var.eks_managed_node_group_defaults.post_bootstrap_user_data",
                      "var.eks_managed_node_group_defaults"
                    ]
                  },
                  "pre_bootstrap_user_data": {
                    "references": [
                      "each.value.pre_bootstrap_user_data",
                      "each.value",
                      "var.eks_managed_node_group_defaults.pre_bootstrap_user_data",
                      "var.eks_managed_node_group_defaults"
                    ]
                  },
                  "private_dns_name_options": {
                    "references": [
                      "each.value.private_dns_name_options",
                      "each.value",
                      "var.eks_managed_node_group_defaults.private_dns_name_options",
                      "var.eks_managed_node_group_defaults"
                    ]
                  },
                  "ram_disk_id": {
                    "references": [
                      "each.value.ram_disk_id",
                      "each.value",
                      "var.eks_managed_node_group_defaults.ram_disk_id",
                      "var.eks_managed_node_group_defaults"
                    ]
                  },
                  "remote_access": {
                    "references": [
                      "each.value.remote_access",
                      "each.value",
                      "var.eks_managed_node_group_defaults.remote_access",
                      "var.eks_managed_node_group_defaults"
                    ]
                  },
                  "schedules": {
                    "references": [
                      "each.value.schedules",
                      "each.value",
                      "var.eks_managed_node_group_defaults.schedules",
                      "var.eks_managed_node_group_defaults"
                    ]
                  },
                  "subnet_ids": {
                    "references": [
                      "each.value.subnet_ids",
                      "each.value",
                      "var.eks_managed_node_group_defaults.subnet_ids",
                      "var.eks_managed_node_group_defaults",
                      "var.subnet_ids"
                    ]
                  },
                  "tag_specifications": {
                    "references": [
                      "each.value.tag_specifications",
                      "each.value",
                      "var.eks_managed_node_group_defaults.tag_specifications",
                      "var.eks_managed_node_group_defaults"
                    ]
                  },
                  "tags": {
                    "references": [
                      "var.tags",
                      "each.value.tags",
                      "each.value",
                      "var.eks_managed_node_group_defaults.tags",
                      "var.eks_managed_node_group_defaults"
                    ]
                  },
                  "taints": {
                    "references": [
                      "each.value.taints",
                      "each.value",
                      "var.eks_managed_node_group_defaults.taints",
                      "var.eks_managed_node_group_defaults"
                    ]
                  },
                  "timeouts": {
                    "references": [
                      "each.value.timeouts",
                      "each.value",
                      "var.eks_managed_node_group_defaults.timeouts",
                      "var.eks_managed_node_group_defaults"
                    ]
                  },
                  "update_config": {
                    "references": [
                      "each.value.update_config",
                      "each.value",
                      "var.eks_managed_node_group_defaults.update_config",
                      "var.eks_managed_node_group_defaults",
                      "local.default_update_config"
                    ]
                  },
                  "update_launch_template_default_version": {
                    "references": [
                      "each.value.update_launch_template_default_version",
                      "each.value",
                      "var.eks_managed_node_group_defaults.update_launch_template_default_version",
                      "var.eks_managed_node_group_defaults"
                    ]
                  },
                  "use_custom_launch_template": {
                    "references": [
                      "each.value.use_custom_launch_template",
                      "each.value",
                      "var.eks_managed_node_group_defaults.use_custom_launch_template",
                      "var.eks_managed_node_group_defaults"
                    ]
                  },
                  "use_name_prefix": {
                    "references": [
                      "each.value.use_name_prefix",
                      "each.value",
                      "var.eks_managed_node_group_defaults.use_name_prefix",
                      "var.eks_managed_node_group_defaults"
                    ]
                  },
                  "user_data_template_path": {
                    "references": [
                      "each.value.user_data_template_path",
                      "each.value",
                      "var.eks_managed_node_group_defaults.user_data_template_path",
                      "var.eks_managed_node_group_defaults"
                    ]
                  },
                  "vpc_security_group_ids": {
                    "references": [
                      "local.node_security_group_id",
                      "each.value.vpc_security_group_ids",
                      "each.value",
                      "var.eks_managed_node_group_defaults.vpc_security_group_ids",
                      "var.eks_managed_node_group_defaults"
                    ]
                  }
                },
                "for_each_expression": {
                  "references": [
                    "var.eks_managed_node_groups",
                    "var.create",
                    "local.create_outposts_local_cluster"
                  ]
                },
                "module": {
                  "outputs": {
                    "autoscaling_group_schedule_arns": {
                      "expression": {
                        "references": [
                          "aws_autoscaling_schedule.this"
                        ]
                      },
                      "description": "ARNs of autoscaling group schedules"
                    },
                    "iam_role_arn": {
                      "expression": {
                        "references": [
                          "aws_iam_role.this[0].arn",
                          "aws_iam_role.this[0]",
                          "aws_iam_role.this",
                          "var.iam_role_arn"
                        ]
                      },
                      "description": "The Amazon Resource Name (ARN) specifying the IAM role"
                    },
                    "iam_role_name": {
                      "expression": {
                        "references": [
                          "aws_iam_role.this[0].name",
                          "aws_iam_role.this[0]",
                          "aws_iam_role.this"
                        ]
                      },
                      "description": "The name of the IAM role"
                    },
                    "iam_role_unique_id": {
                      "expression": {
                        "references": [
                          "aws_iam_role.this[0].unique_id",
                          "aws_iam_role.this[0]",
                          "aws_iam_role.this"
                        ]
                      },
                      "description": "Stable and unique string identifying the IAM role"
                    },
                    "launch_template_arn": {
                      "expression": {
                        "references": [
                          "aws_launch_template.this[0].arn",
                          "aws_launch_template.this[0]",
                          "aws_launch_template.this"
                        ]
                      },
                      "description": "The ARN of the launch template"
                    },
                    "launch_template_id": {
                      "expression": {
                        "references": [
                          "aws_launch_template.this[0].id",
                          "aws_launch_template.this[0]",
                          "aws_launch_template.this"
                        ]
                      },
                      "description": "The ID of the launch template"
                    },
                    "launch_template_latest_version": {
                      "expression": {
                        "references": [
                          "aws_launch_template.this[0].latest_version",
                          "aws_launch_template.this[0]",
                          "aws_launch_template.this"
                        ]
                      },
                      "description": "The latest version of the launch template"
                    },
                    "launch_template_name": {
                      "expression": {
                        "references": [
                          "aws_launch_template.this[0].name",
                          "aws_launch_template.this[0]",
                          "aws_launch_template.this"
                        ]
                      },
                      "description": "The name of the launch template"
                    },
                    "node_group_arn": {
                      "expression": {
                        "references": [
                          "aws_eks_node_group.this[0].arn",
                          "aws_eks_node_group.this[0]",
                          "aws_eks_node_group.this"
                        ]
                      },
                      "description": "Amazon Resource Name (ARN) of the EKS Node Group"
                    },
                    "node_group_autoscaling_group_names": {
                      "expression": {
                        "references": [
                          "aws_eks_node_group.this[0].resources",
                          "aws_eks_node_group.this[0]",
                          "aws_eks_node_group.this"
                        ]
                      },
                      "description": "List of the autoscaling group names"
                    },
                    "node_group_id": {
                      "expression": {
                        "references": [
                          "aws_eks_node_group.this[0].id",
                          "aws_eks_node_group.this[0]",
                          "aws_eks_node_group.this"
                        ]
                      },
                      "description": "EKS Cluster name and EKS Node Group name separated by a colon (`:`)"
                    },
                    "node_group_labels": {
                      "expression": {
                        "references": [
                          "aws_eks_node_group.this[0].labels",
                          "aws_eks_node_group.this[0]",
                          "aws_eks_node_group.this"
                        ]
                      },
                      "description": "Map of labels applied to the node group"
                    },
                    "node_group_resources": {
                      "expression": {
                        "references": [
                          "aws_eks_node_group.this[0].resources",
                          "aws_eks_node_group.this[0]",
                          "aws_eks_node_group.this"
                        ]
                      },
                      "description": "List of objects containing information about underlying resources"
                    },
                    "node_group_status": {
                      "expression": {
                        "references": [
                          "aws_eks_node_group.this[0].status",
                          "aws_eks_node_group.this[0]",
                          "aws_eks_node_group.this"
                        ]
                      },
                      "description": "Status of the EKS Node Group"
                    },
                    "node_group_taints": {
                      "expression": {
                        "references": [
                          "aws_eks_node_group.this[0].taint",
                          "aws_eks_node_group.this[0]",
                          "aws_eks_node_group.this"
                        ]
                      },
                      "description": "List of objects containing information about taints applied to the node group"
                    },
                    "platform": {
                      "expression": {
                        "references": [
                          "var.platform"
                        ]
                      },
                      "description": "Identifies if the OS platform is `bottlerocket`, `linux`, or `windows` based"
                    }
                  },
                  "resources": [
                    {
                      "address": "aws_autoscaling_schedule.this",
                      "mode": "managed",
                      "type": "aws_autoscaling_schedule",
                      "name": "this",
                      "provider_config_key": "aws",
                      "expressions": {
                        "autoscaling_group_name": {
                          "references": [
                            "aws_eks_node_group.this[0].resources[0].autoscaling_groups[0].name",
                            "aws_eks_node_group.this[0].resources[0].autoscaling_groups[0]",
                            "aws_eks_node_group.this[0].resources[0].autoscaling_groups",
                            "aws_eks_node_group.this[0].resources[0]",
                            "aws_eks_node_group.this[0].resources",
                            "aws_eks_node_group.this[0]",
                            "aws_eks_node_group.this"
                          ]
                        },
                        "desired_capacity": {
                          "references": [
                            "each.value.desired_size",
                            "each.value"
                          ]
                        },
                        "end_time": {
                          "references": [
                            "each.value.end_time",
                            "each.value"
                          ]
                        },
                        "max_size": {
                          "references": [
                            "each.value.max_size",
                            "each.value"
                          ]
                        },
                        "min_size": {
                          "references": [
                            "each.value.min_size",
                            "each.value"
                          ]
                        },
                        "recurrence": {
                          "references": [
                            "each.value.recurrence",
                            "each.value"
                          ]
                        },
                        "scheduled_action_name": {
                          "references": [
                            "each.key"
                          ]
                        },
                        "start_time": {
                          "references": [
                            "each.value.start_time",
                            "each.value"
                          ]
                        },
                        "time_zone": {
                          "references": [
                            "each.value.time_zone",
                            "each.value"
                          ]
                        }
                      },
                      "schema_version": 0,
                      "for_each_expression": {
                        "references": [
                          "var.schedules",
                          "var.create",
                          "var.create_schedule"
                        ]
                      }
                    },
                    {
                      "address": "aws_eks_node_group.this",
                      "mode": "managed",
                      "type": "aws_eks_node_group",
                      "name": "this",
                      "provider_config_key": "aws",
                      "expressions": {
                        "ami_type": {
                          "references": [
                            "var.ami_id",
                            "var.ami_type"
                          ]
                        },
                        "capacity_type": {
                          "references": [
                            "var.capacity_type"
                          ]
                        },
                        "cluster_name": {
                          "references": [
                            "var.cluster_name"
                          ]
                        },
                        "disk_size": {
                          "references": [
                            "var.use_custom_launch_template",
                            "var.disk_size"
                          ]
                        },
                        "force_update_version": {
                          "references": [
                            "var.force_update_version"
                          ]
                        },
                        "instance_types": {
                          "references": [
                            "var.instance_types"
                          ]
                        },
                        "labels": {
                          "references": [
                            "var.labels"
                          ]
                        },
                        "node_group_name": {
                          "references": [
                            "var.use_name_prefix",
                            "var.name"
                          ]
                        },
                        "node_group_name_prefix": {
                          "references": [
                            "var.use_name_prefix",
                            "var.name"
                          ]
                        },
                        "node_role_arn": {
                          "references": [
                            "var.create_iam_role",
                            "aws_iam_role.this[0].arn",
                            "aws_iam_role.this[0]",
                            "aws_iam_role.this",
                            "var.iam_role_arn"
                          ]
                        },
                        "release_version": {
                          "references": [
                            "var.ami_id",
                            "var.ami_release_version"
                          ]
                        },
                        "scaling_config": [
                          {
                            "desired_size": {
                              "references": [
                                "var.desired_size"
                              ]
                            },
                            "max_size": {
                              "references": [
                                "var.max_size"
                              ]
                            },
                            "min_size": {
                              "references": [
                                "var.min_size"
                              ]
                            }
                          }
                        ],
                        "subnet_ids": {
                          "references": [
                            "var.subnet_ids"
                          ]
                        },
                        "tags": {
                          "references": [
                            "var.tags",
                            "var.name"
                          ]
                        },
                        "timeouts": {
                          "create": {
                            "references": [
                              "var.timeouts"
                            ]
                          },
                          "delete": {
                            "references": [
                              "var.timeouts"
                            ]
                          },
                          "update": {
                            "references": [
                              "var.timeouts"
                            ]
                          }
                        },
                        "version": {
                          "references": [
                            "var.ami_id",
                            "var.cluster_version"
                          ]
                        }
                      },
                      "schema_version": 0,
                      "count_expression": {
                        "references": [
                          "var.create"
                        ]
                      }
                    },
                    {
                      "address": "aws_iam_role.this",
                      "mode": "managed",
                      "type": "aws_iam_role",
                      "name": "this",
                      "provider_config_key": "aws",
                      "expressions": {
                        "assume_role_policy": {
                          "references": [
                            "data.aws_iam_policy_document.assume_role_policy[0].json",
                            "data.aws_iam_policy_document.assume_role_policy[0]",
                            "data.aws_iam_policy_document.assume_role_policy"
                          ]
                        },
                        "description": {
                          "references": [
                            "var.iam_role_description"
                          ]
                        },
                        "force_detach_policies": {
                          "constant_value": true
                        },
                        "name": {
                          "references": [
                            "var.iam_role_use_name_prefix",
                            "local.iam_role_name"
                          ]
                        },
                        "name_prefix": {
                          "references": [
                            "var.iam_role_use_name_prefix",
                            "local.iam_role_name"
                          ]
                        },
                        "path": {
                          "references": [
                            "var.iam_role_path"
                          ]
                        },
                        "permissions_boundary": {
                          "references": [
                            "var.iam_role_permissions_boundary"
                          ]
                        },
                        "tags": {
                          "references": [
                            "var.tags",
                            "var.iam_role_tags"
                          ]
                        }
                      },
                      "schema_version": 0,
                      "count_expression": {
                        "references": [
                          "var.create",
                          "var.create_iam_role"
                        ]
                      }
                    },
                    {
                      "address": "aws_iam_role_policy_attachment.additional",
                      "mode": "managed",
                      "type": "aws_iam_role_policy_attachment",
                      "name": "additional",
                      "provider_config_key": "aws",
                      "expressions": {
                        "policy_arn": {
                          "references": [
                            "each.value"
                          ]
                        },
                        "role": {
                          "references": [
                            "aws_iam_role.this[0].name",
                            "aws_iam_role.this[0]",
                            "aws_iam_role.this"
                          ]
                        }
                      },
                      "schema_version": 0,
                      "for_each_expression": {
                        "references": [
                          "var.iam_role_additional_policies",
                          "var.create",
                          "var.create_iam_role"
                        ]
                      }
                    },
                    {
                      "address": "aws_iam_role_policy_attachment.this",
                      "mode": "managed",
                      "type": "aws_iam_role_policy_attachment",
                      "name": "this",
                      "provider_config_key": "aws",
                      "expressions": {
                        "policy_arn": {
                          "references": [
                            "each.value"
                          ]
                        },
                        "role": {
                          "references": [
                            "aws_iam_role.this[0].name",
                            "aws_iam_role.this[0]",
                            "aws_iam_role.this"
                          ]
                        }
                      },
                      "schema_version": 0,
                      "for_each_expression": {
                        "references": [
                          "local.iam_role_policy_prefix",
                          "local.iam_role_policy_prefix",
                          "var.iam_role_attach_cni_policy",
                          "local.cni_policy",
                          "var.create",
                          "var.create_iam_role"
                        ]
                      }
                    },
                    {
                      "address": "aws_launch_template.this",
                      "mode": "managed",
                      "type": "aws_launch_template",
                      "name": "this",
                      "provider_config_key": "aws",
                      "expressions": {
                        "default_version": {
                          "references": [
                            "var.launch_template_default_version"
                          ]
                        },
                        "description": {
                          "references": [
                            "var.launch_template_description"
                          ]
                        },
                        "disable_api_termination": {
                          "references": [
                            "var.disable_api_termination"
                          ]
                        },
                        "ebs_optimized": {
                          "references": [
                            "var.ebs_optimized"
                          ]
                        },
                        "image_id": {
                          "references": [
                            "var.ami_id"
                          ]
                        },
                        "kernel_id": {
                          "references": [
                            "var.kernel_id"
                          ]
                        },
                        "key_name": {
                          "references": [
                            "var.key_name"
                          ]
                        },
                        "name": {
                          "references": [
                            "var.launch_template_use_name_prefix",
                            "local.launch_template_name"
                          ]
                        },
                        "name_prefix": {
                          "references": [
                            "var.launch_template_use_name_prefix",
                            "local.launch_template_name"
                          ]
                        },
                        "ram_disk_id": {
                          "references": [
                            "var.ram_disk_id"
                          ]
                        },
                        "tags": {
                          "references": [
                            "var.tags"
                          ]
                        },
                        "update_default_version": {
                          "references": [
                            "var.update_launch_template_default_version"
                          ]
                        },
                        "user_data": {
                          "references": [
                            "module.user_data.user_data",
                            "module.user_data"
                          ]
                        },
                        "vpc_security_group_ids": {
                          "references": [
                            "var.network_interfaces",
                            "local.security_group_ids"
                          ]
                        }
                      },
                      "schema_version": 0,
                      "count_expression": {
                        "references": [
                          "var.create",
                          "var.create_launch_template",
                          "var.use_custom_launch_template"
                        ]
                      },
                      "depends_on": [
                        "aws_iam_role_policy_attachment.this"
                      ]
                    },
                    {
                      "address": "data.aws_caller_identity.current",
                      "mode": "data",
                      "type": "aws_caller_identity",
                      "name": "current",
                      "provider_config_key": "aws",
                      "schema_version": 0
                    },
                    {
                      "address": "data.aws_iam_policy_document.assume_role_policy",
                      "mode": "data",
                      "type": "aws_iam_policy_document",
                      "name": "assume_role_policy",
                      "provider_config_key": "aws",
                      "expressions": {
                        "statement": [
                          {
                            "actions": {
                              "constant_value": [
                                "sts:AssumeRole"
                              ]
                            },
                            "principals": [
                              {
                                "identifiers": {
                                  "references": [
                                    "data.aws_partition.current.dns_suffix",
                                    "data.aws_partition.current"
                                  ]
                                },
                                "type": {
                                  "constant_value": "Service"
                                }
                              }
                            ],
                            "sid": {
                              "constant_value": "EKSNodeAssumeRole"
                            }
                          }
                        ]
                      },
                      "schema_version": 0,
                      "count_expression": {
                        "references": [
                          "var.create",
                          "var.create_iam_role"
                        ]
                      }
                    },
                    {
                      "address": "data.aws_partition.current",
                      "mode": "data",
                      "type": "aws_partition",
                      "name": "current",
                      "provider_config_key": "aws",
                      "schema_version": 0
                    }
                  ],
                  "module_calls": {
                    "user_data": {
                      "source": "../_user_data",
                      "expressions": {
                        "bootstrap_extra_args": {
                          "references": [
                            "var.bootstrap_extra_args"
                          ]
                        },
                        "cluster_auth_base64": {
                          "references": [
                            "var.cluster_auth_base64"
                          ]
                        },
                        "cluster_endpoint": {
                          "references": [
                            "var.cluster_endpoint"
                          ]
                        },
                        "cluster_name": {
                          "references": [
                            "var.cluster_name"
                          ]
                        },
                        "cluster_service_ipv4_cidr": {
                          "references": [
                            "var.cluster_service_ipv4_cidr"
                          ]
                        },
                        "create": {
                          "references": [
                            "var.create"
                          ]
                        },
                        "enable_bootstrap_user_data": {
                          "references": [
                            "var.enable_bootstrap_user_data"
                          ]
                        },
                        "platform": {
                          "references": [
                            "var.platform"
                          ]
                        },
                        "post_bootstrap_user_data": {
                          "references": [
                            "var.post_bootstrap_user_data"
                          ]
                        },
                        "pre_bootstrap_user_data": {
                          "references": [
                            "var.pre_bootstrap_user_data"
                          ]
                        },
                        "user_data_template_path": {
                          "references": [
                            "var.user_data_template_path"
                          ]
                        }
                      },
                      "module": {
                        "outputs": {
                          "user_data": {
                            "expression": {
                              "references": [
                                "local.platform",
                                "var.platform"
                              ]
                            },
                            "description": "Base64 encoded user data rendered for the provided inputs"
                          }
                        },
                        "resources": [
                          {
                            "address": "data.cloudinit_config.linux_eks_managed_node_group",
                            "mode": "data",
                            "type": "cloudinit_config",
                            "name": "linux_eks_managed_node_group",
                            "provider_config_key": "module.eks.module.eks_managed_node_group.module.user_data:cloudinit",
                            "expressions": {
                              "base64_encode": {
                                "constant_value": true
                              },
                              "boundary": {
                                "constant_value": "//"
                              },
                              "gzip": {
                                "constant_value": false
                              },
                              "part": [
                                {
                                  "content": {
                                    "references": [
                                      "var.pre_bootstrap_user_data"
                                    ]
                                  },
                                  "content_type": {
                                    "constant_value": "text/x-shellscript"
                                  }
                                }
                              ]
                            },
                            "schema_version": 0,
                            "count_expression": {
                              "references": [
                                "var.create",
                                "var.platform",
                                "var.is_eks_managed_node_group",
                                "var.enable_bootstrap_user_data",
                                "var.pre_bootstrap_user_data",
                                "var.user_data_template_path"
                              ]
                            }
                          }
                        ],
                        "variables": {
                          "bootstrap_extra_args": {
                            "default": "",
                            "description": "Additional arguments passed to the bootstrap script. When `platform` = `bottlerocket`; these are additional [settings](https://github.com/bottlerocket-os/bottlerocket#settings) that are provided to the Bottlerocket user data"
                          },
                          "cluster_auth_base64": {
                            "default": "",
                            "description": "Base64 encoded CA of associated EKS cluster"
                          },
                          "cluster_endpoint": {
                            "default": "",
                            "description": "Endpoint of associated EKS cluster"
                          },
                          "cluster_name": {
                            "default": "",
                            "description": "Name of the EKS cluster"
                          },
                          "cluster_service_ipv4_cidr": {
                            "default": null,
                            "description": "The CIDR block to assign Kubernetes service IP addresses from. If you don't specify a block, Kubernetes assigns addresses from either the 10.100.0.0/16 or 172.20.0.0/16 CIDR blocks"
                          },
                          "create": {
                            "default": true,
                            "description": "Determines whether to create user-data or not"
                          },
                          "enable_bootstrap_user_data": {
                            "default": false,
                            "description": "Determines whether the bootstrap configurations are populated within the user data template"
                          },
                          "is_eks_managed_node_group": {
                            "default": true,
                            "description": "Determines whether the user data is used on nodes in an EKS managed node group. Used to determine if user data will be appended or not"
                          },
                          "platform": {
                            "default": "linux",
                            "description": "Identifies if the OS platform is `bottlerocket`, `linux`, or `windows` based"
                          },
                          "post_bootstrap_user_data": {
                            "default": "",
                            "description": "User data that is appended to the user data script after of the EKS bootstrap script. Not used when `platform` = `bottlerocket`"
                          },
                          "pre_bootstrap_user_data": {
                            "default": "",
                            "description": "User data that is injected into the user data script ahead of the EKS bootstrap script. Not used when `platform` = `bottlerocket`"
                          },
                          "user_data_template_path": {
                            "default": "",
                            "description": "Path to a local, custom user data template file to use when rendering user data"
                          }
                        }
                      }
                    }
                  },
                  "variables": {
                    "ami_id": {
                      "default": "",
                      "description": "The AMI from which to launch the instance. If not supplied, EKS will use its own default image"
                    },
                    "ami_release_version": {
                      "default": null,
                      "description": "AMI version of the EKS Node Group. Defaults to latest version for Kubernetes version"
                    },
                    "ami_type": {
                      "default": null,
                      "description": "Type of Amazon Machine Image (AMI) associated with the EKS Node Group. Valid values are `AL2_x86_64`, `AL2_x86_64_GPU`, `AL2_ARM_64`, `CUSTOM`, `BOTTLEROCKET_ARM_64`, `BOTTLEROCKET_x86_64`"
                    },
                    "block_device_mappings": {
                      "default": {},
                      "description": "Specify volumes to attach to the instance besides the volumes specified by the AMI"
                    },
                    "bootstrap_extra_args": {
                      "default": "",
                      "description": "Additional arguments passed to the bootstrap script. When `platform` = `bottlerocket`; these are additional [settings](https://github.com/bottlerocket-os/bottlerocket#settings) that are provided to the Bottlerocket user data"
                    },
                    "capacity_reservation_specification": {
                      "default": {},
                      "description": "Targeting for EC2 capacity reservations"
                    },
                    "capacity_type": {
                      "default": "ON_DEMAND",
                      "description": "Type of capacity associated with the EKS Node Group. Valid values: `ON_DEMAND`, `SPOT`"
                    },
                    "cluster_auth_base64": {
                      "default": "",
                      "description": "Base64 encoded CA of associated EKS cluster"
                    },
                    "cluster_endpoint": {
                      "default": "",
                      "description": "Endpoint of associated EKS cluster"
                    },
                    "cluster_ip_family": {
                      "default": null,
                      "description": "The IP family used to assign Kubernetes pod and service addresses. Valid values are `ipv4` (default) and `ipv6`"
                    },
                    "cluster_name": {
                      "default": null,
                      "description": "Name of associated EKS cluster"
                    },
                    "cluster_primary_security_group_id": {
                      "default": null,
                      "description": "The ID of the EKS cluster primary security group to associate with the instance(s). This is the security group that is automatically created by the EKS service"
                    },
                    "cluster_service_ipv4_cidr": {
                      "default": null,
                      "description": "The CIDR block to assign Kubernetes service IP addresses from. If you don't specify a block, Kubernetes assigns addresses from either the 10.100.0.0/16 or 172.20.0.0/16 CIDR blocks"
                    },
                    "cluster_version": {
                      "default": null,
                      "description": "Kubernetes version. Defaults to EKS Cluster Kubernetes version"
                    },
                    "cpu_options": {
                      "default": {},
                      "description": "The CPU options for the instance"
                    },
                    "create": {
                      "default": true,
                      "description": "Determines whether to create EKS managed node group or not"
                    },
                    "create_iam_role": {
                      "default": true,
                      "description": "Determines whether an IAM role is created or to use an existing IAM role"
                    },
                    "create_launch_template": {
                      "default": true,
                      "description": "Determines whether to create a launch template or not. If set to `false`, EKS will use its own default launch template"
                    },
                    "create_schedule": {
                      "default": true,
                      "description": "Determines whether to create autoscaling group schedule or not"
                    },
                    "credit_specification": {
                      "default": {},
                      "description": "Customize the credit specification of the instance"
                    },
                    "desired_size": {
                      "default": 1,
                      "description": "Desired number of instances/nodes"
                    },
                    "disable_api_termination": {
                      "default": null,
                      "description": "If true, enables EC2 instance termination protection"
                    },
                    "disk_size": {
                      "default": null,
                      "description": "Disk size in GiB for nodes. Defaults to `20`. Only valid when `use_custom_launch_template` = `false`"
                    },
                    "ebs_optimized": {
                      "default": null,
                      "description": "If true, the launched EC2 instance(s) will be EBS-optimized"
                    },
                    "elastic_gpu_specifications": {
                      "default": {},
                      "description": "The elastic GPU to attach to the instance"
                    },
                    "elastic_inference_accelerator": {
                      "default": {},
                      "description": "Configuration block containing an Elastic Inference Accelerator to attach to the instance"
                    },
                    "enable_bootstrap_user_data": {
                      "default": false,
                      "description": "Determines whether the bootstrap configurations are populated within the user data template. Only valid when using a custom AMI via `ami_id`"
                    },
                    "enable_monitoring": {
                      "default": true,
                      "description": "Enables/disables detailed monitoring"
                    },
                    "enclave_options": {
                      "default": {},
                      "description": "Enable Nitro Enclaves on launched instances"
                    },
                    "force_update_version": {
                      "default": null,
                      "description": "Force version update if existing pods are unable to be drained due to a pod disruption budget issue"
                    },
                    "iam_role_additional_policies": {
                      "default": {},
                      "description": "Additional policies to be added to the IAM role"
                    },
                    "iam_role_arn": {
                      "default": null,
                      "description": "Existing IAM role ARN for the node group. Required if `create_iam_role` is set to `false`"
                    },
                    "iam_role_attach_cni_policy": {
                      "default": true,
                      "description": "Whether to attach the `AmazonEKS_CNI_Policy`/`AmazonEKS_CNI_IPv6_Policy` IAM policy to the IAM IAM role. WARNING: If set `false` the permissions must be assigned to the `aws-node` DaemonSet pods via another method or nodes will not be able to join the cluster"
                    },
                    "iam_role_description": {
                      "default": null,
                      "description": "Description of the role"
                    },
                    "iam_role_name": {
                      "default": null,
                      "description": "Name to use on IAM role created"
                    },
                    "iam_role_path": {
                      "default": null,
                      "description": "IAM role path"
                    },
                    "iam_role_permissions_boundary": {
                      "default": null,
                      "description": "ARN of the policy that is used to set the permissions boundary for the IAM role"
                    },
                    "iam_role_tags": {
                      "default": {},
                      "description": "A map of additional tags to add to the IAM role created"
                    },
                    "iam_role_use_name_prefix": {
                      "default": true,
                      "description": "Determines whether the IAM role name (`iam_role_name`) is used as a prefix"
                    },
                    "instance_market_options": {
                      "default": {},
                      "description": "The market (purchasing) option for the instance"
                    },
                    "instance_types": {
                      "default": null,
                      "description": "Set of instance types associated with the EKS Node Group. Defaults to `[\"t3.medium\"]`"
                    },
                    "kernel_id": {
                      "default": null,
                      "description": "The kernel ID"
                    },
                    "key_name": {
                      "default": null,
                      "description": "The key name that should be used for the instance(s)"
                    },
                    "labels": {
                      "default": null,
                      "description": "Key-value map of Kubernetes labels. Only labels that are applied with the EKS API are managed by this argument. Other Kubernetes labels applied to the EKS Node Group will not be managed"
                    },
                    "launch_template_default_version": {
                      "default": null,
                      "description": "Default version of the launch template"
                    },
                    "launch_template_description": {
                      "default": null,
                      "description": "Description of the launch template"
                    },
                    "launch_template_id": {
                      "default": "",
                      "description": "The ID of an existing launch template to use. Required when `create_launch_template` = `false` and `use_custom_launch_template` = `true`"
                    },
                    "launch_template_name": {
                      "default": null,
                      "description": "Name of launch template to be created"
                    },
                    "launch_template_tags": {
                      "default": {},
                      "description": "A map of additional tags to add to the tag_specifications of launch template created"
                    },
                    "launch_template_use_name_prefix": {
                      "default": true,
                      "description": "Determines whether to use `launch_template_name` as is or create a unique name beginning with the `launch_template_name` as the prefix"
                    },
                    "launch_template_version": {
                      "default": null,
                      "description": "Launch template version number. The default is `$Default`"
                    },
                    "license_specifications": {
                      "default": {},
                      "description": "A map of license specifications to associate with"
                    },
                    "maintenance_options": {
                      "default": {},
                      "description": "The maintenance options for the instance"
                    },
                    "max_size": {
                      "default": 3,
                      "description": "Maximum number of instances/nodes"
                    },
                    "metadata_options": {
                      "default": {
                        "http_endpoint": "enabled",
                        "http_put_response_hop_limit": "2",
                        "http_tokens": "required"
                      },
                      "description": "Customize the metadata options for the instance"
                    },
                    "min_size": {
                      "default": 0,
                      "description": "Minimum number of instances/nodes"
                    },
                    "name": {
                      "default": "",
                      "description": "Name of the EKS managed node group"
                    },
                    "network_interfaces": {
                      "default": [],
                      "description": "Customize network interfaces to be attached at instance boot time"
                    },
                    "placement": {
                      "default": {},
                      "description": "The placement of the instance"
                    },
                    "platform": {
                      "default": "linux",
                      "description": "Identifies if the OS platform is `bottlerocket` or `linux` based; `windows` is not supported"
                    },
                    "post_bootstrap_user_data": {
                      "default": "",
                      "description": "User data that is appended to the user data script after of the EKS bootstrap script. Not used when `platform` = `bottlerocket`"
                    },
                    "pre_bootstrap_user_data": {
                      "default": "",
                      "description": "User data that is injected into the user data script ahead of the EKS bootstrap script. Not used when `platform` = `bottlerocket`"
                    },
                    "private_dns_name_options": {
                      "default": {},
                      "description": "The options for the instance hostname. The default values are inherited from the subnet"
                    },
                    "ram_disk_id": {
                      "default": null,
                      "description": "The ID of the ram disk"
                    },
                    "remote_access": {
                      "default": {},
                      "description": "Configuration block with remote access settings. Only valid when `use_custom_launch_template` = `false`"
                    },
                    "schedules": {
                      "default": {},
                      "description": "Map of autoscaling group schedule to create"
                    },
                    "subnet_ids": {
                      "default": null,
                      "description": "Identifiers of EC2 Subnets to associate with the EKS Node Group. These subnets must have the following resource tag: `kubernetes.io/cluster/CLUSTER_NAME`"
                    },
                    "tag_specifications": {
                      "default": [
                        "instance",
                        "volume",
                        "network-interface"
                      ],
                      "description": "The tags to apply to the resources during launch"
                    },
                    "tags": {
                      "default": {},
                      "description": "A map of tags to add to all resources"
                    },
                    "taints": {
                      "default": {},
                      "description": "The Kubernetes taints to be applied to the nodes in the node group. Maximum of 50 taints per node group"
                    },
                    "timeouts": {
                      "default": {},
                      "description": "Create, update, and delete timeout configurations for the node group"
                    },
                    "update_config": {
                      "default": {
                        "max_unavailable_percentage": "33"
                      },
                      "description": "Configuration block of settings for max unavailable resources during node group updates"
                    },
                    "update_launch_template_default_version": {
                      "default": true,
                      "description": "Whether to update the launch templates default version on each update. Conflicts with `launch_template_default_version`"
                    },
                    "use_custom_launch_template": {
                      "default": true,
                      "description": "Determines whether to use a custom launch template or not. If set to `false`, EKS will use its own default launch template"
                    },
                    "use_name_prefix": {
                      "default": true,
                      "description": "Determines whether to use `name` as is or create a unique name beginning with the `name` as the prefix"
                    },
                    "user_data_template_path": {
                      "default": "",
                      "description": "Path to a local, custom user data template file to use when rendering user data"
                    },
                    "vpc_security_group_ids": {
                      "default": [],
                      "description": "A list of security group IDs to associate"
                    }
                  }
                }
              },
              "fargate_profile": {
                "source": "./modules/fargate-profile",
                "expressions": {
                  "cluster_ip_family": {
                    "references": [
                      "var.cluster_ip_family"
                    ]
                  },
                  "cluster_name": {
                    "references": [
                      "time_sleep.this[0].triggers[\"cluster_name\"]",
                      "time_sleep.this[0].triggers",
                      "time_sleep.this[0]",
                      "time_sleep.this"
                    ]
                  },
                  "create": {
                    "references": [
                      "each.value.create",
                      "each.value"
                    ]
                  },
                  "create_iam_role": {
                    "references": [
                      "each.value.create_iam_role",
                      "each.value",
                      "var.fargate_profile_defaults.create_iam_role",
                      "var.fargate_profile_defaults"
                    ]
                  },
                  "iam_role_additional_policies": {
                    "references": [
                      "each.value",
                      "var.fargate_profile_defaults"
                    ]
                  },
                  "iam_role_arn": {
                    "references": [
                      "each.value.iam_role_arn",
                      "each.value",
                      "var.fargate_profile_defaults.iam_role_arn",
                      "var.fargate_profile_defaults"
                    ]
                  },
                  "iam_role_attach_cni_policy": {
                    "references": [
                      "each.value.iam_role_attach_cni_policy",
                      "each.value",
                      "var.fargate_profile_defaults.iam_role_attach_cni_policy",
                      "var.fargate_profile_defaults"
                    ]
                  },
                  "iam_role_description": {
                    "references": [
                      "each.value.iam_role_description",
                      "each.value",
                      "var.fargate_profile_defaults.iam_role_description",
                      "var.fargate_profile_defaults"
                    ]
                  },
                  "iam_role_name": {
                    "references": [
                      "each.value.iam_role_name",
                      "each.value",
                      "var.fargate_profile_defaults.iam_role_name",
                      "var.fargate_profile_defaults"
                    ]
                  },
                  "iam_role_path": {
                    "references": [
                      "each.value.iam_role_path",
                      "each.value",
                      "var.fargate_profile_defaults.iam_role_path",
                      "var.fargate_profile_defaults"
                    ]
                  },
                  "iam_role_permissions_boundary": {
                    "references": [
                      "each.value.iam_role_permissions_boundary",
                      "each.value",
                      "var.fargate_profile_defaults.iam_role_permissions_boundary",
                      "var.fargate_profile_defaults"
                    ]
                  },
                  "iam_role_tags": {
                    "references": [
                      "each.value.iam_role_tags",
                      "each.value",
                      "var.fargate_profile_defaults.iam_role_tags",
                      "var.fargate_profile_defaults"
                    ]
                  },
                  "iam_role_use_name_prefix": {
                    "references": [
                      "each.value.iam_role_use_name_prefix",
                      "each.value",
                      "var.fargate_profile_defaults.iam_role_use_name_prefix",
                      "var.fargate_profile_defaults"
                    ]
                  },
                  "name": {
                    "references": [
                      "each.value.name",
                      "each.value",
                      "each.key"
                    ]
                  },
                  "selectors": {
                    "references": [
                      "each.value.selectors",
                      "each.value",
                      "var.fargate_profile_defaults.selectors",
                      "var.fargate_profile_defaults"
                    ]
                  },
                  "subnet_ids": {
                    "references": [
                      "each.value.subnet_ids",
                      "each.value",
                      "var.fargate_profile_defaults.subnet_ids",
                      "var.fargate_profile_defaults",
                      "var.subnet_ids"
                    ]
                  },
                  "tags": {
                    "references": [
                      "var.tags",
                      "each.value.tags",
                      "each.value",
                      "var.fargate_profile_defaults.tags",
                      "var.fargate_profile_defaults"
                    ]
                  },
                  "timeouts": {
                    "references": [
                      "each.value.timeouts",
                      "each.value",
                      "var.fargate_profile_defaults.timeouts",
                      "var.fargate_profile_defaults"
                    ]
                  }
                },
                "for_each_expression": {
                  "references": [
                    "var.fargate_profiles",
                    "var.create",
                    "local.create_outposts_local_cluster"
                  ]
                },
                "module": {
                  "outputs": {
                    "fargate_profile_arn": {
                      "expression": {
                        "references": [
                          "aws_eks_fargate_profile.this[0].arn",
                          "aws_eks_fargate_profile.this[0]",
                          "aws_eks_fargate_profile.this"
                        ]
                      },
                      "description": "Amazon Resource Name (ARN) of the EKS Fargate Profile"
                    },
                    "fargate_profile_id": {
                      "expression": {
                        "references": [
                          "aws_eks_fargate_profile.this[0].id",
                          "aws_eks_fargate_profile.this[0]",
                          "aws_eks_fargate_profile.this"
                        ]
                      },
                      "description": "EKS Cluster name and EKS Fargate Profile name separated by a colon (`:`)"
                    },
                    "fargate_profile_pod_execution_role_arn": {
                      "expression": {
                        "references": [
                          "aws_eks_fargate_profile.this[0].pod_execution_role_arn",
                          "aws_eks_fargate_profile.this[0]",
                          "aws_eks_fargate_profile.this"
                        ]
                      },
                      "description": "Amazon Resource Name (ARN) of the EKS Fargate Profile Pod execution role ARN"
                    },
                    "fargate_profile_status": {
                      "expression": {
                        "references": [
                          "aws_eks_fargate_profile.this[0].status",
                          "aws_eks_fargate_profile.this[0]",
                          "aws_eks_fargate_profile.this"
                        ]
                      },
                      "description": "Status of the EKS Fargate Profile"
                    },
                    "iam_role_arn": {
                      "expression": {
                        "references": [
                          "aws_iam_role.this[0].arn",
                          "aws_iam_role.this[0]",
                          "aws_iam_role.this",
                          "var.iam_role_arn"
                        ]
                      },
                      "description": "The Amazon Resource Name (ARN) specifying the IAM role"
                    },
                    "iam_role_name": {
                      "expression": {
                        "references": [
                          "aws_iam_role.this[0].name",
                          "aws_iam_role.this[0]",
                          "aws_iam_role.this"
                        ]
                      },
                      "description": "The name of the IAM role"
                    },
                    "iam_role_unique_id": {
                      "expression": {
                        "references": [
                          "aws_iam_role.this[0].unique_id",
                          "aws_iam_role.this[0]",
                          "aws_iam_role.this"
                        ]
                      },
                      "description": "Stable and unique string identifying the IAM role"
                    }
                  },
                  "resources": [
                    {
                      "address": "aws_eks_fargate_profile.this",
                      "mode": "managed",
                      "type": "aws_eks_fargate_profile",
                      "name": "this",
                      "provider_config_key": "aws",
                      "expressions": {
                        "cluster_name": {
                          "references": [
                            "var.cluster_name"
                          ]
                        },
                        "fargate_profile_name": {
                          "references": [
                            "var.name"
                          ]
                        },
                        "pod_execution_role_arn": {
                          "references": [
                            "var.create_iam_role",
                            "aws_iam_role.this[0].arn",
                            "aws_iam_role.this[0]",
                            "aws_iam_role.this",
                            "var.iam_role_arn"
                          ]
                        },
                        "subnet_ids": {
                          "references": [
                            "var.subnet_ids"
                          ]
                        },
                        "tags": {
                          "references": [
                            "var.tags"
                          ]
                        }
                      },
                      "schema_version": 0,
                      "count_expression": {
                        "references": [
                          "var.create"
                        ]
                      }
                    },
                    {
                      "address": "aws_iam_role.this",
                      "mode": "managed",
                      "type": "aws_iam_role",
                      "name": "this",
                      "provider_config_key": "aws",
                      "expressions": {
                        "assume_role_policy": {
                          "references": [
                            "data.aws_iam_policy_document.assume_role_policy[0].json",
                            "data.aws_iam_policy_document.assume_role_policy[0]",
                            "data.aws_iam_policy_document.assume_role_policy"
                          ]
                        },
                        "description": {
                          "references": [
                            "var.iam_role_description"
                          ]
                        },
                        "force_detach_policies": {
                          "constant_value": true
                        },
                        "name": {
                          "references": [
                            "var.iam_role_use_name_prefix",
                            "local.iam_role_name"
                          ]
                        },
                        "name_prefix": {
                          "references": [
                            "var.iam_role_use_name_prefix",
                            "local.iam_role_name"
                          ]
                        },
                        "path": {
                          "references": [
                            "var.iam_role_path"
                          ]
                        },
                        "permissions_boundary": {
                          "references": [
                            "var.iam_role_permissions_boundary"
                          ]
                        },
                        "tags": {
                          "references": [
                            "var.tags",
                            "var.iam_role_tags"
                          ]
                        }
                      },
                      "schema_version": 0,
                      "count_expression": {
                        "references": [
                          "var.create",
                          "var.create_iam_role"
                        ]
                      }
                    },
                    {
                      "address": "aws_iam_role_policy_attachment.additional",
                      "mode": "managed",
                      "type": "aws_iam_role_policy_attachment",
                      "name": "additional",
                      "provider_config_key": "aws",
                      "expressions": {
                        "policy_arn": {
                          "references": [
                            "each.value"
                          ]
                        },
                        "role": {
                          "references": [
                            "aws_iam_role.this[0].name",
                            "aws_iam_role.this[0]",
                            "aws_iam_role.this"
                          ]
                        }
                      },
                      "schema_version": 0,
                      "for_each_expression": {
                        "references": [
                          "var.iam_role_additional_policies",
                          "var.create",
                          "var.create_iam_role"
                        ]
                      }
                    },
                    {
                      "address": "aws_iam_role_policy_attachment.this",
                      "mode": "managed",
                      "type": "aws_iam_role_policy_attachment",
                      "name": "this",
                      "provider_config_key": "aws",
                      "expressions": {
                        "policy_arn": {
                          "references": [
                            "each.value"
                          ]
                        },
                        "role": {
                          "references": [
                            "aws_iam_role.this[0].name",
                            "aws_iam_role.this[0]",
                            "aws_iam_role.this"
                          ]
                        }
                      },
                      "schema_version": 0,
                      "for_each_expression": {
                        "references": [
                          "local.iam_role_policy_prefix",
                          "var.iam_role_attach_cni_policy",
                          "local.cni_policy",
                          "var.create",
                          "var.create_iam_role"
                        ]
                      }
                    },
                    {
                      "address": "data.aws_caller_identity.current",
                      "mode": "data",
                      "type": "aws_caller_identity",
                      "name": "current",
                      "provider_config_key": "aws",
                      "schema_version": 0
                    },
                    {
                      "address": "data.aws_iam_policy_document.assume_role_policy",
                      "mode": "data",
                      "type": "aws_iam_policy_document",
                      "name": "assume_role_policy",
                      "provider_config_key": "aws",
                      "expressions": {
                        "statement": [
                          {
                            "actions": {
                              "constant_value": [
                                "sts:AssumeRole"
                              ]
                            },
                            "effect": {
                              "constant_value": "Allow"
                            },
                            "principals": [
                              {
                                "identifiers": {
                                  "constant_value": [
                                    "eks-fargate-pods.amazonaws.com"
                                  ]
                                },
                                "type": {
                                  "constant_value": "Service"
                                }
                              }
                            ]
                          }
                        ]
                      },
                      "schema_version": 0,
                      "count_expression": {
                        "references": [
                          "var.create",
                          "var.create_iam_role"
                        ]
                      }
                    },
                    {
                      "address": "data.aws_partition.current",
                      "mode": "data",
                      "type": "aws_partition",
                      "name": "current",
                      "provider_config_key": "aws",
                      "schema_version": 0
                    }
                  ],
                  "variables": {
                    "cluster_ip_family": {
                      "default": null,
                      "description": "The IP family used to assign Kubernetes pod and service addresses. Valid values are `ipv4` (default) and `ipv6`"
                    },
                    "cluster_name": {
                      "default": null,
                      "description": "Name of the EKS cluster"
                    },
                    "create": {
                      "default": true,
                      "description": "Determines whether to create Fargate profile or not"
                    },
                    "create_iam_role": {
                      "default": true,
                      "description": "Determines whether an IAM role is created or to use an existing IAM role"
                    },
                    "iam_role_additional_policies": {
                      "default": {},
                      "description": "Additional policies to be added to the IAM role"
                    },
                    "iam_role_arn": {
                      "default": null,
                      "description": "Existing IAM role ARN for the Fargate profile. Required if `create_iam_role` is set to `false`"
                    },
                    "iam_role_attach_cni_policy": {
                      "default": true,
                      "description": "Whether to attach the `AmazonEKS_CNI_Policy`/`AmazonEKS_CNI_IPv6_Policy` IAM policy to the IAM IAM role. WARNING: If set `false` the permissions must be assigned to the `aws-node` DaemonSet pods via another method or nodes will not be able to join the cluster"
                    },
                    "iam_role_description": {
                      "default": null,
                      "description": "Description of the role"
                    },
                    "iam_role_name": {
                      "default": "",
                      "description": "Name to use on IAM role created"
                    },
                    "iam_role_path": {
                      "default": null,
                      "description": "IAM role path"
                    },
                    "iam_role_permissions_boundary": {
                      "default": null,
                      "description": "ARN of the policy that is used to set the permissions boundary for the IAM role"
                    },
                    "iam_role_tags": {
                      "default": {},
                      "description": "A map of additional tags to add to the IAM role created"
                    },
                    "iam_role_use_name_prefix": {
                      "default": true,
                      "description": "Determines whether the IAM role name (`iam_role_name`) is used as a prefix"
                    },
                    "name": {
                      "default": "",
                      "description": "Name of the EKS Fargate Profile"
                    },
                    "selectors": {
                      "default": [],
                      "description": "Configuration block(s) for selecting Kubernetes Pods to execute with this Fargate Profile"
                    },
                    "subnet_ids": {
                      "default": [],
                      "description": "A list of subnet IDs for the EKS Fargate Profile"
                    },
                    "tags": {
                      "default": {},
                      "description": "A map of tags to add to all resources"
                    },
                    "timeouts": {
                      "default": {},
                      "description": "Create and delete timeout configurations for the Fargate Profile"
                    }
                  }
                }
              },
              "kms": {
                "source": "terraform-aws-modules/kms/aws",
                "expressions": {
                  "aliases": {
                    "references": [
                      "var.kms_key_aliases"
                    ]
                  },
                  "computed_aliases": {
                    "references": [
                      "var.cluster_name"
                    ]
                  },
                  "create": {
                    "references": [
                      "local.create",
                      "var.create_kms_key",
                      "local.enable_cluster_encryption_config"
                    ]
                  },
                  "deletion_window_in_days": {
                    "references": [
                      "var.kms_key_deletion_window_in_days"
                    ]
                  },
                  "description": {
                    "references": [
                      "var.kms_key_description",
                      "var.cluster_name"
                    ]
                  },
                  "enable_default_policy": {
                    "references": [
                      "var.kms_key_enable_default_policy"
                    ]
                  },
                  "enable_key_rotation": {
                    "references": [
                      "var.enable_kms_key_rotation"
                    ]
                  },
                  "key_administrators": {
                    "references": [
                      "var.kms_key_administrators",
                      "data.aws_iam_session_context.current.issuer_arn",
                      "data.aws_iam_session_context.current"
                    ]
                  },
                  "key_owners": {
                    "references": [
                      "var.kms_key_owners"
                    ]
                  },
                  "key_service_users": {
                    "references": [
                      "var.kms_key_service_users"
                    ]
                  },
                  "key_usage": {
                    "constant_value": "ENCRYPT_DECRYPT"
                  },
                  "key_users": {
                    "references": [
                      "local.cluster_role",
                      "var.kms_key_users"
                    ]
                  },
                  "override_policy_documents": {
                    "references": [
                      "var.kms_key_override_policy_documents"
                    ]
                  },
                  "source_policy_documents": {
                    "references": [
                      "var.kms_key_source_policy_documents"
                    ]
                  },
                  "tags": {
                    "references": [
                      "var.tags"
                    ]
                  }
                },
                "module": {
                  "outputs": {
                    "aliases": {
                      "expression": {
                        "references": [
                          "aws_kms_alias.this"
                        ]
                      },
                      "description": "A map of aliases created and their attributes"
                    },
                    "external_key_expiration_model": {
                      "expression": {
                        "references": [
                          "aws_kms_external_key.this[0].expiration_model",
                          "aws_kms_external_key.this[0]",
                          "aws_kms_external_key.this",
                          "aws_kms_replica_external_key.this[0].expiration_model",
                          "aws_kms_replica_external_key.this[0]",
                          "aws_kms_replica_external_key.this"
                        ]
                      },
                      "description": "Whether the key material expires. Empty when pending key material import, otherwise `KEY_MATERIAL_EXPIRES` or `KEY_MATERIAL_DOES_NOT_EXPIRE`"
                    },
                    "external_key_state": {
                      "expression": {
                        "references": [
                          "aws_kms_external_key.this[0].key_state",
                          "aws_kms_external_key.this[0]",
                          "aws_kms_external_key.this",
                          "aws_kms_replica_external_key.this[0].key_state",
                          "aws_kms_replica_external_key.this[0]",
                          "aws_kms_replica_external_key.this"
                        ]
                      },
                      "description": "The state of the CMK"
                    },
                    "external_key_usage": {
                      "expression": {
                        "references": [
                          "aws_kms_external_key.this[0].key_usage",
                          "aws_kms_external_key.this[0]",
                          "aws_kms_external_key.this",
                          "aws_kms_replica_external_key.this[0].key_usage",
                          "aws_kms_replica_external_key.this[0]",
                          "aws_kms_replica_external_key.this"
                        ]
                      },
                      "description": "The cryptographic operations for which you can use the CMK"
                    },
                    "grants": {
                      "expression": {
                        "references": [
                          "aws_kms_grant.this"
                        ]
                      },
                      "description": "A map of grants created and their attributes"
                    },
                    "key_arn": {
                      "expression": {
                        "references": [
                          "aws_kms_key.this[0].arn",
                          "aws_kms_key.this[0]",
                          "aws_kms_key.this",
                          "aws_kms_external_key.this[0].arn",
                          "aws_kms_external_key.this[0]",
                          "aws_kms_external_key.this",
                          "aws_kms_replica_key.this[0].arn",
                          "aws_kms_replica_key.this[0]",
                          "aws_kms_replica_key.this",
                          "aws_kms_replica_external_key.this[0].arn",
                          "aws_kms_replica_external_key.this[0]",
                          "aws_kms_replica_external_key.this"
                        ]
                      },
                      "description": "The Amazon Resource Name (ARN) of the key"
                    },
                    "key_id": {
                      "expression": {
                        "references": [
                          "aws_kms_key.this[0].key_id",
                          "aws_kms_key.this[0]",
                          "aws_kms_key.this",
                          "aws_kms_external_key.this[0].id",
                          "aws_kms_external_key.this[0]",
                          "aws_kms_external_key.this",
                          "aws_kms_replica_key.this[0].key_id",
                          "aws_kms_replica_key.this[0]",
                          "aws_kms_replica_key.this",
                          "aws_kms_replica_external_key.this[0].key_id",
                          "aws_kms_replica_external_key.this[0]",
                          "aws_kms_replica_external_key.this"
                        ]
                      },
                      "description": "The globally unique identifier for the key"
                    },
                    "key_policy": {
                      "expression": {
                        "references": [
                          "aws_kms_key.this[0].policy",
                          "aws_kms_key.this[0]",
                          "aws_kms_key.this",
                          "aws_kms_external_key.this[0].policy",
                          "aws_kms_external_key.this[0]",
                          "aws_kms_external_key.this",
                          "aws_kms_replica_key.this[0].policy",
                          "aws_kms_replica_key.this[0]",
                          "aws_kms_replica_key.this",
                          "aws_kms_replica_external_key.this[0].policy",
                          "aws_kms_replica_external_key.this[0]",
                          "aws_kms_replica_external_key.this"
                        ]
                      },
                      "description": "The IAM resource policy set on the key"
                    }
                  },
                  "resources": [
                    {
                      "address": "aws_kms_alias.this",
                      "mode": "managed",
                      "type": "aws_kms_alias",
                      "name": "this",
                      "provider_config_key": "aws",
                      "expressions": {
                        "name": {
                          "references": [
                            "var.aliases_use_name_prefix",
                            "each.value.name",
                            "each.value"
                          ]
                        },
                        "name_prefix": {
                          "references": [
                            "var.aliases_use_name_prefix",
                            "each.value.name",
                            "each.value"
                          ]
                        },
                        "target_key_id": {
                          "references": [
                            "aws_kms_key.this[0].key_id",
                            "aws_kms_key.this[0]",
                            "aws_kms_key.this",
                            "aws_kms_external_key.this[0].id",
                            "aws_kms_external_key.this[0]",
                            "aws_kms_external_key.this",
                            "aws_kms_replica_key.this[0].key_id",
                            "aws_kms_replica_key.this[0]",
                            "aws_kms_replica_key.this",
                            "aws_kms_replica_external_key.this[0].key_id",
                            "aws_kms_replica_external_key.this[0]",
                            "aws_kms_replica_external_key.this"
                          ]
                        }
                      },
                      "schema_version": 0,
                      "for_each_expression": {
                        "references": [
                          "local.aliases",
                          "var.computed_aliases",
                          "var.create"
                        ]
                      }
                    },
                    {
                      "address": "aws_kms_external_key.this",
                      "mode": "managed",
                      "type": "aws_kms_external_key",
                      "name": "this",
                      "provider_config_key": "aws",
                      "expressions": {
                        "bypass_policy_lockout_safety_check": {
                          "references": [
                            "var.bypass_policy_lockout_safety_check"
                          ]
                        },
                        "deletion_window_in_days": {
                          "references": [
                            "var.deletion_window_in_days"
                          ]
                        },
                        "description": {
                          "references": [
                            "var.description"
                          ]
                        },
                        "enabled": {
                          "references": [
                            "var.is_enabled"
                          ]
                        },
                        "key_material_base64": {
                          "references": [
                            "var.key_material_base64"
                          ]
                        },
                        "multi_region": {
                          "references": [
                            "var.multi_region"
                          ]
                        },
                        "policy": {
                          "references": [
                            "var.policy",
                            "data.aws_iam_policy_document.this[0].json",
                            "data.aws_iam_policy_document.this[0]",
                            "data.aws_iam_policy_document.this"
                          ]
                        },
                        "tags": {
                          "references": [
                            "var.tags"
                          ]
                        },
                        "valid_to": {
                          "references": [
                            "var.valid_to"
                          ]
                        }
                      },
                      "schema_version": 0,
                      "count_expression": {
                        "references": [
                          "var.create",
                          "var.create_external",
                          "var.create_replica",
                          "var.create_replica_external"
                        ]
                      }
                    },
                    {
                      "address": "aws_kms_grant.this",
                      "mode": "managed",
                      "type": "aws_kms_grant",
                      "name": "this",
                      "provider_config_key": "aws",
                      "expressions": {
                        "grant_creation_tokens": {
                          "references": [
                            "each.value.grant_creation_tokens",
                            "each.value"
                          ]
                        },
                        "grantee_principal": {
                          "references": [
                            "each.value.grantee_principal",
                            "each.value"
                          ]
                        },
                        "key_id": {
                          "references": [
                            "aws_kms_key.this[0].key_id",
                            "aws_kms_key.this[0]",
                            "aws_kms_key.this",
                            "aws_kms_external_key.this[0].id",
                            "aws_kms_external_key.this[0]",
                            "aws_kms_external_key.this",
                            "aws_kms_replica_key.this[0].key_id",
                            "aws_kms_replica_key.this[0]",
                            "aws_kms_replica_key.this",
                            "aws_kms_replica_external_key.this[0].key_id",
                            "aws_kms_replica_external_key.this[0]",
                            "aws_kms_replica_external_key.this"
                          ]
                        },
                        "name": {
                          "references": [
                            "each.value.name",
                            "each.value",
                            "each.key"
                          ]
                        },
                        "operations": {
                          "references": [
                            "each.value.operations",
                            "each.value"
                          ]
                        },
                        "retire_on_delete": {
                          "references": [
                            "each.value.retire_on_delete",
                            "each.value"
                          ]
                        },
                        "retiring_principal": {
                          "references": [
                            "each.value.retiring_principal",
                            "each.value"
                          ]
                        }
                      },
                      "schema_version": 0,
                      "for_each_expression": {
                        "references": [
                          "var.grants",
                          "var.create"
                        ]
                      }
                    },
                    {
                      "address": "aws_kms_key.this",
                      "mode": "managed",
                      "type": "aws_kms_key",
                      "name": "this",
                      "provider_config_key": "aws",
                      "expressions": {
                        "bypass_policy_lockout_safety_check": {
                          "references": [
                            "var.bypass_policy_lockout_safety_check"
                          ]
                        },
                        "custom_key_store_id": {
                          "references": [
                            "var.custom_key_store_id"
                          ]
                        },
                        "customer_master_key_spec": {
                          "references": [
                            "var.customer_master_key_spec"
                          ]
                        },
                        "deletion_window_in_days": {
                          "references": [
                            "var.deletion_window_in_days"
                          ]
                        },
                        "description": {
                          "references": [
                            "var.description"
                          ]
                        },
                        "enable_key_rotation": {
                          "references": [
                            "var.enable_key_rotation"
                          ]
                        },
                        "is_enabled": {
                          "references": [
                            "var.is_enabled"
                          ]
                        },
                        "key_usage": {
                          "references": [
                            "var.key_usage"
                          ]
                        },
                        "multi_region": {
                          "references": [
                            "var.multi_region"
                          ]
                        },
                        "policy": {
                          "references": [
                            "var.policy",
                            "data.aws_iam_policy_document.this[0].json",
                            "data.aws_iam_policy_document.this[0]",
                            "data.aws_iam_policy_document.this"
                          ]
                        },
                        "tags": {
                          "references": [
                            "var.tags"
                          ]
                        }
                      },
                      "schema_version": 0,
                      "count_expression": {
                        "references": [
                          "var.create",
                          "var.create_external",
                          "var.create_replica",
                          "var.create_replica_external"
                        ]
                      }
                    },
                    {
                      "address": "aws_kms_replica_external_key.this",
                      "mode": "managed",
                      "type": "aws_kms_replica_external_key",
                      "name": "this",
                      "provider_config_key": "aws",
                      "expressions": {
                        "bypass_policy_lockout_safety_check": {
                          "references": [
                            "var.bypass_policy_lockout_safety_check"
                          ]
                        },
                        "deletion_window_in_days": {
                          "references": [
                            "var.deletion_window_in_days"
                          ]
                        },
                        "description": {
                          "references": [
                            "var.description"
                          ]
                        },
                        "enabled": {
                          "references": [
                            "var.is_enabled"
                          ]
                        },
                        "key_material_base64": {
                          "references": [
                            "var.key_material_base64"
                          ]
                        },
                        "policy": {
                          "references": [
                            "var.policy",
                            "data.aws_iam_policy_document.this[0].json",
                            "data.aws_iam_policy_document.this[0]",
                            "data.aws_iam_policy_document.this"
                          ]
                        },
                        "primary_key_arn": {
                          "references": [
                            "var.primary_external_key_arn"
                          ]
                        },
                        "tags": {
                          "references": [
                            "var.tags"
                          ]
                        },
                        "valid_to": {
                          "references": [
                            "var.valid_to"
                          ]
                        }
                      },
                      "schema_version": 0,
                      "count_expression": {
                        "references": [
                          "var.create",
                          "var.create_replica",
                          "var.create_external",
                          "var.create_replica_external"
                        ]
                      }
                    },
                    {
                      "address": "aws_kms_replica_key.this",
                      "mode": "managed",
                      "type": "aws_kms_replica_key",
                      "name": "this",
                      "provider_config_key": "aws",
                      "expressions": {
                        "bypass_policy_lockout_safety_check": {
                          "references": [
                            "var.bypass_policy_lockout_safety_check"
                          ]
                        },
                        "deletion_window_in_days": {
                          "references": [
                            "var.deletion_window_in_days"
                          ]
                        },
                        "description": {
                          "references": [
                            "var.description"
                          ]
                        },
                        "enabled": {
                          "references": [
                            "var.is_enabled"
                          ]
                        },
                        "policy": {
                          "references": [
                            "var.policy",
                            "data.aws_iam_policy_document.this[0].json",
                            "data.aws_iam_policy_document.this[0]",
                            "data.aws_iam_policy_document.this"
                          ]
                        },
                        "primary_key_arn": {
                          "references": [
                            "var.primary_key_arn"
                          ]
                        },
                        "tags": {
                          "references": [
                            "var.tags"
                          ]
                        }
                      },
                      "schema_version": 0,
                      "count_expression": {
                        "references": [
                          "var.create",
                          "var.create_replica",
                          "var.create_external",
                          "var.create_replica_external"
                        ]
                      }
                    },
                    {
                      "address": "data.aws_caller_identity.current",
                      "mode": "data",
                      "type": "aws_caller_identity",
                      "name": "current",
                      "provider_config_key": "aws",
                      "schema_version": 0,
                      "count_expression": {
                        "references": [
                          "var.create"
                        ]
                      }
                    },
                    {
                      "address": "data.aws_iam_policy_document.this",
                      "mode": "data",
                      "type": "aws_iam_policy_document",
                      "name": "this",
                      "provider_config_key": "aws",
                      "expressions": {
                        "override_policy_documents": {
                          "references": [
                            "var.override_policy_documents"
                          ]
                        },
                        "source_policy_documents": {
                          "references": [
                            "var.source_policy_documents"
                          ]
                        }
                      },
                      "schema_version": 0,
                      "count_expression": {
                        "references": [
                          "var.create"
                        ]
                      }
                    },
                    {
                      "address": "data.aws_partition.current",
                      "mode": "data",
                      "type": "aws_partition",
                      "name": "current",
                      "provider_config_key": "aws",
                      "schema_version": 0,
                      "count_expression": {
                        "references": [
                          "var.create"
                        ]
                      }
                    }
                  ],
                  "variables": {
                    "aliases": {
                      "default": [],
                      "description": "A list of aliases to create. Note - due to the use of `toset()`, values must be static strings and not computed values"
                    },
                    "aliases_use_name_prefix": {
                      "default": false,
                      "description": "Determines whether the alias name is used as a prefix"
                    },
                    "bypass_policy_lockout_safety_check": {
                      "default": null,
                      "description": "A flag to indicate whether to bypass the key policy lockout safety check. Setting this value to true increases the risk that the KMS key becomes unmanageable"
                    },
                    "computed_aliases": {
                      "default": {},
                      "description": "A map of aliases to create. Values provided via the `name` key of the map can be computed from upstream resources"
                    },
                    "create": {
                      "default": true,
                      "description": "Determines whether resources will be created (affects all resources)"
                    },
                    "create_external": {
                      "default": false,
                      "description": "Determines whether an external CMK (externally provided material) will be created or a standard CMK (AWS provided material)"
                    },
                    "create_replica": {
                      "default": false,
                      "description": "Determines whether a replica standard CMK will be created (AWS provided material)"
                    },
                    "create_replica_external": {
                      "default": false,
                      "description": "Determines whether a replica external CMK will be created (externally provided material)"
                    },
                    "custom_key_store_id": {
                      "default": null,
                      "description": "ID of the KMS Custom Key Store where the key will be stored instead of KMS (eg CloudHSM)."
                    },
                    "customer_master_key_spec": {
                      "default": null,
                      "description": "Specifies whether the key contains a symmetric key or an asymmetric key pair and the encryption algorithms or signing algorithms that the key supports. Valid values: `SYMMETRIC_DEFAULT`, `RSA_2048`, `RSA_3072`, `RSA_4096`, `HMAC_256`, `ECC_NIST_P256`, `ECC_NIST_P384`, `ECC_NIST_P521`, or `ECC_SECG_P256K1`. Defaults to `SYMMETRIC_DEFAULT`"
                    },
                    "deletion_window_in_days": {
                      "default": null,
                      "description": "The waiting period, specified in number of days. After the waiting period ends, AWS KMS deletes the KMS key. If you specify a value, it must be between `7` and `30`, inclusive. If you do not specify a value, it defaults to `30`"
                    },
                    "description": {
                      "default": null,
                      "description": "The description of the key as viewed in AWS console"
                    },
                    "enable_default_policy": {
                      "default": true,
                      "description": "Specifies whether to enable the default key policy. Defaults to `true`"
                    },
                    "enable_key_rotation": {
                      "default": true,
                      "description": "Specifies whether key rotation is enabled. Defaults to `true`"
                    },
                    "enable_route53_dnssec": {
                      "default": false,
                      "description": "Determines whether the KMS policy used for Route53 DNSSEC signing is enabled"
                    },
                    "grants": {
                      "default": {},
                      "description": "A map of grant definitions to create"
                    },
                    "is_enabled": {
                      "default": null,
                      "description": "Specifies whether the key is enabled. Defaults to `true`"
                    },
                    "key_administrators": {
                      "default": [],
                      "description": "A list of IAM ARNs for [key administrators](https://docs.aws.amazon.com/kms/latest/developerguide/key-policy-default.html#key-policy-default-allow-administrators)"
                    },
                    "key_asymmetric_public_encryption_users": {
                      "default": [],
                      "description": "A list of IAM ARNs for [key asymmetric public encryption users](https://docs.aws.amazon.com/kms/latest/developerguide/key-policy-default.html#key-policy-users-crypto)"
                    },
                    "key_asymmetric_sign_verify_users": {
                      "default": [],
                      "description": "A list of IAM ARNs for [key asymmetric sign and verify users](https://docs.aws.amazon.com/kms/latest/developerguide/key-policy-default.html#key-policy-users-crypto)"
                    },
                    "key_hmac_users": {
                      "default": [],
                      "description": "A list of IAM ARNs for [key HMAC users](https://docs.aws.amazon.com/kms/latest/developerguide/key-policy-default.html#key-policy-users-crypto)"
                    },
                    "key_material_base64": {
                      "default": null,
                      "description": "Base64 encoded 256-bit symmetric encryption key material to import. The CMK is permanently associated with this key material. External key only"
                    },
                    "key_owners": {
                      "default": [],
                      "description": "A list of IAM ARNs for those who will have full key permissions (`kms:*`)"
                    },
                    "key_service_roles_for_autoscaling": {
                      "default": [],
                      "description": "A list of IAM ARNs for [AWSServiceRoleForAutoScaling roles](https://docs.aws.amazon.com/autoscaling/ec2/userguide/key-policy-requirements-EBS-encryption.html#policy-example-cmk-access)"
                    },
                    "key_service_users": {
                      "default": [],
                      "description": "A list of IAM ARNs for [key service users](https://docs.aws.amazon.com/kms/latest/developerguide/key-policy-default.html#key-policy-service-integration)"
                    },
                    "key_statements": {
                      "default": {},
                      "description": "A map of IAM policy [statements](https://registry.terraform.io/providers/hashicorp/aws/latest/docs/data-sources/iam_policy_document#statement) for custom permission usage"
                    },
                    "key_symmetric_encryption_users": {
                      "default": [],
                      "description": "A list of IAM ARNs for [key symmetric encryption users](https://docs.aws.amazon.com/kms/latest/developerguide/key-policy-default.html#key-policy-users-crypto)"
                    },
                    "key_usage": {
                      "default": null,
                      "description": "Specifies the intended use of the key. Valid values: `ENCRYPT_DECRYPT` or `SIGN_VERIFY`. Defaults to `ENCRYPT_DECRYPT`"
                    },
                    "key_users": {
                      "default": [],
                      "description": "A list of IAM ARNs for [key users](https://docs.aws.amazon.com/kms/latest/developerguide/key-policy-default.html#key-policy-default-allow-users)"
                    },
                    "multi_region": {
                      "default": false,
                      "description": "Indicates whether the KMS key is a multi-Region (`true`) or regional (`false`) key. Defaults to `false`"
                    },
                    "override_policy_documents": {
                      "default": [],
                      "description": "List of IAM policy documents that are merged together into the exported document. In merging, statements with non-blank `sid`s will override statements with the same `sid`"
                    },
                    "policy": {
                      "default": null,
                      "description": "A valid policy JSON document. Although this is a key policy, not an IAM policy, an `aws_iam_policy_document`, in the form that designates a principal, can be used"
                    },
                    "primary_external_key_arn": {
                      "default": null,
                      "description": "The primary external key arn of a multi-region replica external key"
                    },
                    "primary_key_arn": {
                      "default": null,
                      "description": "The primary key arn of a multi-region replica key"
                    },
                    "route53_dnssec_sources": {
                      "default": [],
                      "description": "A list of maps containing `account_ids` and Route53 `hosted_zone_arn` that will be allowed to sign DNSSEC records"
                    },
                    "source_policy_documents": {
                      "default": [],
                      "description": "List of IAM policy documents that are merged together into the exported document. Statements must have unique `sid`s"
                    },
                    "tags": {
                      "default": {},
                      "description": "A map of tags to add to all resources"
                    },
                    "valid_to": {
                      "default": null,
                      "description": "Time at which the imported key material expires. When the key material expires, AWS KMS deletes the key material and the CMK becomes unusable. If not specified, key material does not expire"
                    }
                  }
                },
                "version_constraint": "2.1.0"
              },
              "self_managed_node_group": {
                "source": "./modules/self-managed-node-group",
                "expressions": {
                  "ami_id": {
                    "references": [
                      "each.value.ami_id",
                      "each.value",
                      "var.self_managed_node_group_defaults.ami_id",
                      "var.self_managed_node_group_defaults"
                    ]
                  },
                  "autoscaling_group_tags": {
                    "references": [
                      "each.value.autoscaling_group_tags",
                      "each.value",
                      "var.self_managed_node_group_defaults.autoscaling_group_tags",
                      "var.self_managed_node_group_defaults"
                    ]
                  },
                  "availability_zones": {
                    "references": [
                      "each.value.availability_zones",
                      "each.value",
                      "var.self_managed_node_group_defaults.availability_zones",
                      "var.self_managed_node_group_defaults"
                    ]
                  },
                  "block_device_mappings": {
                    "references": [
                      "each.value.block_device_mappings",
                      "each.value",
                      "var.self_managed_node_group_defaults.block_device_mappings",
                      "var.self_managed_node_group_defaults"
                    ]
                  },
                  "bootstrap_extra_args": {
                    "references": [
                      "each.value.bootstrap_extra_args",
                      "each.value",
                      "var.self_managed_node_group_defaults.bootstrap_extra_args",
                      "var.self_managed_node_group_defaults"
                    ]
                  },
                  "capacity_rebalance": {
                    "references": [
                      "each.value.capacity_rebalance",
                      "each.value",
                      "var.self_managed_node_group_defaults.capacity_rebalance",
                      "var.self_managed_node_group_defaults"
                    ]
                  },
                  "capacity_reservation_specification": {
                    "references": [
                      "each.value.capacity_reservation_specification",
                      "each.value",
                      "var.self_managed_node_group_defaults.capacity_reservation_specification",
                      "var.self_managed_node_group_defaults"
                    ]
                  },
                  "cluster_auth_base64": {
                    "references": [
                      "time_sleep.this[0].triggers[\"cluster_certificate_authority_data\"]",
                      "time_sleep.this[0].triggers",
                      "time_sleep.this[0]",
                      "time_sleep.this"
                    ]
                  },
                  "cluster_endpoint": {
                    "references": [
                      "time_sleep.this[0].triggers[\"cluster_endpoint\"]",
                      "time_sleep.this[0].triggers",
                      "time_sleep.this[0]",
                      "time_sleep.this"
                    ]
                  },
                  "cluster_ip_family": {
                    "references": [
                      "var.cluster_ip_family"
                    ]
                  },
                  "cluster_name": {
                    "references": [
                      "time_sleep.this[0].triggers[\"cluster_name\"]",
                      "time_sleep.this[0].triggers",
                      "time_sleep.this[0]",
                      "time_sleep.this"
                    ]
                  },
                  "cluster_primary_security_group_id": {
                    "references": [
                      "each.value.attach_cluster_primary_security_group",
                      "each.value",
                      "var.self_managed_node_group_defaults.attach_cluster_primary_security_group",
                      "var.self_managed_node_group_defaults",
                      "aws_eks_cluster.this[0].vpc_config[0].cluster_security_group_id",
                      "aws_eks_cluster.this[0].vpc_config[0]",
                      "aws_eks_cluster.this[0].vpc_config",
                      "aws_eks_cluster.this[0]",
                      "aws_eks_cluster.this"
                    ]
                  },
                  "cluster_version": {
                    "references": [
                      "each.value.cluster_version",
                      "each.value",
                      "var.self_managed_node_group_defaults.cluster_version",
                      "var.self_managed_node_group_defaults",
                      "time_sleep.this[0].triggers[\"cluster_version\"]",
                      "time_sleep.this[0].triggers",
                      "time_sleep.this[0]",
                      "time_sleep.this"
                    ]
                  },
                  "context": {
                    "references": [
                      "each.value.context",
                      "each.value",
                      "var.self_managed_node_group_defaults.context",
                      "var.self_managed_node_group_defaults"
                    ]
                  },
                  "cpu_options": {
                    "references": [
                      "each.value.cpu_options",
                      "each.value",
                      "var.self_managed_node_group_defaults.cpu_options",
                      "var.self_managed_node_group_defaults"
                    ]
                  },
                  "create": {
                    "references": [
                      "each.value.create",
                      "each.value"
                    ]
                  },
                  "create_autoscaling_group": {
                    "references": [
                      "each.value.create_autoscaling_group",
                      "each.value",
                      "var.self_managed_node_group_defaults.create_autoscaling_group",
                      "var.self_managed_node_group_defaults"
                    ]
                  },
                  "create_iam_instance_profile": {
                    "references": [
                      "each.value.create_iam_instance_profile",
                      "each.value",
                      "var.self_managed_node_group_defaults.create_iam_instance_profile",
                      "var.self_managed_node_group_defaults"
                    ]
                  },
                  "create_launch_template": {
                    "references": [
                      "each.value.create_launch_template",
                      "each.value",
                      "var.self_managed_node_group_defaults.create_launch_template",
                      "var.self_managed_node_group_defaults"
                    ]
                  },
                  "create_schedule": {
                    "references": [
                      "each.value.create_schedule",
                      "each.value",
                      "var.self_managed_node_group_defaults.create_schedule",
                      "var.self_managed_node_group_defaults"
                    ]
                  },
                  "credit_specification": {
                    "references": [
                      "each.value.credit_specification",
                      "each.value",
                      "var.self_managed_node_group_defaults.credit_specification",
                      "var.self_managed_node_group_defaults"
                    ]
                  },
                  "default_cooldown": {
                    "references": [
                      "each.value.default_cooldown",
                      "each.value",
                      "var.self_managed_node_group_defaults.default_cooldown",
                      "var.self_managed_node_group_defaults"
                    ]
                  },
                  "default_instance_warmup": {
                    "references": [
                      "each.value.default_instance_warmup",
                      "each.value",
                      "var.self_managed_node_group_defaults.default_instance_warmup",
                      "var.self_managed_node_group_defaults"
                    ]
                  },
                  "delete_timeout": {
                    "references": [
                      "each.value.delete_timeout",
                      "each.value",
                      "var.self_managed_node_group_defaults.delete_timeout",
                      "var.self_managed_node_group_defaults"
                    ]
                  },
                  "desired_size": {
                    "references": [
                      "each.value.desired_size",
                      "each.value",
                      "var.self_managed_node_group_defaults.desired_size",
                      "var.self_managed_node_group_defaults"
                    ]
                  },
                  "disable_api_termination": {
                    "references": [
                      "each.value.disable_api_termination",
                      "each.value",
                      "var.self_managed_node_group_defaults.disable_api_termination",
                      "var.self_managed_node_group_defaults"
                    ]
                  },
                  "ebs_optimized": {
                    "references": [
                      "each.value.ebs_optimized",
                      "each.value",
                      "var.self_managed_node_group_defaults.ebs_optimized",
                      "var.self_managed_node_group_defaults"
                    ]
                  },
                  "elastic_gpu_specifications": {
                    "references": [
                      "each.value.elastic_gpu_specifications",
                      "each.value",
                      "var.self_managed_node_group_defaults.elastic_gpu_specifications",
                      "var.self_managed_node_group_defaults"
                    ]
                  },
                  "elastic_inference_accelerator": {
                    "references": [
                      "each.value.elastic_inference_accelerator",
                      "each.value",
                      "var.self_managed_node_group_defaults.elastic_inference_accelerator",
                      "var.self_managed_node_group_defaults"
                    ]
                  },
                  "enable_monitoring": {
                    "references": [
                      "each.value.enable_monitoring",
                      "each.value",
                      "var.self_managed_node_group_defaults.enable_monitoring",
                      "var.self_managed_node_group_defaults"
                    ]
                  },
                  "enabled_metrics": {
                    "references": [
                      "each.value.enabled_metrics",
                      "each.value",
                      "var.self_managed_node_group_defaults.enabled_metrics",
                      "var.self_managed_node_group_defaults"
                    ]
                  },
                  "enclave_options": {
                    "references": [
                      "each.value.enclave_options",
                      "each.value",
                      "var.self_managed_node_group_defaults.enclave_options",
                      "var.self_managed_node_group_defaults"
                    ]
                  },
                  "force_delete": {
                    "references": [
                      "each.value.force_delete",
                      "each.value",
                      "var.self_managed_node_group_defaults.force_delete",
                      "var.self_managed_node_group_defaults"
                    ]
                  },
                  "force_delete_warm_pool": {
                    "references": [
                      "each.value.force_delete_warm_pool",
                      "each.value",
                      "var.self_managed_node_group_defaults.force_delete_warm_pool",
                      "var.self_managed_node_group_defaults"
                    ]
                  },
                  "health_check_grace_period": {
                    "references": [
                      "each.value.health_check_grace_period",
                      "each.value",
                      "var.self_managed_node_group_defaults.health_check_grace_period",
                      "var.self_managed_node_group_defaults"
                    ]
                  },
                  "health_check_type": {
                    "references": [
                      "each.value.health_check_type",
                      "each.value",
                      "var.self_managed_node_group_defaults.health_check_type",
                      "var.self_managed_node_group_defaults"
                    ]
                  },
                  "hibernation_options": {
                    "references": [
                      "each.value.hibernation_options",
                      "each.value",
                      "var.self_managed_node_group_defaults.hibernation_options",
                      "var.self_managed_node_group_defaults"
                    ]
                  },
                  "iam_instance_profile_arn": {
                    "references": [
                      "each.value.iam_instance_profile_arn",
                      "each.value",
                      "var.self_managed_node_group_defaults.iam_instance_profile_arn",
                      "var.self_managed_node_group_defaults"
                    ]
                  },
                  "iam_role_additional_policies": {
                    "references": [
                      "each.value",
                      "var.self_managed_node_group_defaults"
                    ]
                  },
                  "iam_role_attach_cni_policy": {
                    "references": [
                      "each.value.iam_role_attach_cni_policy",
                      "each.value",
                      "var.self_managed_node_group_defaults.iam_role_attach_cni_policy",
                      "var.self_managed_node_group_defaults"
                    ]
                  },
                  "iam_role_description": {
                    "references": [
                      "each.value.iam_role_description",
                      "each.value",
                      "var.self_managed_node_group_defaults.iam_role_description",
                      "var.self_managed_node_group_defaults"
                    ]
                  },
                  "iam_role_name": {
                    "references": [
                      "each.value.iam_role_name",
                      "each.value",
                      "var.self_managed_node_group_defaults.iam_role_name",
                      "var.self_managed_node_group_defaults"
                    ]
                  },
                  "iam_role_path": {
                    "references": [
                      "each.value.iam_role_path",
                      "each.value",
                      "var.self_managed_node_group_defaults.iam_role_path",
                      "var.self_managed_node_group_defaults"
                    ]
                  },
                  "iam_role_permissions_boundary": {
                    "references": [
                      "each.value.iam_role_permissions_boundary",
                      "each.value",
                      "var.self_managed_node_group_defaults.iam_role_permissions_boundary",
                      "var.self_managed_node_group_defaults"
                    ]
                  },
                  "iam_role_tags": {
                    "references": [
                      "each.value.iam_role_tags",
                      "each.value",
                      "var.self_managed_node_group_defaults.iam_role_tags",
                      "var.self_managed_node_group_defaults"
                    ]
                  },
                  "iam_role_use_name_prefix": {
                    "references": [
                      "each.value.iam_role_use_name_prefix",
                      "each.value",
                      "var.self_managed_node_group_defaults.iam_role_use_name_prefix",
                      "var.self_managed_node_group_defaults"
                    ]
                  },
                  "initial_lifecycle_hooks": {
                    "references": [
                      "each.value.initial_lifecycle_hooks",
                      "each.value",
                      "var.self_managed_node_group_defaults.initial_lifecycle_hooks",
                      "var.self_managed_node_group_defaults"
                    ]
                  },
                  "instance_initiated_shutdown_behavior": {
                    "references": [
                      "each.value.instance_initiated_shutdown_behavior",
                      "each.value",
                      "var.self_managed_node_group_defaults.instance_initiated_shutdown_behavior",
                      "var.self_managed_node_group_defaults"
                    ]
                  },
                  "instance_market_options": {
                    "references": [
                      "each.value.instance_market_options",
                      "each.value",
                      "var.self_managed_node_group_defaults.instance_market_options",
                      "var.self_managed_node_group_defaults"
                    ]
                  },
                  "instance_refresh": {
                    "references": [
                      "each.value.instance_refresh",
                      "each.value",
                      "var.self_managed_node_group_defaults.instance_refresh",
                      "var.self_managed_node_group_defaults",
                      "local.default_instance_refresh"
                    ]
                  },
                  "instance_requirements": {
                    "references": [
                      "each.value.instance_requirements",
                      "each.value",
                      "var.self_managed_node_group_defaults.instance_requirements",
                      "var.self_managed_node_group_defaults"
                    ]
                  },
                  "instance_type": {
                    "references": [
                      "each.value.instance_type",
                      "each.value",
                      "var.self_managed_node_group_defaults.instance_type",
                      "var.self_managed_node_group_defaults"
                    ]
                  },
                  "kernel_id": {
                    "references": [
                      "each.value.kernel_id",
                      "each.value",
                      "var.self_managed_node_group_defaults.kernel_id",
                      "var.self_managed_node_group_defaults"
                    ]
                  },
                  "key_name": {
                    "references": [
                      "each.value.key_name",
                      "each.value",
                      "var.self_managed_node_group_defaults.key_name",
                      "var.self_managed_node_group_defaults"
                    ]
                  },
                  "launch_template_default_version": {
                    "references": [
                      "each.value.launch_template_default_version",
                      "each.value",
                      "var.self_managed_node_group_defaults.launch_template_default_version",
                      "var.self_managed_node_group_defaults"
                    ]
                  },
                  "launch_template_description": {
                    "references": [
                      "each.value.launch_template_description",
                      "each.value",
                      "var.self_managed_node_group_defaults.launch_template_description",
                      "var.self_managed_node_group_defaults",
                      "each.value.name",
                      "each.value",
                      "each.key"
                    ]
                  },
                  "launch_template_id": {
                    "references": [
                      "each.value.launch_template_id",
                      "each.value",
                      "var.self_managed_node_group_defaults.launch_template_id",
                      "var.self_managed_node_group_defaults"
                    ]
                  },
                  "launch_template_name": {
                    "references": [
                      "each.value.launch_template_name",
                      "each.value",
                      "var.self_managed_node_group_defaults.launch_template_name",
                      "var.self_managed_node_group_defaults",
                      "each.key"
                    ]
                  },
                  "launch_template_tags": {
                    "references": [
                      "each.value.launch_template_tags",
                      "each.value",
                      "var.self_managed_node_group_defaults.launch_template_tags",
                      "var.self_managed_node_group_defaults"
                    ]
                  },
                  "launch_template_use_name_prefix": {
                    "references": [
                      "each.value.launch_template_use_name_prefix",
                      "each.value",
                      "var.self_managed_node_group_defaults.launch_template_use_name_prefix",
                      "var.self_managed_node_group_defaults"
                    ]
                  },
                  "launch_template_version": {
                    "references": [
                      "each.value.launch_template_version",
                      "each.value",
                      "var.self_managed_node_group_defaults.launch_template_version",
                      "var.self_managed_node_group_defaults"
                    ]
                  },
                  "license_specifications": {
                    "references": [
                      "each.value.license_specifications",
                      "each.value",
                      "var.self_managed_node_group_defaults.license_specifications",
                      "var.self_managed_node_group_defaults"
                    ]
                  },
                  "maintenance_options": {
                    "references": [
                      "each.value.maintenance_options",
                      "each.value",
                      "var.self_managed_node_group_defaults.maintenance_options",
                      "var.self_managed_node_group_defaults"
                    ]
                  },
                  "max_instance_lifetime": {
                    "references": [
                      "each.value.max_instance_lifetime",
                      "each.value",
                      "var.self_managed_node_group_defaults.max_instance_lifetime",
                      "var.self_managed_node_group_defaults"
                    ]
                  },
                  "max_size": {
                    "references": [
                      "each.value.max_size",
                      "each.value",
                      "var.self_managed_node_group_defaults.max_size",
                      "var.self_managed_node_group_defaults"
                    ]
                  },
                  "metadata_options": {
                    "references": [
                      "each.value.metadata_options",
                      "each.value",
                      "var.self_managed_node_group_defaults.metadata_options",
                      "var.self_managed_node_group_defaults",
                      "local.metadata_options"
                    ]
                  },
                  "metrics_granularity": {
                    "references": [
                      "each.value.metrics_granularity",
                      "each.value",
                      "var.self_managed_node_group_defaults.metrics_granularity",
                      "var.self_managed_node_group_defaults"
                    ]
                  },
                  "min_elb_capacity": {
                    "references": [
                      "each.value.min_elb_capacity",
                      "each.value",
                      "var.self_managed_node_group_defaults.min_elb_capacity",
                      "var.self_managed_node_group_defaults"
                    ]
                  },
                  "min_size": {
                    "references": [
                      "each.value.min_size",
                      "each.value",
                      "var.self_managed_node_group_defaults.min_size",
                      "var.self_managed_node_group_defaults"
                    ]
                  },
                  "mixed_instances_policy": {
                    "references": [
                      "each.value.mixed_instances_policy",
                      "each.value",
                      "var.self_managed_node_group_defaults.mixed_instances_policy",
                      "var.self_managed_node_group_defaults"
                    ]
                  },
                  "name": {
                    "references": [
                      "each.value.name",
                      "each.value",
                      "each.key"
                    ]
                  },
                  "network_interfaces": {
                    "references": [
                      "each.value.network_interfaces",
                      "each.value",
                      "var.self_managed_node_group_defaults.network_interfaces",
                      "var.self_managed_node_group_defaults"
                    ]
                  },
                  "placement": {
                    "references": [
                      "each.value.placement",
                      "each.value",
                      "var.self_managed_node_group_defaults.placement",
                      "var.self_managed_node_group_defaults"
                    ]
                  },
                  "placement_group": {
                    "references": [
                      "each.value.placement_group",
                      "each.value",
                      "var.self_managed_node_group_defaults.placement_group",
                      "var.self_managed_node_group_defaults"
                    ]
                  },
                  "platform": {
                    "references": [
                      "each.value.platform",
                      "each.value",
                      "var.self_managed_node_group_defaults.platform",
                      "var.self_managed_node_group_defaults"
                    ]
                  },
                  "post_bootstrap_user_data": {
                    "references": [
                      "each.value.post_bootstrap_user_data",
                      "each.value",
                      "var.self_managed_node_group_defaults.post_bootstrap_user_data",
                      "var.self_managed_node_group_defaults"
                    ]
                  },
                  "pre_bootstrap_user_data": {
                    "references": [
                      "each.value.pre_bootstrap_user_data",
                      "each.value",
                      "var.self_managed_node_group_defaults.pre_bootstrap_user_data",
                      "var.self_managed_node_group_defaults"
                    ]
                  },
                  "private_dns_name_options": {
                    "references": [
                      "each.value.private_dns_name_options",
                      "each.value",
                      "var.self_managed_node_group_defaults.private_dns_name_options",
                      "var.self_managed_node_group_defaults"
                    ]
                  },
                  "protect_from_scale_in": {
                    "references": [
                      "each.value.protect_from_scale_in",
                      "each.value",
                      "var.self_managed_node_group_defaults.protect_from_scale_in",
                      "var.self_managed_node_group_defaults"
                    ]
                  },
                  "ram_disk_id": {
                    "references": [
                      "each.value.ram_disk_id",
                      "each.value",
                      "var.self_managed_node_group_defaults.ram_disk_id",
                      "var.self_managed_node_group_defaults"
                    ]
                  },
                  "schedules": {
                    "references": [
                      "each.value.schedules",
                      "each.value",
                      "var.self_managed_node_group_defaults.schedules",
                      "var.self_managed_node_group_defaults"
                    ]
                  },
                  "service_linked_role_arn": {
                    "references": [
                      "each.value.service_linked_role_arn",
                      "each.value",
                      "var.self_managed_node_group_defaults.service_linked_role_arn",
                      "var.self_managed_node_group_defaults"
                    ]
                  },
                  "subnet_ids": {
                    "references": [
                      "each.value.subnet_ids",
                      "each.value",
                      "var.self_managed_node_group_defaults.subnet_ids",
                      "var.self_managed_node_group_defaults",
                      "var.subnet_ids"
                    ]
                  },
                  "suspended_processes": {
                    "references": [
                      "each.value.suspended_processes",
                      "each.value",
                      "var.self_managed_node_group_defaults.suspended_processes",
                      "var.self_managed_node_group_defaults"
                    ]
                  },
                  "tag_specifications": {
                    "references": [
                      "each.value.tag_specifications",
                      "each.value",
                      "var.self_managed_node_group_defaults.tag_specifications",
                      "var.self_managed_node_group_defaults"
                    ]
                  },
                  "tags": {
                    "references": [
                      "var.tags",
                      "each.value.tags",
                      "each.value",
                      "var.self_managed_node_group_defaults.tags",
                      "var.self_managed_node_group_defaults"
                    ]
                  },
                  "target_group_arns": {
                    "references": [
                      "each.value.target_group_arns",
                      "each.value",
                      "var.self_managed_node_group_defaults.target_group_arns",
                      "var.self_managed_node_group_defaults"
                    ]
                  },
                  "termination_policies": {
                    "references": [
                      "each.value.termination_policies",
                      "each.value",
                      "var.self_managed_node_group_defaults.termination_policies",
                      "var.self_managed_node_group_defaults"
                    ]
                  },
                  "update_launch_template_default_version": {
                    "references": [
                      "each.value.update_launch_template_default_version",
                      "each.value",
                      "var.self_managed_node_group_defaults.update_launch_template_default_version",
                      "var.self_managed_node_group_defaults"
                    ]
                  },
                  "use_mixed_instances_policy": {
                    "references": [
                      "each.value.use_mixed_instances_policy",
                      "each.value",
                      "var.self_managed_node_group_defaults.use_mixed_instances_policy",
                      "var.self_managed_node_group_defaults"
                    ]
                  },
                  "use_name_prefix": {
                    "references": [
                      "each.value.use_name_prefix",
                      "each.value",
                      "var.self_managed_node_group_defaults.use_name_prefix",
                      "var.self_managed_node_group_defaults"
                    ]
                  },
                  "user_data_template_path": {
                    "references": [
                      "each.value.user_data_template_path",
                      "each.value",
                      "var.self_managed_node_group_defaults.user_data_template_path",
                      "var.self_managed_node_group_defaults"
                    ]
                  },
                  "vpc_security_group_ids": {
                    "references": [
                      "local.node_security_group_id",
                      "each.value.vpc_security_group_ids",
                      "each.value",
                      "var.self_managed_node_group_defaults.vpc_security_group_ids",
                      "var.self_managed_node_group_defaults"
                    ]
                  },
                  "wait_for_capacity_timeout": {
                    "references": [
                      "each.value.wait_for_capacity_timeout",
                      "each.value",
                      "var.self_managed_node_group_defaults.wait_for_capacity_timeout",
                      "var.self_managed_node_group_defaults"
                    ]
                  },
                  "wait_for_elb_capacity": {
                    "references": [
                      "each.value.wait_for_elb_capacity",
                      "each.value",
                      "var.self_managed_node_group_defaults.wait_for_elb_capacity",
                      "var.self_managed_node_group_defaults"
                    ]
                  },
                  "warm_pool": {
                    "references": [
                      "each.value.warm_pool",
                      "each.value",
                      "var.self_managed_node_group_defaults.warm_pool",
                      "var.self_managed_node_group_defaults"
                    ]
                  }
                },
                "for_each_expression": {
                  "references": [
                    "var.self_managed_node_groups",
                    "var.create"
                  ]
                },
                "module": {
                  "outputs": {
                    "autoscaling_group_arn": {
                      "expression": {
                        "references": [
                          "aws_autoscaling_group.this[0].arn",
                          "aws_autoscaling_group.this[0]",
                          "aws_autoscaling_group.this"
                        ]
                      },
                      "description": "The ARN for this autoscaling group"
                    },
                    "autoscaling_group_availability_zones": {
                      "expression": {
                        "references": [
                          "aws_autoscaling_group.this[0].availability_zones",
                          "aws_autoscaling_group.this[0]",
                          "aws_autoscaling_group.this"
                        ]
                      },
                      "description": "The availability zones of the autoscaling group"
                    },
                    "autoscaling_group_default_cooldown": {
                      "expression": {
                        "references": [
                          "aws_autoscaling_group.this[0].default_cooldown",
                          "aws_autoscaling_group.this[0]",
                          "aws_autoscaling_group.this"
                        ]
                      },
                      "description": "Time between a scaling activity and the succeeding scaling activity"
                    },
                    "autoscaling_group_desired_capacity": {
                      "expression": {
                        "references": [
                          "aws_autoscaling_group.this[0].desired_capacity",
                          "aws_autoscaling_group.this[0]",
                          "aws_autoscaling_group.this"
                        ]
                      },
                      "description": "The number of Amazon EC2 instances that should be running in the group"
                    },
                    "autoscaling_group_health_check_grace_period": {
                      "expression": {
                        "references": [
                          "aws_autoscaling_group.this[0].health_check_grace_period",
                          "aws_autoscaling_group.this[0]",
                          "aws_autoscaling_group.this"
                        ]
                      },
                      "description": "Time after instance comes into service before checking health"
                    },
                    "autoscaling_group_health_check_type": {
                      "expression": {
                        "references": [
                          "aws_autoscaling_group.this[0].health_check_type",
                          "aws_autoscaling_group.this[0]",
                          "aws_autoscaling_group.this"
                        ]
                      },
                      "description": "EC2 or ELB. Controls how health checking is done"
                    },
                    "autoscaling_group_id": {
                      "expression": {
                        "references": [
                          "aws_autoscaling_group.this[0].id",
                          "aws_autoscaling_group.this[0]",
                          "aws_autoscaling_group.this"
                        ]
                      },
                      "description": "The autoscaling group id"
                    },
                    "autoscaling_group_max_size": {
                      "expression": {
                        "references": [
                          "aws_autoscaling_group.this[0].max_size",
                          "aws_autoscaling_group.this[0]",
                          "aws_autoscaling_group.this"
                        ]
                      },
                      "description": "The maximum size of the autoscaling group"
                    },
                    "autoscaling_group_min_size": {
                      "expression": {
                        "references": [
                          "aws_autoscaling_group.this[0].min_size",
                          "aws_autoscaling_group.this[0]",
                          "aws_autoscaling_group.this"
                        ]
                      },
                      "description": "The minimum size of the autoscaling group"
                    },
                    "autoscaling_group_name": {
                      "expression": {
                        "references": [
                          "aws_autoscaling_group.this[0].name",
                          "aws_autoscaling_group.this[0]",
                          "aws_autoscaling_group.this"
                        ]
                      },
                      "description": "The autoscaling group name"
                    },
                    "autoscaling_group_schedule_arns": {
                      "expression": {
                        "references": [
                          "aws_autoscaling_schedule.this"
                        ]
                      },
                      "description": "ARNs of autoscaling group schedules"
                    },
                    "autoscaling_group_vpc_zone_identifier": {
                      "expression": {
                        "references": [
                          "aws_autoscaling_group.this[0].vpc_zone_identifier",
                          "aws_autoscaling_group.this[0]",
                          "aws_autoscaling_group.this"
                        ]
                      },
                      "description": "The VPC zone identifier"
                    },
                    "iam_instance_profile_arn": {
                      "expression": {
                        "references": [
                          "aws_iam_instance_profile.this[0].arn",
                          "aws_iam_instance_profile.this[0]",
                          "aws_iam_instance_profile.this",
                          "var.iam_instance_profile_arn"
                        ]
                      },
                      "description": "ARN assigned by AWS to the instance profile"
                    },
                    "iam_instance_profile_id": {
                      "expression": {
                        "references": [
                          "aws_iam_instance_profile.this[0].id",
                          "aws_iam_instance_profile.this[0]",
                          "aws_iam_instance_profile.this"
                        ]
                      },
                      "description": "Instance profile's ID"
                    },
                    "iam_instance_profile_unique": {
                      "expression": {
                        "references": [
                          "aws_iam_instance_profile.this[0].unique_id",
                          "aws_iam_instance_profile.this[0]",
                          "aws_iam_instance_profile.this"
                        ]
                      },
                      "description": "Stable and unique string identifying the IAM instance profile"
                    },
                    "iam_role_arn": {
                      "expression": {
                        "references": [
                          "aws_iam_role.this[0].arn",
                          "aws_iam_role.this[0]",
                          "aws_iam_role.this"
                        ]
                      },
                      "description": "The Amazon Resource Name (ARN) specifying the IAM role"
                    },
                    "iam_role_name": {
                      "expression": {
                        "references": [
                          "aws_iam_role.this[0].name",
                          "aws_iam_role.this[0]",
                          "aws_iam_role.this"
                        ]
                      },
                      "description": "The name of the IAM role"
                    },
                    "iam_role_unique_id": {
                      "expression": {
                        "references": [
                          "aws_iam_role.this[0].unique_id",
                          "aws_iam_role.this[0]",
                          "aws_iam_role.this"
                        ]
                      },
                      "description": "Stable and unique string identifying the IAM role"
                    },
                    "image_id": {
                      "expression": {
                        "references": [
                          "aws_launch_template.this[0].image_id",
                          "aws_launch_template.this[0]",
                          "aws_launch_template.this"
                        ]
                      },
                      "description": "ID of the image"
                    },
                    "launch_template_arn": {
                      "expression": {
                        "references": [
                          "aws_launch_template.this[0].arn",
                          "aws_launch_template.this[0]",
                          "aws_launch_template.this"
                        ]
                      },
                      "description": "The ARN of the launch template"
                    },
                    "launch_template_id": {
                      "expression": {
                        "references": [
                          "aws_launch_template.this[0].id",
                          "aws_launch_template.this[0]",
                          "aws_launch_template.this"
                        ]
                      },
                      "description": "The ID of the launch template"
                    },
                    "launch_template_latest_version": {
                      "expression": {
                        "references": [
                          "aws_launch_template.this[0].latest_version",
                          "aws_launch_template.this[0]",
                          "aws_launch_template.this"
                        ]
                      },
                      "description": "The latest version of the launch template"
                    },
                    "launch_template_name": {
                      "expression": {
                        "references": [
                          "aws_launch_template.this[0].name",
                          "aws_launch_template.this[0]",
                          "aws_launch_template.this"
                        ]
                      },
                      "description": "The name of the launch template"
                    },
                    "platform": {
                      "expression": {
                        "references": [
                          "var.platform"
                        ]
                      },
                      "description": "Identifies if the OS platform is `bottlerocket`, `linux`, or `windows` based"
                    },
                    "user_data": {
                      "expression": {
                        "references": [
                          "module.user_data.user_data",
                          "module.user_data"
                        ]
                      },
                      "description": "Base64 encoded user data"
                    }
                  },
                  "resources": [
                    {
                      "address": "aws_autoscaling_group.this",
                      "mode": "managed",
                      "type": "aws_autoscaling_group",
                      "name": "this",
                      "provider_config_key": "aws",
                      "expressions": {
                        "availability_zones": {
                          "references": [
                            "var.availability_zones"
                          ]
                        },
                        "capacity_rebalance": {
                          "references": [
                            "var.capacity_rebalance"
                          ]
                        },
                        "context": {
                          "references": [
                            "var.context"
                          ]
                        },
                        "default_cooldown": {
                          "references": [
                            "var.default_cooldown"
                          ]
                        },
                        "default_instance_warmup": {
                          "references": [
                            "var.default_instance_warmup"
                          ]
                        },
                        "desired_capacity": {
                          "references": [
                            "var.desired_size"
                          ]
                        },
                        "enabled_metrics": {
                          "references": [
                            "var.enabled_metrics"
                          ]
                        },
                        "force_delete": {
                          "references": [
                            "var.force_delete"
                          ]
                        },
                        "force_delete_warm_pool": {
                          "references": [
                            "var.force_delete_warm_pool"
                          ]
                        },
                        "health_check_grace_period": {
                          "references": [
                            "var.health_check_grace_period"
                          ]
                        },
                        "health_check_type": {
                          "references": [
                            "var.health_check_type"
                          ]
                        },
                        "max_instance_lifetime": {
                          "references": [
                            "var.max_instance_lifetime"
                          ]
                        },
                        "max_size": {
                          "references": [
                            "var.max_size"
                          ]
                        },
                        "metrics_granularity": {
                          "references": [
                            "var.metrics_granularity"
                          ]
                        },
                        "min_elb_capacity": {
                          "references": [
                            "var.min_elb_capacity"
                          ]
                        },
                        "min_size": {
                          "references": [
                            "var.min_size"
                          ]
                        },
                        "name": {
                          "references": [
                            "var.use_name_prefix",
                            "var.name"
                          ]
                        },
                        "name_prefix": {
                          "references": [
                            "var.use_name_prefix",
                            "var.name"
                          ]
                        },
                        "placement_group": {
                          "references": [
                            "var.placement_group"
                          ]
                        },
                        "protect_from_scale_in": {
                          "references": [
                            "var.protect_from_scale_in"
                          ]
                        },
                        "service_linked_role_arn": {
                          "references": [
                            "var.service_linked_role_arn"
                          ]
                        },
                        "suspended_processes": {
                          "references": [
                            "var.suspended_processes"
                          ]
                        },
                        "target_group_arns": {
                          "references": [
                            "var.target_group_arns"
                          ]
                        },
                        "termination_policies": {
                          "references": [
                            "var.termination_policies"
                          ]
                        },
                        "timeouts": {
                          "delete": {
                            "references": [
                              "var.delete_timeout"
                            ]
                          }
                        },
                        "vpc_zone_identifier": {
                          "references": [
                            "var.subnet_ids"
                          ]
                        },
                        "wait_for_capacity_timeout": {
                          "references": [
                            "var.wait_for_capacity_timeout"
                          ]
                        },
                        "wait_for_elb_capacity": {
                          "references": [
                            "var.wait_for_elb_capacity"
                          ]
                        }
                      },
                      "schema_version": 1,
                      "count_expression": {
                        "references": [
                          "var.create",
                          "var.create_autoscaling_group"
                        ]
                      }
                    },
                    {
                      "address": "aws_autoscaling_schedule.this",
                      "mode": "managed",
                      "type": "aws_autoscaling_schedule",
                      "name": "this",
                      "provider_config_key": "aws",
                      "expressions": {
                        "autoscaling_group_name": {
                          "references": [
                            "aws_autoscaling_group.this[0].name",
                            "aws_autoscaling_group.this[0]",
                            "aws_autoscaling_group.this"
                          ]
                        },
                        "desired_capacity": {
                          "references": [
                            "each.value.desired_size",
                            "each.value"
                          ]
                        },
                        "end_time": {
                          "references": [
                            "each.value.end_time",
                            "each.value"
                          ]
                        },
                        "max_size": {
                          "references": [
                            "each.value.max_size",
                            "each.value"
                          ]
                        },
                        "min_size": {
                          "references": [
                            "each.value.min_size",
                            "each.value"
                          ]
                        },
                        "recurrence": {
                          "references": [
                            "each.value.recurrence",
                            "each.value"
                          ]
                        },
                        "scheduled_action_name": {
                          "references": [
                            "each.key"
                          ]
                        },
                        "start_time": {
                          "references": [
                            "each.value.start_time",
                            "each.value"
                          ]
                        },
                        "time_zone": {
                          "references": [
                            "each.value.time_zone",
                            "each.value"
                          ]
                        }
                      },
                      "schema_version": 0,
                      "for_each_expression": {
                        "references": [
                          "var.schedules",
                          "var.create",
                          "var.create_schedule"
                        ]
                      }
                    },
                    {
                      "address": "aws_iam_instance_profile.this",
                      "mode": "managed",
                      "type": "aws_iam_instance_profile",
                      "name": "this",
                      "provider_config_key": "aws",
                      "expressions": {
                        "name": {
                          "references": [
                            "var.iam_role_use_name_prefix",
                            "local.iam_role_name"
                          ]
                        },
                        "name_prefix": {
                          "references": [
                            "var.iam_role_use_name_prefix",
                            "local.iam_role_name"
                          ]
                        },
                        "path": {
                          "references": [
                            "var.iam_role_path"
                          ]
                        },
                        "role": {
                          "references": [
                            "aws_iam_role.this[0].name",
                            "aws_iam_role.this[0]",
                            "aws_iam_role.this"
                          ]
                        },
                        "tags": {
                          "references": [
                            "var.tags",
                            "var.iam_role_tags"
                          ]
                        }
                      },
                      "schema_version": 0,
                      "count_expression": {
                        "references": [
                          "var.create",
                          "var.create_iam_instance_profile"
                        ]
                      }
                    },
                    {
                      "address": "aws_iam_role.this",
                      "mode": "managed",
                      "type": "aws_iam_role",
                      "name": "this",
                      "provider_config_key": "aws",
                      "expressions": {
                        "assume_role_policy": {
                          "references": [
                            "data.aws_iam_policy_document.assume_role_policy[0].json",
                            "data.aws_iam_policy_document.assume_role_policy[0]",
                            "data.aws_iam_policy_document.assume_role_policy"
                          ]
                        },
                        "description": {
                          "references": [
                            "var.iam_role_description"
                          ]
                        },
                        "force_detach_policies": {
                          "constant_value": true
                        },
                        "name": {
                          "references": [
                            "var.iam_role_use_name_prefix",
                            "local.iam_role_name"
                          ]
                        },
                        "name_prefix": {
                          "references": [
                            "var.iam_role_use_name_prefix",
                            "local.iam_role_name"
                          ]
                        },
                        "path": {
                          "references": [
                            "var.iam_role_path"
                          ]
                        },
                        "permissions_boundary": {
                          "references": [
                            "var.iam_role_permissions_boundary"
                          ]
                        },
                        "tags": {
                          "references": [
                            "var.tags",
                            "var.iam_role_tags"
                          ]
                        }
                      },
                      "schema_version": 0,
                      "count_expression": {
                        "references": [
                          "var.create",
                          "var.create_iam_instance_profile"
                        ]
                      }
                    },
                    {
                      "address": "aws_iam_role_policy_attachment.additional",
                      "mode": "managed",
                      "type": "aws_iam_role_policy_attachment",
                      "name": "additional",
                      "provider_config_key": "aws",
                      "expressions": {
                        "policy_arn": {
                          "references": [
                            "each.value"
                          ]
                        },
                        "role": {
                          "references": [
                            "aws_iam_role.this[0].name",
                            "aws_iam_role.this[0]",
                            "aws_iam_role.this"
                          ]
                        }
                      },
                      "schema_version": 0,
                      "for_each_expression": {
                        "references": [
                          "var.iam_role_additional_policies",
                          "var.create",
                          "var.create_iam_instance_profile"
                        ]
                      }
                    },
                    {
                      "address": "aws_iam_role_policy_attachment.this",
                      "mode": "managed",
                      "type": "aws_iam_role_policy_attachment",
                      "name": "this",
                      "provider_config_key": "aws",
                      "expressions": {
                        "policy_arn": {
                          "references": [
                            "each.value"
                          ]
                        },
                        "role": {
                          "references": [
                            "aws_iam_role.this[0].name",
                            "aws_iam_role.this[0]",
                            "aws_iam_role.this"
                          ]
                        }
                      },
                      "schema_version": 0,
                      "for_each_expression": {
                        "references": [
                          "local.iam_role_policy_prefix",
                          "local.iam_role_policy_prefix",
                          "var.iam_role_attach_cni_policy",
                          "local.cni_policy",
                          "var.create",
                          "var.create_iam_instance_profile"
                        ]
                      }
                    },
                    {
                      "address": "aws_launch_template.this",
                      "mode": "managed",
                      "type": "aws_launch_template",
                      "name": "this",
                      "provider_config_key": "aws",
                      "expressions": {
                        "default_version": {
                          "references": [
                            "var.launch_template_default_version"
                          ]
                        },
                        "description": {
                          "references": [
                            "var.launch_template_description"
                          ]
                        },
                        "disable_api_termination": {
                          "references": [
                            "var.disable_api_termination"
                          ]
                        },
                        "ebs_optimized": {
                          "references": [
                            "var.ebs_optimized"
                          ]
                        },
                        "iam_instance_profile": [
                          {
                            "arn": {
                              "references": [
                                "var.create_iam_instance_profile",
                                "aws_iam_instance_profile.this[0].arn",
                                "aws_iam_instance_profile.this[0]",
                                "aws_iam_instance_profile.this",
                                "var.iam_instance_profile_arn"
                              ]
                            }
                          }
                        ],
                        "image_id": {
                          "references": [
                            "var.ami_id",
                            "data.aws_ami.eks_default[0].image_id",
                            "data.aws_ami.eks_default[0]",
                            "data.aws_ami.eks_default"
                          ]
                        },
                        "instance_initiated_shutdown_behavior": {
                          "references": [
                            "var.instance_initiated_shutdown_behavior"
                          ]
                        },
                        "instance_type": {
                          "references": [
                            "var.instance_type"
                          ]
                        },
                        "kernel_id": {
                          "references": [
                            "var.kernel_id"
                          ]
                        },
                        "key_name": {
                          "references": [
                            "var.key_name"
                          ]
                        },
                        "name": {
                          "references": [
                            "var.launch_template_use_name_prefix",
                            "local.launch_template_name"
                          ]
                        },
                        "name_prefix": {
                          "references": [
                            "var.launch_template_use_name_prefix",
                            "local.launch_template_name"
                          ]
                        },
                        "ram_disk_id": {
                          "references": [
                            "var.ram_disk_id"
                          ]
                        },
                        "tags": {
                          "references": [
                            "var.tags"
                          ]
                        },
                        "update_default_version": {
                          "references": [
                            "var.update_launch_template_default_version"
                          ]
                        },
                        "user_data": {
                          "references": [
                            "module.user_data.user_data",
                            "module.user_data"
                          ]
                        },
                        "vpc_security_group_ids": {
                          "references": [
                            "var.network_interfaces",
                            "local.security_group_ids"
                          ]
                        }
                      },
                      "schema_version": 0,
                      "count_expression": {
                        "references": [
                          "var.create",
                          "var.create_launch_template"
                        ]
                      },
                      "depends_on": [
                        "aws_iam_role_policy_attachment.this"
                      ]
                    },
                    {
                      "address": "data.aws_ami.eks_default",
                      "mode": "data",
                      "type": "aws_ami",
                      "name": "eks_default",
                      "provider_config_key": "aws",
                      "expressions": {
                        "filter": [
                          {
                            "name": {
                              "constant_value": "name"
                            },
                            "values": {
                              "references": [
                                "var.cluster_version"
                              ]
                            }
                          }
                        ],
                        "most_recent": {
                          "constant_value": true
                        },
                        "owners": {
                          "constant_value": [
                            "amazon"
                          ]
                        }
                      },
                      "schema_version": 0,
                      "count_expression": {
                        "references": [
                          "var.create",
                          "var.create_launch_template"
                        ]
                      }
                    },
                    {
                      "address": "data.aws_caller_identity.current",
                      "mode": "data",
                      "type": "aws_caller_identity",
                      "name": "current",
                      "provider_config_key": "aws",
                      "schema_version": 0
                    },
                    {
                      "address": "data.aws_iam_policy_document.assume_role_policy",
                      "mode": "data",
                      "type": "aws_iam_policy_document",
                      "name": "assume_role_policy",
                      "provider_config_key": "aws",
                      "expressions": {
                        "statement": [
                          {
                            "actions": {
                              "constant_value": [
                                "sts:AssumeRole"
                              ]
                            },
                            "principals": [
                              {
                                "identifiers": {
                                  "references": [
                                    "data.aws_partition.current.dns_suffix",
                                    "data.aws_partition.current"
                                  ]
                                },
                                "type": {
                                  "constant_value": "Service"
                                }
                              }
                            ],
                            "sid": {
                              "constant_value": "EKSNodeAssumeRole"
                            }
                          }
                        ]
                      },
                      "schema_version": 0,
                      "count_expression": {
                        "references": [
                          "var.create",
                          "var.create_iam_instance_profile"
                        ]
                      }
                    },
                    {
                      "address": "data.aws_partition.current",
                      "mode": "data",
                      "type": "aws_partition",
                      "name": "current",
                      "provider_config_key": "aws",
                      "schema_version": 0
                    }
                  ],
                  "module_calls": {
                    "user_data": {
                      "source": "../_user_data",
                      "expressions": {
                        "bootstrap_extra_args": {
                          "references": [
                            "var.bootstrap_extra_args"
                          ]
                        },
                        "cluster_auth_base64": {
                          "references": [
                            "var.cluster_auth_base64"
                          ]
                        },
                        "cluster_endpoint": {
                          "references": [
                            "var.cluster_endpoint"
                          ]
                        },
                        "cluster_name": {
                          "references": [
                            "var.cluster_name"
                          ]
                        },
                        "create": {
                          "references": [
                            "var.create"
                          ]
                        },
                        "enable_bootstrap_user_data": {
                          "constant_value": true
                        },
                        "is_eks_managed_node_group": {
                          "constant_value": false
                        },
                        "platform": {
                          "references": [
                            "var.platform"
                          ]
                        },
                        "post_bootstrap_user_data": {
                          "references": [
                            "var.post_bootstrap_user_data"
                          ]
                        },
                        "pre_bootstrap_user_data": {
                          "references": [
                            "var.pre_bootstrap_user_data"
                          ]
                        },
                        "user_data_template_path": {
                          "references": [
                            "var.user_data_template_path"
                          ]
                        }
                      },
                      "module": {
                        "outputs": {
                          "user_data": {
                            "expression": {
                              "references": [
                                "local.platform",
                                "var.platform"
                              ]
                            },
                            "description": "Base64 encoded user data rendered for the provided inputs"
                          }
                        },
                        "resources": [
                          {
                            "address": "data.cloudinit_config.linux_eks_managed_node_group",
                            "mode": "data",
                            "type": "cloudinit_config",
                            "name": "linux_eks_managed_node_group",
                            "provider_config_key": "module.eks.module.self_managed_node_group.module.user_data:cloudinit",
                            "expressions": {
                              "base64_encode": {
                                "constant_value": true
                              },
                              "boundary": {
                                "constant_value": "//"
                              },
                              "gzip": {
                                "constant_value": false
                              },
                              "part": [
                                {
                                  "content": {
                                    "references": [
                                      "var.pre_bootstrap_user_data"
                                    ]
                                  },
                                  "content_type": {
                                    "constant_value": "text/x-shellscript"
                                  }
                                }
                              ]
                            },
                            "schema_version": 0,
                            "count_expression": {
                              "references": [
                                "var.create",
                                "var.platform",
                                "var.is_eks_managed_node_group",
                                "var.enable_bootstrap_user_data",
                                "var.pre_bootstrap_user_data",
                                "var.user_data_template_path"
                              ]
                            }
                          }
                        ],
                        "variables": {
                          "bootstrap_extra_args": {
                            "default": "",
                            "description": "Additional arguments passed to the bootstrap script. When `platform` = `bottlerocket`; these are additional [settings](https://github.com/bottlerocket-os/bottlerocket#settings) that are provided to the Bottlerocket user data"
                          },
                          "cluster_auth_base64": {
                            "default": "",
                            "description": "Base64 encoded CA of associated EKS cluster"
                          },
                          "cluster_endpoint": {
                            "default": "",
                            "description": "Endpoint of associated EKS cluster"
                          },
                          "cluster_name": {
                            "default": "",
                            "description": "Name of the EKS cluster"
                          },
                          "cluster_service_ipv4_cidr": {
                            "default": null,
                            "description": "The CIDR block to assign Kubernetes service IP addresses from. If you don't specify a block, Kubernetes assigns addresses from either the 10.100.0.0/16 or 172.20.0.0/16 CIDR blocks"
                          },
                          "create": {
                            "default": true,
                            "description": "Determines whether to create user-data or not"
                          },
                          "enable_bootstrap_user_data": {
                            "default": false,
                            "description": "Determines whether the bootstrap configurations are populated within the user data template"
                          },
                          "is_eks_managed_node_group": {
                            "default": true,
                            "description": "Determines whether the user data is used on nodes in an EKS managed node group. Used to determine if user data will be appended or not"
                          },
                          "platform": {
                            "default": "linux",
                            "description": "Identifies if the OS platform is `bottlerocket`, `linux`, or `windows` based"
                          },
                          "post_bootstrap_user_data": {
                            "default": "",
                            "description": "User data that is appended to the user data script after of the EKS bootstrap script. Not used when `platform` = `bottlerocket`"
                          },
                          "pre_bootstrap_user_data": {
                            "default": "",
                            "description": "User data that is injected into the user data script ahead of the EKS bootstrap script. Not used when `platform` = `bottlerocket`"
                          },
                          "user_data_template_path": {
                            "default": "",
                            "description": "Path to a local, custom user data template file to use when rendering user data"
                          }
                        }
                      }
                    }
                  },
                  "variables": {
                    "ami_id": {
                      "default": "",
                      "description": "The AMI from which to launch the instance"
                    },
                    "autoscaling_group_tags": {
                      "default": {},
                      "description": "A map of additional tags to add to the autoscaling group created. Tags are applied to the autoscaling group only and are NOT propagated to instances"
                    },
                    "availability_zones": {
                      "default": null,
                      "description": "A list of one or more availability zones for the group. Used for EC2-Classic and default subnets when not specified with `subnet_ids` argument. Conflicts with `subnet_ids`"
                    },
                    "block_device_mappings": {
                      "default": {},
                      "description": "Specify volumes to attach to the instance besides the volumes specified by the AMI"
                    },
                    "bootstrap_extra_args": {
                      "default": "",
                      "description": "Additional arguments passed to the bootstrap script. When `platform` = `bottlerocket`; these are additional [settings](https://github.com/bottlerocket-os/bottlerocket#settings) that are provided to the Bottlerocket user data"
                    },
                    "capacity_rebalance": {
                      "default": null,
                      "description": "Indicates whether capacity rebalance is enabled"
                    },
                    "capacity_reservation_specification": {
                      "default": {},
                      "description": "Targeting for EC2 capacity reservations"
                    },
                    "cluster_auth_base64": {
                      "default": "",
                      "description": "Base64 encoded CA of associated EKS cluster"
                    },
                    "cluster_endpoint": {
                      "default": "",
                      "description": "Endpoint of associated EKS cluster"
                    },
                    "cluster_ip_family": {
                      "default": null,
                      "description": "The IP family used to assign Kubernetes pod and service addresses. Valid values are `ipv4` (default) and `ipv6`"
                    },
                    "cluster_name": {
                      "default": "",
                      "description": "Name of associated EKS cluster"
                    },
                    "cluster_primary_security_group_id": {
                      "default": null,
                      "description": "The ID of the EKS cluster primary security group to associate with the instance(s). This is the security group that is automatically created by the EKS service"
                    },
                    "cluster_version": {
                      "default": null,
                      "description": "Kubernetes cluster version - used to lookup default AMI ID if one is not provided"
                    },
                    "context": {
                      "default": null,
                      "description": "Reserved"
                    },
                    "cpu_options": {
                      "default": {},
                      "description": "The CPU options for the instance"
                    },
                    "create": {
                      "default": true,
                      "description": "Determines whether to create self managed node group or not"
                    },
                    "create_autoscaling_group": {
                      "default": true,
                      "description": "Determines whether to create autoscaling group or not"
                    },
                    "create_iam_instance_profile": {
                      "default": true,
                      "description": "Determines whether an IAM instance profile is created or to use an existing IAM instance profile"
                    },
                    "create_launch_template": {
                      "default": true,
                      "description": "Determines whether to create launch template or not"
                    },
                    "create_schedule": {
                      "default": true,
                      "description": "Determines whether to create autoscaling group schedule or not"
                    },
                    "credit_specification": {
                      "default": {},
                      "description": "Customize the credit specification of the instance"
                    },
                    "default_cooldown": {
                      "default": null,
                      "description": "The amount of time, in seconds, after a scaling activity completes before another scaling activity can start"
                    },
                    "default_instance_warmup": {
                      "default": null,
                      "description": "Amount of time, in seconds, until a newly launched instance can contribute to the Amazon CloudWatch metrics. This delay lets an instance finish initializing before Amazon EC2 Auto Scaling aggregates instance metrics, resulting in more reliable usage data"
                    },
                    "delete_timeout": {
                      "default": null,
                      "description": "Delete timeout to wait for destroying autoscaling group"
                    },
                    "desired_size": {
                      "default": 1,
                      "description": "The number of Amazon EC2 instances that should be running in the autoscaling group"
                    },
                    "disable_api_termination": {
                      "default": null,
                      "description": "If true, enables EC2 instance termination protection"
                    },
                    "ebs_optimized": {
                      "default": null,
                      "description": "If true, the launched EC2 instance will be EBS-optimized"
                    },
                    "elastic_gpu_specifications": {
                      "default": {},
                      "description": "The elastic GPU to attach to the instance"
                    },
                    "elastic_inference_accelerator": {
                      "default": {},
                      "description": "Configuration block containing an Elastic Inference Accelerator to attach to the instance"
                    },
                    "enable_monitoring": {
                      "default": true,
                      "description": "Enables/disables detailed monitoring"
                    },
                    "enabled_metrics": {
                      "default": [],
                      "description": "A list of metrics to collect. The allowed values are `GroupDesiredCapacity`, `GroupInServiceCapacity`, `GroupPendingCapacity`, `GroupMinSize`, `GroupMaxSize`, `GroupInServiceInstances`, `GroupPendingInstances`, `GroupStandbyInstances`, `GroupStandbyCapacity`, `GroupTerminatingCapacity`, `GroupTerminatingInstances`, `GroupTotalCapacity`, `GroupTotalInstances`"
                    },
                    "enclave_options": {
                      "default": {},
                      "description": "Enable Nitro Enclaves on launched instances"
                    },
                    "force_delete": {
                      "default": null,
                      "description": "Allows deleting the Auto Scaling Group without waiting for all instances in the pool to terminate. You can force an Auto Scaling Group to delete even if it's in the process of scaling a resource. Normally, Terraform drains all the instances before deleting the group. This bypasses that behavior and potentially leaves resources dangling"
                    },
                    "force_delete_warm_pool": {
                      "default": null,
                      "description": "Allows deleting the Auto Scaling Group without waiting for all instances in the warm pool to terminate"
                    },
                    "health_check_grace_period": {
                      "default": null,
                      "description": "Time (in seconds) after instance comes into service before checking health"
                    },
                    "health_check_type": {
                      "default": null,
                      "description": "`EC2` or `ELB`. Controls how health checking is done"
                    },
                    "hibernation_options": {
                      "default": {},
                      "description": "The hibernation options for the instance"
                    },
                    "iam_instance_profile_arn": {
                      "default": null,
                      "description": "Amazon Resource Name (ARN) of an existing IAM instance profile that provides permissions for the node group. Required if `create_iam_instance_profile` = `false`"
                    },
                    "iam_role_additional_policies": {
                      "default": {},
                      "description": "Additional policies to be added to the IAM role"
                    },
                    "iam_role_attach_cni_policy": {
                      "default": true,
                      "description": "Whether to attach the `AmazonEKS_CNI_Policy`/`AmazonEKS_CNI_IPv6_Policy` IAM policy to the IAM IAM role. WARNING: If set `false` the permissions must be assigned to the `aws-node` DaemonSet pods via another method or nodes will not be able to join the cluster"
                    },
                    "iam_role_description": {
                      "default": null,
                      "description": "Description of the role"
                    },
                    "iam_role_name": {
                      "default": null,
                      "description": "Name to use on IAM role created"
                    },
                    "iam_role_path": {
                      "default": null,
                      "description": "IAM role path"
                    },
                    "iam_role_permissions_boundary": {
                      "default": null,
                      "description": "ARN of the policy that is used to set the permissions boundary for the IAM role"
                    },
                    "iam_role_tags": {
                      "default": {},
                      "description": "A map of additional tags to add to the IAM role created"
                    },
                    "iam_role_use_name_prefix": {
                      "default": true,
                      "description": "Determines whether cluster IAM role name (`iam_role_name`) is used as a prefix"
                    },
                    "initial_lifecycle_hooks": {
                      "default": [],
                      "description": "One or more Lifecycle Hooks to attach to the Auto Scaling Group before instances are launched. The syntax is exactly the same as the separate `aws_autoscaling_lifecycle_hook` resource, without the `autoscaling_group_name` attribute. Please note that this will only work when creating a new Auto Scaling Group. For all other use-cases, please use `aws_autoscaling_lifecycle_hook` resource"
                    },
                    "instance_initiated_shutdown_behavior": {
                      "default": null,
                      "description": "Shutdown behavior for the instance. Can be `stop` or `terminate`. (Default: `stop`)"
                    },
                    "instance_market_options": {
                      "default": {},
                      "description": "The market (purchasing) option for the instance"
                    },
                    "instance_refresh": {
                      "default": {
                        "preferences": {
                          "min_healthy_percentage": 66
                        },
                        "strategy": "Rolling"
                      },
                      "description": "If this block is configured, start an Instance Refresh when this Auto Scaling Group is updated"
                    },
                    "instance_requirements": {
                      "default": {},
                      "description": "The attribute requirements for the type of instance. If present then `instance_type` cannot be present"
                    },
                    "instance_type": {
                      "default": "",
                      "description": "The type of the instance to launch"
                    },
                    "kernel_id": {
                      "default": null,
                      "description": "The kernel ID"
                    },
                    "key_name": {
                      "default": null,
                      "description": "The key name that should be used for the instance"
                    },
                    "launch_template_default_version": {
                      "default": null,
                      "description": "Default Version of the launch template"
                    },
                    "launch_template_description": {
                      "default": null,
                      "description": "Description of the launch template"
                    },
                    "launch_template_id": {
                      "default": "",
                      "description": "The ID of an existing launch template to use. Required when `create_launch_template` = `false`"
                    },
                    "launch_template_name": {
                      "default": null,
                      "description": "Name of launch template to be created"
                    },
                    "launch_template_tags": {
                      "default": {},
                      "description": "A map of additional tags to add to the tag_specifications of launch template created"
                    },
                    "launch_template_use_name_prefix": {
                      "default": true,
                      "description": "Determines whether to use `launch_template_name` as is or create a unique name beginning with the `launch_template_name` as the prefix"
                    },
                    "launch_template_version": {
                      "default": null,
                      "description": "Launch template version. Can be version number, `$Latest`, or `$Default`"
                    },
                    "license_specifications": {
                      "default": {},
                      "description": "A map of license specifications to associate with"
                    },
                    "maintenance_options": {
                      "default": {},
                      "description": "The maintenance options for the instance"
                    },
                    "max_instance_lifetime": {
                      "default": null,
                      "description": "The maximum amount of time, in seconds, that an instance can be in service, values must be either equal to 0 or between 604800 and 31536000 seconds"
                    },
                    "max_size": {
                      "default": 3,
                      "description": "The maximum size of the autoscaling group"
                    },
                    "metadata_options": {
                      "default": {
                        "http_endpoint": "enabled",
                        "http_put_response_hop_limit": "2",
                        "http_tokens": "required"
                      },
                      "description": "Customize the metadata options for the instance"
                    },
                    "metrics_granularity": {
                      "default": null,
                      "description": "The granularity to associate with the metrics to collect. The only valid value is `1Minute`"
                    },
                    "min_elb_capacity": {
                      "default": null,
                      "description": "Setting this causes Terraform to wait for this number of instances to show up healthy in the ELB only on creation. Updates will not wait on ELB instance number changes"
                    },
                    "min_size": {
                      "default": 0,
                      "description": "The minimum size of the autoscaling group"
                    },
                    "mixed_instances_policy": {
                      "default": null,
                      "description": "Configuration block containing settings to define launch targets for Auto Scaling groups"
                    },
                    "name": {
                      "default": "",
                      "description": "Name of the Self managed Node Group"
                    },
                    "network_interfaces": {
                      "default": [],
                      "description": "Customize network interfaces to be attached at instance boot time"
                    },
                    "placement": {
                      "default": {},
                      "description": "The placement of the instance"
                    },
                    "placement_group": {
                      "default": null,
                      "description": "The name of the placement group into which you'll launch your instances, if any"
                    },
                    "platform": {
                      "default": "linux",
                      "description": "Identifies if the OS platform is `bottlerocket`, `linux`, or `windows` based"
                    },
                    "post_bootstrap_user_data": {
                      "default": "",
                      "description": "User data that is appended to the user data script after of the EKS bootstrap script. Not used when `platform` = `bottlerocket`"
                    },
                    "pre_bootstrap_user_data": {
                      "default": "",
                      "description": "User data that is injected into the user data script ahead of the EKS bootstrap script. Not used when `platform` = `bottlerocket`"
                    },
                    "private_dns_name_options": {
                      "default": {},
                      "description": "The options for the instance hostname. The default values are inherited from the subnet"
                    },
                    "protect_from_scale_in": {
                      "default": false,
                      "description": "Allows setting instance protection. The autoscaling group will not select instances with this setting for termination during scale in events."
                    },
                    "ram_disk_id": {
                      "default": null,
                      "description": "The ID of the ram disk"
                    },
                    "schedules": {
                      "default": {},
                      "description": "Map of autoscaling group schedule to create"
                    },
                    "service_linked_role_arn": {
                      "default": null,
                      "description": "The ARN of the service-linked role that the ASG will use to call other AWS services"
                    },
                    "subnet_ids": {
                      "default": null,
                      "description": "A list of subnet IDs to launch resources in. Subnets automatically determine which availability zones the group will reside. Conflicts with `availability_zones`"
                    },
                    "suspended_processes": {
                      "default": [],
                      "description": "A list of processes to suspend for the Auto Scaling Group. The allowed values are `Launch`, `Terminate`, `HealthCheck`, `ReplaceUnhealthy`, `AZRebalance`, `AlarmNotification`, `ScheduledActions`, `AddToLoadBalancer`. Note that if you suspend either the `Launch` or `Terminate` process types, it can prevent your Auto Scaling Group from functioning properly"
                    },
                    "tag_specifications": {
                      "default": [
                        "instance",
                        "volume",
                        "network-interface"
                      ],
                      "description": "The tags to apply to the resources during launch"
                    },
                    "tags": {
                      "default": {},
                      "description": "A map of tags to add to all resources"
                    },
                    "target_group_arns": {
                      "default": [],
                      "description": "A set of `aws_alb_target_group` ARNs, for use with Application or Network Load Balancing"
                    },
                    "termination_policies": {
                      "default": [],
                      "description": "A list of policies to decide how the instances in the Auto Scaling Group should be terminated. The allowed values are `OldestInstance`, `NewestInstance`, `OldestLaunchConfiguration`, `ClosestToNextInstanceHour`, `OldestLaunchTemplate`, `AllocationStrategy`, `Default`"
                    },
                    "update_launch_template_default_version": {
                      "default": true,
                      "description": "Whether to update Default Version each update. Conflicts with `launch_template_default_version`"
                    },
                    "use_mixed_instances_policy": {
                      "default": false,
                      "description": "Determines whether to use a mixed instances policy in the autoscaling group or not"
                    },
                    "use_name_prefix": {
                      "default": true,
                      "description": "Determines whether to use `name` as is or create a unique name beginning with the `name` as the prefix"
                    },
                    "user_data_template_path": {
                      "default": "",
                      "description": "Path to a local, custom user data template file to use when rendering user data"
                    },
                    "vpc_security_group_ids": {
                      "default": [],
                      "description": "A list of security group IDs to associate"
                    },
                    "wait_for_capacity_timeout": {
                      "default": null,
                      "description": "A maximum duration that Terraform should wait for ASG instances to be healthy before timing out. (See also Waiting for Capacity below.) Setting this to '0' causes Terraform to skip all Capacity Waiting behavior."
                    },
                    "wait_for_elb_capacity": {
                      "default": null,
                      "description": "Setting this will cause Terraform to wait for exactly this number of healthy instances in all attached load balancers on both create and update operations. Takes precedence over `min_elb_capacity` behavior."
                    },
                    "warm_pool": {
                      "default": {},
                      "description": "If this block is configured, add a Warm Pool to the specified Auto Scaling group"
                    }
                  }
                }
              }
            },
            "variables": {
              "attach_cluster_encryption_policy": {
                "default": true,
                "description": "Indicates whether or not to attach an additional policy for the cluster IAM role to utilize the encryption key provided"
              },
              "aws_auth_accounts": {
                "default": [],
                "description": "List of account maps to add to the aws-auth configmap"
              },
              "aws_auth_fargate_profile_pod_execution_role_arns": {
                "default": [],
                "description": "List of Fargate profile pod execution role ARNs to add to the aws-auth configmap"
              },
              "aws_auth_node_iam_role_arns_non_windows": {
                "default": [],
                "description": "List of non-Windows based node IAM role ARNs to add to the aws-auth configmap"
              },
              "aws_auth_node_iam_role_arns_windows": {
                "default": [],
                "description": "List of Windows based node IAM role ARNs to add to the aws-auth configmap"
              },
              "aws_auth_roles": {
                "default": [],
                "description": "List of role maps to add to the aws-auth configmap"
              },
              "aws_auth_users": {
                "default": [],
                "description": "List of user maps to add to the aws-auth configmap"
              },
              "cloudwatch_log_group_kms_key_id": {
                "default": null,
                "description": "If a KMS Key ARN is set, this key will be used to encrypt the corresponding log group. Please be sure that the KMS Key has an appropriate key policy (https://docs.aws.amazon.com/AmazonCloudWatch/latest/logs/encrypt-log-data-kms.html)"
              },
              "cloudwatch_log_group_retention_in_days": {
                "default": 90,
                "description": "Number of days to retain log events. Default retention - 90 days"
              },
              "cloudwatch_log_group_tags": {
                "default": {},
                "description": "A map of additional tags to add to the cloudwatch log group created"
              },
              "cluster_additional_security_group_ids": {
                "default": [],
                "description": "List of additional, externally created security group IDs to attach to the cluster control plane"
              },
              "cluster_addons": {
                "default": {},
                "description": "Map of cluster addon configurations to enable for the cluster. Addon name can be the map keys or set with `name`"
              },
              "cluster_addons_timeouts": {
                "default": {},
                "description": "Create, update, and delete timeout configurations for the cluster addons"
              },
              "cluster_enabled_log_types": {
                "default": [
                  "audit",
                  "api",
                  "authenticator"
                ],
                "description": "A list of the desired control plane logs to enable. For more information, see Amazon EKS Control Plane Logging documentation (https://docs.aws.amazon.com/eks/latest/userguide/control-plane-logs.html)"
              },
              "cluster_encryption_config": {
                "default": {
                  "resources": [
                    "secrets"
                  ]
                },
                "description": "Configuration block with encryption configuration for the cluster. To disable secret encryption, set this value to `{}`"
              },
              "cluster_encryption_policy_description": {
                "default": "Cluster encryption policy to allow cluster role to utilize CMK provided",
                "description": "Description of the cluster encryption policy created"
              },
              "cluster_encryption_policy_name": {
                "default": null,
                "description": "Name to use on cluster encryption policy created"
              },
              "cluster_encryption_policy_path": {
                "default": null,
                "description": "Cluster encryption policy path"
              },
              "cluster_encryption_policy_tags": {
                "default": {},
                "description": "A map of additional tags to add to the cluster encryption policy created"
              },
              "cluster_encryption_policy_use_name_prefix": {
                "default": true,
                "description": "Determines whether cluster encryption policy name (`cluster_encryption_policy_name`) is used as a prefix"
              },
              "cluster_endpoint_private_access": {
                "default": true,
                "description": "Indicates whether or not the Amazon EKS private API server endpoint is enabled"
              },
              "cluster_endpoint_public_access": {
                "default": false,
                "description": "Indicates whether or not the Amazon EKS public API server endpoint is enabled"
              },
              "cluster_endpoint_public_access_cidrs": {
                "default": [
                  "0.0.0.0/0"
                ],
                "description": "List of CIDR blocks which can access the Amazon EKS public API server endpoint"
              },
              "cluster_iam_role_dns_suffix": {
                "default": null,
                "description": "Base DNS domain name for the current partition (e.g., amazonaws.com in AWS Commercial, amazonaws.com.cn in AWS China)"
              },
              "cluster_identity_providers": {
                "default": {},
                "description": "Map of cluster identity provider configurations to enable for the cluster. Note - this is different/separate from IRSA"
              },
              "cluster_ip_family": {
                "default": null,
                "description": "The IP family used to assign Kubernetes pod and service addresses. Valid values are `ipv4` (default) and `ipv6`. You can only specify an IP family when you create a cluster, changing this value will force a new cluster to be created"
              },
              "cluster_name": {
                "default": "",
                "description": "Name of the EKS cluster"
              },
              "cluster_security_group_additional_rules": {
                "default": {},
                "description": "List of additional security group rules to add to the cluster security group created. Set `source_node_security_group = true` inside rules to set the `node_security_group` as source"
              },
              "cluster_security_group_description": {
                "default": "EKS cluster security group",
                "description": "Description of the cluster security group created"
              },
              "cluster_security_group_id": {
                "default": "",
                "description": "Existing security group ID to be attached to the cluster"
              },
              "cluster_security_group_name": {
                "default": null,
                "description": "Name to use on cluster security group created"
              },
              "cluster_security_group_tags": {
                "default": {},
                "description": "A map of additional tags to add to the cluster security group created"
              },
              "cluster_security_group_use_name_prefix": {
                "default": true,
                "description": "Determines whether cluster security group name (`cluster_security_group_name`) is used as a prefix"
              },
              "cluster_service_ipv4_cidr": {
                "default": null,
                "description": "The CIDR block to assign Kubernetes service IP addresses from. If you don't specify a block, Kubernetes assigns addresses from either the 10.100.0.0/16 or 172.20.0.0/16 CIDR blocks"
              },
              "cluster_service_ipv6_cidr": {
                "default": null,
                "description": "The CIDR block to assign Kubernetes pod and service IP addresses from if `ipv6` was specified when the cluster was created. Kubernetes assigns service addresses from the unique local address range (fc00::/7) because you can't specify a custom IPv6 CIDR block when you create the cluster"
              },
              "cluster_tags": {
                "default": {},
                "description": "A map of additional tags to add to the cluster"
              },
              "cluster_timeouts": {
                "default": {},
                "description": "Create, update, and delete timeout configurations for the cluster"
              },
              "cluster_version": {
                "default": null,
                "description": "Kubernetes `<major>.<minor>` version to use for the EKS cluster (i.e.: `1.27`)"
              },
              "control_plane_subnet_ids": {
                "default": [],
                "description": "A list of subnet IDs where the EKS cluster control plane (ENIs) will be provisioned. Used for expanding the pool of subnets used by nodes/node groups without replacing the EKS control plane"
              },
              "create": {
                "default": true,
                "description": "Controls if EKS resources should be created (affects nearly all resources)"
              },
              "create_aws_auth_configmap": {
                "default": false,
                "description": "Determines whether to create the aws-auth configmap. NOTE - this is only intended for scenarios where the configmap does not exist (i.e. - when using only self-managed node groups). Most users should use `manage_aws_auth_configmap`"
              },
              "create_cloudwatch_log_group": {
                "default": true,
                "description": "Determines whether a log group is created by this module for the cluster logs. If not, AWS will automatically create one if logging is enabled"
              },
              "create_cluster_primary_security_group_tags": {
                "default": true,
                "description": "Indicates whether or not to tag the cluster's primary security group. This security group is created by the EKS service, not the module, and therefore tagging is handled after cluster creation"
              },
              "create_cluster_security_group": {
                "default": true,
                "description": "Determines if a security group is created for the cluster. Note: the EKS service creates a primary security group for the cluster by default"
              },
              "create_cni_ipv6_iam_policy": {
                "default": false,
                "description": "Determines whether to create an [`AmazonEKS_CNI_IPv6_Policy`](https://docs.aws.amazon.com/eks/latest/userguide/cni-iam-role.html#cni-iam-role-create-ipv6-policy)"
              },
              "create_iam_role": {
                "default": true,
                "description": "Determines whether a an IAM role is created or to use an existing IAM role"
              },
              "create_kms_key": {
                "default": true,
                "description": "Controls if a KMS key for cluster encryption should be created"
              },
              "create_node_security_group": {
                "default": true,
                "description": "Determines whether to create a security group for the node groups or use the existing `node_security_group_id`"
              },
              "custom_oidc_thumbprints": {
                "default": [],
                "description": "Additional list of server certificate thumbprints for the OpenID Connect (OIDC) identity provider's server certificate(s)"
              },
              "dataplane_wait_duration": {
                "default": "30s",
                "description": "Duration to wait after the EKS cluster has become active before creating the dataplane components (EKS managed nodegroup(s), self-managed nodegroup(s), Fargate profile(s))"
              },
              "eks_managed_node_group_defaults": {
                "default": {},
                "description": "Map of EKS managed node group default configurations"
              },
              "eks_managed_node_groups": {
                "default": {},
                "description": "Map of EKS managed node group definitions to create"
              },
              "enable_irsa": {
                "default": true,
                "description": "Determines whether to create an OpenID Connect Provider for EKS to enable IRSA"
              },
              "enable_kms_key_rotation": {
                "default": true,
                "description": "Specifies whether key rotation is enabled. Defaults to `true`"
              },
              "fargate_profile_defaults": {
                "default": {},
                "description": "Map of Fargate Profile default configurations"
              },
              "fargate_profiles": {
                "default": {},
                "description": "Map of Fargate Profile definitions to create"
              },
              "iam_role_additional_policies": {
                "default": {},
                "description": "Additional policies to be added to the IAM role"
              },
              "iam_role_arn": {
                "default": null,
                "description": "Existing IAM role ARN for the cluster. Required if `create_iam_role` is set to `false`"
              },
              "iam_role_description": {
                "default": null,
                "description": "Description of the role"
              },
              "iam_role_name": {
                "default": null,
                "description": "Name to use on IAM role created"
              },
              "iam_role_path": {
                "default": null,
                "description": "Cluster IAM role path"
              },
              "iam_role_permissions_boundary": {
                "default": null,
                "description": "ARN of the policy that is used to set the permissions boundary for the IAM role"
              },
              "iam_role_tags": {
                "default": {},
                "description": "A map of additional tags to add to the IAM role created"
              },
              "iam_role_use_name_prefix": {
                "default": true,
                "description": "Determines whether the IAM role name (`iam_role_name`) is used as a prefix"
              },
              "include_oidc_root_ca_thumbprint": {
                "default": true,
                "description": "Determines whether to include the root CA thumbprint in the OpenID Connect (OIDC) identity provider's server certificate(s)"
              },
              "kms_key_administrators": {
                "default": [],
                "description": "A list of IAM ARNs for [key administrators](https://docs.aws.amazon.com/kms/latest/developerguide/key-policy-default.html#key-policy-default-allow-administrators). If no value is provided, the current caller identity is used to ensure at least one key admin is available"
              },
              "kms_key_aliases": {
                "default": [],
                "description": "A list of aliases to create. Note - due to the use of `toset()`, values must be static strings and not computed values"
              },
              "kms_key_deletion_window_in_days": {
                "default": null,
                "description": "The waiting period, specified in number of days. After the waiting period ends, AWS KMS deletes the KMS key. If you specify a value, it must be between `7` and `30`, inclusive. If you do not specify a value, it defaults to `30`"
              },
              "kms_key_description": {
                "default": null,
                "description": "The description of the key as viewed in AWS console"
              },
              "kms_key_enable_default_policy": {
                "default": false,
                "description": "Specifies whether to enable the default key policy. Defaults to `false`"
              },
              "kms_key_override_policy_documents": {
                "default": [],
                "description": "List of IAM policy documents that are merged together into the exported document. In merging, statements with non-blank `sid`s will override statements with the same `sid`"
              },
              "kms_key_owners": {
                "default": [],
                "description": "A list of IAM ARNs for those who will have full key permissions (`kms:*`)"
              },
              "kms_key_service_users": {
                "default": [],
                "description": "A list of IAM ARNs for [key service users](https://docs.aws.amazon.com/kms/latest/developerguide/key-policy-default.html#key-policy-service-integration)"
              },
              "kms_key_source_policy_documents": {
                "default": [],
                "description": "List of IAM policy documents that are merged together into the exported document. Statements must have unique `sid`s"
              },
              "kms_key_users": {
                "default": [],
                "description": "A list of IAM ARNs for [key users](https://docs.aws.amazon.com/kms/latest/developerguide/key-policy-default.html#key-policy-default-allow-users)"
              },
              "manage_aws_auth_configmap": {
                "default": false,
                "description": "Determines whether to manage the aws-auth configmap"
              },
              "node_security_group_additional_rules": {
                "default": {},
                "description": "List of additional security group rules to add to the node security group created. Set `source_cluster_security_group = true` inside rules to set the `cluster_security_group` as source"
              },
              "node_security_group_description": {
                "default": "EKS node shared security group",
                "description": "Description of the node security group created"
              },
              "node_security_group_enable_recommended_rules": {
                "default": true,
                "description": "Determines whether to enable recommended security group rules for the node security group created. This includes node-to-node TCP ingress on ephemeral ports and allows all egress traffic"
              },
              "node_security_group_id": {
                "default": "",
                "description": "ID of an existing security group to attach to the node groups created"
              },
              "node_security_group_name": {
                "default": null,
                "description": "Name to use on node security group created"
              },
              "node_security_group_tags": {
                "default": {},
                "description": "A map of additional tags to add to the node security group created"
              },
              "node_security_group_use_name_prefix": {
                "default": true,
                "description": "Determines whether node security group name (`node_security_group_name`) is used as a prefix"
              },
              "openid_connect_audiences": {
                "default": [],
                "description": "List of OpenID Connect audience client IDs to add to the IRSA provider"
              },
              "outpost_config": {
                "default": {},
                "description": "Configuration for the AWS Outpost to provision the cluster on"
              },
              "prefix_separator": {
                "default": "-",
                "description": "The separator to use between the prefix and the generated timestamp for resource names"
              },
              "putin_khuylo": {
                "default": true,
                "description": "Do you agree that Putin doesn't respect Ukrainian sovereignty and territorial integrity? More info: https://en.wikipedia.org/wiki/Putin_khuylo!"
              },
              "self_managed_node_group_defaults": {
                "default": {},
                "description": "Map of self-managed node group default configurations"
              },
              "self_managed_node_groups": {
                "default": {},
                "description": "Map of self-managed node group definitions to create"
              },
              "subnet_ids": {
                "default": [],
                "description": "A list of subnet IDs where the nodes/node groups will be provisioned. If `control_plane_subnet_ids` is not provided, the EKS cluster control plane (ENIs) will be provisioned in these subnets"
              },
              "tags": {
                "default": {},
                "description": "A map of tags to add to all resources"
              },
              "vpc_id": {
                "default": null,
                "description": "ID of the VPC where the cluster security group will be provisioned"
              }
            }
          },
          "version_constraint": "~> 19.13"
        },
        "vpc": {
          "source": "terraform-aws-modules/vpc/aws",
          "expressions": {
            "azs": {
              "references": [
                "local.azs"
              ]
            },
            "cidr": {
              "references": [
                "local.vpc_cidr"
              ]
            },
            "enable_nat_gateway": {
              "constant_value": true
            },
            "name": {
              "references": [
                "local.name"
              ]
            },
            "private_subnet_tags": {
              "constant_value": {
                "kubernetes.io/role/internal-elb": 1
              }
            },
            "private_subnets": {
              "references": [
                "local.azs",
                "local.vpc_cidr"
              ]
            },
            "public_subnet_tags": {
              "constant_value": {
                "kubernetes.io/role/elb": 1
              }
            },
            "public_subnets": {
              "references": [
                "local.azs",
                "local.vpc_cidr"
              ]
            },
            "single_nat_gateway": {
              "constant_value": true
            },
            "tags": {
              "references": [
                "local.tags"
              ]
            }
          },
          "module": {
            "outputs": {
              "azs": {
                "expression": {
                  "references": [
                    "var.azs"
                  ]
                },
                "description": "A list of availability zones specified as argument to this module"
              },
              "cgw_arns": {
                "expression": {
                  "references": [
                    "aws_customer_gateway.this"
                  ]
                },
                "description": "List of ARNs of Customer Gateway"
              },
              "cgw_ids": {
                "expression": {
                  "references": [
                    "aws_customer_gateway.this"
                  ]
                },
                "description": "List of IDs of Customer Gateway"
              },
              "database_internet_gateway_route_id": {
                "expression": {
                  "references": [
                    "aws_route.database_internet_gateway[0].id",
                    "aws_route.database_internet_gateway[0]",
                    "aws_route.database_internet_gateway"
                  ]
                },
                "description": "ID of the database internet gateway route"
              },
              "database_ipv6_egress_route_id": {
                "expression": {
                  "references": [
                    "aws_route.database_ipv6_egress[0].id",
                    "aws_route.database_ipv6_egress[0]",
                    "aws_route.database_ipv6_egress"
                  ]
                },
                "description": "ID of the database IPv6 egress route"
              },
              "database_nat_gateway_route_ids": {
                "expression": {
                  "references": [
                    "aws_route.database_nat_gateway"
                  ]
                },
                "description": "List of IDs of the database nat gateway route"
              },
              "database_network_acl_arn": {
                "expression": {
                  "references": [
                    "aws_network_acl.database[0].arn",
                    "aws_network_acl.database[0]",
                    "aws_network_acl.database"
                  ]
                },
                "description": "ARN of the database network ACL"
              },
              "database_network_acl_id": {
                "expression": {
                  "references": [
                    "aws_network_acl.database[0].id",
                    "aws_network_acl.database[0]",
                    "aws_network_acl.database"
                  ]
                },
                "description": "ID of the database network ACL"
              },
              "database_route_table_association_ids": {
                "expression": {
                  "references": [
                    "aws_route_table_association.database"
                  ]
                },
                "description": "List of IDs of the database route table association"
              },
              "database_route_table_ids": {
                "expression": {
                  "references": [
                    "aws_route_table.database",
                    "aws_route_table.database",
                    "aws_route_table.private"
                  ]
                },
                "description": "List of IDs of database route tables"
              },
              "database_subnet_arns": {
                "expression": {
                  "references": [
                    "aws_subnet.database"
                  ]
                },
                "description": "List of ARNs of database subnets"
              },
              "database_subnet_group": {
                "expression": {
                  "references": [
                    "aws_db_subnet_group.database[0].id",
                    "aws_db_subnet_group.database[0]",
                    "aws_db_subnet_group.database"
                  ]
                },
                "description": "ID of database subnet group"
              },
              "database_subnet_group_name": {
                "expression": {
                  "references": [
                    "aws_db_subnet_group.database[0].name",
                    "aws_db_subnet_group.database[0]",
                    "aws_db_subnet_group.database"
                  ]
                },
                "description": "Name of database subnet group"
              },
              "database_subnets": {
                "expression": {
                  "references": [
                    "aws_subnet.database"
                  ]
                },
                "description": "List of IDs of database subnets"
              },
              "database_subnets_cidr_blocks": {
                "expression": {
                  "references": [
                    "aws_subnet.database"
                  ]
                },
                "description": "List of cidr_blocks of database subnets"
              },
              "database_subnets_ipv6_cidr_blocks": {
                "expression": {
                  "references": [
                    "aws_subnet.database"
                  ]
                },
                "description": "List of IPv6 cidr_blocks of database subnets in an IPv6 enabled VPC"
              },
              "default_network_acl_id": {
                "expression": {
                  "references": [
                    "aws_vpc.this[0].default_network_acl_id",
                    "aws_vpc.this[0]",
                    "aws_vpc.this"
                  ]
                },
                "description": "The ID of the default network ACL"
              },
              "default_route_table_id": {
                "expression": {
                  "references": [
                    "aws_vpc.this[0].default_route_table_id",
                    "aws_vpc.this[0]",
                    "aws_vpc.this"
                  ]
                },
                "description": "The ID of the default route table"
              },
              "default_security_group_id": {
                "expression": {
                  "references": [
                    "aws_vpc.this[0].default_security_group_id",
                    "aws_vpc.this[0]",
                    "aws_vpc.this"
                  ]
                },
                "description": "The ID of the security group created by default on VPC creation"
              },
              "default_vpc_arn": {
                "expression": {
                  "references": [
                    "aws_default_vpc.this[0].arn",
                    "aws_default_vpc.this[0]",
                    "aws_default_vpc.this"
                  ]
                },
                "description": "The ARN of the Default VPC"
              },
              "default_vpc_cidr_block": {
                "expression": {
                  "references": [
                    "aws_default_vpc.this[0].cidr_block",
                    "aws_default_vpc.this[0]",
                    "aws_default_vpc.this"
                  ]
                },
                "description": "The CIDR block of the Default VPC"
              },
              "default_vpc_default_network_acl_id": {
                "expression": {
                  "references": [
                    "aws_default_vpc.this[0].default_network_acl_id",
                    "aws_default_vpc.this[0]",
                    "aws_default_vpc.this"
                  ]
                },
                "description": "The ID of the default network ACL of the Default VPC"
              },
              "default_vpc_default_route_table_id": {
                "expression": {
                  "references": [
                    "aws_default_vpc.this[0].default_route_table_id",
                    "aws_default_vpc.this[0]",
                    "aws_default_vpc.this"
                  ]
                },
                "description": "The ID of the default route table of the Default VPC"
              },
              "default_vpc_default_security_group_id": {
                "expression": {
                  "references": [
                    "aws_default_vpc.this[0].default_security_group_id",
                    "aws_default_vpc.this[0]",
                    "aws_default_vpc.this"
                  ]
                },
                "description": "The ID of the security group created by default on Default VPC creation"
              },
              "default_vpc_enable_dns_hostnames": {
                "expression": {
                  "references": [
                    "aws_default_vpc.this[0].enable_dns_hostnames",
                    "aws_default_vpc.this[0]",
                    "aws_default_vpc.this"
                  ]
                },
                "description": "Whether or not the Default VPC has DNS hostname support"
              },
              "default_vpc_enable_dns_support": {
                "expression": {
                  "references": [
                    "aws_default_vpc.this[0].enable_dns_support",
                    "aws_default_vpc.this[0]",
                    "aws_default_vpc.this"
                  ]
                },
                "description": "Whether or not the Default VPC has DNS support"
              },
              "default_vpc_id": {
                "expression": {
                  "references": [
                    "aws_default_vpc.this[0].id",
                    "aws_default_vpc.this[0]",
                    "aws_default_vpc.this"
                  ]
                },
                "description": "The ID of the Default VPC"
              },
              "default_vpc_instance_tenancy": {
                "expression": {
                  "references": [
                    "aws_default_vpc.this[0].instance_tenancy",
                    "aws_default_vpc.this[0]",
                    "aws_default_vpc.this"
                  ]
                },
                "description": "Tenancy of instances spin up within Default VPC"
              },
              "default_vpc_main_route_table_id": {
                "expression": {
                  "references": [
                    "aws_default_vpc.this[0].main_route_table_id",
                    "aws_default_vpc.this[0]",
                    "aws_default_vpc.this"
                  ]
                },
                "description": "The ID of the main route table associated with the Default VPC"
              },
              "dhcp_options_id": {
                "expression": {
                  "references": [
                    "aws_vpc_dhcp_options.this[0].id",
                    "aws_vpc_dhcp_options.this[0]",
                    "aws_vpc_dhcp_options.this"
                  ]
                },
                "description": "The ID of the DHCP options"
              },
              "egress_only_internet_gateway_id": {
                "expression": {
                  "references": [
                    "aws_egress_only_internet_gateway.this[0].id",
                    "aws_egress_only_internet_gateway.this[0]",
                    "aws_egress_only_internet_gateway.this"
                  ]
                },
                "description": "The ID of the egress only Internet Gateway"
              },
              "elasticache_network_acl_arn": {
                "expression": {
                  "references": [
                    "aws_network_acl.elasticache[0].arn",
                    "aws_network_acl.elasticache[0]",
                    "aws_network_acl.elasticache"
                  ]
                },
                "description": "ARN of the elasticache network ACL"
              },
              "elasticache_network_acl_id": {
                "expression": {
                  "references": [
                    "aws_network_acl.elasticache[0].id",
                    "aws_network_acl.elasticache[0]",
                    "aws_network_acl.elasticache"
                  ]
                },
                "description": "ID of the elasticache network ACL"
              },
              "elasticache_route_table_association_ids": {
                "expression": {
                  "references": [
                    "aws_route_table_association.elasticache"
                  ]
                },
                "description": "List of IDs of the elasticache route table association"
              },
              "elasticache_route_table_ids": {
                "expression": {
                  "references": [
                    "aws_route_table.elasticache",
                    "local.private_route_table_ids"
                  ]
                },
                "description": "List of IDs of elasticache route tables"
              },
              "elasticache_subnet_arns": {
                "expression": {
                  "references": [
                    "aws_subnet.elasticache"
                  ]
                },
                "description": "List of ARNs of elasticache subnets"
              },
              "elasticache_subnet_group": {
                "expression": {
                  "references": [
                    "aws_elasticache_subnet_group.elasticache[0].id",
                    "aws_elasticache_subnet_group.elasticache[0]",
                    "aws_elasticache_subnet_group.elasticache"
                  ]
                },
                "description": "ID of elasticache subnet group"
              },
              "elasticache_subnet_group_name": {
                "expression": {
                  "references": [
                    "aws_elasticache_subnet_group.elasticache[0].name",
                    "aws_elasticache_subnet_group.elasticache[0]",
                    "aws_elasticache_subnet_group.elasticache"
                  ]
                },
                "description": "Name of elasticache subnet group"
              },
              "elasticache_subnets": {
                "expression": {
                  "references": [
                    "aws_subnet.elasticache"
                  ]
                },
                "description": "List of IDs of elasticache subnets"
              },
              "elasticache_subnets_cidr_blocks": {
                "expression": {
                  "references": [
                    "aws_subnet.elasticache"
                  ]
                },
                "description": "List of cidr_blocks of elasticache subnets"
              },
              "elasticache_subnets_ipv6_cidr_blocks": {
                "expression": {
                  "references": [
                    "aws_subnet.elasticache"
                  ]
                },
                "description": "List of IPv6 cidr_blocks of elasticache subnets in an IPv6 enabled VPC"
              },
              "igw_arn": {
                "expression": {
                  "references": [
                    "aws_internet_gateway.this[0].arn",
                    "aws_internet_gateway.this[0]",
                    "aws_internet_gateway.this"
                  ]
                },
                "description": "The ARN of the Internet Gateway"
              },
              "igw_id": {
                "expression": {
                  "references": [
                    "aws_internet_gateway.this[0].id",
                    "aws_internet_gateway.this[0]",
                    "aws_internet_gateway.this"
                  ]
                },
                "description": "The ID of the Internet Gateway"
              },
              "intra_network_acl_arn": {
                "expression": {
                  "references": [
                    "aws_network_acl.intra[0].arn",
                    "aws_network_acl.intra[0]",
                    "aws_network_acl.intra"
                  ]
                },
                "description": "ARN of the intra network ACL"
              },
              "intra_network_acl_id": {
                "expression": {
                  "references": [
                    "aws_network_acl.intra[0].id",
                    "aws_network_acl.intra[0]",
                    "aws_network_acl.intra"
                  ]
                },
                "description": "ID of the intra network ACL"
              },
              "intra_route_table_association_ids": {
                "expression": {
                  "references": [
                    "aws_route_table_association.intra"
                  ]
                },
                "description": "List of IDs of the intra route table association"
              },
              "intra_route_table_ids": {
                "expression": {
                  "references": [
                    "aws_route_table.intra"
                  ]
                },
                "description": "List of IDs of intra route tables"
              },
              "intra_subnet_arns": {
                "expression": {
                  "references": [
                    "aws_subnet.intra"
                  ]
                },
                "description": "List of ARNs of intra subnets"
              },
              "intra_subnets": {
                "expression": {
                  "references": [
                    "aws_subnet.intra"
                  ]
                },
                "description": "List of IDs of intra subnets"
              },
              "intra_subnets_cidr_blocks": {
                "expression": {
                  "references": [
                    "aws_subnet.intra"
                  ]
                },
                "description": "List of cidr_blocks of intra subnets"
              },
              "intra_subnets_ipv6_cidr_blocks": {
                "expression": {
                  "references": [
                    "aws_subnet.intra"
                  ]
                },
                "description": "List of IPv6 cidr_blocks of intra subnets in an IPv6 enabled VPC"
              },
              "name": {
                "expression": {
                  "references": [
                    "var.name"
                  ]
                },
                "description": "The name of the VPC specified as argument to this module"
              },
              "nat_ids": {
                "expression": {
                  "references": [
                    "aws_eip.nat"
                  ]
                },
                "description": "List of allocation ID of Elastic IPs created for AWS NAT Gateway"
              },
              "nat_public_ips": {
                "expression": {
                  "references": [
                    "var.reuse_nat_ips",
                    "var.external_nat_ips",
                    "aws_eip.nat"
                  ]
                },
                "description": "List of public Elastic IPs created for AWS NAT Gateway"
              },
              "natgw_ids": {
                "expression": {
                  "references": [
                    "aws_nat_gateway.this"
                  ]
                },
                "description": "List of NAT Gateway IDs"
              },
              "natgw_interface_ids": {
                "expression": {
                  "references": [
                    "aws_nat_gateway.this"
                  ]
                },
                "description": "List of Network Interface IDs assigned to NAT Gateways"
              },
              "outpost_network_acl_arn": {
                "expression": {
                  "references": [
                    "aws_network_acl.outpost[0].arn",
                    "aws_network_acl.outpost[0]",
                    "aws_network_acl.outpost"
                  ]
                },
                "description": "ARN of the outpost network ACL"
              },
              "outpost_network_acl_id": {
                "expression": {
                  "references": [
                    "aws_network_acl.outpost[0].id",
                    "aws_network_acl.outpost[0]",
                    "aws_network_acl.outpost"
                  ]
                },
                "description": "ID of the outpost network ACL"
              },
              "outpost_subnet_arns": {
                "expression": {
                  "references": [
                    "aws_subnet.outpost"
                  ]
                },
                "description": "List of ARNs of outpost subnets"
              },
              "outpost_subnets": {
                "expression": {
                  "references": [
                    "aws_subnet.outpost"
                  ]
                },
                "description": "List of IDs of outpost subnets"
              },
              "outpost_subnets_cidr_blocks": {
                "expression": {
                  "references": [
                    "aws_subnet.outpost"
                  ]
                },
                "description": "List of cidr_blocks of outpost subnets"
              },
              "outpost_subnets_ipv6_cidr_blocks": {
                "expression": {
                  "references": [
                    "aws_subnet.outpost"
                  ]
                },
                "description": "List of IPv6 cidr_blocks of outpost subnets in an IPv6 enabled VPC"
              },
              "private_ipv6_egress_route_ids": {
                "expression": {
                  "references": [
                    "aws_route.private_ipv6_egress"
                  ]
                },
                "description": "List of IDs of the ipv6 egress route"
              },
              "private_nat_gateway_route_ids": {
                "expression": {
                  "references": [
                    "aws_route.private_nat_gateway"
                  ]
                },
                "description": "List of IDs of the private nat gateway route"
              },
              "private_network_acl_arn": {
                "expression": {
                  "references": [
                    "aws_network_acl.private[0].arn",
                    "aws_network_acl.private[0]",
                    "aws_network_acl.private"
                  ]
                },
                "description": "ARN of the private network ACL"
              },
              "private_network_acl_id": {
                "expression": {
                  "references": [
                    "aws_network_acl.private[0].id",
                    "aws_network_acl.private[0]",
                    "aws_network_acl.private"
                  ]
                },
                "description": "ID of the private network ACL"
              },
              "private_route_table_association_ids": {
                "expression": {
                  "references": [
                    "aws_route_table_association.private"
                  ]
                },
                "description": "List of IDs of the private route table association"
              },
              "private_route_table_ids": {
                "expression": {
                  "references": [
                    "local.private_route_table_ids"
                  ]
                },
                "description": "List of IDs of private route tables"
              },
              "private_subnet_arns": {
                "expression": {
                  "references": [
                    "aws_subnet.private"
                  ]
                },
                "description": "List of ARNs of private subnets"
              },
              "private_subnets": {
                "expression": {
                  "references": [
                    "aws_subnet.private"
                  ]
                },
                "description": "List of IDs of private subnets"
              },
              "private_subnets_cidr_blocks": {
                "expression": {
                  "references": [
                    "aws_subnet.private"
                  ]
                },
                "description": "List of cidr_blocks of private subnets"
              },
              "private_subnets_ipv6_cidr_blocks": {
                "expression": {
                  "references": [
                    "aws_subnet.private"
                  ]
                },
                "description": "List of IPv6 cidr_blocks of private subnets in an IPv6 enabled VPC"
              },
              "public_internet_gateway_ipv6_route_id": {
                "expression": {
                  "references": [
                    "aws_route.public_internet_gateway_ipv6[0].id",
                    "aws_route.public_internet_gateway_ipv6[0]",
                    "aws_route.public_internet_gateway_ipv6"
                  ]
                },
                "description": "ID of the IPv6 internet gateway route"
              },
              "public_internet_gateway_route_id": {
                "expression": {
                  "references": [
                    "aws_route.public_internet_gateway[0].id",
                    "aws_route.public_internet_gateway[0]",
                    "aws_route.public_internet_gateway"
                  ]
                },
                "description": "ID of the internet gateway route"
              },
              "public_network_acl_arn": {
                "expression": {
                  "references": [
                    "aws_network_acl.public[0].arn",
                    "aws_network_acl.public[0]",
                    "aws_network_acl.public"
                  ]
                },
                "description": "ARN of the public network ACL"
              },
              "public_network_acl_id": {
                "expression": {
                  "references": [
                    "aws_network_acl.public[0].id",
                    "aws_network_acl.public[0]",
                    "aws_network_acl.public"
                  ]
                },
                "description": "ID of the public network ACL"
              },
              "public_route_table_association_ids": {
                "expression": {
                  "references": [
                    "aws_route_table_association.public"
                  ]
                },
                "description": "List of IDs of the public route table association"
              },
              "public_route_table_ids": {
                "expression": {
                  "references": [
                    "local.public_route_table_ids"
                  ]
                },
                "description": "List of IDs of public route tables"
              },
              "public_subnet_arns": {
                "expression": {
                  "references": [
                    "aws_subnet.public"
                  ]
                },
                "description": "List of ARNs of public subnets"
              },
              "public_subnets": {
                "expression": {
                  "references": [
                    "aws_subnet.public"
                  ]
                },
                "description": "List of IDs of public subnets"
              },
              "public_subnets_cidr_blocks": {
                "expression": {
                  "references": [
                    "aws_subnet.public"
                  ]
                },
                "description": "List of cidr_blocks of public subnets"
              },
              "public_subnets_ipv6_cidr_blocks": {
                "expression": {
                  "references": [
                    "aws_subnet.public"
                  ]
                },
                "description": "List of IPv6 cidr_blocks of public subnets in an IPv6 enabled VPC"
              },
              "redshift_network_acl_arn": {
                "expression": {
                  "references": [
                    "aws_network_acl.redshift[0].arn",
                    "aws_network_acl.redshift[0]",
                    "aws_network_acl.redshift"
                  ]
                },
                "description": "ARN of the redshift network ACL"
              },
              "redshift_network_acl_id": {
                "expression": {
                  "references": [
                    "aws_network_acl.redshift[0].id",
                    "aws_network_acl.redshift[0]",
                    "aws_network_acl.redshift"
                  ]
                },
                "description": "ID of the redshift network ACL"
              },
              "redshift_public_route_table_association_ids": {
                "expression": {
                  "references": [
                    "aws_route_table_association.redshift_public"
                  ]
                },
                "description": "List of IDs of the public redshift route table association"
              },
              "redshift_route_table_association_ids": {
                "expression": {
                  "references": [
                    "aws_route_table_association.redshift"
                  ]
                },
                "description": "List of IDs of the redshift route table association"
              },
              "redshift_route_table_ids": {
                "expression": {
                  "references": [
                    "local.redshift_route_table_ids",
                    "local.redshift_route_table_ids",
                    "var.enable_public_redshift",
                    "local.public_route_table_ids",
                    "local.private_route_table_ids"
                  ]
                },
                "description": "List of IDs of redshift route tables"
              },
              "redshift_subnet_arns": {
                "expression": {
                  "references": [
                    "aws_subnet.redshift"
                  ]
                },
                "description": "List of ARNs of redshift subnets"
              },
              "redshift_subnet_group": {
                "expression": {
                  "references": [
                    "aws_redshift_subnet_group.redshift[0].id",
                    "aws_redshift_subnet_group.redshift[0]",
                    "aws_redshift_subnet_group.redshift"
                  ]
                },
                "description": "ID of redshift subnet group"
              },
              "redshift_subnets": {
                "expression": {
                  "references": [
                    "aws_subnet.redshift"
                  ]
                },
                "description": "List of IDs of redshift subnets"
              },
              "redshift_subnets_cidr_blocks": {
                "expression": {
                  "references": [
                    "aws_subnet.redshift"
                  ]
                },
                "description": "List of cidr_blocks of redshift subnets"
              },
              "redshift_subnets_ipv6_cidr_blocks": {
                "expression": {
                  "references": [
                    "aws_subnet.redshift"
                  ]
                },
                "description": "List of IPv6 cidr_blocks of redshift subnets in an IPv6 enabled VPC"
              },
              "this_customer_gateway": {
                "expression": {
                  "references": [
                    "aws_customer_gateway.this"
                  ]
                },
                "description": "Map of Customer Gateway attributes"
              },
              "vgw_arn": {
                "expression": {
                  "references": [
                    "aws_vpn_gateway.this[0].arn",
                    "aws_vpn_gateway.this[0]",
                    "aws_vpn_gateway.this"
                  ]
                },
                "description": "The ARN of the VPN Gateway"
              },
              "vgw_id": {
                "expression": {
                  "references": [
                    "aws_vpn_gateway.this[0].id",
                    "aws_vpn_gateway.this[0]",
                    "aws_vpn_gateway.this",
                    "aws_vpn_gateway_attachment.this[0].vpn_gateway_id",
                    "aws_vpn_gateway_attachment.this[0]",
                    "aws_vpn_gateway_attachment.this"
                  ]
                },
                "description": "The ID of the VPN Gateway"
              },
              "vpc_arn": {
                "expression": {
                  "references": [
                    "aws_vpc.this[0].arn",
                    "aws_vpc.this[0]",
                    "aws_vpc.this"
                  ]
                },
                "description": "The ARN of the VPC"
              },
              "vpc_cidr_block": {
                "expression": {
                  "references": [
                    "aws_vpc.this[0].cidr_block",
                    "aws_vpc.this[0]",
                    "aws_vpc.this"
                  ]
                },
                "description": "The CIDR block of the VPC"
              },
              "vpc_enable_dns_hostnames": {
                "expression": {
                  "references": [
                    "aws_vpc.this[0].enable_dns_hostnames",
                    "aws_vpc.this[0]",
                    "aws_vpc.this"
                  ]
                },
                "description": "Whether or not the VPC has DNS hostname support"
              },
              "vpc_enable_dns_support": {
                "expression": {
                  "references": [
                    "aws_vpc.this[0].enable_dns_support",
                    "aws_vpc.this[0]",
                    "aws_vpc.this"
                  ]
                },
                "description": "Whether or not the VPC has DNS support"
              },
              "vpc_flow_log_cloudwatch_iam_role_arn": {
                "expression": {
                  "references": [
                    "local.flow_log_iam_role_arn"
                  ]
                },
                "description": "The ARN of the IAM role used when pushing logs to Cloudwatch log group"
              },
              "vpc_flow_log_deliver_cross_account_role": {
                "expression": {
                  "references": [
                    "aws_flow_log.this[0].deliver_cross_account_role",
                    "aws_flow_log.this[0]",
                    "aws_flow_log.this"
                  ]
                },
                "description": "The ARN of the IAM role used when pushing logs cross account"
              },
              "vpc_flow_log_destination_arn": {
                "expression": {
                  "references": [
                    "local.flow_log_destination_arn"
                  ]
                },
                "description": "The ARN of the destination for VPC Flow Logs"
              },
              "vpc_flow_log_destination_type": {
                "expression": {
                  "references": [
                    "var.flow_log_destination_type"
                  ]
                },
                "description": "The type of the destination for VPC Flow Logs"
              },
              "vpc_flow_log_id": {
                "expression": {
                  "references": [
                    "aws_flow_log.this[0].id",
                    "aws_flow_log.this[0]",
                    "aws_flow_log.this"
                  ]
                },
                "description": "The ID of the Flow Log resource"
              },
              "vpc_id": {
                "expression": {
                  "references": [
                    "aws_vpc.this[0].id",
                    "aws_vpc.this[0]",
                    "aws_vpc.this"
                  ]
                },
                "description": "The ID of the VPC"
              },
              "vpc_instance_tenancy": {
                "expression": {
                  "references": [
                    "aws_vpc.this[0].instance_tenancy",
                    "aws_vpc.this[0]",
                    "aws_vpc.this"
                  ]
                },
                "description": "Tenancy of instances spin up within VPC"
              },
              "vpc_ipv6_association_id": {
                "expression": {
                  "references": [
                    "aws_vpc.this[0].ipv6_association_id",
                    "aws_vpc.this[0]",
                    "aws_vpc.this"
                  ]
                },
                "description": "The association ID for the IPv6 CIDR block"
              },
              "vpc_ipv6_cidr_block": {
                "expression": {
                  "references": [
                    "aws_vpc.this[0].ipv6_cidr_block",
                    "aws_vpc.this[0]",
                    "aws_vpc.this"
                  ]
                },
                "description": "The IPv6 CIDR block"
              },
              "vpc_main_route_table_id": {
                "expression": {
                  "references": [
                    "aws_vpc.this[0].main_route_table_id",
                    "aws_vpc.this[0]",
                    "aws_vpc.this"
                  ]
                },
                "description": "The ID of the main route table associated with this VPC"
              },
              "vpc_owner_id": {
                "expression": {
                  "references": [
                    "aws_vpc.this[0].owner_id",
                    "aws_vpc.this[0]",
                    "aws_vpc.this"
                  ]
                },
                "description": "The ID of the AWS account that owns the VPC"
              },
              "vpc_secondary_cidr_blocks": {
                "expression": {
                  "references": [
                    "aws_vpc_ipv4_cidr_block_association.this"
                  ]
                },
                "description": "List of secondary CIDR blocks of the VPC"
              }
            },
            "resources": [
              {
                "address": "aws_cloudwatch_log_group.flow_log",
                "mode": "managed",
                "type": "aws_cloudwatch_log_group",
                "name": "flow_log",
                "provider_config_key": "aws",
                "expressions": {
                  "kms_key_id": {
                    "references": [
                      "var.flow_log_cloudwatch_log_group_kms_key_id"
                    ]
                  },
                  "name": {
                    "references": [
                      "var.flow_log_cloudwatch_log_group_name_prefix",
                      "local.flow_log_cloudwatch_log_group_name_suffix"
                    ]
                  },
                  "retention_in_days": {
                    "references": [
                      "var.flow_log_cloudwatch_log_group_retention_in_days"
                    ]
                  },
                  "skip_destroy": {
                    "references": [
                      "var.flow_log_cloudwatch_log_group_skip_destroy"
                    ]
                  },
                  "tags": {
                    "references": [
                      "var.tags",
                      "var.vpc_flow_log_tags"
                    ]
                  }
                },
                "schema_version": 0,
                "count_expression": {
                  "references": [
                    "local.create_flow_log_cloudwatch_log_group"
                  ]
                }
              },
              {
                "address": "aws_customer_gateway.this",
                "mode": "managed",
                "type": "aws_customer_gateway",
                "name": "this",
                "provider_config_key": "aws",
                "expressions": {
                  "bgp_asn": {
                    "references": [
                      "each.value[\"bgp_asn\"]",
                      "each.value"
                    ]
                  },
                  "device_name": {
                    "references": [
                      "each.value"
                    ]
                  },
                  "ip_address": {
                    "references": [
                      "each.value[\"ip_address\"]",
                      "each.value"
                    ]
                  },
                  "tags": {
                    "references": [
                      "var.name",
                      "each.key",
                      "var.tags",
                      "var.customer_gateway_tags"
                    ]
                  },
                  "type": {
                    "constant_value": "ipsec.1"
                  }
                },
                "schema_version": 0,
                "for_each_expression": {
                  "references": [
                    "var.customer_gateways"
                  ]
                }
              },
              {
                "address": "aws_db_subnet_group.database",
                "mode": "managed",
                "type": "aws_db_subnet_group",
                "name": "database",
                "provider_config_key": "aws",
                "expressions": {
                  "description": {
                    "references": [
                      "var.name"
                    ]
                  },
                  "name": {
                    "references": [
                      "var.database_subnet_group_name",
                      "var.name"
                    ]
                  },
                  "subnet_ids": {
                    "references": [
                      "aws_subnet.database"
                    ]
                  },
                  "tags": {
                    "references": [
                      "var.database_subnet_group_name",
                      "var.name",
                      "var.tags",
                      "var.database_subnet_group_tags"
                    ]
                  }
                },
                "schema_version": 0,
                "count_expression": {
                  "references": [
                    "local.create_database_subnets",
                    "var.create_database_subnet_group"
                  ]
                }
              },
              {
                "address": "aws_default_network_acl.this",
                "mode": "managed",
                "type": "aws_default_network_acl",
                "name": "this",
                "provider_config_key": "aws",
                "expressions": {
                  "default_network_acl_id": {
                    "references": [
                      "aws_vpc.this[0].default_network_acl_id",
                      "aws_vpc.this[0]",
                      "aws_vpc.this"
                    ]
                  },
                  "subnet_ids": {
                    "constant_value": null
                  },
                  "tags": {
                    "references": [
                      "var.default_network_acl_name",
                      "var.name",
                      "var.tags",
                      "var.default_network_acl_tags"
                    ]
                  }
                },
                "schema_version": 0,
                "count_expression": {
                  "references": [
                    "local.create_vpc",
                    "var.manage_default_network_acl"
                  ]
                }
              },
              {
                "address": "aws_default_route_table.default",
                "mode": "managed",
                "type": "aws_default_route_table",
                "name": "default",
                "provider_config_key": "aws",
                "expressions": {
                  "default_route_table_id": {
                    "references": [
                      "aws_vpc.this[0].default_route_table_id",
                      "aws_vpc.this[0]",
                      "aws_vpc.this"
                    ]
                  },
                  "propagating_vgws": {
                    "references": [
                      "var.default_route_table_propagating_vgws"
                    ]
                  },
                  "tags": {
                    "references": [
                      "var.default_route_table_name",
                      "var.name",
                      "var.tags",
                      "var.default_route_table_tags"
                    ]
                  },
                  "timeouts": {
                    "create": {
                      "constant_value": "5m"
                    },
                    "update": {
                      "constant_value": "5m"
                    }
                  }
                },
                "schema_version": 0,
                "count_expression": {
                  "references": [
                    "local.create_vpc",
                    "var.manage_default_route_table"
                  ]
                }
              },
              {
                "address": "aws_default_security_group.this",
                "mode": "managed",
                "type": "aws_default_security_group",
                "name": "this",
                "provider_config_key": "aws",
                "expressions": {
                  "tags": {
                    "references": [
                      "var.default_security_group_name",
                      "var.name",
                      "var.tags",
                      "var.default_security_group_tags"
                    ]
                  },
                  "vpc_id": {
                    "references": [
                      "aws_vpc.this[0].id",
                      "aws_vpc.this[0]",
                      "aws_vpc.this"
                    ]
                  }
                },
                "schema_version": 1,
                "count_expression": {
                  "references": [
                    "local.create_vpc",
                    "var.manage_default_security_group"
                  ]
                }
              },
              {
                "address": "aws_default_vpc.this",
                "mode": "managed",
                "type": "aws_default_vpc",
                "name": "this",
                "provider_config_key": "aws",
                "expressions": {
                  "enable_dns_hostnames": {
                    "references": [
                      "var.default_vpc_enable_dns_hostnames"
                    ]
                  },
                  "enable_dns_support": {
                    "references": [
                      "var.default_vpc_enable_dns_support"
                    ]
                  },
                  "tags": {
                    "references": [
                      "var.default_vpc_name",
                      "var.tags",
                      "var.default_vpc_tags"
                    ]
                  }
                },
                "schema_version": 1,
                "count_expression": {
                  "references": [
                    "var.manage_default_vpc"
                  ]
                }
              },
              {
                "address": "aws_egress_only_internet_gateway.this",
                "mode": "managed",
                "type": "aws_egress_only_internet_gateway",
                "name": "this",
                "provider_config_key": "aws",
                "expressions": {
                  "tags": {
                    "references": [
                      "var.name",
                      "var.tags",
                      "var.igw_tags"
                    ]
                  },
                  "vpc_id": {
                    "references": [
                      "local.vpc_id"
                    ]
                  }
                },
                "schema_version": 0,
                "count_expression": {
                  "references": [
                    "local.create_vpc",
                    "var.create_egress_only_igw",
                    "var.enable_ipv6",
                    "local.max_subnet_length"
                  ]
                }
              },
              {
                "address": "aws_eip.nat",
                "mode": "managed",
                "type": "aws_eip",
                "name": "nat",
                "provider_config_key": "aws",
                "expressions": {
                  "domain": {
                    "constant_value": "vpc"
                  },
                  "tags": {
                    "references": [
                      "var.name",
                      "var.azs",
                      "var.single_nat_gateway",
                      "count.index",
                      "var.tags",
                      "var.nat_eip_tags"
                    ]
                  }
                },
                "schema_version": 0,
                "count_expression": {
                  "references": [
                    "local.create_vpc",
                    "var.enable_nat_gateway",
                    "var.reuse_nat_ips",
                    "local.nat_gateway_count"
                  ]
                },
                "depends_on": [
                  "aws_internet_gateway.this"
                ]
              },
              {
                "address": "aws_elasticache_subnet_group.elasticache",
                "mode": "managed",
                "type": "aws_elasticache_subnet_group",
                "name": "elasticache",
                "provider_config_key": "aws",
                "expressions": {
                  "description": {
                    "references": [
                      "var.name"
                    ]
                  },
                  "name": {
                    "references": [
                      "var.elasticache_subnet_group_name",
                      "var.name"
                    ]
                  },
                  "subnet_ids": {
                    "references": [
                      "aws_subnet.elasticache"
                    ]
                  },
                  "tags": {
                    "references": [
                      "var.elasticache_subnet_group_name",
                      "var.name",
                      "var.tags",
                      "var.elasticache_subnet_group_tags"
                    ]
                  }
                },
                "schema_version": 0,
                "count_expression": {
                  "references": [
                    "local.create_elasticache_subnets",
                    "var.create_elasticache_subnet_group"
                  ]
                }
              },
              {
                "address": "aws_flow_log.this",
                "mode": "managed",
                "type": "aws_flow_log",
                "name": "this",
                "provider_config_key": "aws",
                "expressions": {
                  "deliver_cross_account_role": {
                    "references": [
                      "var.flow_log_deliver_cross_account_role"
                    ]
                  },
                  "iam_role_arn": {
                    "references": [
                      "local.flow_log_iam_role_arn"
                    ]
                  },
                  "log_destination": {
                    "references": [
                      "local.flow_log_destination_arn"
                    ]
                  },
                  "log_destination_type": {
                    "references": [
                      "var.flow_log_destination_type"
                    ]
                  },
                  "log_format": {
                    "references": [
                      "var.flow_log_log_format"
                    ]
                  },
                  "max_aggregation_interval": {
                    "references": [
                      "var.flow_log_max_aggregation_interval"
                    ]
                  },
                  "tags": {
                    "references": [
                      "var.tags",
                      "var.vpc_flow_log_tags"
                    ]
                  },
                  "traffic_type": {
                    "references": [
                      "var.flow_log_traffic_type"
                    ]
                  },
                  "vpc_id": {
                    "references": [
                      "local.vpc_id"
                    ]
                  }
                },
                "schema_version": 0,
                "count_expression": {
                  "references": [
                    "local.enable_flow_log"
                  ]
                }
              },
              {
                "address": "aws_iam_policy.vpc_flow_log_cloudwatch",
                "mode": "managed",
                "type": "aws_iam_policy",
                "name": "vpc_flow_log_cloudwatch",
                "provider_config_key": "aws",
                "expressions": {
                  "name_prefix": {
                    "constant_value": "vpc-flow-log-to-cloudwatch-"
                  },
                  "policy": {
                    "references": [
                      "data.aws_iam_policy_document.vpc_flow_log_cloudwatch[0].json",
                      "data.aws_iam_policy_document.vpc_flow_log_cloudwatch[0]",
                      "data.aws_iam_policy_document.vpc_flow_log_cloudwatch"
                    ]
                  },
                  "tags": {
                    "references": [
                      "var.tags",
                      "var.vpc_flow_log_tags"
                    ]
                  }
                },
                "schema_version": 0,
                "count_expression": {
                  "references": [
                    "local.create_flow_log_cloudwatch_iam_role"
                  ]
                }
              },
              {
                "address": "aws_iam_role.vpc_flow_log_cloudwatch",
                "mode": "managed",
                "type": "aws_iam_role",
                "name": "vpc_flow_log_cloudwatch",
                "provider_config_key": "aws",
                "expressions": {
                  "assume_role_policy": {
                    "references": [
                      "data.aws_iam_policy_document.flow_log_cloudwatch_assume_role[0].json",
                      "data.aws_iam_policy_document.flow_log_cloudwatch_assume_role[0]",
                      "data.aws_iam_policy_document.flow_log_cloudwatch_assume_role"
                    ]
                  },
                  "name_prefix": {
                    "constant_value": "vpc-flow-log-role-"
                  },
                  "permissions_boundary": {
                    "references": [
                      "var.vpc_flow_log_permissions_boundary"
                    ]
                  },
                  "tags": {
                    "references": [
                      "var.tags",
                      "var.vpc_flow_log_tags"
                    ]
                  }
                },
                "schema_version": 0,
                "count_expression": {
                  "references": [
                    "local.create_flow_log_cloudwatch_iam_role"
                  ]
                }
              },
              {
                "address": "aws_iam_role_policy_attachment.vpc_flow_log_cloudwatch",
                "mode": "managed",
                "type": "aws_iam_role_policy_attachment",
                "name": "vpc_flow_log_cloudwatch",
                "provider_config_key": "aws",
                "expressions": {
                  "policy_arn": {
                    "references": [
                      "aws_iam_policy.vpc_flow_log_cloudwatch[0].arn",
                      "aws_iam_policy.vpc_flow_log_cloudwatch[0]",
                      "aws_iam_policy.vpc_flow_log_cloudwatch"
                    ]
                  },
                  "role": {
                    "references": [
                      "aws_iam_role.vpc_flow_log_cloudwatch[0].name",
                      "aws_iam_role.vpc_flow_log_cloudwatch[0]",
                      "aws_iam_role.vpc_flow_log_cloudwatch"
                    ]
                  }
                },
                "schema_version": 0,
                "count_expression": {
                  "references": [
                    "local.create_flow_log_cloudwatch_iam_role"
                  ]
                }
              },
              {
                "address": "aws_internet_gateway.this",
                "mode": "managed",
                "type": "aws_internet_gateway",
                "name": "this",
                "provider_config_key": "aws",
                "expressions": {
                  "tags": {
                    "references": [
                      "var.name",
                      "var.tags",
                      "var.igw_tags"
                    ]
                  },
                  "vpc_id": {
                    "references": [
                      "local.vpc_id"
                    ]
                  }
                },
                "schema_version": 0,
                "count_expression": {
                  "references": [
                    "local.create_public_subnets",
                    "var.create_igw"
                  ]
                }
              },
              {
                "address": "aws_nat_gateway.this",
                "mode": "managed",
                "type": "aws_nat_gateway",
                "name": "this",
                "provider_config_key": "aws",
                "expressions": {
                  "allocation_id": {
                    "references": [
                      "local.nat_gateway_ips",
                      "var.single_nat_gateway",
                      "count.index"
                    ]
                  },
                  "subnet_id": {
                    "references": [
                      "aws_subnet.public",
                      "var.single_nat_gateway",
                      "count.index"
                    ]
                  },
                  "tags": {
                    "references": [
                      "var.name",
                      "var.azs",
                      "var.single_nat_gateway",
                      "count.index",
                      "var.tags",
                      "var.nat_gateway_tags"
                    ]
                  }
                },
                "schema_version": 0,
                "count_expression": {
                  "references": [
                    "local.create_vpc",
                    "var.enable_nat_gateway",
                    "local.nat_gateway_count"
                  ]
                },
                "depends_on": [
                  "aws_internet_gateway.this"
                ]
              },
              {
                "address": "aws_network_acl.database",
                "mode": "managed",
                "type": "aws_network_acl",
                "name": "database",
                "provider_config_key": "aws",
                "expressions": {
                  "subnet_ids": {
                    "references": [
                      "aws_subnet.database"
                    ]
                  },
                  "tags": {
                    "references": [
                      "var.name",
                      "var.database_subnet_suffix",
                      "var.tags",
                      "var.database_acl_tags"
                    ]
                  },
                  "vpc_id": {
                    "references": [
                      "local.vpc_id"
                    ]
                  }
                },
                "schema_version": 0,
                "count_expression": {
                  "references": [
                    "local.create_database_network_acl"
                  ]
                }
              },
              {
                "address": "aws_network_acl.elasticache",
                "mode": "managed",
                "type": "aws_network_acl",
                "name": "elasticache",
                "provider_config_key": "aws",
                "expressions": {
                  "subnet_ids": {
                    "references": [
                      "aws_subnet.elasticache"
                    ]
                  },
                  "tags": {
                    "references": [
                      "var.name",
                      "var.elasticache_subnet_suffix",
                      "var.tags",
                      "var.elasticache_acl_tags"
                    ]
                  },
                  "vpc_id": {
                    "references": [
                      "local.vpc_id"
                    ]
                  }
                },
                "schema_version": 0,
                "count_expression": {
                  "references": [
                    "local.create_elasticache_network_acl"
                  ]
                }
              },
              {
                "address": "aws_network_acl.intra",
                "mode": "managed",
                "type": "aws_network_acl",
                "name": "intra",
                "provider_config_key": "aws",
                "expressions": {
                  "subnet_ids": {
                    "references": [
                      "aws_subnet.intra"
                    ]
                  },
                  "tags": {
                    "references": [
                      "var.name",
                      "var.intra_subnet_suffix",
                      "var.tags",
                      "var.intra_acl_tags"
                    ]
                  },
                  "vpc_id": {
                    "references": [
                      "local.vpc_id"
                    ]
                  }
                },
                "schema_version": 0,
                "count_expression": {
                  "references": [
                    "local.create_intra_network_acl"
                  ]
                }
              },
              {
                "address": "aws_network_acl.outpost",
                "mode": "managed",
                "type": "aws_network_acl",
                "name": "outpost",
                "provider_config_key": "aws",
                "expressions": {
                  "subnet_ids": {
                    "references": [
                      "aws_subnet.outpost"
                    ]
                  },
                  "tags": {
                    "references": [
                      "var.name",
                      "var.outpost_subnet_suffix",
                      "var.tags",
                      "var.outpost_acl_tags"
                    ]
                  },
                  "vpc_id": {
                    "references": [
                      "local.vpc_id"
                    ]
                  }
                },
                "schema_version": 0,
                "count_expression": {
                  "references": [
                    "local.create_outpost_network_acl"
                  ]
                }
              },
              {
                "address": "aws_network_acl.private",
                "mode": "managed",
                "type": "aws_network_acl",
                "name": "private",
                "provider_config_key": "aws",
                "expressions": {
                  "subnet_ids": {
                    "references": [
                      "aws_subnet.private"
                    ]
                  },
                  "tags": {
                    "references": [
                      "var.name",
                      "var.private_subnet_suffix",
                      "var.tags",
                      "var.private_acl_tags"
                    ]
                  },
                  "vpc_id": {
                    "references": [
                      "local.vpc_id"
                    ]
                  }
                },
                "schema_version": 0,
                "count_expression": {
                  "references": [
                    "local.create_private_network_acl"
                  ]
                }
              },
              {
                "address": "aws_network_acl.public",
                "mode": "managed",
                "type": "aws_network_acl",
                "name": "public",
                "provider_config_key": "aws",
                "expressions": {
                  "subnet_ids": {
                    "references": [
                      "aws_subnet.public"
                    ]
                  },
                  "tags": {
                    "references": [
                      "var.name",
                      "var.public_subnet_suffix",
                      "var.tags",
                      "var.public_acl_tags"
                    ]
                  },
                  "vpc_id": {
                    "references": [
                      "local.vpc_id"
                    ]
                  }
                },
                "schema_version": 0,
                "count_expression": {
                  "references": [
                    "local.create_public_subnets",
                    "var.public_dedicated_network_acl"
                  ]
                }
              },
              {
                "address": "aws_network_acl.redshift",
                "mode": "managed",
                "type": "aws_network_acl",
                "name": "redshift",
                "provider_config_key": "aws",
                "expressions": {
                  "subnet_ids": {
                    "references": [
                      "aws_subnet.redshift"
                    ]
                  },
                  "tags": {
                    "references": [
                      "var.name",
                      "var.redshift_subnet_suffix",
                      "var.tags",
                      "var.redshift_acl_tags"
                    ]
                  },
                  "vpc_id": {
                    "references": [
                      "local.vpc_id"
                    ]
                  }
                },
                "schema_version": 0,
                "count_expression": {
                  "references": [
                    "local.create_redshift_network_acl"
                  ]
                }
              },
              {
                "address": "aws_network_acl_rule.database_inbound",
                "mode": "managed",
                "type": "aws_network_acl_rule",
                "name": "database_inbound",
                "provider_config_key": "aws",
                "expressions": {
                  "cidr_block": {
                    "references": [
                      "var.database_inbound_acl_rules",
                      "count.index"
                    ]
                  },
                  "egress": {
                    "constant_value": false
                  },
                  "from_port": {
                    "references": [
                      "var.database_inbound_acl_rules",
                      "count.index"
                    ]
                  },
                  "icmp_code": {
                    "references": [
                      "var.database_inbound_acl_rules",
                      "count.index"
                    ]
                  },
                  "icmp_type": {
                    "references": [
                      "var.database_inbound_acl_rules",
                      "count.index"
                    ]
                  },
                  "ipv6_cidr_block": {
                    "references": [
                      "var.database_inbound_acl_rules",
                      "count.index"
                    ]
                  },
                  "network_acl_id": {
                    "references": [
                      "aws_network_acl.database[0].id",
                      "aws_network_acl.database[0]",
                      "aws_network_acl.database"
                    ]
                  },
                  "protocol": {
                    "references": [
                      "var.database_inbound_acl_rules",
                      "count.index"
                    ]
                  },
                  "rule_action": {
                    "references": [
                      "var.database_inbound_acl_rules",
                      "count.index"
                    ]
                  },
                  "rule_number": {
                    "references": [
                      "var.database_inbound_acl_rules",
                      "count.index"
                    ]
                  },
                  "to_port": {
                    "references": [
                      "var.database_inbound_acl_rules",
                      "count.index"
                    ]
                  }
                },
                "schema_version": 0,
                "count_expression": {
                  "references": [
                    "local.create_database_network_acl",
                    "var.database_inbound_acl_rules"
                  ]
                }
              },
              {
                "address": "aws_network_acl_rule.database_outbound",
                "mode": "managed",
                "type": "aws_network_acl_rule",
                "name": "database_outbound",
                "provider_config_key": "aws",
                "expressions": {
                  "cidr_block": {
                    "references": [
                      "var.database_outbound_acl_rules",
                      "count.index"
                    ]
                  },
                  "egress": {
                    "constant_value": true
                  },
                  "from_port": {
                    "references": [
                      "var.database_outbound_acl_rules",
                      "count.index"
                    ]
                  },
                  "icmp_code": {
                    "references": [
                      "var.database_outbound_acl_rules",
                      "count.index"
                    ]
                  },
                  "icmp_type": {
                    "references": [
                      "var.database_outbound_acl_rules",
                      "count.index"
                    ]
                  },
                  "ipv6_cidr_block": {
                    "references": [
                      "var.database_outbound_acl_rules",
                      "count.index"
                    ]
                  },
                  "network_acl_id": {
                    "references": [
                      "aws_network_acl.database[0].id",
                      "aws_network_acl.database[0]",
                      "aws_network_acl.database"
                    ]
                  },
                  "protocol": {
                    "references": [
                      "var.database_outbound_acl_rules",
                      "count.index"
                    ]
                  },
                  "rule_action": {
                    "references": [
                      "var.database_outbound_acl_rules",
                      "count.index"
                    ]
                  },
                  "rule_number": {
                    "references": [
                      "var.database_outbound_acl_rules",
                      "count.index"
                    ]
                  },
                  "to_port": {
                    "references": [
                      "var.database_outbound_acl_rules",
                      "count.index"
                    ]
                  }
                },
                "schema_version": 0,
                "count_expression": {
                  "references": [
                    "local.create_database_network_acl",
                    "var.database_outbound_acl_rules"
                  ]
                }
              },
              {
                "address": "aws_network_acl_rule.elasticache_inbound",
                "mode": "managed",
                "type": "aws_network_acl_rule",
                "name": "elasticache_inbound",
                "provider_config_key": "aws",
                "expressions": {
                  "cidr_block": {
                    "references": [
                      "var.elasticache_inbound_acl_rules",
                      "count.index"
                    ]
                  },
                  "egress": {
                    "constant_value": false
                  },
                  "from_port": {
                    "references": [
                      "var.elasticache_inbound_acl_rules",
                      "count.index"
                    ]
                  },
                  "icmp_code": {
                    "references": [
                      "var.elasticache_inbound_acl_rules",
                      "count.index"
                    ]
                  },
                  "icmp_type": {
                    "references": [
                      "var.elasticache_inbound_acl_rules",
                      "count.index"
                    ]
                  },
                  "ipv6_cidr_block": {
                    "references": [
                      "var.elasticache_inbound_acl_rules",
                      "count.index"
                    ]
                  },
                  "network_acl_id": {
                    "references": [
                      "aws_network_acl.elasticache[0].id",
                      "aws_network_acl.elasticache[0]",
                      "aws_network_acl.elasticache"
                    ]
                  },
                  "protocol": {
                    "references": [
                      "var.elasticache_inbound_acl_rules",
                      "count.index"
                    ]
                  },
                  "rule_action": {
                    "references": [
                      "var.elasticache_inbound_acl_rules",
                      "count.index"
                    ]
                  },
                  "rule_number": {
                    "references": [
                      "var.elasticache_inbound_acl_rules",
                      "count.index"
                    ]
                  },
                  "to_port": {
                    "references": [
                      "var.elasticache_inbound_acl_rules",
                      "count.index"
                    ]
                  }
                },
                "schema_version": 0,
                "count_expression": {
                  "references": [
                    "local.create_elasticache_network_acl",
                    "var.elasticache_inbound_acl_rules"
                  ]
                }
              },
              {
                "address": "aws_network_acl_rule.elasticache_outbound",
                "mode": "managed",
                "type": "aws_network_acl_rule",
                "name": "elasticache_outbound",
                "provider_config_key": "aws",
                "expressions": {
                  "cidr_block": {
                    "references": [
                      "var.elasticache_outbound_acl_rules",
                      "count.index"
                    ]
                  },
                  "egress": {
                    "constant_value": true
                  },
                  "from_port": {
                    "references": [
                      "var.elasticache_outbound_acl_rules",
                      "count.index"
                    ]
                  },
                  "icmp_code": {
                    "references": [
                      "var.elasticache_outbound_acl_rules",
                      "count.index"
                    ]
                  },
                  "icmp_type": {
                    "references": [
                      "var.elasticache_outbound_acl_rules",
                      "count.index"
                    ]
                  },
                  "ipv6_cidr_block": {
                    "references": [
                      "var.elasticache_outbound_acl_rules",
                      "count.index"
                    ]
                  },
                  "network_acl_id": {
                    "references": [
                      "aws_network_acl.elasticache[0].id",
                      "aws_network_acl.elasticache[0]",
                      "aws_network_acl.elasticache"
                    ]
                  },
                  "protocol": {
                    "references": [
                      "var.elasticache_outbound_acl_rules",
                      "count.index"
                    ]
                  },
                  "rule_action": {
                    "references": [
                      "var.elasticache_outbound_acl_rules",
                      "count.index"
                    ]
                  },
                  "rule_number": {
                    "references": [
                      "var.elasticache_outbound_acl_rules",
                      "count.index"
                    ]
                  },
                  "to_port": {
                    "references": [
                      "var.elasticache_outbound_acl_rules",
                      "count.index"
                    ]
                  }
                },
                "schema_version": 0,
                "count_expression": {
                  "references": [
                    "local.create_elasticache_network_acl",
                    "var.elasticache_outbound_acl_rules"
                  ]
                }
              },
              {
                "address": "aws_network_acl_rule.intra_inbound",
                "mode": "managed",
                "type": "aws_network_acl_rule",
                "name": "intra_inbound",
                "provider_config_key": "aws",
                "expressions": {
                  "cidr_block": {
                    "references": [
                      "var.intra_inbound_acl_rules",
                      "count.index"
                    ]
                  },
                  "egress": {
                    "constant_value": false
                  },
                  "from_port": {
                    "references": [
                      "var.intra_inbound_acl_rules",
                      "count.index"
                    ]
                  },
                  "icmp_code": {
                    "references": [
                      "var.intra_inbound_acl_rules",
                      "count.index"
                    ]
                  },
                  "icmp_type": {
                    "references": [
                      "var.intra_inbound_acl_rules",
                      "count.index"
                    ]
                  },
                  "ipv6_cidr_block": {
                    "references": [
                      "var.intra_inbound_acl_rules",
                      "count.index"
                    ]
                  },
                  "network_acl_id": {
                    "references": [
                      "aws_network_acl.intra[0].id",
                      "aws_network_acl.intra[0]",
                      "aws_network_acl.intra"
                    ]
                  },
                  "protocol": {
                    "references": [
                      "var.intra_inbound_acl_rules",
                      "count.index"
                    ]
                  },
                  "rule_action": {
                    "references": [
                      "var.intra_inbound_acl_rules",
                      "count.index"
                    ]
                  },
                  "rule_number": {
                    "references": [
                      "var.intra_inbound_acl_rules",
                      "count.index"
                    ]
                  },
                  "to_port": {
                    "references": [
                      "var.intra_inbound_acl_rules",
                      "count.index"
                    ]
                  }
                },
                "schema_version": 0,
                "count_expression": {
                  "references": [
                    "local.create_intra_network_acl",
                    "var.intra_inbound_acl_rules"
                  ]
                }
              },
              {
                "address": "aws_network_acl_rule.intra_outbound",
                "mode": "managed",
                "type": "aws_network_acl_rule",
                "name": "intra_outbound",
                "provider_config_key": "aws",
                "expressions": {
                  "cidr_block": {
                    "references": [
                      "var.intra_outbound_acl_rules",
                      "count.index"
                    ]
                  },
                  "egress": {
                    "constant_value": true
                  },
                  "from_port": {
                    "references": [
                      "var.intra_outbound_acl_rules",
                      "count.index"
                    ]
                  },
                  "icmp_code": {
                    "references": [
                      "var.intra_outbound_acl_rules",
                      "count.index"
                    ]
                  },
                  "icmp_type": {
                    "references": [
                      "var.intra_outbound_acl_rules",
                      "count.index"
                    ]
                  },
                  "ipv6_cidr_block": {
                    "references": [
                      "var.intra_outbound_acl_rules",
                      "count.index"
                    ]
                  },
                  "network_acl_id": {
                    "references": [
                      "aws_network_acl.intra[0].id",
                      "aws_network_acl.intra[0]",
                      "aws_network_acl.intra"
                    ]
                  },
                  "protocol": {
                    "references": [
                      "var.intra_outbound_acl_rules",
                      "count.index"
                    ]
                  },
                  "rule_action": {
                    "references": [
                      "var.intra_outbound_acl_rules",
                      "count.index"
                    ]
                  },
                  "rule_number": {
                    "references": [
                      "var.intra_outbound_acl_rules",
                      "count.index"
                    ]
                  },
                  "to_port": {
                    "references": [
                      "var.intra_outbound_acl_rules",
                      "count.index"
                    ]
                  }
                },
                "schema_version": 0,
                "count_expression": {
                  "references": [
                    "local.create_intra_network_acl",
                    "var.intra_outbound_acl_rules"
                  ]
                }
              },
              {
                "address": "aws_network_acl_rule.outpost_inbound",
                "mode": "managed",
                "type": "aws_network_acl_rule",
                "name": "outpost_inbound",
                "provider_config_key": "aws",
                "expressions": {
                  "cidr_block": {
                    "references": [
                      "var.outpost_inbound_acl_rules",
                      "count.index"
                    ]
                  },
                  "egress": {
                    "constant_value": false
                  },
                  "from_port": {
                    "references": [
                      "var.outpost_inbound_acl_rules",
                      "count.index"
                    ]
                  },
                  "icmp_code": {
                    "references": [
                      "var.outpost_inbound_acl_rules",
                      "count.index"
                    ]
                  },
                  "icmp_type": {
                    "references": [
                      "var.outpost_inbound_acl_rules",
                      "count.index"
                    ]
                  },
                  "ipv6_cidr_block": {
                    "references": [
                      "var.outpost_inbound_acl_rules",
                      "count.index"
                    ]
                  },
                  "network_acl_id": {
                    "references": [
                      "aws_network_acl.outpost[0].id",
                      "aws_network_acl.outpost[0]",
                      "aws_network_acl.outpost"
                    ]
                  },
                  "protocol": {
                    "references": [
                      "var.outpost_inbound_acl_rules",
                      "count.index"
                    ]
                  },
                  "rule_action": {
                    "references": [
                      "var.outpost_inbound_acl_rules",
                      "count.index"
                    ]
                  },
                  "rule_number": {
                    "references": [
                      "var.outpost_inbound_acl_rules",
                      "count.index"
                    ]
                  },
                  "to_port": {
                    "references": [
                      "var.outpost_inbound_acl_rules",
                      "count.index"
                    ]
                  }
                },
                "schema_version": 0,
                "count_expression": {
                  "references": [
                    "local.create_outpost_network_acl",
                    "var.outpost_inbound_acl_rules"
                  ]
                }
              },
              {
                "address": "aws_network_acl_rule.outpost_outbound",
                "mode": "managed",
                "type": "aws_network_acl_rule",
                "name": "outpost_outbound",
                "provider_config_key": "aws",
                "expressions": {
                  "cidr_block": {
                    "references": [
                      "var.outpost_outbound_acl_rules",
                      "count.index"
                    ]
                  },
                  "egress": {
                    "constant_value": true
                  },
                  "from_port": {
                    "references": [
                      "var.outpost_outbound_acl_rules",
                      "count.index"
                    ]
                  },
                  "icmp_code": {
                    "references": [
                      "var.outpost_outbound_acl_rules",
                      "count.index"
                    ]
                  },
                  "icmp_type": {
                    "references": [
                      "var.outpost_outbound_acl_rules",
                      "count.index"
                    ]
                  },
                  "ipv6_cidr_block": {
                    "references": [
                      "var.outpost_outbound_acl_rules",
                      "count.index"
                    ]
                  },
                  "network_acl_id": {
                    "references": [
                      "aws_network_acl.outpost[0].id",
                      "aws_network_acl.outpost[0]",
                      "aws_network_acl.outpost"
                    ]
                  },
                  "protocol": {
                    "references": [
                      "var.outpost_outbound_acl_rules",
                      "count.index"
                    ]
                  },
                  "rule_action": {
                    "references": [
                      "var.outpost_outbound_acl_rules",
                      "count.index"
                    ]
                  },
                  "rule_number": {
                    "references": [
                      "var.outpost_outbound_acl_rules",
                      "count.index"
                    ]
                  },
                  "to_port": {
                    "references": [
                      "var.outpost_outbound_acl_rules",
                      "count.index"
                    ]
                  }
                },
                "schema_version": 0,
                "count_expression": {
                  "references": [
                    "local.create_outpost_network_acl",
                    "var.outpost_outbound_acl_rules"
                  ]
                }
              },
              {
                "address": "aws_network_acl_rule.private_inbound",
                "mode": "managed",
                "type": "aws_network_acl_rule",
                "name": "private_inbound",
                "provider_config_key": "aws",
                "expressions": {
                  "cidr_block": {
                    "references": [
                      "var.private_inbound_acl_rules",
                      "count.index"
                    ]
                  },
                  "egress": {
                    "constant_value": false
                  },
                  "from_port": {
                    "references": [
                      "var.private_inbound_acl_rules",
                      "count.index"
                    ]
                  },
                  "icmp_code": {
                    "references": [
                      "var.private_inbound_acl_rules",
                      "count.index"
                    ]
                  },
                  "icmp_type": {
                    "references": [
                      "var.private_inbound_acl_rules",
                      "count.index"
                    ]
                  },
                  "ipv6_cidr_block": {
                    "references": [
                      "var.private_inbound_acl_rules",
                      "count.index"
                    ]
                  },
                  "network_acl_id": {
                    "references": [
                      "aws_network_acl.private[0].id",
                      "aws_network_acl.private[0]",
                      "aws_network_acl.private"
                    ]
                  },
                  "protocol": {
                    "references": [
                      "var.private_inbound_acl_rules",
                      "count.index"
                    ]
                  },
                  "rule_action": {
                    "references": [
                      "var.private_inbound_acl_rules",
                      "count.index"
                    ]
                  },
                  "rule_number": {
                    "references": [
                      "var.private_inbound_acl_rules",
                      "count.index"
                    ]
                  },
                  "to_port": {
                    "references": [
                      "var.private_inbound_acl_rules",
                      "count.index"
                    ]
                  }
                },
                "schema_version": 0,
                "count_expression": {
                  "references": [
                    "local.create_private_network_acl",
                    "var.private_inbound_acl_rules"
                  ]
                }
              },
              {
                "address": "aws_network_acl_rule.private_outbound",
                "mode": "managed",
                "type": "aws_network_acl_rule",
                "name": "private_outbound",
                "provider_config_key": "aws",
                "expressions": {
                  "cidr_block": {
                    "references": [
                      "var.private_outbound_acl_rules",
                      "count.index"
                    ]
                  },
                  "egress": {
                    "constant_value": true
                  },
                  "from_port": {
                    "references": [
                      "var.private_outbound_acl_rules",
                      "count.index"
                    ]
                  },
                  "icmp_code": {
                    "references": [
                      "var.private_outbound_acl_rules",
                      "count.index"
                    ]
                  },
                  "icmp_type": {
                    "references": [
                      "var.private_outbound_acl_rules",
                      "count.index"
                    ]
                  },
                  "ipv6_cidr_block": {
                    "references": [
                      "var.private_outbound_acl_rules",
                      "count.index"
                    ]
                  },
                  "network_acl_id": {
                    "references": [
                      "aws_network_acl.private[0].id",
                      "aws_network_acl.private[0]",
                      "aws_network_acl.private"
                    ]
                  },
                  "protocol": {
                    "references": [
                      "var.private_outbound_acl_rules",
                      "count.index"
                    ]
                  },
                  "rule_action": {
                    "references": [
                      "var.private_outbound_acl_rules",
                      "count.index"
                    ]
                  },
                  "rule_number": {
                    "references": [
                      "var.private_outbound_acl_rules",
                      "count.index"
                    ]
                  },
                  "to_port": {
                    "references": [
                      "var.private_outbound_acl_rules",
                      "count.index"
                    ]
                  }
                },
                "schema_version": 0,
                "count_expression": {
                  "references": [
                    "local.create_private_network_acl",
                    "var.private_outbound_acl_rules"
                  ]
                }
              },
              {
                "address": "aws_network_acl_rule.public_inbound",
                "mode": "managed",
                "type": "aws_network_acl_rule",
                "name": "public_inbound",
                "provider_config_key": "aws",
                "expressions": {
                  "cidr_block": {
                    "references": [
                      "var.public_inbound_acl_rules",
                      "count.index"
                    ]
                  },
                  "egress": {
                    "constant_value": false
                  },
                  "from_port": {
                    "references": [
                      "var.public_inbound_acl_rules",
                      "count.index"
                    ]
                  },
                  "icmp_code": {
                    "references": [
                      "var.public_inbound_acl_rules",
                      "count.index"
                    ]
                  },
                  "icmp_type": {
                    "references": [
                      "var.public_inbound_acl_rules",
                      "count.index"
                    ]
                  },
                  "ipv6_cidr_block": {
                    "references": [
                      "var.public_inbound_acl_rules",
                      "count.index"
                    ]
                  },
                  "network_acl_id": {
                    "references": [
                      "aws_network_acl.public[0].id",
                      "aws_network_acl.public[0]",
                      "aws_network_acl.public"
                    ]
                  },
                  "protocol": {
                    "references": [
                      "var.public_inbound_acl_rules",
                      "count.index"
                    ]
                  },
                  "rule_action": {
                    "references": [
                      "var.public_inbound_acl_rules",
                      "count.index"
                    ]
                  },
                  "rule_number": {
                    "references": [
                      "var.public_inbound_acl_rules",
                      "count.index"
                    ]
                  },
                  "to_port": {
                    "references": [
                      "var.public_inbound_acl_rules",
                      "count.index"
                    ]
                  }
                },
                "schema_version": 0,
                "count_expression": {
                  "references": [
                    "local.create_public_subnets",
                    "var.public_dedicated_network_acl",
                    "var.public_inbound_acl_rules"
                  ]
                }
              },
              {
                "address": "aws_network_acl_rule.public_outbound",
                "mode": "managed",
                "type": "aws_network_acl_rule",
                "name": "public_outbound",
                "provider_config_key": "aws",
                "expressions": {
                  "cidr_block": {
                    "references": [
                      "var.public_outbound_acl_rules",
                      "count.index"
                    ]
                  },
                  "egress": {
                    "constant_value": true
                  },
                  "from_port": {
                    "references": [
                      "var.public_outbound_acl_rules",
                      "count.index"
                    ]
                  },
                  "icmp_code": {
                    "references": [
                      "var.public_outbound_acl_rules",
                      "count.index"
                    ]
                  },
                  "icmp_type": {
                    "references": [
                      "var.public_outbound_acl_rules",
                      "count.index"
                    ]
                  },
                  "ipv6_cidr_block": {
                    "references": [
                      "var.public_outbound_acl_rules",
                      "count.index"
                    ]
                  },
                  "network_acl_id": {
                    "references": [
                      "aws_network_acl.public[0].id",
                      "aws_network_acl.public[0]",
                      "aws_network_acl.public"
                    ]
                  },
                  "protocol": {
                    "references": [
                      "var.public_outbound_acl_rules",
                      "count.index"
                    ]
                  },
                  "rule_action": {
                    "references": [
                      "var.public_outbound_acl_rules",
                      "count.index"
                    ]
                  },
                  "rule_number": {
                    "references": [
                      "var.public_outbound_acl_rules",
                      "count.index"
                    ]
                  },
                  "to_port": {
                    "references": [
                      "var.public_outbound_acl_rules",
                      "count.index"
                    ]
                  }
                },
                "schema_version": 0,
                "count_expression": {
                  "references": [
                    "local.create_public_subnets",
                    "var.public_dedicated_network_acl",
                    "var.public_outbound_acl_rules"
                  ]
                }
              },
              {
                "address": "aws_network_acl_rule.redshift_inbound",
                "mode": "managed",
                "type": "aws_network_acl_rule",
                "name": "redshift_inbound",
                "provider_config_key": "aws",
                "expressions": {
                  "cidr_block": {
                    "references": [
                      "var.redshift_inbound_acl_rules",
                      "count.index"
                    ]
                  },
                  "egress": {
                    "constant_value": false
                  },
                  "from_port": {
                    "references": [
                      "var.redshift_inbound_acl_rules",
                      "count.index"
                    ]
                  },
                  "icmp_code": {
                    "references": [
                      "var.redshift_inbound_acl_rules",
                      "count.index"
                    ]
                  },
                  "icmp_type": {
                    "references": [
                      "var.redshift_inbound_acl_rules",
                      "count.index"
                    ]
                  },
                  "ipv6_cidr_block": {
                    "references": [
                      "var.redshift_inbound_acl_rules",
                      "count.index"
                    ]
                  },
                  "network_acl_id": {
                    "references": [
                      "aws_network_acl.redshift[0].id",
                      "aws_network_acl.redshift[0]",
                      "aws_network_acl.redshift"
                    ]
                  },
                  "protocol": {
                    "references": [
                      "var.redshift_inbound_acl_rules",
                      "count.index"
                    ]
                  },
                  "rule_action": {
                    "references": [
                      "var.redshift_inbound_acl_rules",
                      "count.index"
                    ]
                  },
                  "rule_number": {
                    "references": [
                      "var.redshift_inbound_acl_rules",
                      "count.index"
                    ]
                  },
                  "to_port": {
                    "references": [
                      "var.redshift_inbound_acl_rules",
                      "count.index"
                    ]
                  }
                },
                "schema_version": 0,
                "count_expression": {
                  "references": [
                    "local.create_redshift_network_acl",
                    "var.redshift_inbound_acl_rules"
                  ]
                }
              },
              {
                "address": "aws_network_acl_rule.redshift_outbound",
                "mode": "managed",
                "type": "aws_network_acl_rule",
                "name": "redshift_outbound",
                "provider_config_key": "aws",
                "expressions": {
                  "cidr_block": {
                    "references": [
                      "var.redshift_outbound_acl_rules",
                      "count.index"
                    ]
                  },
                  "egress": {
                    "constant_value": true
                  },
                  "from_port": {
                    "references": [
                      "var.redshift_outbound_acl_rules",
                      "count.index"
                    ]
                  },
                  "icmp_code": {
                    "references": [
                      "var.redshift_outbound_acl_rules",
                      "count.index"
                    ]
                  },
                  "icmp_type": {
                    "references": [
                      "var.redshift_outbound_acl_rules",
                      "count.index"
                    ]
                  },
                  "ipv6_cidr_block": {
                    "references": [
                      "var.redshift_outbound_acl_rules",
                      "count.index"
                    ]
                  },
                  "network_acl_id": {
                    "references": [
                      "aws_network_acl.redshift[0].id",
                      "aws_network_acl.redshift[0]",
                      "aws_network_acl.redshift"
                    ]
                  },
                  "protocol": {
                    "references": [
                      "var.redshift_outbound_acl_rules",
                      "count.index"
                    ]
                  },
                  "rule_action": {
                    "references": [
                      "var.redshift_outbound_acl_rules",
                      "count.index"
                    ]
                  },
                  "rule_number": {
                    "references": [
                      "var.redshift_outbound_acl_rules",
                      "count.index"
                    ]
                  },
                  "to_port": {
                    "references": [
                      "var.redshift_outbound_acl_rules",
                      "count.index"
                    ]
                  }
                },
                "schema_version": 0,
                "count_expression": {
                  "references": [
                    "local.create_redshift_network_acl",
                    "var.redshift_outbound_acl_rules"
                  ]
                }
              },
              {
                "address": "aws_redshift_subnet_group.redshift",
                "mode": "managed",
                "type": "aws_redshift_subnet_group",
                "name": "redshift",
                "provider_config_key": "aws",
                "expressions": {
                  "description": {
                    "references": [
                      "var.name"
                    ]
                  },
                  "name": {
                    "references": [
                      "var.redshift_subnet_group_name",
                      "var.name"
                    ]
                  },
                  "subnet_ids": {
                    "references": [
                      "aws_subnet.redshift"
                    ]
                  },
                  "tags": {
                    "references": [
                      "var.redshift_subnet_group_name",
                      "var.name",
                      "var.tags",
                      "var.redshift_subnet_group_tags"
                    ]
                  }
                },
                "schema_version": 0,
                "count_expression": {
                  "references": [
                    "local.create_redshift_subnets",
                    "var.create_redshift_subnet_group"
                  ]
                }
              },
              {
                "address": "aws_route.database_dns64_nat_gateway",
                "mode": "managed",
                "type": "aws_route",
                "name": "database_dns64_nat_gateway",
                "provider_config_key": "aws",
                "expressions": {
                  "destination_ipv6_cidr_block": {
                    "constant_value": "64:ff9b::/96"
                  },
                  "nat_gateway_id": {
                    "references": [
                      "aws_nat_gateway.this",
                      "count.index"
                    ]
                  },
                  "route_table_id": {
                    "references": [
                      "aws_route_table.database",
                      "count.index"
                    ]
                  },
                  "timeouts": {
                    "create": {
                      "constant_value": "5m"
                    }
                  }
                },
                "schema_version": 0,
                "count_expression": {
                  "references": [
                    "local.create_database_route_table",
                    "var.create_database_internet_gateway_route",
                    "var.create_database_nat_gateway_route",
                    "var.enable_nat_gateway",
                    "var.enable_ipv6",
                    "var.private_subnet_enable_dns64",
                    "var.single_nat_gateway",
                    "local.len_database_subnets"
                  ]
                }
              },
              {
                "address": "aws_route.database_internet_gateway",
                "mode": "managed",
                "type": "aws_route",
                "name": "database_internet_gateway",
                "provider_config_key": "aws",
                "expressions": {
                  "destination_cidr_block": {
                    "constant_value": "0.0.0.0/0"
                  },
                  "gateway_id": {
                    "references": [
                      "aws_internet_gateway.this[0].id",
                      "aws_internet_gateway.this[0]",
                      "aws_internet_gateway.this"
                    ]
                  },
                  "route_table_id": {
                    "references": [
                      "aws_route_table.database[0].id",
                      "aws_route_table.database[0]",
                      "aws_route_table.database"
                    ]
                  },
                  "timeouts": {
                    "create": {
                      "constant_value": "5m"
                    }
                  }
                },
                "schema_version": 0,
                "count_expression": {
                  "references": [
                    "local.create_database_route_table",
                    "var.create_igw",
                    "var.create_database_internet_gateway_route",
                    "var.create_database_nat_gateway_route"
                  ]
                }
              },
              {
                "address": "aws_route.database_ipv6_egress",
                "mode": "managed",
                "type": "aws_route",
                "name": "database_ipv6_egress",
                "provider_config_key": "aws",
                "expressions": {
                  "destination_ipv6_cidr_block": {
                    "constant_value": "::/0"
                  },
                  "egress_only_gateway_id": {
                    "references": [
                      "aws_egress_only_internet_gateway.this[0].id",
                      "aws_egress_only_internet_gateway.this[0]",
                      "aws_egress_only_internet_gateway.this"
                    ]
                  },
                  "route_table_id": {
                    "references": [
                      "aws_route_table.database[0].id",
                      "aws_route_table.database[0]",
                      "aws_route_table.database"
                    ]
                  },
                  "timeouts": {
                    "create": {
                      "constant_value": "5m"
                    }
                  }
                },
                "schema_version": 0,
                "count_expression": {
                  "references": [
                    "local.create_database_route_table",
                    "var.create_egress_only_igw",
                    "var.enable_ipv6",
                    "var.create_database_internet_gateway_route"
                  ]
                }
              },
              {
                "address": "aws_route.database_nat_gateway",
                "mode": "managed",
                "type": "aws_route",
                "name": "database_nat_gateway",
                "provider_config_key": "aws",
                "expressions": {
                  "destination_cidr_block": {
                    "constant_value": "0.0.0.0/0"
                  },
                  "nat_gateway_id": {
                    "references": [
                      "aws_nat_gateway.this",
                      "count.index"
                    ]
                  },
                  "route_table_id": {
                    "references": [
                      "aws_route_table.database",
                      "count.index"
                    ]
                  },
                  "timeouts": {
                    "create": {
                      "constant_value": "5m"
                    }
                  }
                },
                "schema_version": 0,
                "count_expression": {
                  "references": [
                    "local.create_database_route_table",
                    "var.create_database_internet_gateway_route",
                    "var.create_database_nat_gateway_route",
                    "var.enable_nat_gateway",
                    "var.single_nat_gateway",
                    "local.len_database_subnets"
                  ]
                }
              },
              {
                "address": "aws_route.private_dns64_nat_gateway",
                "mode": "managed",
                "type": "aws_route",
                "name": "private_dns64_nat_gateway",
                "provider_config_key": "aws",
                "expressions": {
                  "destination_ipv6_cidr_block": {
                    "constant_value": "64:ff9b::/96"
                  },
                  "nat_gateway_id": {
                    "references": [
                      "aws_nat_gateway.this",
                      "count.index"
                    ]
                  },
                  "route_table_id": {
                    "references": [
                      "aws_route_table.private",
                      "count.index"
                    ]
                  },
                  "timeouts": {
                    "create": {
                      "constant_value": "5m"
                    }
                  }
                },
                "schema_version": 0,
                "count_expression": {
                  "references": [
                    "local.create_vpc",
                    "var.enable_nat_gateway",
                    "var.enable_ipv6",
                    "var.private_subnet_enable_dns64",
                    "local.nat_gateway_count"
                  ]
                }
              },
              {
                "address": "aws_route.private_ipv6_egress",
                "mode": "managed",
                "type": "aws_route",
                "name": "private_ipv6_egress",
                "provider_config_key": "aws",
                "expressions": {
                  "destination_ipv6_cidr_block": {
                    "constant_value": "::/0"
                  },
                  "egress_only_gateway_id": {
                    "references": [
                      "aws_egress_only_internet_gateway.this"
                    ]
                  },
                  "route_table_id": {
                    "references": [
                      "aws_route_table.private",
                      "count.index"
                    ]
                  }
                },
                "schema_version": 0,
                "count_expression": {
                  "references": [
                    "local.create_vpc",
                    "var.create_egress_only_igw",
                    "var.enable_ipv6",
                    "local.len_private_subnets"
                  ]
                }
              },
              {
                "address": "aws_route.private_nat_gateway",
                "mode": "managed",
                "type": "aws_route",
                "name": "private_nat_gateway",
                "provider_config_key": "aws",
                "expressions": {
                  "destination_cidr_block": {
                    "references": [
                      "var.nat_gateway_destination_cidr_block"
                    ]
                  },
                  "nat_gateway_id": {
                    "references": [
                      "aws_nat_gateway.this",
                      "count.index"
                    ]
                  },
                  "route_table_id": {
                    "references": [
                      "aws_route_table.private",
                      "count.index"
                    ]
                  },
                  "timeouts": {
                    "create": {
                      "constant_value": "5m"
                    }
                  }
                },
                "schema_version": 0,
                "count_expression": {
                  "references": [
                    "local.create_vpc",
                    "var.enable_nat_gateway",
                    "local.nat_gateway_count"
                  ]
                }
              },
              {
                "address": "aws_route.public_internet_gateway",
                "mode": "managed",
                "type": "aws_route",
                "name": "public_internet_gateway",
                "provider_config_key": "aws",
                "expressions": {
                  "destination_cidr_block": {
                    "constant_value": "0.0.0.0/0"
                  },
                  "gateway_id": {
                    "references": [
                      "aws_internet_gateway.this[0].id",
                      "aws_internet_gateway.this[0]",
                      "aws_internet_gateway.this"
                    ]
                  },
                  "route_table_id": {
                    "references": [
                      "aws_route_table.public[0].id",
                      "aws_route_table.public[0]",
                      "aws_route_table.public"
                    ]
                  },
                  "timeouts": {
                    "create": {
                      "constant_value": "5m"
                    }
                  }
                },
                "schema_version": 0,
                "count_expression": {
                  "references": [
                    "local.create_public_subnets",
                    "var.create_igw"
                  ]
                }
              },
              {
                "address": "aws_route.public_internet_gateway_ipv6",
                "mode": "managed",
                "type": "aws_route",
                "name": "public_internet_gateway_ipv6",
                "provider_config_key": "aws",
                "expressions": {
                  "destination_ipv6_cidr_block": {
                    "constant_value": "::/0"
                  },
                  "gateway_id": {
                    "references": [
                      "aws_internet_gateway.this[0].id",
                      "aws_internet_gateway.this[0]",
                      "aws_internet_gateway.this"
                    ]
                  },
                  "route_table_id": {
                    "references": [
                      "aws_route_table.public[0].id",
                      "aws_route_table.public[0]",
                      "aws_route_table.public"
                    ]
                  }
                },
                "schema_version": 0,
                "count_expression": {
                  "references": [
                    "local.create_public_subnets",
                    "var.create_igw",
                    "var.enable_ipv6"
                  ]
                }
              },
              {
                "address": "aws_route_table.database",
                "mode": "managed",
                "type": "aws_route_table",
                "name": "database",
                "provider_config_key": "aws",
                "expressions": {
                  "tags": {
                    "references": [
                      "var.single_nat_gateway",
                      "var.create_database_internet_gateway_route",
                      "var.name",
                      "var.database_subnet_suffix",
                      "var.name",
                      "var.database_subnet_suffix",
                      "var.azs",
                      "count.index",
                      "var.tags",
                      "var.database_route_table_tags"
                    ]
                  },
                  "vpc_id": {
                    "references": [
                      "local.vpc_id"
                    ]
                  }
                },
                "schema_version": 0,
                "count_expression": {
                  "references": [
                    "local.create_database_route_table",
                    "var.single_nat_gateway",
                    "var.create_database_internet_gateway_route",
                    "local.len_database_subnets"
                  ]
                }
              },
              {
                "address": "aws_route_table.elasticache",
                "mode": "managed",
                "type": "aws_route_table",
                "name": "elasticache",
                "provider_config_key": "aws",
                "expressions": {
                  "tags": {
                    "references": [
                      "var.name",
                      "var.elasticache_subnet_suffix",
                      "var.tags",
                      "var.elasticache_route_table_tags"
                    ]
                  },
                  "vpc_id": {
                    "references": [
                      "local.vpc_id"
                    ]
                  }
                },
                "schema_version": 0,
                "count_expression": {
                  "references": [
                    "local.create_elasticache_route_table"
                  ]
                }
              },
              {
                "address": "aws_route_table.intra",
                "mode": "managed",
                "type": "aws_route_table",
                "name": "intra",
                "provider_config_key": "aws",
                "expressions": {
                  "tags": {
                    "references": [
                      "var.name",
                      "var.intra_subnet_suffix",
                      "var.tags",
                      "var.intra_route_table_tags"
                    ]
                  },
                  "vpc_id": {
                    "references": [
                      "local.vpc_id"
                    ]
                  }
                },
                "schema_version": 0,
                "count_expression": {
                  "references": [
                    "local.create_intra_subnets"
                  ]
                }
              },
              {
                "address": "aws_route_table.private",
                "mode": "managed",
                "type": "aws_route_table",
                "name": "private",
                "provider_config_key": "aws",
                "expressions": {
                  "tags": {
                    "references": [
                      "var.single_nat_gateway",
                      "var.name",
                      "var.private_subnet_suffix",
                      "var.name",
                      "var.private_subnet_suffix",
                      "var.azs",
                      "count.index",
                      "var.tags",
                      "var.private_route_table_tags"
                    ]
                  },
                  "vpc_id": {
                    "references": [
                      "local.vpc_id"
                    ]
                  }
                },
                "schema_version": 0,
                "count_expression": {
                  "references": [
                    "local.create_private_subnets",
                    "local.max_subnet_length",
                    "local.nat_gateway_count"
                  ]
                }
              },
              {
                "address": "aws_route_table.public",
                "mode": "managed",
                "type": "aws_route_table",
                "name": "public",
                "provider_config_key": "aws",
                "expressions": {
                  "tags": {
                    "references": [
                      "var.name",
                      "var.public_subnet_suffix",
                      "var.tags",
                      "var.public_route_table_tags"
                    ]
                  },
                  "vpc_id": {
                    "references": [
                      "local.vpc_id"
                    ]
                  }
                },
                "schema_version": 0,
                "count_expression": {
                  "references": [
                    "local.create_public_subnets"
                  ]
                }
              },
              {
                "address": "aws_route_table.redshift",
                "mode": "managed",
                "type": "aws_route_table",
                "name": "redshift",
                "provider_config_key": "aws",
                "expressions": {
                  "tags": {
                    "references": [
                      "var.name",
                      "var.redshift_subnet_suffix",
                      "var.tags",
                      "var.redshift_route_table_tags"
                    ]
                  },
                  "vpc_id": {
                    "references": [
                      "local.vpc_id"
                    ]
                  }
                },
                "schema_version": 0,
                "count_expression": {
                  "references": [
                    "local.create_redshift_route_table"
                  ]
                }
              },
              {
                "address": "aws_route_table_association.database",
                "mode": "managed",
                "type": "aws_route_table_association",
                "name": "database",
                "provider_config_key": "aws",
                "expressions": {
                  "route_table_id": {
                    "references": [
                      "aws_route_table.database",
                      "aws_route_table.private",
                      "var.create_database_subnet_route_table",
                      "var.single_nat_gateway",
                      "var.create_database_internet_gateway_route",
                      "count.index",
                      "count.index"
                    ]
                  },
                  "subnet_id": {
                    "references": [
                      "aws_subnet.database",
                      "count.index"
                    ]
                  }
                },
                "schema_version": 0,
                "count_expression": {
                  "references": [
                    "local.create_database_subnets",
                    "local.len_database_subnets"
                  ]
                }
              },
              {
                "address": "aws_route_table_association.elasticache",
                "mode": "managed",
                "type": "aws_route_table_association",
                "name": "elasticache",
                "provider_config_key": "aws",
                "expressions": {
                  "route_table_id": {
                    "references": [
                      "aws_route_table.elasticache",
                      "aws_route_table.private",
                      "var.single_nat_gateway",
                      "var.create_elasticache_subnet_route_table",
                      "count.index"
                    ]
                  },
                  "subnet_id": {
                    "references": [
                      "aws_subnet.elasticache",
                      "count.index"
                    ]
                  }
                },
                "schema_version": 0,
                "count_expression": {
                  "references": [
                    "local.create_elasticache_subnets",
                    "local.len_elasticache_subnets"
                  ]
                }
              },
              {
                "address": "aws_route_table_association.intra",
                "mode": "managed",
                "type": "aws_route_table_association",
                "name": "intra",
                "provider_config_key": "aws",
                "expressions": {
                  "route_table_id": {
                    "references": [
                      "aws_route_table.intra"
                    ]
                  },
                  "subnet_id": {
                    "references": [
                      "aws_subnet.intra",
                      "count.index"
                    ]
                  }
                },
                "schema_version": 0,
                "count_expression": {
                  "references": [
                    "local.create_intra_subnets",
                    "local.len_intra_subnets"
                  ]
                }
              },
              {
                "address": "aws_route_table_association.outpost",
                "mode": "managed",
                "type": "aws_route_table_association",
                "name": "outpost",
                "provider_config_key": "aws",
                "expressions": {
                  "route_table_id": {
                    "references": [
                      "aws_route_table.private",
                      "var.single_nat_gateway",
                      "count.index"
                    ]
                  },
                  "subnet_id": {
                    "references": [
                      "aws_subnet.outpost",
                      "count.index"
                    ]
                  }
                },
                "schema_version": 0,
                "count_expression": {
                  "references": [
                    "local.create_outpost_subnets",
                    "local.len_outpost_subnets"
                  ]
                }
              },
              {
                "address": "aws_route_table_association.private",
                "mode": "managed",
                "type": "aws_route_table_association",
                "name": "private",
                "provider_config_key": "aws",
                "expressions": {
                  "route_table_id": {
                    "references": [
                      "aws_route_table.private",
                      "var.single_nat_gateway",
                      "count.index"
                    ]
                  },
                  "subnet_id": {
                    "references": [
                      "aws_subnet.private",
                      "count.index"
                    ]
                  }
                },
                "schema_version": 0,
                "count_expression": {
                  "references": [
                    "local.create_private_subnets",
                    "local.len_private_subnets"
                  ]
                }
              },
              {
                "address": "aws_route_table_association.public",
                "mode": "managed",
                "type": "aws_route_table_association",
                "name": "public",
                "provider_config_key": "aws",
                "expressions": {
                  "route_table_id": {
                    "references": [
                      "aws_route_table.public[0].id",
                      "aws_route_table.public[0]",
                      "aws_route_table.public"
                    ]
                  },
                  "subnet_id": {
                    "references": [
                      "aws_subnet.public",
                      "count.index"
                    ]
                  }
                },
                "schema_version": 0,
                "count_expression": {
                  "references": [
                    "local.create_public_subnets",
                    "local.len_public_subnets"
                  ]
                }
              },
              {
                "address": "aws_route_table_association.redshift",
                "mode": "managed",
                "type": "aws_route_table_association",
                "name": "redshift",
                "provider_config_key": "aws",
                "expressions": {
                  "route_table_id": {
                    "references": [
                      "aws_route_table.redshift",
                      "aws_route_table.private",
                      "var.single_nat_gateway",
                      "var.create_redshift_subnet_route_table",
                      "count.index"
                    ]
                  },
                  "subnet_id": {
                    "references": [
                      "aws_subnet.redshift",
                      "count.index"
                    ]
                  }
                },
                "schema_version": 0,
                "count_expression": {
                  "references": [
                    "local.create_redshift_subnets",
                    "var.enable_public_redshift",
                    "local.len_redshift_subnets"
                  ]
                }
              },
              {
                "address": "aws_route_table_association.redshift_public",
                "mode": "managed",
                "type": "aws_route_table_association",
                "name": "redshift_public",
                "provider_config_key": "aws",
                "expressions": {
                  "route_table_id": {
                    "references": [
                      "aws_route_table.redshift",
                      "aws_route_table.public",
                      "var.single_nat_gateway",
                      "var.create_redshift_subnet_route_table",
                      "count.index"
                    ]
                  },
                  "subnet_id": {
                    "references": [
                      "aws_subnet.redshift",
                      "count.index"
                    ]
                  }
                },
                "schema_version": 0,
                "count_expression": {
                  "references": [
                    "local.create_redshift_subnets",
                    "var.enable_public_redshift",
                    "local.len_redshift_subnets"
                  ]
                }
              },
              {
                "address": "aws_subnet.database",
                "mode": "managed",
                "type": "aws_subnet",
                "name": "database",
                "provider_config_key": "aws",
                "expressions": {
                  "assign_ipv6_address_on_creation": {
                    "references": [
                      "var.enable_ipv6",
                      "var.database_subnet_ipv6_native",
                      "var.database_subnet_assign_ipv6_address_on_creation"
                    ]
                  },
                  "availability_zone": {
                    "references": [
                      "var.azs",
                      "count.index",
                      "var.azs",
                      "count.index"
                    ]
                  },
                  "availability_zone_id": {
                    "references": [
                      "var.azs",
                      "count.index",
                      "var.azs",
                      "count.index"
                    ]
                  },
                  "cidr_block": {
                    "references": [
                      "var.database_subnet_ipv6_native",
                      "var.database_subnets",
                      "count.index"
                    ]
                  },
                  "enable_dns64": {
                    "references": [
                      "var.enable_ipv6",
                      "var.database_subnet_enable_dns64"
                    ]
                  },
                  "enable_resource_name_dns_a_record_on_launch": {
                    "references": [
                      "var.database_subnet_ipv6_native",
                      "var.database_subnet_enable_resource_name_dns_a_record_on_launch"
                    ]
                  },
                  "enable_resource_name_dns_aaaa_record_on_launch": {
                    "references": [
                      "var.enable_ipv6",
                      "var.database_subnet_enable_resource_name_dns_aaaa_record_on_launch"
                    ]
                  },
                  "ipv6_cidr_block": {
                    "references": [
                      "var.enable_ipv6",
                      "var.database_subnet_ipv6_prefixes",
                      "aws_vpc.this[0].ipv6_cidr_block",
                      "aws_vpc.this[0]",
                      "aws_vpc.this",
                      "var.database_subnet_ipv6_prefixes",
                      "count.index"
                    ]
                  },
                  "ipv6_native": {
                    "references": [
                      "var.enable_ipv6",
                      "var.database_subnet_ipv6_native"
                    ]
                  },
                  "private_dns_hostname_type_on_launch": {
                    "references": [
                      "var.database_subnet_private_dns_hostname_type_on_launch"
                    ]
                  },
                  "tags": {
                    "references": [
                      "var.database_subnet_names",
                      "count.index",
                      "var.name",
                      "var.database_subnet_suffix",
                      "var.azs",
                      "count.index",
                      "var.tags",
                      "var.database_subnet_tags"
                    ]
                  },
                  "vpc_id": {
                    "references": [
                      "local.vpc_id"
                    ]
                  }
                },
                "schema_version": 1,
                "count_expression": {
                  "references": [
                    "local.create_database_subnets",
                    "local.len_database_subnets"
                  ]
                }
              },
              {
                "address": "aws_subnet.elasticache",
                "mode": "managed",
                "type": "aws_subnet",
                "name": "elasticache",
                "provider_config_key": "aws",
                "expressions": {
                  "assign_ipv6_address_on_creation": {
                    "references": [
                      "var.enable_ipv6",
                      "var.elasticache_subnet_ipv6_native",
                      "var.elasticache_subnet_assign_ipv6_address_on_creation"
                    ]
                  },
                  "availability_zone": {
                    "references": [
                      "var.azs",
                      "count.index",
                      "var.azs",
                      "count.index"
                    ]
                  },
                  "availability_zone_id": {
                    "references": [
                      "var.azs",
                      "count.index",
                      "var.azs",
                      "count.index"
                    ]
                  },
                  "cidr_block": {
                    "references": [
                      "var.elasticache_subnet_ipv6_native",
                      "var.elasticache_subnets",
                      "count.index"
                    ]
                  },
                  "enable_dns64": {
                    "references": [
                      "var.enable_ipv6",
                      "var.elasticache_subnet_enable_dns64"
                    ]
                  },
                  "enable_resource_name_dns_a_record_on_launch": {
                    "references": [
                      "var.elasticache_subnet_ipv6_native",
                      "var.elasticache_subnet_enable_resource_name_dns_a_record_on_launch"
                    ]
                  },
                  "enable_resource_name_dns_aaaa_record_on_launch": {
                    "references": [
                      "var.enable_ipv6",
                      "var.elasticache_subnet_enable_resource_name_dns_aaaa_record_on_launch"
                    ]
                  },
                  "ipv6_cidr_block": {
                    "references": [
                      "var.enable_ipv6",
                      "var.elasticache_subnet_ipv6_prefixes",
                      "aws_vpc.this[0].ipv6_cidr_block",
                      "aws_vpc.this[0]",
                      "aws_vpc.this",
                      "var.elasticache_subnet_ipv6_prefixes",
                      "count.index"
                    ]
                  },
                  "ipv6_native": {
                    "references": [
                      "var.enable_ipv6",
                      "var.elasticache_subnet_ipv6_native"
                    ]
                  },
                  "private_dns_hostname_type_on_launch": {
                    "references": [
                      "var.elasticache_subnet_private_dns_hostname_type_on_launch"
                    ]
                  },
                  "tags": {
                    "references": [
                      "var.elasticache_subnet_names",
                      "count.index",
                      "var.name",
                      "var.elasticache_subnet_suffix",
                      "var.azs",
                      "count.index",
                      "var.tags",
                      "var.elasticache_subnet_tags"
                    ]
                  },
                  "vpc_id": {
                    "references": [
                      "local.vpc_id"
                    ]
                  }
                },
                "schema_version": 1,
                "count_expression": {
                  "references": [
                    "local.create_elasticache_subnets",
                    "local.len_elasticache_subnets"
                  ]
                }
              },
              {
                "address": "aws_subnet.intra",
                "mode": "managed",
                "type": "aws_subnet",
                "name": "intra",
                "provider_config_key": "aws",
                "expressions": {
                  "assign_ipv6_address_on_creation": {
                    "references": [
                      "var.enable_ipv6",
                      "var.intra_subnet_ipv6_native",
                      "var.intra_subnet_assign_ipv6_address_on_creation"
                    ]
                  },
                  "availability_zone": {
                    "references": [
                      "var.azs",
                      "count.index",
                      "var.azs",
                      "count.index"
                    ]
                  },
                  "availability_zone_id": {
                    "references": [
                      "var.azs",
                      "count.index",
                      "var.azs",
                      "count.index"
                    ]
                  },
                  "cidr_block": {
                    "references": [
                      "var.intra_subnet_ipv6_native",
                      "var.intra_subnets",
                      "count.index"
                    ]
                  },
                  "enable_dns64": {
                    "references": [
                      "var.enable_ipv6",
                      "var.intra_subnet_enable_dns64"
                    ]
                  },
                  "enable_resource_name_dns_a_record_on_launch": {
                    "references": [
                      "var.intra_subnet_ipv6_native",
                      "var.intra_subnet_enable_resource_name_dns_a_record_on_launch"
                    ]
                  },
                  "enable_resource_name_dns_aaaa_record_on_launch": {
                    "references": [
                      "var.enable_ipv6",
                      "var.intra_subnet_enable_resource_name_dns_aaaa_record_on_launch"
                    ]
                  },
                  "ipv6_cidr_block": {
                    "references": [
                      "var.enable_ipv6",
                      "var.intra_subnet_ipv6_prefixes",
                      "aws_vpc.this[0].ipv6_cidr_block",
                      "aws_vpc.this[0]",
                      "aws_vpc.this",
                      "var.intra_subnet_ipv6_prefixes",
                      "count.index"
                    ]
                  },
                  "ipv6_native": {
                    "references": [
                      "var.enable_ipv6",
                      "var.intra_subnet_ipv6_native"
                    ]
                  },
                  "private_dns_hostname_type_on_launch": {
                    "references": [
                      "var.intra_subnet_private_dns_hostname_type_on_launch"
                    ]
                  },
                  "tags": {
                    "references": [
                      "var.intra_subnet_names",
                      "count.index",
                      "var.name",
                      "var.intra_subnet_suffix",
                      "var.azs",
                      "count.index",
                      "var.tags",
                      "var.intra_subnet_tags"
                    ]
                  },
                  "vpc_id": {
                    "references": [
                      "local.vpc_id"
                    ]
                  }
                },
                "schema_version": 1,
                "count_expression": {
                  "references": [
                    "local.create_intra_subnets",
                    "local.len_intra_subnets"
                  ]
                }
              },
              {
                "address": "aws_subnet.outpost",
                "mode": "managed",
                "type": "aws_subnet",
                "name": "outpost",
                "provider_config_key": "aws",
                "expressions": {
                  "assign_ipv6_address_on_creation": {
                    "references": [
                      "var.enable_ipv6",
                      "var.outpost_subnet_ipv6_native",
                      "var.outpost_subnet_assign_ipv6_address_on_creation"
                    ]
                  },
                  "availability_zone": {
                    "references": [
                      "var.outpost_az"
                    ]
                  },
                  "cidr_block": {
                    "references": [
                      "var.outpost_subnet_ipv6_native",
                      "var.outpost_subnets",
                      "count.index"
                    ]
                  },
                  "customer_owned_ipv4_pool": {
                    "references": [
                      "var.customer_owned_ipv4_pool"
                    ]
                  },
                  "enable_dns64": {
                    "references": [
                      "var.enable_ipv6",
                      "var.outpost_subnet_enable_dns64"
                    ]
                  },
                  "enable_resource_name_dns_a_record_on_launch": {
                    "references": [
                      "var.outpost_subnet_ipv6_native",
                      "var.outpost_subnet_enable_resource_name_dns_a_record_on_launch"
                    ]
                  },
                  "enable_resource_name_dns_aaaa_record_on_launch": {
                    "references": [
                      "var.enable_ipv6",
                      "var.outpost_subnet_enable_resource_name_dns_aaaa_record_on_launch"
                    ]
                  },
                  "ipv6_cidr_block": {
                    "references": [
                      "var.enable_ipv6",
                      "var.outpost_subnet_ipv6_prefixes",
                      "aws_vpc.this[0].ipv6_cidr_block",
                      "aws_vpc.this[0]",
                      "aws_vpc.this",
                      "var.outpost_subnet_ipv6_prefixes",
                      "count.index"
                    ]
                  },
                  "ipv6_native": {
                    "references": [
                      "var.enable_ipv6",
                      "var.outpost_subnet_ipv6_native"
                    ]
                  },
                  "map_customer_owned_ip_on_launch": {
                    "references": [
                      "var.map_customer_owned_ip_on_launch"
                    ]
                  },
                  "outpost_arn": {
                    "references": [
                      "var.outpost_arn"
                    ]
                  },
                  "private_dns_hostname_type_on_launch": {
                    "references": [
                      "var.outpost_subnet_private_dns_hostname_type_on_launch"
                    ]
                  },
                  "tags": {
                    "references": [
                      "var.outpost_subnet_names",
                      "count.index",
                      "var.name",
                      "var.outpost_subnet_suffix",
                      "var.outpost_az",
                      "var.tags",
                      "var.outpost_subnet_tags"
                    ]
                  },
                  "vpc_id": {
                    "references": [
                      "local.vpc_id"
                    ]
                  }
                },
                "schema_version": 1,
                "count_expression": {
                  "references": [
                    "local.create_outpost_subnets",
                    "local.len_outpost_subnets"
                  ]
                }
              },
              {
                "address": "aws_subnet.private",
                "mode": "managed",
                "type": "aws_subnet",
                "name": "private",
                "provider_config_key": "aws",
                "expressions": {
                  "assign_ipv6_address_on_creation": {
                    "references": [
                      "var.enable_ipv6",
                      "var.private_subnet_ipv6_native",
                      "var.private_subnet_assign_ipv6_address_on_creation"
                    ]
                  },
                  "availability_zone": {
                    "references": [
                      "var.azs",
                      "count.index",
                      "var.azs",
                      "count.index"
                    ]
                  },
                  "availability_zone_id": {
                    "references": [
                      "var.azs",
                      "count.index",
                      "var.azs",
                      "count.index"
                    ]
                  },
                  "cidr_block": {
                    "references": [
                      "var.private_subnet_ipv6_native",
                      "var.private_subnets",
                      "count.index"
                    ]
                  },
                  "enable_dns64": {
                    "references": [
                      "var.enable_ipv6",
                      "var.private_subnet_enable_dns64"
                    ]
                  },
                  "enable_resource_name_dns_a_record_on_launch": {
                    "references": [
                      "var.private_subnet_ipv6_native",
                      "var.private_subnet_enable_resource_name_dns_a_record_on_launch"
                    ]
                  },
                  "enable_resource_name_dns_aaaa_record_on_launch": {
                    "references": [
                      "var.enable_ipv6",
                      "var.private_subnet_enable_resource_name_dns_aaaa_record_on_launch"
                    ]
                  },
                  "ipv6_cidr_block": {
                    "references": [
                      "var.enable_ipv6",
                      "var.private_subnet_ipv6_prefixes",
                      "aws_vpc.this[0].ipv6_cidr_block",
                      "aws_vpc.this[0]",
                      "aws_vpc.this",
                      "var.private_subnet_ipv6_prefixes",
                      "count.index"
                    ]
                  },
                  "ipv6_native": {
                    "references": [
                      "var.enable_ipv6",
                      "var.private_subnet_ipv6_native"
                    ]
                  },
                  "private_dns_hostname_type_on_launch": {
                    "references": [
                      "var.private_subnet_private_dns_hostname_type_on_launch"
                    ]
                  },
                  "tags": {
                    "references": [
                      "var.private_subnet_names",
                      "count.index",
                      "var.name",
                      "var.private_subnet_suffix",
                      "var.azs",
                      "count.index",
                      "var.tags",
                      "var.private_subnet_tags",
                      "var.private_subnet_tags_per_az",
                      "var.azs",
                      "count.index"
                    ]
                  },
                  "vpc_id": {
                    "references": [
                      "local.vpc_id"
                    ]
                  }
                },
                "schema_version": 1,
                "count_expression": {
                  "references": [
                    "local.create_private_subnets",
                    "local.len_private_subnets"
                  ]
                }
              },
              {
                "address": "aws_subnet.public",
                "mode": "managed",
                "type": "aws_subnet",
                "name": "public",
                "provider_config_key": "aws",
                "expressions": {
                  "assign_ipv6_address_on_creation": {
                    "references": [
                      "var.enable_ipv6",
                      "var.public_subnet_ipv6_native",
                      "var.public_subnet_assign_ipv6_address_on_creation"
                    ]
                  },
                  "availability_zone": {
                    "references": [
                      "var.azs",
                      "count.index",
                      "var.azs",
                      "count.index"
                    ]
                  },
                  "availability_zone_id": {
                    "references": [
                      "var.azs",
                      "count.index",
                      "var.azs",
                      "count.index"
                    ]
                  },
                  "cidr_block": {
                    "references": [
                      "var.public_subnet_ipv6_native",
                      "var.public_subnets",
                      "count.index"
                    ]
                  },
                  "enable_dns64": {
                    "references": [
                      "var.enable_ipv6",
                      "var.public_subnet_enable_dns64"
                    ]
                  },
                  "enable_resource_name_dns_a_record_on_launch": {
                    "references": [
                      "var.public_subnet_ipv6_native",
                      "var.public_subnet_enable_resource_name_dns_a_record_on_launch"
                    ]
                  },
                  "enable_resource_name_dns_aaaa_record_on_launch": {
                    "references": [
                      "var.enable_ipv6",
                      "var.public_subnet_enable_resource_name_dns_aaaa_record_on_launch"
                    ]
                  },
                  "ipv6_cidr_block": {
                    "references": [
                      "var.enable_ipv6",
                      "var.public_subnet_ipv6_prefixes",
                      "aws_vpc.this[0].ipv6_cidr_block",
                      "aws_vpc.this[0]",
                      "aws_vpc.this",
                      "var.public_subnet_ipv6_prefixes",
                      "count.index"
                    ]
                  },
                  "ipv6_native": {
                    "references": [
                      "var.enable_ipv6",
                      "var.public_subnet_ipv6_native"
                    ]
                  },
                  "map_public_ip_on_launch": {
                    "references": [
                      "var.map_public_ip_on_launch"
                    ]
                  },
                  "private_dns_hostname_type_on_launch": {
                    "references": [
                      "var.public_subnet_private_dns_hostname_type_on_launch"
                    ]
                  },
                  "tags": {
                    "references": [
                      "var.public_subnet_names",
                      "count.index",
                      "var.name",
                      "var.public_subnet_suffix",
                      "var.azs",
                      "count.index",
                      "var.tags",
                      "var.public_subnet_tags",
                      "var.public_subnet_tags_per_az",
                      "var.azs",
                      "count.index"
                    ]
                  },
                  "vpc_id": {
                    "references": [
                      "local.vpc_id"
                    ]
                  }
                },
                "schema_version": 1,
                "count_expression": {
                  "references": [
                    "local.create_public_subnets",
                    "var.one_nat_gateway_per_az",
                    "local.len_public_subnets",
                    "var.azs",
                    "local.len_public_subnets"
                  ]
                }
              },
              {
                "address": "aws_subnet.redshift",
                "mode": "managed",
                "type": "aws_subnet",
                "name": "redshift",
                "provider_config_key": "aws",
                "expressions": {
                  "assign_ipv6_address_on_creation": {
                    "references": [
                      "var.enable_ipv6",
                      "var.redshift_subnet_ipv6_native",
                      "var.redshift_subnet_assign_ipv6_address_on_creation"
                    ]
                  },
                  "availability_zone": {
                    "references": [
                      "var.azs",
                      "count.index",
                      "var.azs",
                      "count.index"
                    ]
                  },
                  "availability_zone_id": {
                    "references": [
                      "var.azs",
                      "count.index",
                      "var.azs",
                      "count.index"
                    ]
                  },
                  "cidr_block": {
                    "references": [
                      "var.redshift_subnet_ipv6_native",
                      "var.redshift_subnets",
                      "count.index"
                    ]
                  },
                  "enable_dns64": {
                    "references": [
                      "var.enable_ipv6",
                      "var.redshift_subnet_enable_dns64"
                    ]
                  },
                  "enable_resource_name_dns_a_record_on_launch": {
                    "references": [
                      "var.redshift_subnet_ipv6_native",
                      "var.redshift_subnet_enable_resource_name_dns_a_record_on_launch"
                    ]
                  },
                  "enable_resource_name_dns_aaaa_record_on_launch": {
                    "references": [
                      "var.enable_ipv6",
                      "var.redshift_subnet_enable_resource_name_dns_aaaa_record_on_launch"
                    ]
                  },
                  "ipv6_cidr_block": {
                    "references": [
                      "var.enable_ipv6",
                      "var.redshift_subnet_ipv6_prefixes",
                      "aws_vpc.this[0].ipv6_cidr_block",
                      "aws_vpc.this[0]",
                      "aws_vpc.this",
                      "var.redshift_subnet_ipv6_prefixes",
                      "count.index"
                    ]
                  },
                  "ipv6_native": {
                    "references": [
                      "var.enable_ipv6",
                      "var.redshift_subnet_ipv6_native"
                    ]
                  },
                  "private_dns_hostname_type_on_launch": {
                    "references": [
                      "var.redshift_subnet_private_dns_hostname_type_on_launch"
                    ]
                  },
                  "tags": {
                    "references": [
                      "var.redshift_subnet_names",
                      "count.index",
                      "var.name",
                      "var.redshift_subnet_suffix",
                      "var.azs",
                      "count.index",
                      "var.tags",
                      "var.redshift_subnet_tags"
                    ]
                  },
                  "vpc_id": {
                    "references": [
                      "local.vpc_id"
                    ]
                  }
                },
                "schema_version": 1,
                "count_expression": {
                  "references": [
                    "local.create_redshift_subnets",
                    "local.len_redshift_subnets"
                  ]
                }
              },
              {
                "address": "aws_vpc.this",
                "mode": "managed",
                "type": "aws_vpc",
                "name": "this",
                "provider_config_key": "aws",
                "expressions": {
                  "assign_generated_ipv6_cidr_block": {
                    "references": [
                      "var.enable_ipv6",
                      "var.use_ipam_pool"
                    ]
                  },
                  "cidr_block": {
                    "references": [
                      "var.use_ipam_pool",
                      "var.cidr"
                    ]
                  },
                  "enable_dns_hostnames": {
                    "references": [
                      "var.enable_dns_hostnames"
                    ]
                  },
                  "enable_dns_support": {
                    "references": [
                      "var.enable_dns_support"
                    ]
                  },
                  "enable_network_address_usage_metrics": {
                    "references": [
                      "var.enable_network_address_usage_metrics"
                    ]
                  },
                  "instance_tenancy": {
                    "references": [
                      "var.instance_tenancy"
                    ]
                  },
                  "ipv4_ipam_pool_id": {
                    "references": [
                      "var.ipv4_ipam_pool_id"
                    ]
                  },
                  "ipv4_netmask_length": {
                    "references": [
                      "var.ipv4_netmask_length"
                    ]
                  },
                  "ipv6_cidr_block": {
                    "references": [
                      "var.ipv6_cidr"
                    ]
                  },
                  "ipv6_cidr_block_network_border_group": {
                    "references": [
                      "var.ipv6_cidr_block_network_border_group"
                    ]
                  },
                  "ipv6_ipam_pool_id": {
                    "references": [
                      "var.ipv6_ipam_pool_id"
                    ]
                  },
                  "ipv6_netmask_length": {
                    "references": [
                      "var.ipv6_netmask_length"
                    ]
                  },
                  "tags": {
                    "references": [
                      "var.name",
                      "var.tags",
                      "var.vpc_tags"
                    ]
                  }
                },
                "schema_version": 1,
                "count_expression": {
                  "references": [
                    "local.create_vpc"
                  ]
                }
              },
              {
                "address": "aws_vpc_dhcp_options.this",
                "mode": "managed",
                "type": "aws_vpc_dhcp_options",
                "name": "this",
                "provider_config_key": "aws",
                "expressions": {
                  "domain_name": {
                    "references": [
                      "var.dhcp_options_domain_name"
                    ]
                  },
                  "domain_name_servers": {
                    "references": [
                      "var.dhcp_options_domain_name_servers"
                    ]
                  },
                  "netbios_name_servers": {
                    "references": [
                      "var.dhcp_options_netbios_name_servers"
                    ]
                  },
                  "netbios_node_type": {
                    "references": [
                      "var.dhcp_options_netbios_node_type"
                    ]
                  },
                  "ntp_servers": {
                    "references": [
                      "var.dhcp_options_ntp_servers"
                    ]
                  },
                  "tags": {
                    "references": [
                      "var.name",
                      "var.tags",
                      "var.dhcp_options_tags"
                    ]
                  }
                },
                "schema_version": 0,
                "count_expression": {
                  "references": [
                    "local.create_vpc",
                    "var.enable_dhcp_options"
                  ]
                }
              },
              {
                "address": "aws_vpc_dhcp_options_association.this",
                "mode": "managed",
                "type": "aws_vpc_dhcp_options_association",
                "name": "this",
                "provider_config_key": "aws",
                "expressions": {
                  "dhcp_options_id": {
                    "references": [
                      "aws_vpc_dhcp_options.this[0].id",
                      "aws_vpc_dhcp_options.this[0]",
                      "aws_vpc_dhcp_options.this"
                    ]
                  },
                  "vpc_id": {
                    "references": [
                      "local.vpc_id"
                    ]
                  }
                },
                "schema_version": 0,
                "count_expression": {
                  "references": [
                    "local.create_vpc",
                    "var.enable_dhcp_options"
                  ]
                }
              },
              {
                "address": "aws_vpc_ipv4_cidr_block_association.this",
                "mode": "managed",
                "type": "aws_vpc_ipv4_cidr_block_association",
                "name": "this",
                "provider_config_key": "aws",
                "expressions": {
                  "cidr_block": {
                    "references": [
                      "var.secondary_cidr_blocks",
                      "count.index"
                    ]
                  },
                  "vpc_id": {
                    "references": [
                      "aws_vpc.this[0].id",
                      "aws_vpc.this[0]",
                      "aws_vpc.this"
                    ]
                  }
                },
                "schema_version": 0,
                "count_expression": {
                  "references": [
                    "local.create_vpc",
                    "var.secondary_cidr_blocks",
                    "var.secondary_cidr_blocks"
                  ]
                }
              },
              {
                "address": "aws_vpn_gateway.this",
                "mode": "managed",
                "type": "aws_vpn_gateway",
                "name": "this",
                "provider_config_key": "aws",
                "expressions": {
                  "amazon_side_asn": {
                    "references": [
                      "var.amazon_side_asn"
                    ]
                  },
                  "availability_zone": {
                    "references": [
                      "var.vpn_gateway_az"
                    ]
                  },
                  "tags": {
                    "references": [
                      "var.name",
                      "var.tags",
                      "var.vpn_gateway_tags"
                    ]
                  },
                  "vpc_id": {
                    "references": [
                      "local.vpc_id"
                    ]
                  }
                },
                "schema_version": 0,
                "count_expression": {
                  "references": [
                    "local.create_vpc",
                    "var.enable_vpn_gateway"
                  ]
                }
              },
              {
                "address": "aws_vpn_gateway_attachment.this",
                "mode": "managed",
                "type": "aws_vpn_gateway_attachment",
                "name": "this",
                "provider_config_key": "aws",
                "expressions": {
                  "vpc_id": {
                    "references": [
                      "local.vpc_id"
                    ]
                  },
                  "vpn_gateway_id": {
                    "references": [
                      "var.vpn_gateway_id"
                    ]
                  }
                },
                "schema_version": 0,
                "count_expression": {
                  "references": [
                    "var.vpn_gateway_id"
                  ]
                }
              },
              {
                "address": "aws_vpn_gateway_route_propagation.intra",
                "mode": "managed",
                "type": "aws_vpn_gateway_route_propagation",
                "name": "intra",
                "provider_config_key": "aws",
                "expressions": {
                  "route_table_id": {
                    "references": [
                      "aws_route_table.intra",
                      "count.index"
                    ]
                  },
                  "vpn_gateway_id": {
                    "references": [
                      "aws_vpn_gateway.this",
                      "aws_vpn_gateway_attachment.this",
                      "count.index"
                    ]
                  }
                },
                "schema_version": 0,
                "count_expression": {
                  "references": [
                    "local.create_vpc",
                    "var.propagate_intra_route_tables_vgw",
                    "var.enable_vpn_gateway",
                    "var.vpn_gateway_id",
                    "local.len_intra_subnets"
                  ]
                }
              },
              {
                "address": "aws_vpn_gateway_route_propagation.private",
                "mode": "managed",
                "type": "aws_vpn_gateway_route_propagation",
                "name": "private",
                "provider_config_key": "aws",
                "expressions": {
                  "route_table_id": {
                    "references": [
                      "aws_route_table.private",
                      "count.index"
                    ]
                  },
                  "vpn_gateway_id": {
                    "references": [
                      "aws_vpn_gateway.this",
                      "aws_vpn_gateway_attachment.this",
                      "count.index"
                    ]
                  }
                },
                "schema_version": 0,
                "count_expression": {
                  "references": [
                    "local.create_vpc",
                    "var.propagate_private_route_tables_vgw",
                    "var.enable_vpn_gateway",
                    "var.vpn_gateway_id",
                    "local.len_private_subnets"
                  ]
                }
              },
              {
                "address": "aws_vpn_gateway_route_propagation.public",
                "mode": "managed",
                "type": "aws_vpn_gateway_route_propagation",
                "name": "public",
                "provider_config_key": "aws",
                "expressions": {
                  "route_table_id": {
                    "references": [
                      "aws_route_table.public",
                      "count.index"
                    ]
                  },
                  "vpn_gateway_id": {
                    "references": [
                      "aws_vpn_gateway.this",
                      "aws_vpn_gateway_attachment.this",
                      "count.index"
                    ]
                  }
                },
                "schema_version": 0,
                "count_expression": {
                  "references": [
                    "local.create_vpc",
                    "var.propagate_public_route_tables_vgw",
                    "var.enable_vpn_gateway",
                    "var.vpn_gateway_id"
                  ]
                }
              },
              {
                "address": "data.aws_iam_policy_document.flow_log_cloudwatch_assume_role",
                "mode": "data",
                "type": "aws_iam_policy_document",
                "name": "flow_log_cloudwatch_assume_role",
                "provider_config_key": "aws",
                "expressions": {
                  "statement": [
                    {
                      "actions": {
                        "constant_value": [
                          "sts:AssumeRole"
                        ]
                      },
                      "effect": {
                        "constant_value": "Allow"
                      },
                      "principals": [
                        {
                          "identifiers": {
                            "constant_value": [
                              "vpc-flow-logs.amazonaws.com"
                            ]
                          },
                          "type": {
                            "constant_value": "Service"
                          }
                        }
                      ],
                      "sid": {
                        "constant_value": "AWSVPCFlowLogsAssumeRole"
                      }
                    }
                  ]
                },
                "schema_version": 0,
                "count_expression": {
                  "references": [
                    "local.create_flow_log_cloudwatch_iam_role"
                  ]
                }
              },
              {
                "address": "data.aws_iam_policy_document.vpc_flow_log_cloudwatch",
                "mode": "data",
                "type": "aws_iam_policy_document",
                "name": "vpc_flow_log_cloudwatch",
                "provider_config_key": "aws",
                "expressions": {
                  "statement": [
                    {
                      "actions": {
                        "constant_value": [
                          "logs:CreateLogStream",
                          "logs:PutLogEvents",
                          "logs:DescribeLogGroups",
                          "logs:DescribeLogStreams"
                        ]
                      },
                      "effect": {
                        "constant_value": "Allow"
                      },
                      "resources": {
                        "constant_value": [
                          "*"
                        ]
                      },
                      "sid": {
                        "constant_value": "AWSVPCFlowLogsPushToCloudWatch"
                      }
                    }
                  ]
                },
                "schema_version": 0,
                "count_expression": {
                  "references": [
                    "local.create_flow_log_cloudwatch_iam_role"
                  ]
                }
              }
            ],
            "variables": {
              "amazon_side_asn": {
                "default": "64512",
                "description": "The Autonomous System Number (ASN) for the Amazon side of the gateway. By default the virtual private gateway is created with the current default Amazon ASN"
              },
              "azs": {
                "default": [],
                "description": "A list of availability zones names or ids in the region"
              },
              "cidr": {
                "default": "10.0.0.0/16",
                "description": "(Optional) The IPv4 CIDR block for the VPC. CIDR can be explicitly set or it can be derived from IPAM using `ipv4_netmask_length` & `ipv4_ipam_pool_id`"
              },
              "create_database_internet_gateway_route": {
                "default": false,
                "description": "Controls if an internet gateway route for public database access should be created"
              },
              "create_database_nat_gateway_route": {
                "default": false,
                "description": "Controls if a nat gateway route should be created to give internet access to the database subnets"
              },
              "create_database_subnet_group": {
                "default": true,
                "description": "Controls if database subnet group should be created (n.b. database_subnets must also be set)"
              },
              "create_database_subnet_route_table": {
                "default": false,
                "description": "Controls if separate route table for database should be created"
              },
              "create_egress_only_igw": {
                "default": true,
                "description": "Controls if an Egress Only Internet Gateway is created and its related routes"
              },
              "create_elasticache_subnet_group": {
                "default": true,
                "description": "Controls if elasticache subnet group should be created"
              },
              "create_elasticache_subnet_route_table": {
                "default": false,
                "description": "Controls if separate route table for elasticache should be created"
              },
              "create_flow_log_cloudwatch_iam_role": {
                "default": false,
                "description": "Whether to create IAM role for VPC Flow Logs"
              },
              "create_flow_log_cloudwatch_log_group": {
                "default": false,
                "description": "Whether to create CloudWatch log group for VPC Flow Logs"
              },
              "create_igw": {
                "default": true,
                "description": "Controls if an Internet Gateway is created for public subnets and the related routes that connect them"
              },
              "create_redshift_subnet_group": {
                "default": true,
                "description": "Controls if redshift subnet group should be created"
              },
              "create_redshift_subnet_route_table": {
                "default": false,
                "description": "Controls if separate route table for redshift should be created"
              },
              "create_vpc": {
                "default": true,
                "description": "Controls if VPC should be created (it affects almost all resources)"
              },
              "customer_gateway_tags": {
                "default": {},
                "description": "Additional tags for the Customer Gateway"
              },
              "customer_gateways": {
                "default": {},
                "description": "Maps of Customer Gateway's attributes (BGP ASN and Gateway's Internet-routable external IP address)"
              },
              "customer_owned_ipv4_pool": {
                "default": null,
                "description": "The customer owned IPv4 address pool. Typically used with the `map_customer_owned_ip_on_launch` argument. The `outpost_arn` argument must be specified when configured"
              },
              "database_acl_tags": {
                "default": {},
                "description": "Additional tags for the database subnets network ACL"
              },
              "database_dedicated_network_acl": {
                "default": false,
                "description": "Whether to use dedicated network ACL (not default) and custom rules for database subnets"
              },
              "database_inbound_acl_rules": {
                "default": [
                  {
                    "cidr_block": "0.0.0.0/0",
                    "from_port": "0",
                    "protocol": "-1",
                    "rule_action": "allow",
                    "rule_number": "100",
                    "to_port": "0"
                  }
                ],
                "description": "Database subnets inbound network ACL rules"
              },
              "database_outbound_acl_rules": {
                "default": [
                  {
                    "cidr_block": "0.0.0.0/0",
                    "from_port": "0",
                    "protocol": "-1",
                    "rule_action": "allow",
                    "rule_number": "100",
                    "to_port": "0"
                  }
                ],
                "description": "Database subnets outbound network ACL rules"
              },
              "database_route_table_tags": {
                "default": {},
                "description": "Additional tags for the database route tables"
              },
              "database_subnet_assign_ipv6_address_on_creation": {
                "default": false,
                "description": "Specify true to indicate that network interfaces created in the specified subnet should be assigned an IPv6 address. Default is `false`"
              },
              "database_subnet_enable_dns64": {
                "default": true,
                "description": "Indicates whether DNS queries made to the Amazon-provided DNS Resolver in this subnet should return synthetic IPv6 addresses for IPv4-only destinations. Default: `true`"
              },
              "database_subnet_enable_resource_name_dns_a_record_on_launch": {
                "default": false,
                "description": "Indicates whether to respond to DNS queries for instance hostnames with DNS A records. Default: `false`"
              },
              "database_subnet_enable_resource_name_dns_aaaa_record_on_launch": {
                "default": true,
                "description": "Indicates whether to respond to DNS queries for instance hostnames with DNS AAAA records. Default: `true`"
              },
              "database_subnet_group_name": {
                "default": null,
                "description": "Name of database subnet group"
              },
              "database_subnet_group_tags": {
                "default": {},
                "description": "Additional tags for the database subnet group"
              },
              "database_subnet_ipv6_native": {
                "default": false,
                "description": "Indicates whether to create an IPv6-only subnet. Default: `false`"
              },
              "database_subnet_ipv6_prefixes": {
                "default": [],
                "description": "Assigns IPv6 database subnet id based on the Amazon provided /56 prefix base 10 integer (0-256). Must be of equal length to the corresponding IPv4 subnet list"
              },
              "database_subnet_names": {
                "default": [],
                "description": "Explicit values to use in the Name tag on database subnets. If empty, Name tags are generated"
              },
              "database_subnet_private_dns_hostname_type_on_launch": {
                "default": null,
                "description": "The type of hostnames to assign to instances in the subnet at launch. For IPv6-only subnets, an instance DNS name must be based on the instance ID. For dual-stack and IPv4-only subnets, you can specify whether DNS names use the instance IPv4 address or the instance ID. Valid values: `ip-name`, `resource-name`"
              },
              "database_subnet_suffix": {
                "default": "db",
                "description": "Suffix to append to database subnets name"
              },
              "database_subnet_tags": {
                "default": {},
                "description": "Additional tags for the database subnets"
              },
              "database_subnets": {
                "default": [],
                "description": "A list of database subnets inside the VPC"
              },
              "default_network_acl_egress": {
                "default": [
                  {
                    "action": "allow",
                    "cidr_block": "0.0.0.0/0",
                    "from_port": "0",
                    "protocol": "-1",
                    "rule_no": "100",
                    "to_port": "0"
                  },
                  {
                    "action": "allow",
                    "from_port": "0",
                    "ipv6_cidr_block": "::/0",
                    "protocol": "-1",
                    "rule_no": "101",
                    "to_port": "0"
                  }
                ],
                "description": "List of maps of egress rules to set on the Default Network ACL"
              },
              "default_network_acl_ingress": {
                "default": [
                  {
                    "action": "allow",
                    "cidr_block": "0.0.0.0/0",
                    "from_port": "0",
                    "protocol": "-1",
                    "rule_no": "100",
                    "to_port": "0"
                  },
                  {
                    "action": "allow",
                    "from_port": "0",
                    "ipv6_cidr_block": "::/0",
                    "protocol": "-1",
                    "rule_no": "101",
                    "to_port": "0"
                  }
                ],
                "description": "List of maps of ingress rules to set on the Default Network ACL"
              },
              "default_network_acl_name": {
                "default": null,
                "description": "Name to be used on the Default Network ACL"
              },
              "default_network_acl_tags": {
                "default": {},
                "description": "Additional tags for the Default Network ACL"
              },
              "default_route_table_name": {
                "default": null,
                "description": "Name to be used on the default route table"
              },
              "default_route_table_propagating_vgws": {
                "default": [],
                "description": "List of virtual gateways for propagation"
              },
              "default_route_table_routes": {
                "default": [],
                "description": "Configuration block of routes. See https://registry.terraform.io/providers/hashicorp/aws/latest/docs/resources/default_route_table#route"
              },
              "default_route_table_tags": {
                "default": {},
                "description": "Additional tags for the default route table"
              },
              "default_security_group_egress": {
                "default": [],
                "description": "List of maps of egress rules to set on the default security group"
              },
              "default_security_group_ingress": {
                "default": [],
                "description": "List of maps of ingress rules to set on the default security group"
              },
              "default_security_group_name": {
                "default": null,
                "description": "Name to be used on the default security group"
              },
              "default_security_group_tags": {
                "default": {},
                "description": "Additional tags for the default security group"
              },
              "default_vpc_enable_dns_hostnames": {
                "default": true,
                "description": "Should be true to enable DNS hostnames in the Default VPC"
              },
              "default_vpc_enable_dns_support": {
                "default": true,
                "description": "Should be true to enable DNS support in the Default VPC"
              },
              "default_vpc_name": {
                "default": null,
                "description": "Name to be used on the Default VPC"
              },
              "default_vpc_tags": {
                "default": {},
                "description": "Additional tags for the Default VPC"
              },
              "dhcp_options_domain_name": {
                "default": "",
                "description": "Specifies DNS name for DHCP options set (requires enable_dhcp_options set to true)"
              },
              "dhcp_options_domain_name_servers": {
                "default": [
                  "AmazonProvidedDNS"
                ],
                "description": "Specify a list of DNS server addresses for DHCP options set, default to AWS provided (requires enable_dhcp_options set to true)"
              },
              "dhcp_options_netbios_name_servers": {
                "default": [],
                "description": "Specify a list of netbios servers for DHCP options set (requires enable_dhcp_options set to true)"
              },
              "dhcp_options_netbios_node_type": {
                "default": "",
                "description": "Specify netbios node_type for DHCP options set (requires enable_dhcp_options set to true)"
              },
              "dhcp_options_ntp_servers": {
                "default": [],
                "description": "Specify a list of NTP servers for DHCP options set (requires enable_dhcp_options set to true)"
              },
              "dhcp_options_tags": {
                "default": {},
                "description": "Additional tags for the DHCP option set (requires enable_dhcp_options set to true)"
              },
              "elasticache_acl_tags": {
                "default": {},
                "description": "Additional tags for the elasticache subnets network ACL"
              },
              "elasticache_dedicated_network_acl": {
                "default": false,
                "description": "Whether to use dedicated network ACL (not default) and custom rules for elasticache subnets"
              },
              "elasticache_inbound_acl_rules": {
                "default": [
                  {
                    "cidr_block": "0.0.0.0/0",
                    "from_port": "0",
                    "protocol": "-1",
                    "rule_action": "allow",
                    "rule_number": "100",
                    "to_port": "0"
                  }
                ],
                "description": "Elasticache subnets inbound network ACL rules"
              },
              "elasticache_outbound_acl_rules": {
                "default": [
                  {
                    "cidr_block": "0.0.0.0/0",
                    "from_port": "0",
                    "protocol": "-1",
                    "rule_action": "allow",
                    "rule_number": "100",
                    "to_port": "0"
                  }
                ],
                "description": "Elasticache subnets outbound network ACL rules"
              },
              "elasticache_route_table_tags": {
                "default": {},
                "description": "Additional tags for the elasticache route tables"
              },
              "elasticache_subnet_assign_ipv6_address_on_creation": {
                "default": false,
                "description": "Specify true to indicate that network interfaces created in the specified subnet should be assigned an IPv6 address. Default is `false`"
              },
              "elasticache_subnet_enable_dns64": {
                "default": true,
                "description": "Indicates whether DNS queries made to the Amazon-provided DNS Resolver in this subnet should return synthetic IPv6 addresses for IPv4-only destinations. Default: `true`"
              },
              "elasticache_subnet_enable_resource_name_dns_a_record_on_launch": {
                "default": false,
                "description": "Indicates whether to respond to DNS queries for instance hostnames with DNS A records. Default: `false`"
              },
              "elasticache_subnet_enable_resource_name_dns_aaaa_record_on_launch": {
                "default": true,
                "description": "Indicates whether to respond to DNS queries for instance hostnames with DNS AAAA records. Default: `true`"
              },
              "elasticache_subnet_group_name": {
                "default": null,
                "description": "Name of elasticache subnet group"
              },
              "elasticache_subnet_group_tags": {
                "default": {},
                "description": "Additional tags for the elasticache subnet group"
              },
              "elasticache_subnet_ipv6_native": {
                "default": false,
                "description": "Indicates whether to create an IPv6-only subnet. Default: `false`"
              },
              "elasticache_subnet_ipv6_prefixes": {
                "default": [],
                "description": "Assigns IPv6 elasticache subnet id based on the Amazon provided /56 prefix base 10 integer (0-256). Must be of equal length to the corresponding IPv4 subnet list"
              },
              "elasticache_subnet_names": {
                "default": [],
                "description": "Explicit values to use in the Name tag on elasticache subnets. If empty, Name tags are generated"
              },
              "elasticache_subnet_private_dns_hostname_type_on_launch": {
                "default": null,
                "description": "The type of hostnames to assign to instances in the subnet at launch. For IPv6-only subnets, an instance DNS name must be based on the instance ID. For dual-stack and IPv4-only subnets, you can specify whether DNS names use the instance IPv4 address or the instance ID. Valid values: `ip-name`, `resource-name`"
              },
              "elasticache_subnet_suffix": {
                "default": "elasticache",
                "description": "Suffix to append to elasticache subnets name"
              },
              "elasticache_subnet_tags": {
                "default": {},
                "description": "Additional tags for the elasticache subnets"
              },
              "elasticache_subnets": {
                "default": [],
                "description": "A list of elasticache subnets inside the VPC"
              },
              "enable_dhcp_options": {
                "default": false,
                "description": "Should be true if you want to specify a DHCP options set with a custom domain name, DNS servers, NTP servers, netbios servers, and/or netbios server type"
              },
              "enable_dns_hostnames": {
                "default": true,
                "description": "Should be true to enable DNS hostnames in the VPC"
              },
              "enable_dns_support": {
                "default": true,
                "description": "Should be true to enable DNS support in the VPC"
              },
              "enable_flow_log": {
                "default": false,
                "description": "Whether or not to enable VPC Flow Logs"
              },
              "enable_ipv6": {
                "default": false,
                "description": "Requests an Amazon-provided IPv6 CIDR block with a /56 prefix length for the VPC. You cannot specify the range of IP addresses, or the size of the CIDR block"
              },
              "enable_nat_gateway": {
                "default": false,
                "description": "Should be true if you want to provision NAT Gateways for each of your private networks"
              },
              "enable_network_address_usage_metrics": {
                "default": null,
                "description": "Determines whether network address usage metrics are enabled for the VPC"
              },
              "enable_public_redshift": {
                "default": false,
                "description": "Controls if redshift should have public routing table"
              },
              "enable_vpn_gateway": {
                "default": false,
                "description": "Should be true if you want to create a new VPN Gateway resource and attach it to the VPC"
              },
              "external_nat_ip_ids": {
                "default": [],
                "description": "List of EIP IDs to be assigned to the NAT Gateways (used in combination with reuse_nat_ips)"
              },
              "external_nat_ips": {
                "default": [],
                "description": "List of EIPs to be used for `nat_public_ips` output (used in combination with reuse_nat_ips and external_nat_ip_ids)"
              },
              "flow_log_cloudwatch_iam_role_arn": {
                "default": "",
                "description": "The ARN for the IAM role that's used to post flow logs to a CloudWatch Logs log group. When flow_log_destination_arn is set to ARN of Cloudwatch Logs, this argument needs to be provided"
              },
              "flow_log_cloudwatch_log_group_kms_key_id": {
                "default": null,
                "description": "The ARN of the KMS Key to use when encrypting log data for VPC flow logs"
              },
              "flow_log_cloudwatch_log_group_name_prefix": {
                "default": "/aws/vpc-flow-log/",
                "description": "Specifies the name prefix of CloudWatch Log Group for VPC flow logs"
              },
              "flow_log_cloudwatch_log_group_name_suffix": {
                "default": "",
                "description": "Specifies the name suffix of CloudWatch Log Group for VPC flow logs"
              },
              "flow_log_cloudwatch_log_group_retention_in_days": {
                "default": null,
                "description": "Specifies the number of days you want to retain log events in the specified log group for VPC flow logs"
              },
              "flow_log_cloudwatch_log_group_skip_destroy": {
                "default": false,
                "description": " Set to true if you do not wish the log group (and any logs it may contain) to be deleted at destroy time, and instead just remove the log group from the Terraform state"
              },
              "flow_log_deliver_cross_account_role": {
                "default": null,
                "description": "(Optional) ARN of the IAM role that allows Amazon EC2 to publish flow logs across accounts."
              },
              "flow_log_destination_arn": {
                "default": "",
                "description": "The ARN of the CloudWatch log group or S3 bucket where VPC Flow Logs will be pushed. If this ARN is a S3 bucket the appropriate permissions need to be set on that bucket's policy. When create_flow_log_cloudwatch_log_group is set to false this argument must be provided"
              },
              "flow_log_destination_type": {
                "default": "cloud-watch-logs",
                "description": "Type of flow log destination. Can be s3, kinesis-data-firehose or cloud-watch-logs"
              },
              "flow_log_file_format": {
                "default": null,
                "description": "(Optional) The format for the flow log. Valid values: `plain-text`, `parquet`"
              },
              "flow_log_hive_compatible_partitions": {
                "default": false,
                "description": "(Optional) Indicates whether to use Hive-compatible prefixes for flow logs stored in Amazon S3"
              },
              "flow_log_log_format": {
                "default": null,
                "description": "The fields to include in the flow log record, in the order in which they should appear"
              },
              "flow_log_max_aggregation_interval": {
                "default": 600,
                "description": "The maximum interval of time during which a flow of packets is captured and aggregated into a flow log record. Valid Values: `60` seconds or `600` seconds"
              },
              "flow_log_per_hour_partition": {
                "default": false,
                "description": "(Optional) Indicates whether to partition the flow log per hour. This reduces the cost and response time for queries"
              },
              "flow_log_traffic_type": {
                "default": "ALL",
                "description": "The type of traffic to capture. Valid values: ACCEPT, REJECT, ALL"
              },
              "igw_tags": {
                "default": {},
                "description": "Additional tags for the internet gateway"
              },
              "instance_tenancy": {
                "default": "default",
                "description": "A tenancy option for instances launched into the VPC"
              },
              "intra_acl_tags": {
                "default": {},
                "description": "Additional tags for the intra subnets network ACL"
              },
              "intra_dedicated_network_acl": {
                "default": false,
                "description": "Whether to use dedicated network ACL (not default) and custom rules for intra subnets"
              },
              "intra_inbound_acl_rules": {
                "default": [
                  {
                    "cidr_block": "0.0.0.0/0",
                    "from_port": "0",
                    "protocol": "-1",
                    "rule_action": "allow",
                    "rule_number": "100",
                    "to_port": "0"
                  }
                ],
                "description": "Intra subnets inbound network ACLs"
              },
              "intra_outbound_acl_rules": {
                "default": [
                  {
                    "cidr_block": "0.0.0.0/0",
                    "from_port": "0",
                    "protocol": "-1",
                    "rule_action": "allow",
                    "rule_number": "100",
                    "to_port": "0"
                  }
                ],
                "description": "Intra subnets outbound network ACLs"
              },
              "intra_route_table_tags": {
                "default": {},
                "description": "Additional tags for the intra route tables"
              },
              "intra_subnet_assign_ipv6_address_on_creation": {
                "default": false,
                "description": "Specify true to indicate that network interfaces created in the specified subnet should be assigned an IPv6 address. Default is `false`"
              },
              "intra_subnet_enable_dns64": {
                "default": true,
                "description": "Indicates whether DNS queries made to the Amazon-provided DNS Resolver in this subnet should return synthetic IPv6 addresses for IPv4-only destinations. Default: `true`"
              },
              "intra_subnet_enable_resource_name_dns_a_record_on_launch": {
                "default": false,
                "description": "Indicates whether to respond to DNS queries for instance hostnames with DNS A records. Default: `false`"
              },
              "intra_subnet_enable_resource_name_dns_aaaa_record_on_launch": {
                "default": true,
                "description": "Indicates whether to respond to DNS queries for instance hostnames with DNS AAAA records. Default: `true`"
              },
              "intra_subnet_ipv6_native": {
                "default": false,
                "description": "Indicates whether to create an IPv6-only subnet. Default: `false`"
              },
              "intra_subnet_ipv6_prefixes": {
                "default": [],
                "description": "Assigns IPv6 intra subnet id based on the Amazon provided /56 prefix base 10 integer (0-256). Must be of equal length to the corresponding IPv4 subnet list"
              },
              "intra_subnet_names": {
                "default": [],
                "description": "Explicit values to use in the Name tag on intra subnets. If empty, Name tags are generated"
              },
              "intra_subnet_private_dns_hostname_type_on_launch": {
                "default": null,
                "description": "The type of hostnames to assign to instances in the subnet at launch. For IPv6-only subnets, an instance DNS name must be based on the instance ID. For dual-stack and IPv4-only subnets, you can specify whether DNS names use the instance IPv4 address or the instance ID. Valid values: `ip-name`, `resource-name`"
              },
              "intra_subnet_suffix": {
                "default": "intra",
                "description": "Suffix to append to intra subnets name"
              },
              "intra_subnet_tags": {
                "default": {},
                "description": "Additional tags for the intra subnets"
              },
              "intra_subnets": {
                "default": [],
                "description": "A list of intra subnets inside the VPC"
              },
              "ipv4_ipam_pool_id": {
                "default": null,
                "description": "(Optional) The ID of an IPv4 IPAM pool you want to use for allocating this VPC's CIDR"
              },
              "ipv4_netmask_length": {
                "default": null,
                "description": "(Optional) The netmask length of the IPv4 CIDR you want to allocate to this VPC. Requires specifying a ipv4_ipam_pool_id"
              },
              "ipv6_cidr": {
                "default": null,
                "description": "(Optional) IPv6 CIDR block to request from an IPAM Pool. Can be set explicitly or derived from IPAM using `ipv6_netmask_length`"
              },
              "ipv6_cidr_block_network_border_group": {
                "default": null,
                "description": "By default when an IPv6 CIDR is assigned to a VPC a default ipv6_cidr_block_network_border_group will be set to the region of the VPC. This can be changed to restrict advertisement of public addresses to specific Network Border Groups such as LocalZones"
              },
              "ipv6_ipam_pool_id": {
                "default": null,
                "description": "(Optional) IPAM Pool ID for a IPv6 pool. Conflicts with `assign_generated_ipv6_cidr_block`"
              },
              "ipv6_netmask_length": {
                "default": null,
                "description": "(Optional) Netmask length to request from IPAM Pool. Conflicts with `ipv6_cidr_block`. This can be omitted if IPAM pool as a `allocation_default_netmask_length` set. Valid values: `56`"
              },
              "manage_default_network_acl": {
                "default": true,
                "description": "Should be true to adopt and manage Default Network ACL"
              },
              "manage_default_route_table": {
                "default": true,
                "description": "Should be true to manage default route table"
              },
              "manage_default_security_group": {
                "default": true,
                "description": "Should be true to adopt and manage default security group"
              },
              "manage_default_vpc": {
                "default": false,
                "description": "Should be true to adopt and manage Default VPC"
              },
              "map_customer_owned_ip_on_launch": {
                "default": false,
                "description": "Specify true to indicate that network interfaces created in the subnet should be assigned a customer owned IP address. The `customer_owned_ipv4_pool` and `outpost_arn` arguments must be specified when set to `true`. Default is `false`"
              },
              "map_public_ip_on_launch": {
                "default": false,
                "description": "Specify true to indicate that instances launched into the subnet should be assigned a public IP address. Default is `false`"
              },
              "name": {
                "default": "",
                "description": "Name to be used on all the resources as identifier"
              },
              "nat_eip_tags": {
                "default": {},
                "description": "Additional tags for the NAT EIP"
              },
              "nat_gateway_destination_cidr_block": {
                "default": "0.0.0.0/0",
                "description": "Used to pass a custom destination route for private NAT Gateway. If not specified, the default 0.0.0.0/0 is used as a destination route"
              },
              "nat_gateway_tags": {
                "default": {},
                "description": "Additional tags for the NAT gateways"
              },
              "one_nat_gateway_per_az": {
                "default": false,
                "description": "Should be true if you want only one NAT Gateway per availability zone. Requires `var.azs` to be set, and the number of `public_subnets` created to be greater than or equal to the number of availability zones specified in `var.azs`"
              },
              "outpost_acl_tags": {
                "default": {},
                "description": "Additional tags for the outpost subnets network ACL"
              },
              "outpost_arn": {
                "default": null,
                "description": "ARN of Outpost you want to create a subnet in"
              },
              "outpost_az": {
                "default": null,
                "description": "AZ where Outpost is anchored"
              },
              "outpost_dedicated_network_acl": {
                "default": false,
                "description": "Whether to use dedicated network ACL (not default) and custom rules for outpost subnets"
              },
              "outpost_inbound_acl_rules": {
                "default": [
                  {
                    "cidr_block": "0.0.0.0/0",
                    "from_port": "0",
                    "protocol": "-1",
                    "rule_action": "allow",
                    "rule_number": "100",
                    "to_port": "0"
                  }
                ],
                "description": "Outpost subnets inbound network ACLs"
              },
              "outpost_outbound_acl_rules": {
                "default": [
                  {
                    "cidr_block": "0.0.0.0/0",
                    "from_port": "0",
                    "protocol": "-1",
                    "rule_action": "allow",
                    "rule_number": "100",
                    "to_port": "0"
                  }
                ],
                "description": "Outpost subnets outbound network ACLs"
              },
              "outpost_subnet_assign_ipv6_address_on_creation": {
                "default": false,
                "description": "Specify true to indicate that network interfaces created in the specified subnet should be assigned an IPv6 address. Default is `false`"
              },
              "outpost_subnet_enable_dns64": {
                "default": true,
                "description": "Indicates whether DNS queries made to the Amazon-provided DNS Resolver in this subnet should return synthetic IPv6 addresses for IPv4-only destinations. Default: `true`"
              },
              "outpost_subnet_enable_resource_name_dns_a_record_on_launch": {
                "default": false,
                "description": "Indicates whether to respond to DNS queries for instance hostnames with DNS A records. Default: `false`"
              },
              "outpost_subnet_enable_resource_name_dns_aaaa_record_on_launch": {
                "default": true,
                "description": "Indicates whether to respond to DNS queries for instance hostnames with DNS AAAA records. Default: `true`"
              },
              "outpost_subnet_ipv6_native": {
                "default": false,
                "description": "Indicates whether to create an IPv6-only subnet. Default: `false`"
              },
              "outpost_subnet_ipv6_prefixes": {
                "default": [],
                "description": "Assigns IPv6 outpost subnet id based on the Amazon provided /56 prefix base 10 integer (0-256). Must be of equal length to the corresponding IPv4 subnet list"
              },
              "outpost_subnet_names": {
                "default": [],
                "description": "Explicit values to use in the Name tag on outpost subnets. If empty, Name tags are generated"
              },
              "outpost_subnet_private_dns_hostname_type_on_launch": {
                "default": null,
                "description": "The type of hostnames to assign to instances in the subnet at launch. For IPv6-only subnets, an instance DNS name must be based on the instance ID. For dual-stack and IPv4-only subnets, you can specify whether DNS names use the instance IPv4 address or the instance ID. Valid values: `ip-name`, `resource-name`"
              },
              "outpost_subnet_suffix": {
                "default": "outpost",
                "description": "Suffix to append to outpost subnets name"
              },
              "outpost_subnet_tags": {
                "default": {},
                "description": "Additional tags for the outpost subnets"
              },
              "outpost_subnets": {
                "default": [],
                "description": "A list of outpost subnets inside the VPC"
              },
              "private_acl_tags": {
                "default": {},
                "description": "Additional tags for the private subnets network ACL"
              },
              "private_dedicated_network_acl": {
                "default": false,
                "description": "Whether to use dedicated network ACL (not default) and custom rules for private subnets"
              },
              "private_inbound_acl_rules": {
                "default": [
                  {
                    "cidr_block": "0.0.0.0/0",
                    "from_port": "0",
                    "protocol": "-1",
                    "rule_action": "allow",
                    "rule_number": "100",
                    "to_port": "0"
                  }
                ],
                "description": "Private subnets inbound network ACLs"
              },
              "private_outbound_acl_rules": {
                "default": [
                  {
                    "cidr_block": "0.0.0.0/0",
                    "from_port": "0",
                    "protocol": "-1",
                    "rule_action": "allow",
                    "rule_number": "100",
                    "to_port": "0"
                  }
                ],
                "description": "Private subnets outbound network ACLs"
              },
              "private_route_table_tags": {
                "default": {},
                "description": "Additional tags for the private route tables"
              },
              "private_subnet_assign_ipv6_address_on_creation": {
                "default": false,
                "description": "Specify true to indicate that network interfaces created in the specified subnet should be assigned an IPv6 address. Default is `false`"
              },
              "private_subnet_enable_dns64": {
                "default": true,
                "description": "Indicates whether DNS queries made to the Amazon-provided DNS Resolver in this subnet should return synthetic IPv6 addresses for IPv4-only destinations. Default: `true`"
              },
              "private_subnet_enable_resource_name_dns_a_record_on_launch": {
                "default": false,
                "description": "Indicates whether to respond to DNS queries for instance hostnames with DNS A records. Default: `false`"
              },
              "private_subnet_enable_resource_name_dns_aaaa_record_on_launch": {
                "default": true,
                "description": "Indicates whether to respond to DNS queries for instance hostnames with DNS AAAA records. Default: `true`"
              },
              "private_subnet_ipv6_native": {
                "default": false,
                "description": "Indicates whether to create an IPv6-only subnet. Default: `false`"
              },
              "private_subnet_ipv6_prefixes": {
                "default": [],
                "description": "Assigns IPv6 private subnet id based on the Amazon provided /56 prefix base 10 integer (0-256). Must be of equal length to the corresponding IPv4 subnet list"
              },
              "private_subnet_names": {
                "default": [],
                "description": "Explicit values to use in the Name tag on private subnets. If empty, Name tags are generated"
              },
              "private_subnet_private_dns_hostname_type_on_launch": {
                "default": null,
                "description": "The type of hostnames to assign to instances in the subnet at launch. For IPv6-only subnets, an instance DNS name must be based on the instance ID. For dual-stack and IPv4-only subnets, you can specify whether DNS names use the instance IPv4 address or the instance ID. Valid values: `ip-name`, `resource-name`"
              },
              "private_subnet_suffix": {
                "default": "private",
                "description": "Suffix to append to private subnets name"
              },
              "private_subnet_tags": {
                "default": {},
                "description": "Additional tags for the private subnets"
              },
              "private_subnet_tags_per_az": {
                "default": {},
                "description": "Additional tags for the private subnets where the primary key is the AZ"
              },
              "private_subnets": {
                "default": [],
                "description": "A list of private subnets inside the VPC"
              },
              "propagate_intra_route_tables_vgw": {
                "default": false,
                "description": "Should be true if you want route table propagation"
              },
              "propagate_private_route_tables_vgw": {
                "default": false,
                "description": "Should be true if you want route table propagation"
              },
              "propagate_public_route_tables_vgw": {
                "default": false,
                "description": "Should be true if you want route table propagation"
              },
              "public_acl_tags": {
                "default": {},
                "description": "Additional tags for the public subnets network ACL"
              },
              "public_dedicated_network_acl": {
                "default": false,
                "description": "Whether to use dedicated network ACL (not default) and custom rules for public subnets"
              },
              "public_inbound_acl_rules": {
                "default": [
                  {
                    "cidr_block": "0.0.0.0/0",
                    "from_port": "0",
                    "protocol": "-1",
                    "rule_action": "allow",
                    "rule_number": "100",
                    "to_port": "0"
                  }
                ],
                "description": "Public subnets inbound network ACLs"
              },
              "public_outbound_acl_rules": {
                "default": [
                  {
                    "cidr_block": "0.0.0.0/0",
                    "from_port": "0",
                    "protocol": "-1",
                    "rule_action": "allow",
                    "rule_number": "100",
                    "to_port": "0"
                  }
                ],
                "description": "Public subnets outbound network ACLs"
              },
              "public_route_table_tags": {
                "default": {},
                "description": "Additional tags for the public route tables"
              },
              "public_subnet_assign_ipv6_address_on_creation": {
                "default": false,
                "description": "Specify true to indicate that network interfaces created in the specified subnet should be assigned an IPv6 address. Default is `false`"
              },
              "public_subnet_enable_dns64": {
                "default": true,
                "description": "Indicates whether DNS queries made to the Amazon-provided DNS Resolver in this subnet should return synthetic IPv6 addresses for IPv4-only destinations. Default: `true`"
              },
              "public_subnet_enable_resource_name_dns_a_record_on_launch": {
                "default": false,
                "description": "Indicates whether to respond to DNS queries for instance hostnames with DNS A records. Default: `false`"
              },
              "public_subnet_enable_resource_name_dns_aaaa_record_on_launch": {
                "default": true,
                "description": "Indicates whether to respond to DNS queries for instance hostnames with DNS AAAA records. Default: `true`"
              },
              "public_subnet_ipv6_native": {
                "default": false,
                "description": "Indicates whether to create an IPv6-only subnet. Default: `false`"
              },
              "public_subnet_ipv6_prefixes": {
                "default": [],
                "description": "Assigns IPv6 public subnet id based on the Amazon provided /56 prefix base 10 integer (0-256). Must be of equal length to the corresponding IPv4 subnet list"
              },
              "public_subnet_names": {
                "default": [],
                "description": "Explicit values to use in the Name tag on public subnets. If empty, Name tags are generated"
              },
              "public_subnet_private_dns_hostname_type_on_launch": {
                "default": null,
                "description": "The type of hostnames to assign to instances in the subnet at launch. For IPv6-only subnets, an instance DNS name must be based on the instance ID. For dual-stack and IPv4-only subnets, you can specify whether DNS names use the instance IPv4 address or the instance ID. Valid values: `ip-name`, `resource-name`"
              },
              "public_subnet_suffix": {
                "default": "public",
                "description": "Suffix to append to public subnets name"
              },
              "public_subnet_tags": {
                "default": {},
                "description": "Additional tags for the public subnets"
              },
              "public_subnet_tags_per_az": {
                "default": {},
                "description": "Additional tags for the public subnets where the primary key is the AZ"
              },
              "public_subnets": {
                "default": [],
                "description": "A list of public subnets inside the VPC"
              },
              "putin_khuylo": {
                "default": true,
                "description": "Do you agree that Putin doesn't respect Ukrainian sovereignty and territorial integrity? More info: https://en.wikipedia.org/wiki/Putin_khuylo!"
              },
              "redshift_acl_tags": {
                "default": {},
                "description": "Additional tags for the redshift subnets network ACL"
              },
              "redshift_dedicated_network_acl": {
                "default": false,
                "description": "Whether to use dedicated network ACL (not default) and custom rules for redshift subnets"
              },
              "redshift_inbound_acl_rules": {
                "default": [
                  {
                    "cidr_block": "0.0.0.0/0",
                    "from_port": "0",
                    "protocol": "-1",
                    "rule_action": "allow",
                    "rule_number": "100",
                    "to_port": "0"
                  }
                ],
                "description": "Redshift subnets inbound network ACL rules"
              },
              "redshift_outbound_acl_rules": {
                "default": [
                  {
                    "cidr_block": "0.0.0.0/0",
                    "from_port": "0",
                    "protocol": "-1",
                    "rule_action": "allow",
                    "rule_number": "100",
                    "to_port": "0"
                  }
                ],
                "description": "Redshift subnets outbound network ACL rules"
              },
              "redshift_route_table_tags": {
                "default": {},
                "description": "Additional tags for the redshift route tables"
              },
              "redshift_subnet_assign_ipv6_address_on_creation": {
                "default": false,
                "description": "Specify true to indicate that network interfaces created in the specified subnet should be assigned an IPv6 address. Default is `false`"
              },
              "redshift_subnet_enable_dns64": {
                "default": true,
                "description": "Indicates whether DNS queries made to the Amazon-provided DNS Resolver in this subnet should return synthetic IPv6 addresses for IPv4-only destinations. Default: `true`"
              },
              "redshift_subnet_enable_resource_name_dns_a_record_on_launch": {
                "default": false,
                "description": "Indicates whether to respond to DNS queries for instance hostnames with DNS A records. Default: `false`"
              },
              "redshift_subnet_enable_resource_name_dns_aaaa_record_on_launch": {
                "default": true,
                "description": "Indicates whether to respond to DNS queries for instance hostnames with DNS AAAA records. Default: `true`"
              },
              "redshift_subnet_group_name": {
                "default": null,
                "description": "Name of redshift subnet group"
              },
              "redshift_subnet_group_tags": {
                "default": {},
                "description": "Additional tags for the redshift subnet group"
              },
              "redshift_subnet_ipv6_native": {
                "default": false,
                "description": "Indicates whether to create an IPv6-only subnet. Default: `false`"
              },
              "redshift_subnet_ipv6_prefixes": {
                "default": [],
                "description": "Assigns IPv6 redshift subnet id based on the Amazon provided /56 prefix base 10 integer (0-256). Must be of equal length to the corresponding IPv4 subnet list"
              },
              "redshift_subnet_names": {
                "default": [],
                "description": "Explicit values to use in the Name tag on redshift subnets. If empty, Name tags are generated"
              },
              "redshift_subnet_private_dns_hostname_type_on_launch": {
                "default": null,
                "description": "The type of hostnames to assign to instances in the subnet at launch. For IPv6-only subnets, an instance DNS name must be based on the instance ID. For dual-stack and IPv4-only subnets, you can specify whether DNS names use the instance IPv4 address or the instance ID. Valid values: `ip-name`, `resource-name`"
              },
              "redshift_subnet_suffix": {
                "default": "redshift",
                "description": "Suffix to append to redshift subnets name"
              },
              "redshift_subnet_tags": {
                "default": {},
                "description": "Additional tags for the redshift subnets"
              },
              "redshift_subnets": {
                "default": [],
                "description": "A list of redshift subnets inside the VPC"
              },
              "reuse_nat_ips": {
                "default": false,
                "description": "Should be true if you don't want EIPs to be created for your NAT Gateways and will instead pass them in via the 'external_nat_ip_ids' variable"
              },
              "secondary_cidr_blocks": {
                "default": [],
                "description": "List of secondary CIDR blocks to associate with the VPC to extend the IP Address pool"
              },
              "single_nat_gateway": {
                "default": false,
                "description": "Should be true if you want to provision a single shared NAT Gateway across all of your private networks"
              },
              "tags": {
                "default": {},
                "description": "A map of tags to add to all resources"
              },
              "use_ipam_pool": {
                "default": false,
                "description": "Determines whether IPAM pool is used for CIDR allocation"
              },
              "vpc_flow_log_permissions_boundary": {
                "default": null,
                "description": "The ARN of the Permissions Boundary for the VPC Flow Log IAM Role"
              },
              "vpc_flow_log_tags": {
                "default": {},
                "description": "Additional tags for the VPC Flow Logs"
              },
              "vpc_tags": {
                "default": {},
                "description": "Additional tags for the VPC"
              },
              "vpn_gateway_az": {
                "default": null,
                "description": "The Availability Zone for the VPN Gateway"
              },
              "vpn_gateway_id": {
                "default": "",
                "description": "ID of VPN Gateway to attach to the VPC"
              },
              "vpn_gateway_tags": {
                "default": {},
                "description": "Additional tags for the VPN gateway"
              }
            }
          },
          "version_constraint": "~> 5.0"
        }
      },
      "variables": {
        "akp_org_name": {
          "description": "Akuity Platform organization name."
        },
        "app_of_apps": {
          "default": {
            "path": "argo-cd/apps",
            "repo_url": "https://github.com/back-stack/everything-as-code",
            "target_revision": "HEAD"
          }
        },
        "argocd_admin_password": {
          "description": "The password to use for the `admin` Argo CD user."
        },
        "region": {
          "default": "us-west-2",
          "description": "AWS region"
        },
        "vpc_cidr": {
          "default": "10.0.0.0/16",
          "description": "VPC CIDR"
        }
      }
    }
  },
  "relevant_attributes": [
    {
      "resource": "module.eks.module.self_managed_node_group.aws_autoscaling_group.this[0]",
      "attribute": [
        "id"
      ]
    },
    {
      "resource": "module.eks.module.kms.aws_kms_replica_key.this[0]",
      "attribute": [
        "key_id"
      ]
    },
    {
      "resource": "module.vpc.aws_vpc.this[0]",
      "attribute": [
        "ipv6_association_id"
      ]
    },
    {
      "resource": "module.vpc.aws_route.private_ipv6_egress",
      "attribute": []
    },
    {
      "resource": "module.vpc.aws_route_table_association.private",
      "attribute": []
    },
    {
      "resource": "module.eks.aws_iam_openid_connect_provider.oidc_provider[0]",
      "attribute": [
        "arn"
      ]
    },
    {
      "resource": "module.eks.module.self_managed_node_group.aws_autoscaling_group.this[0]",
      "attribute": [
        "desired_capacity"
      ]
    },
    {
      "resource": "module.eks.module.self_managed_node_group.aws_iam_instance_profile.this[0]",
      "attribute": [
        "unique_id"
      ]
    },
    {
      "resource": "module.eks.module.kms.aws_kms_replica_external_key.this[0]",
      "attribute": [
        "key_id"
      ]
    },
    {
      "resource": "module.vpc.aws_vpc.this[0]",
      "attribute": [
        "arn"
      ]
    },
    {
      "resource": "module.vpc.aws_vpc.this[0]",
      "attribute": [
        "enable_dns_hostnames"
      ]
    },
    {
      "resource": "module.eks.module.kms.data.aws_caller_identity.current[0]",
      "attribute": [
        "account_id"
      ]
    },
    {
      "resource": "module.eks.module.kms.aws_kms_key.this[0]",
      "attribute": [
        "key_id"
      ]
    },
    {
      "resource": "module.vpc.aws_subnet.database",
      "attribute": []
    },
    {
      "resource": "module.vpc.aws_route_table_association.redshift_public",
      "attribute": []
    },
    {
      "resource": "module.eks.module.eks_managed_node_group[\"initial\"].aws_autoscaling_schedule.this",
      "attribute": []
    },
    {
      "resource": "module.eks.module.fargate_profile.aws_iam_role.this[0]",
      "attribute": [
        "unique_id"
      ]
    },
    {
      "resource": "module.eks.module.eks_managed_node_group[\"initial\"].aws_launch_template.this[0]",
      "attribute": [
        "default_version"
      ]
    },
    {
      "resource": "module.eks.module.self_managed_node_group.aws_iam_instance_profile.this[0]",
      "attribute": [
        "id"
      ]
    },
    {
      "resource": "module.vpc.aws_route_table.public[0]",
      "attribute": [
        "id"
      ]
    },
    {
      "resource": "module.vpc.aws_route_table.elasticache",
      "attribute": []
    },
    {
      "resource": "module.eks.module.self_managed_node_group.aws_autoscaling_group.this[0]",
      "attribute": [
        "availability_zones"
      ]
    },
    {
      "resource": "module.eks.aws_security_group.node[0]",
      "attribute": [
        "id"
      ]
    },
    {
      "resource": "module.eks.aws_eks_cluster.this[0]",
      "attribute": [
        "name"
      ]
    },
    {
      "resource": "module.eks.module.kms.aws_kms_replica_external_key.this[0]",
      "attribute": [
        "policy"
      ]
    },
    {
      "resource": "module.eks.module.kms.aws_kms_replica_external_key.this[0]",
      "attribute": [
        "arn"
      ]
    },
    {
      "resource": "module.eks.module.self_managed_node_group.aws_autoscaling_schedule.this",
      "attribute": []
    },
    {
      "resource": "module.eks.module.self_managed_node_group.aws_autoscaling_group.this[0]",
      "attribute": [
        "name"
      ]
    },
    {
      "resource": "module.vpc.aws_subnet.public",
      "attribute": []
    },
    {
      "resource": "module.eks.aws_eks_cluster.this[0]",
      "attribute": [
        "vpc_config",
        0,
        "cluster_security_group_id"
      ]
    },
    {
      "resource": "module.eks.data.tls_certificate.this[0]",
      "attribute": [
        "certificates",
        0,
        "sha1_fingerprint"
      ]
    },
    {
      "resource": "module.eks.module.self_managed_node_group.aws_autoscaling_group.this[0]",
      "attribute": [
        "min_size"
      ]
    },
    {
      "resource": "module.eks.module.self_managed_node_group.aws_autoscaling_group.this[0]",
      "attribute": [
        "health_check_type"
      ]
    },
    {
      "resource": "module.eks.data.aws_iam_session_context.current",
      "attribute": [
        "issuer_arn"
      ]
    },
    {
      "resource": "module.eks.module.eks_managed_node_group.aws_iam_role.this[0]",
      "attribute": [
        "arn"
      ]
    },
    {
      "resource": "module.eks.module.self_managed_node_group.data.aws_ami.eks_default[0]",
      "attribute": [
        "image_id"
      ]
    },
    {
      "resource": "module.eks.data.aws_partition.current",
      "attribute": [
        "dns_suffix"
      ]
    },
    {
      "resource": "module.vpc.aws_customer_gateway.this",
      "attribute": []
    },
    {
      "resource": "module.vpc.aws_vpc.this[0]",
      "attribute": [
        "default_security_group_id"
      ]
    },
    {
      "resource": "module.eks.module.kms.aws_kms_external_key.this[0]",
      "attribute": [
        "policy"
      ]
    },
    {
      "resource": "module.vpc.aws_route.database_nat_gateway",
      "attribute": []
    },
    {
      "resource": "module.eks.module.eks_managed_node_group[\"initial\"].aws_eks_node_group.this[0]",
      "attribute": [
        "id"
      ]
    },
    {
      "resource": "module.eks.module.kms.data.aws_partition.current[0]",
      "attribute": [
        "partition"
      ]
    },
    {
      "resource": "module.vpc.aws_egress_only_internet_gateway.this",
      "attribute": []
    },
    {
      "resource": "module.eks.module.eks_managed_node_group.aws_iam_role.this[0]",
      "attribute": [
        "unique_id"
      ]
    },
    {
      "resource": "module.eks.data.aws_partition.current",
      "attribute": [
        "partition"
      ]
    },
    {
      "resource": "module.eks.module.eks_managed_node_group[\"initial\"].data.aws_iam_policy_document.assume_role_policy[0]",
      "attribute": [
        "json"
      ]
    },
    {
      "resource": "module.vpc.aws_route_table.private",
      "attribute": []
    },
    {
      "resource": "module.eks.data.aws_eks_addon_version.this",
      "attribute": []
    },
    {
      "resource": "module.vpc.aws_vpc_ipv4_cidr_block_association.this",
      "attribute": []
    },
    {
      "resource": "module.vpc.aws_route_table_association.intra",
      "attribute": []
    },
    {
      "resource": "module.eks.module.eks_managed_node_group[\"initial\"].aws_eks_node_group.this[0]",
      "attribute": [
        "status"
      ]
    },
    {
      "resource": "module.eks.module.eks_managed_node_group[\"initial\"].data.aws_caller_identity.current",
      "attribute": [
        "account_id"
      ]
    },
    {
      "resource": "module.vpc.aws_internet_gateway.this[0]",
      "attribute": [
        "id"
      ]
    },
    {
      "resource": "module.eks.aws_eks_cluster.this[0]",
      "attribute": [
        "version"
      ]
    },
    {
      "resource": "module.eks.module.eks_managed_node_group[\"initial\"].aws_iam_role.this[0]",
      "attribute": [
        "arn"
      ]
    },
    {
      "resource": "module.eks.aws_eks_identity_provider_config.this",
      "attribute": []
    },
    {
      "resource": "module.eks.time_sleep.this[0]",
      "attribute": [
        "triggers",
        "cluster_certificate_authority_data"
      ]
    },
    {
      "resource": "module.eks.aws_cloudwatch_log_group.this[0]",
      "attribute": [
        "name"
      ]
    },
    {
      "resource": "module.vpc.aws_route_table.database",
      "attribute": []
    },
    {
      "resource": "module.vpc.aws_vpc_ipv4_cidr_block_association.this[0]",
      "attribute": [
        "vpc_id"
      ]
    },
    {
      "resource": "module.eks.module.fargate_profile.aws_iam_role.this[0]",
      "attribute": [
        "name"
      ]
    },
    {
      "resource": "module.eks.module.eks_managed_node_group.aws_launch_template.this[0]",
      "attribute": [
        "id"
      ]
    },
    {
      "resource": "module.eks.module.self_managed_node_group.module.user_data.data.cloudinit_config.linux_eks_managed_node_group[0]",
      "attribute": [
        "rendered"
      ]
    },
    {
      "resource": "module.eks.aws_eks_cluster.this[0]",
      "attribute": [
        "endpoint"
      ]
    },
    {
      "resource": "module.vpc.aws_vpc.this[0]",
      "attribute": [
        "cidr_block"
      ]
    },
    {
      "resource": "module.eks.module.kms.aws_kms_key.this[0]",
      "attribute": [
        "policy"
      ]
    },
    {
      "resource": "module.vpc.aws_subnet.intra",
      "attribute": []
    },
    {
      "resource": "module.vpc.aws_route_table_association.database",
      "attribute": []
    },
    {
      "resource": "module.vpc.aws_route_table.public",
      "attribute": []
    },
    {
      "resource": "module.eks.module.eks_managed_node_group.aws_launch_template.this[0]",
      "attribute": [
        "arn"
      ]
    },
    {
      "resource": "module.vpc.aws_vpc.this[0]",
      "attribute": [
        "id"
      ]
    },
    {
      "resource": "module.eks.aws_eks_cluster.this[0]",
      "attribute": [
        "platform_version"
      ]
    },
    {
      "resource": "module.eks.aws_eks_addon.before_compute",
      "attribute": []
    },
    {
      "resource": "module.eks.module.self_managed_node_group.aws_iam_instance_profile.this[0]",
      "attribute": [
        "arn"
      ]
    },
    {
      "resource": "module.eks.module.self_managed_node_group.aws_launch_template.this[0]",
      "attribute": [
        "arn"
      ]
    },
    {
      "resource": "module.eks.module.eks_managed_node_group.aws_eks_node_group.this[0]",
      "attribute": [
        "resources",
        0,
        "autoscaling_groups",
        0,
        "name"
      ]
    },
    {
      "resource": "module.eks.module.eks_managed_node_group[\"initial\"].aws_iam_role.this[0]",
      "attribute": [
        "name"
      ]
    },
    {
      "resource": "module.vpc.aws_subnet.private",
      "attribute": []
    },
    {
      "resource": "module.vpc.aws_nat_gateway.this",
      "attribute": []
    },
    {
      "resource": "module.eks.module.kms.aws_kms_key.this[0]",
      "attribute": [
        "arn"
      ]
    },
    {
      "resource": "module.vpc.aws_eip.nat",
      "attribute": []
    },
    {
      "resource": "module.eks.aws_eks_cluster.this[0]",
      "attribute": [
        "status"
      ]
    },
    {
      "resource": "module.eks.module.eks_managed_node_group.aws_iam_role.this[0]",
      "attribute": [
        "name"
      ]
    },
    {
      "resource": "module.vpc.aws_vpc.this[0]",
      "attribute": [
        "default_route_table_id"
      ]
    },
    {
      "resource": "module.vpc.aws_vpc.this[0]",
      "attribute": [
        "default_network_acl_id"
      ]
    },
    {
      "resource": "module.eks.module.kms.aws_kms_grant.this",
      "attribute": []
    },
    {
      "resource": "module.eks.module.fargate_profile.aws_eks_fargate_profile.this[0]",
      "attribute": [
        "arn"
      ]
    },
    {
      "resource": "module.eks.module.eks_managed_node_group.aws_eks_node_group.this[0]",
      "attribute": [
        "labels"
      ]
    },
    {
      "resource": "module.eks.module.eks_managed_node_group.aws_autoscaling_schedule.this",
      "attribute": []
    },
    {
      "resource": "module.vpc.aws_vpc.this[0]",
      "attribute": [
        "enable_dns_support"
      ]
    },
    {
      "resource": "module.vpc.aws_route_table_association.redshift",
      "attribute": []
    },
    {
      "resource": "module.vpc.aws_route.public_internet_gateway[0]",
      "attribute": [
        "id"
      ]
    },
    {
      "resource": "module.eks.aws_eks_cluster.this[0]",
      "attribute": [
        "cluster_id"
      ]
    },
    {
      "resource": "module.eks.module.eks_managed_node_group[\"initial\"].aws_eks_node_group.this[0]",
      "attribute": [
        "arn"
      ]
    },
    {
      "resource": "module.vpc.aws_vpc.this[0]",
      "attribute": [
        "ipv6_cidr_block"
      ]
    },
    {
      "resource": "module.eks.module.eks_managed_node_group.aws_eks_node_group.this[0]",
      "attribute": [
        "status"
      ]
    },
    {
      "resource": "module.eks.time_sleep.this[0]",
      "attribute": [
        "triggers",
        "cluster_endpoint"
      ]
    },
    {
      "resource": "module.eks.module.eks_managed_node_group.aws_launch_template.this[0]",
      "attribute": [
        "name"
      ]
    },
    {
      "resource": "module.eks.aws_iam_policy.cluster_encryption[0]",
      "attribute": [
        "arn"
      ]
    },
    {
      "resource": "module.vpc.aws_vpc.this[0]",
      "attribute": [
        "owner_id"
      ]
    },
    {
      "resource": "module.vpc.aws_vpc.this[0]",
      "attribute": [
        "main_route_table_id"
      ]
    },
    {
      "resource": "module.eks.aws_security_group.cluster[0]",
      "attribute": [
        "arn"
      ]
    },
    {
      "resource": "module.eks.module.kms.aws_kms_replica_key.this[0]",
      "attribute": [
        "arn"
      ]
    },
    {
      "resource": "module.vpc.aws_route.private_nat_gateway",
      "attribute": []
    },
    {
      "resource": "module.eks.module.eks_managed_node_group.aws_eks_node_group.this[0]",
      "attribute": [
        "resources"
      ]
    },
    {
      "resource": "module.eks.module.self_managed_node_group.aws_launch_template.this[0]",
      "attribute": [
        "name"
      ]
    },
    {
      "resource": "module.eks.module.self_managed_node_group.aws_autoscaling_group.this[0]",
      "attribute": [
        "vpc_zone_identifier"
      ]
    },
    {
      "resource": "module.eks.aws_cloudwatch_log_group.this[0]",
      "attribute": [
        "arn"
      ]
    },
    {
      "resource": "module.eks.module.eks_managed_node_group[\"initial\"].aws_iam_role.this[0]",
      "attribute": [
        "unique_id"
      ]
    },
    {
      "resource": "module.vpc.aws_subnet.elasticache",
      "attribute": []
    },
    {
      "resource": "module.eks.module.eks_managed_node_group.aws_eks_node_group.this[0]",
      "attribute": [
        "taint"
      ]
    },
    {
      "resource": "module.eks.module.self_managed_node_group.aws_autoscaling_group.this[0]",
      "attribute": [
        "max_size"
      ]
    },
    {
      "resource": "module.eks.module.eks_managed_node_group[\"initial\"].aws_launch_template.this[0]",
      "attribute": [
        "name"
      ]
    },
    {
      "resource": "module.vpc.aws_cloudwatch_log_group.flow_log[0]",
      "attribute": [
        "arn"
      ]
    },
    {
      "resource": "module.eks.module.eks_managed_node_group.aws_launch_template.this[0]",
      "attribute": [
        "latest_version"
      ]
    },
    {
      "resource": "module.eks.module.eks_managed_node_group.aws_launch_template.this[0]",
      "attribute": [
        "default_version"
      ]
    },
    {
      "resource": "module.vpc.aws_subnet.redshift",
      "attribute": []
    },
    {
      "resource": "module.eks.module.eks_managed_node_group[\"initial\"].aws_launch_template.this[0]",
      "attribute": [
        "latest_version"
      ]
    },
    {
      "resource": "module.eks.aws_eks_cluster.this[0]",
      "attribute": [
        "arn"
      ]
    },
    {
      "resource": "module.eks.time_sleep.this[0]",
      "attribute": [
        "triggers",
        "cluster_version"
      ]
    },
    {
      "resource": "module.eks.module.kms.data.aws_partition.current[0]",
      "attribute": [
        "dns_suffix"
      ]
    },
    {
      "resource": "data.aws_availability_zones.available",
      "attribute": [
        "names"
      ]
    },
    {
      "resource": "module.eks.module.kms.data.aws_iam_policy_document.this[0]",
      "attribute": [
        "json"
      ]
    },
    {
      "resource": "module.eks.module.kms.aws_kms_replica_key.this[0]",
      "attribute": [
        "policy"
      ]
    },
    {
      "resource": "module.eks.module.self_managed_node_group.aws_iam_role.this[0]",
      "attribute": [
        "arn"
      ]
    },
    {
      "resource": "module.eks.module.eks_managed_node_group[\"initial\"].data.aws_partition.current",
      "attribute": [
        "partition"
      ]
    },
    {
      "resource": "module.vpc.aws_subnet.outpost",
      "attribute": []
    },
    {
      "resource": "module.eks.aws_security_group.node[0]",
      "attribute": [
        "arn"
      ]
    },
    {
      "resource": "module.eks.aws_iam_role.this[0]",
      "attribute": [
        "arn"
      ]
    },
    {
      "resource": "module.vpc.aws_internet_gateway.this[0]",
      "attribute": [
        "arn"
      ]
    },
    {
      "resource": "module.vpc.aws_route_table_association.elasticache",
      "attribute": []
    },
    {
      "resource": "module.eks.module.eks_managed_node_group[\"initial\"].aws_launch_template.this[0]",
      "attribute": [
        "id"
      ]
    },
    {
      "resource": "module.eks.module.eks_managed_node_group[\"initial\"].aws_eks_node_group.this[0]",
      "attribute": [
        "resources",
        0,
        "autoscaling_groups",
        0,
        "name"
      ]
    },
    {
      "resource": "module.eks.module.eks_managed_node_group[\"initial\"].module.user_data.data.cloudinit_config.linux_eks_managed_node_group[0]",
      "attribute": [
        "rendered"
      ]
    },
    {
      "resource": "module.vpc.aws_vpc.this[0]",
      "attribute": [
        "instance_tenancy"
      ]
    },
    {
      "resource": "module.eks.module.kms.aws_kms_alias.this",
      "attribute": []
    },
    {
      "resource": "module.eks.module.eks_managed_node_group[\"initial\"].aws_eks_node_group.this[0]",
      "attribute": [
        "taint"
      ]
    },
    {
      "resource": "module.vpc.aws_route_table.redshift",
      "attribute": []
    },
    {
      "resource": "module.eks.module.self_managed_node_group.aws_launch_template.this[0]",
      "attribute": [
        "latest_version"
      ]
    },
    {
      "resource": "module.eks.module.self_managed_node_group.aws_launch_template.this[0]",
      "attribute": [
        "image_id"
      ]
    },
    {
      "resource": "module.eks.module.self_managed_node_group.aws_iam_role.this[0]",
      "attribute": [
        "unique_id"
      ]
    },
    {
      "resource": "module.eks.aws_eks_cluster.this[0]",
      "attribute": [
        "certificate_authority",
        0,
        "data"
      ]
    },
    {
      "resource": "module.eks.module.fargate_profile.aws_eks_fargate_profile.this[0]",
      "attribute": [
        "status"
      ]
    },
    {
      "resource": "module.eks.module.eks_managed_node_group[\"initial\"].aws_eks_node_group.this[0]",
      "attribute": [
        "resources"
      ]
    },
    {
      "resource": "module.eks.module.fargate_profile.aws_iam_role.this[0]",
      "attribute": [
        "arn"
      ]
    },
    {
      "resource": "module.eks.module.eks_managed_node_group.aws_eks_node_group.this[0]",
      "attribute": [
        "id"
      ]
    },
    {
      "resource": "module.eks.module.self_managed_node_group.aws_launch_template.this[0]",
      "attribute": [
        "id"
      ]
    },
    {
      "resource": "module.eks.aws_security_group.cluster[0]",
      "attribute": [
        "id"
      ]
    },
    {
      "resource": "module.eks.module.kms.aws_kms_external_key.this[0]",
      "attribute": [
        "arn"
      ]
    },
    {
      "resource": "module.vpc.aws_route_table_association.public",
      "attribute": []
    },
    {
      "resource": "module.eks.module.self_managed_node_group.aws_iam_role.this[0]",
      "attribute": [
        "name"
      ]
    },
    {
      "resource": "module.eks.aws_eks_cluster.this[0]",
      "attribute": [
        "identity",
        0,
        "oidc",
        0,
        "issuer"
      ]
    },
    {
      "resource": "module.eks.aws_iam_role.this[0]",
      "attribute": [
        "unique_id"
      ]
    },
    {
      "resource": "module.eks.module.eks_managed_node_group[\"initial\"].aws_launch_template.this[0]",
      "attribute": [
        "arn"
      ]
    },
    {
      "resource": "module.eks.aws_eks_addon.this",
      "attribute": []
    },
    {
      "resource": "module.eks.module.fargate_profile.aws_eks_fargate_profile.this[0]",
      "attribute": [
        "pod_execution_role_arn"
      ]
    },
    {
      "resource": "module.eks.module.eks_managed_node_group.aws_eks_node_group.this[0]",
      "attribute": [
        "arn"
      ]
    },
    {
      "resource": "module.eks.module.self_managed_node_group.aws_autoscaling_group.this[0]",
      "attribute": [
        "arn"
      ]
    },
    {
      "resource": "module.eks.module.fargate_profile.aws_eks_fargate_profile.this[0]",
      "attribute": [
        "id"
      ]
    },
    {
      "resource": "module.vpc.aws_iam_role.vpc_flow_log_cloudwatch[0]",
      "attribute": [
        "arn"
      ]
    },
    {
      "resource": "module.eks.time_sleep.this[0]",
      "attribute": [
        "triggers",
        "cluster_name"
      ]
    },
    {
      "resource": "module.eks.module.self_managed_node_group.aws_autoscaling_group.this[0]",
      "attribute": [
        "health_check_grace_period"
      ]
    },
    {
      "resource": "module.eks.data.aws_iam_policy_document.assume_role_policy[0]",
      "attribute": [
        "json"
      ]
    },
    {
      "resource": "module.eks.aws_iam_role.this[0]",
      "attribute": [
        "name"
      ]
    },
    {
      "resource": "module.eks.module.kms.aws_kms_external_key.this[0]",
      "attribute": [
        "id"
      ]
    },
    {
      "resource": "module.vpc.aws_route_table.intra",
      "attribute": []
    },
    {
      "resource": "module.eks.module.self_managed_node_group.aws_autoscaling_group.this[0]",
      "attribute": [
        "default_cooldown"
      ]
    }
  ],
  "timestamp": "2024-03-04T14:57:49Z"
}
